{
    "version": 3,
    "terraform_version": "0.11.14",
    "serial": 2,
    "lineage": "70eff7f3-e955-20b8-f6c5-c354db6153f4",
    "modules": [
        {
            "path": [
                "root"
            ],
            "outputs": {},
            "resources": {},
            "depends_on": []
        },
        {
            "path": [
                "root",
                "eks_cluster"
            ],
            "outputs": {
                "eks_cluster_arn": {
                    "sensitive": false,
                    "type": "string",
                    "value": "arn:aws:eks:eu-west-1:866067750630:cluster/eg-testing-cluster-cluster"
                },
                "eks_cluster_certificate_authority_data": {
                    "sensitive": false,
                    "type": "string",
                    "value": "LS0tLS1CRUdJTiBDRVJUSUZJQ0FURS0tLS0tCk1JSUN5RENDQWJDZ0F3SUJBZ0lCQURBTkJna3Foa2lHOXcwQkFRc0ZBREFWTVJNd0VRWURWUVFERXdwcmRXSmwKY201bGRHVnpNQjRYRFRFNU1EWXhOekUwTXpZeU0xb1hEVEk1TURZeE5ERTBNell5TTFvd0ZURVRNQkVHQTFVRQpBeE1LYTNWaVpYSnVaWFJsY3pDQ0FTSXdEUVlKS29aSWh2Y05BUUVCQlFBRGdnRVBBRENDQVFvQ2dnRUJBTXhUCmxOSnR5V1RkaGRqWXlBd3pvU0Nyckk0Y1F1VlpIYUMxR2cyYmhNZ2dSWktQSGpqOWphSFplalN1SkRYOXQySkoKQ2RTZ015eXRabFpEN21lRCttWHFIMDZFYXFtS3djMlZNTWw3MVo3blZZNmdZcVJiU1BINnNYZ1UvOVc5emhlWQpPKzdocm80b01iOFYrQTloYzRUcUpDL2NFZ05rS1NPWjlkK01WVDU5V05mTXBLR1VVbDd0MjBuRVR3b2ZJc0g4CldNUWlMSjlSRGU2WVlXdkhuYnlTRDV2TjdTaHMveERrYzdVNnd1Smhhbyt6ZnpIWHhpaU45WVlTd3JKek5mTWMKVmd1eGRxb0xaeDV4bXBCK0JHek02WVVHTzFKeXVRak41UUhOSkJiWXVJL25ya1BMNDBlS0l0R056YlcyNVl5cAp6TDRYS3FldVRSUlpkWG5Wb0Y4Q0F3RUFBYU1qTUNFd0RnWURWUjBQQVFIL0JBUURBZ0trTUE4R0ExVWRFd0VCCi93UUZNQU1CQWY4d0RRWUpLb1pJaHZjTkFRRUxCUUFEZ2dFQkFBQnJsTDZhWDV0ZlhyaVc3YXJESmZsaXd6Y2UKTVd6VmRqQ21GWUNmOXcxQTA5Z3RWQTNHZ1ZVQmVzeUxMYm9DNGhrSjJtcmtHdVJYN1d4dnZjdk1VSDZnTlY3dApQYjV1UnptclhPR01wZUdIcEJYb1JMSzd0ajkzRit2cWMvaFYxMVE3ODFGZmczNVI3YkNEL0xSS0ovUFN6RmJjCnZVdWZNN0pUU2hlS2drZjVoaXZNRkhva0ZjWm5TZXkzdUlqWnYwVEZmUDQ1REt4bUdFWHBDajZOa0VIb3NianAKSnJsK0tjZlJISFlEWEVQTDA0d3luVFROdTYvMGw1YzI5VFNLb0FGcWdyM2dLT0hTUjJiYzF0MFdIRnpVNThHawpTV0Riekt3ODIvNmdNRlRJcGF5TU1ZY1pVNnRqdUsveU9WenJQQ0F5MXU5TngrWGJ4QVJ3T1M5UmVDcz0KLS0tLS1FTkQgQ0VSVElGSUNBVEUtLS0tLQo="
                },
                "eks_cluster_endpoint": {
                    "sensitive": false,
                    "type": "string",
                    "value": "https://076CC7DF2E7349EB3395E4D95C75881C.yl4.eu-west-1.eks.amazonaws.com"
                },
                "eks_cluster_id": {
                    "sensitive": false,
                    "type": "string",
                    "value": "eg-testing-cluster-cluster"
                },
                "eks_cluster_version": {
                    "sensitive": false,
                    "type": "string",
                    "value": "1.12"
                },
                "kubeconfig": {
                    "sensitive": false,
                    "type": "string",
                    "value": "apiVersion: v1\nkind: Config\npreferences: {}\n\nclusters:\n- cluster:\n    server: https://076CC7DF2E7349EB3395E4D95C75881C.yl4.eu-west-1.eks.amazonaws.com\n    certificate-authority-data: LS0tLS1CRUdJTiBDRVJUSUZJQ0FURS0tLS0tCk1JSUN5RENDQWJDZ0F3SUJBZ0lCQURBTkJna3Foa2lHOXcwQkFRc0ZBREFWTVJNd0VRWURWUVFERXdwcmRXSmwKY201bGRHVnpNQjRYRFRFNU1EWXhOekUwTXpZeU0xb1hEVEk1TURZeE5ERTBNell5TTFvd0ZURVRNQkVHQTFVRQpBeE1LYTNWaVpYSnVaWFJsY3pDQ0FTSXdEUVlKS29aSWh2Y05BUUVCQlFBRGdnRVBBRENDQVFvQ2dnRUJBTXhUCmxOSnR5V1RkaGRqWXlBd3pvU0Nyckk0Y1F1VlpIYUMxR2cyYmhNZ2dSWktQSGpqOWphSFplalN1SkRYOXQySkoKQ2RTZ015eXRabFpEN21lRCttWHFIMDZFYXFtS3djMlZNTWw3MVo3blZZNmdZcVJiU1BINnNYZ1UvOVc5emhlWQpPKzdocm80b01iOFYrQTloYzRUcUpDL2NFZ05rS1NPWjlkK01WVDU5V05mTXBLR1VVbDd0MjBuRVR3b2ZJc0g4CldNUWlMSjlSRGU2WVlXdkhuYnlTRDV2TjdTaHMveERrYzdVNnd1Smhhbyt6ZnpIWHhpaU45WVlTd3JKek5mTWMKVmd1eGRxb0xaeDV4bXBCK0JHek02WVVHTzFKeXVRak41UUhOSkJiWXVJL25ya1BMNDBlS0l0R056YlcyNVl5cAp6TDRYS3FldVRSUlpkWG5Wb0Y4Q0F3RUFBYU1qTUNFd0RnWURWUjBQQVFIL0JBUURBZ0trTUE4R0ExVWRFd0VCCi93UUZNQU1CQWY4d0RRWUpLb1pJaHZjTkFRRUxCUUFEZ2dFQkFBQnJsTDZhWDV0ZlhyaVc3YXJESmZsaXd6Y2UKTVd6VmRqQ21GWUNmOXcxQTA5Z3RWQTNHZ1ZVQmVzeUxMYm9DNGhrSjJtcmtHdVJYN1d4dnZjdk1VSDZnTlY3dApQYjV1UnptclhPR01wZUdIcEJYb1JMSzd0ajkzRit2cWMvaFYxMVE3ODFGZmczNVI3YkNEL0xSS0ovUFN6RmJjCnZVdWZNN0pUU2hlS2drZjVoaXZNRkhva0ZjWm5TZXkzdUlqWnYwVEZmUDQ1REt4bUdFWHBDajZOa0VIb3NianAKSnJsK0tjZlJISFlEWEVQTDA0d3luVFROdTYvMGw1YzI5VFNLb0FGcWdyM2dLT0hTUjJiYzF0MFdIRnpVNThHawpTV0Riekt3ODIvNmdNRlRJcGF5TU1ZY1pVNnRqdUsveU9WenJQQ0F5MXU5TngrWGJ4QVJ3T1M5UmVDcz0KLS0tLS1FTkQgQ0VSVElGSUNBVEUtLS0tLQo=\n  name: eg-testing-cluster-cluster\n\ncontexts:\n- context:\n    cluster: eg-testing-cluster-cluster\n    user: eg-testing-cluster-cluster\n  name: eg-testing-cluster-cluster\n\ncurrent-context: eg-testing-cluster-cluster\n\nusers:\n- name: eg-testing-cluster-cluster\n  user:\n    exec:\n      apiVersion: client.authentication.k8s.io/v1alpha1\n      command: aws-iam-authenticator\n      args:\n        - \"token\"\n        - \"-i\"\n        - \"eg-testing-cluster-cluster\"\n"
                },
                "security_group_arn": {
                    "sensitive": false,
                    "type": "string",
                    "value": "arn:aws:ec2:eu-west-1:866067750630:security-group/sg-037f2210aec57d67e"
                },
                "security_group_id": {
                    "sensitive": false,
                    "type": "string",
                    "value": "sg-037f2210aec57d67e"
                },
                "security_group_name": {
                    "sensitive": false,
                    "type": "string",
                    "value": "eg-testing-cluster-cluster"
                }
            },
            "resources": {
                "aws_eks_cluster.default": {
                    "type": "aws_eks_cluster",
                    "depends_on": [
                        "aws_iam_role.default.*",
                        "aws_iam_role_policy_attachment.amazon_eks_cluster_policy",
                        "aws_iam_role_policy_attachment.amazon_eks_service_policy",
                        "aws_security_group.default.*",
                        "module.label"
                    ],
                    "primary": {
                        "id": "eg-testing-cluster-cluster",
                        "attributes": {
                            "arn": "arn:aws:eks:eu-west-1:866067750630:cluster/eg-testing-cluster-cluster",
                            "certificate_authority.#": "1",
                            "certificate_authority.0.data": "LS0tLS1CRUdJTiBDRVJUSUZJQ0FURS0tLS0tCk1JSUN5RENDQWJDZ0F3SUJBZ0lCQURBTkJna3Foa2lHOXcwQkFRc0ZBREFWTVJNd0VRWURWUVFERXdwcmRXSmwKY201bGRHVnpNQjRYRFRFNU1EWXhOekUwTXpZeU0xb1hEVEk1TURZeE5ERTBNell5TTFvd0ZURVRNQkVHQTFVRQpBeE1LYTNWaVpYSnVaWFJsY3pDQ0FTSXdEUVlKS29aSWh2Y05BUUVCQlFBRGdnRVBBRENDQVFvQ2dnRUJBTXhUCmxOSnR5V1RkaGRqWXlBd3pvU0Nyckk0Y1F1VlpIYUMxR2cyYmhNZ2dSWktQSGpqOWphSFplalN1SkRYOXQySkoKQ2RTZ015eXRabFpEN21lRCttWHFIMDZFYXFtS3djMlZNTWw3MVo3blZZNmdZcVJiU1BINnNYZ1UvOVc5emhlWQpPKzdocm80b01iOFYrQTloYzRUcUpDL2NFZ05rS1NPWjlkK01WVDU5V05mTXBLR1VVbDd0MjBuRVR3b2ZJc0g4CldNUWlMSjlSRGU2WVlXdkhuYnlTRDV2TjdTaHMveERrYzdVNnd1Smhhbyt6ZnpIWHhpaU45WVlTd3JKek5mTWMKVmd1eGRxb0xaeDV4bXBCK0JHek02WVVHTzFKeXVRak41UUhOSkJiWXVJL25ya1BMNDBlS0l0R056YlcyNVl5cAp6TDRYS3FldVRSUlpkWG5Wb0Y4Q0F3RUFBYU1qTUNFd0RnWURWUjBQQVFIL0JBUURBZ0trTUE4R0ExVWRFd0VCCi93UUZNQU1CQWY4d0RRWUpLb1pJaHZjTkFRRUxCUUFEZ2dFQkFBQnJsTDZhWDV0ZlhyaVc3YXJESmZsaXd6Y2UKTVd6VmRqQ21GWUNmOXcxQTA5Z3RWQTNHZ1ZVQmVzeUxMYm9DNGhrSjJtcmtHdVJYN1d4dnZjdk1VSDZnTlY3dApQYjV1UnptclhPR01wZUdIcEJYb1JMSzd0ajkzRit2cWMvaFYxMVE3ODFGZmczNVI3YkNEL0xSS0ovUFN6RmJjCnZVdWZNN0pUU2hlS2drZjVoaXZNRkhva0ZjWm5TZXkzdUlqWnYwVEZmUDQ1REt4bUdFWHBDajZOa0VIb3NianAKSnJsK0tjZlJISFlEWEVQTDA0d3luVFROdTYvMGw1YzI5VFNLb0FGcWdyM2dLT0hTUjJiYzF0MFdIRnpVNThHawpTV0Riekt3ODIvNmdNRlRJcGF5TU1ZY1pVNnRqdUsveU9WenJQQ0F5MXU5TngrWGJ4QVJ3T1M5UmVDcz0KLS0tLS1FTkQgQ0VSVElGSUNBVEUtLS0tLQo=",
                            "created_at": "2019-06-17 14:28:22 +0000 UTC",
                            "enabled_cluster_log_types.#": "0",
                            "endpoint": "https://076CC7DF2E7349EB3395E4D95C75881C.yl4.eu-west-1.eks.amazonaws.com",
                            "id": "eg-testing-cluster-cluster",
                            "name": "eg-testing-cluster-cluster",
                            "platform_version": "eks.2",
                            "role_arn": "arn:aws:iam::866067750630:role/eg-testing-cluster-cluster",
                            "version": "1.12",
                            "vpc_config.#": "1",
                            "vpc_config.0.endpoint_private_access": "false",
                            "vpc_config.0.endpoint_public_access": "true",
                            "vpc_config.0.security_group_ids.#": "1",
                            "vpc_config.0.security_group_ids.2519539344": "sg-037f2210aec57d67e",
                            "vpc_config.0.subnet_ids.#": "2",
                            "vpc_config.0.subnet_ids.1308334939": "subnet-0ed22560767568530",
                            "vpc_config.0.subnet_ids.3480878476": "subnet-097cad3448d059c09",
                            "vpc_config.0.vpc_id": "vpc-0b86803bc4740928a"
                        },
                        "meta": {
                            "e2bfb730-ecaa-11e6-8f88-34363bc7c4c0": {
                                "create": 900000000000,
                                "delete": 900000000000,
                                "update": 3600000000000
                            }
                        },
                        "tainted": false
                    },
                    "deposed": [],
                    "provider": "provider.aws"
                },
                "aws_iam_role.default": {
                    "type": "aws_iam_role",
                    "depends_on": [
                        "data.aws_iam_policy_document.assume_role.*",
                        "module.label"
                    ],
                    "primary": {
                        "id": "eg-testing-cluster-cluster",
                        "attributes": {
                            "arn": "arn:aws:iam::866067750630:role/eg-testing-cluster-cluster",
                            "assume_role_policy": "{\"Version\":\"2012-10-17\",\"Statement\":[{\"Sid\":\"\",\"Effect\":\"Allow\",\"Principal\":{\"Service\":\"eks.amazonaws.com\"},\"Action\":\"sts:AssumeRole\"}]}",
                            "create_date": "2019-06-17T14:27:58Z",
                            "description": "",
                            "force_detach_policies": "false",
                            "id": "eg-testing-cluster-cluster",
                            "max_session_duration": "3600",
                            "name": "eg-testing-cluster-cluster",
                            "path": "/",
                            "tags.%": "0",
                            "unique_id": "AROA4TJNJD3TB7JTYHVVQ"
                        },
                        "meta": {},
                        "tainted": false
                    },
                    "deposed": [],
                    "provider": "provider.aws"
                },
                "aws_iam_role_policy_attachment.amazon_eks_cluster_policy": {
                    "type": "aws_iam_role_policy_attachment",
                    "depends_on": [
                        "aws_iam_role.default"
                    ],
                    "primary": {
                        "id": "eg-testing-cluster-cluster-20190617142800928200000002",
                        "attributes": {
                            "id": "eg-testing-cluster-cluster-20190617142800928200000002",
                            "policy_arn": "arn:aws:iam::aws:policy/AmazonEKSClusterPolicy",
                            "role": "eg-testing-cluster-cluster"
                        },
                        "meta": {},
                        "tainted": false
                    },
                    "deposed": [],
                    "provider": "provider.aws"
                },
                "aws_iam_role_policy_attachment.amazon_eks_service_policy": {
                    "type": "aws_iam_role_policy_attachment",
                    "depends_on": [
                        "aws_iam_role.default.*"
                    ],
                    "primary": {
                        "id": "eg-testing-cluster-cluster-20190617142800923100000001",
                        "attributes": {
                            "id": "eg-testing-cluster-cluster-20190617142800923100000001",
                            "policy_arn": "arn:aws:iam::aws:policy/AmazonEKSServicePolicy",
                            "role": "eg-testing-cluster-cluster"
                        },
                        "meta": {},
                        "tainted": false
                    },
                    "deposed": [],
                    "provider": "provider.aws"
                },
                "aws_security_group.default": {
                    "type": "aws_security_group",
                    "depends_on": [
                        "module.label"
                    ],
                    "primary": {
                        "id": "sg-037f2210aec57d67e",
                        "attributes": {
                            "arn": "arn:aws:ec2:eu-west-1:866067750630:security-group/sg-037f2210aec57d67e",
                            "description": "Security Group for EKS cluster",
                            "egress.#": "0",
                            "id": "sg-037f2210aec57d67e",
                            "ingress.#": "0",
                            "name": "eg-testing-cluster-cluster",
                            "owner_id": "866067750630",
                            "revoke_rules_on_delete": "false",
                            "tags.%": "3",
                            "tags.Name": "eg-testing-cluster-cluster",
                            "tags.Namespace": "eg",
                            "tags.Stage": "testing",
                            "vpc_id": "vpc-0b86803bc4740928a"
                        },
                        "meta": {
                            "e2bfb730-ecaa-11e6-8f88-34363bc7c4c0": {
                                "create": 600000000000,
                                "delete": 600000000000
                            },
                            "schema_version": "1"
                        },
                        "tainted": false
                    },
                    "deposed": [],
                    "provider": "provider.aws"
                },
                "aws_security_group_rule.egress": {
                    "type": "aws_security_group_rule",
                    "depends_on": [
                        "aws_security_group.default.*"
                    ],
                    "primary": {
                        "id": "sgrule-494288479",
                        "attributes": {
                            "cidr_blocks.#": "1",
                            "cidr_blocks.0": "0.0.0.0/0",
                            "description": "Allow all egress traffic",
                            "from_port": "0",
                            "id": "sgrule-494288479",
                            "protocol": "-1",
                            "security_group_id": "sg-037f2210aec57d67e",
                            "self": "false",
                            "to_port": "0",
                            "type": "egress"
                        },
                        "meta": {
                            "schema_version": "2"
                        },
                        "tainted": false
                    },
                    "deposed": [],
                    "provider": "provider.aws"
                },
                "aws_security_group_rule.ingress_workers": {
                    "type": "aws_security_group_rule",
                    "depends_on": [
                        "aws_security_group.default.*"
                    ],
                    "primary": {
                        "id": "sgrule-771735176",
                        "attributes": {
                            "description": "Allow the cluster to receive communication from the worker nodes",
                            "from_port": "0",
                            "id": "sgrule-771735176",
                            "protocol": "-1",
                            "security_group_id": "sg-037f2210aec57d67e",
                            "self": "false",
                            "source_security_group_id": "sg-0f7fde48bd3f28706",
                            "to_port": "65535",
                            "type": "ingress"
                        },
                        "meta": {
                            "schema_version": "2"
                        },
                        "tainted": false
                    },
                    "deposed": [],
                    "provider": "provider.aws"
                },
                "data.aws_iam_policy_document.assume_role": {
                    "type": "aws_iam_policy_document",
                    "depends_on": [],
                    "primary": {
                        "id": "189502314",
                        "attributes": {
                            "id": "189502314",
                            "json": "{\n  \"Version\": \"2012-10-17\",\n  \"Statement\": [\n    {\n      \"Sid\": \"\",\n      \"Effect\": \"Allow\",\n      \"Action\": \"sts:AssumeRole\",\n      \"Principal\": {\n        \"Service\": \"eks.amazonaws.com\"\n      }\n    }\n  ]\n}",
                            "statement.#": "1",
                            "statement.0.actions.#": "1",
                            "statement.0.actions.2528466339": "sts:AssumeRole",
                            "statement.0.condition.#": "0",
                            "statement.0.effect": "Allow",
                            "statement.0.not_actions.#": "0",
                            "statement.0.not_principals.#": "0",
                            "statement.0.not_resources.#": "0",
                            "statement.0.principals.#": "1",
                            "statement.0.principals.2705940588.identifiers.#": "1",
                            "statement.0.principals.2705940588.identifiers.3220076542": "eks.amazonaws.com",
                            "statement.0.principals.2705940588.type": "Service",
                            "statement.0.resources.#": "0",
                            "statement.0.sid": "",
                            "version": "2012-10-17"
                        },
                        "meta": {},
                        "tainted": false
                    },
                    "deposed": [],
                    "provider": "provider.aws"
                },
                "data.template_file.kubeconfig": {
                    "type": "template_file",
                    "depends_on": [
                        "aws_eks_cluster.default.*",
                        "local.certificate_authority_data",
                        "module.label"
                    ],
                    "primary": {
                        "id": "22ca0db08049099e7c4cb04fc6e1be60693bf167452a2876c62ee2557f28429f",
                        "attributes": {
                            "id": "22ca0db08049099e7c4cb04fc6e1be60693bf167452a2876c62ee2557f28429f",
                            "rendered": "apiVersion: v1\nkind: Config\npreferences: {}\n\nclusters:\n- cluster:\n    server: https://076CC7DF2E7349EB3395E4D95C75881C.yl4.eu-west-1.eks.amazonaws.com\n    certificate-authority-data: LS0tLS1CRUdJTiBDRVJUSUZJQ0FURS0tLS0tCk1JSUN5RENDQWJDZ0F3SUJBZ0lCQURBTkJna3Foa2lHOXcwQkFRc0ZBREFWTVJNd0VRWURWUVFERXdwcmRXSmwKY201bGRHVnpNQjRYRFRFNU1EWXhOekUwTXpZeU0xb1hEVEk1TURZeE5ERTBNell5TTFvd0ZURVRNQkVHQTFVRQpBeE1LYTNWaVpYSnVaWFJsY3pDQ0FTSXdEUVlKS29aSWh2Y05BUUVCQlFBRGdnRVBBRENDQVFvQ2dnRUJBTXhUCmxOSnR5V1RkaGRqWXlBd3pvU0Nyckk0Y1F1VlpIYUMxR2cyYmhNZ2dSWktQSGpqOWphSFplalN1SkRYOXQySkoKQ2RTZ015eXRabFpEN21lRCttWHFIMDZFYXFtS3djMlZNTWw3MVo3blZZNmdZcVJiU1BINnNYZ1UvOVc5emhlWQpPKzdocm80b01iOFYrQTloYzRUcUpDL2NFZ05rS1NPWjlkK01WVDU5V05mTXBLR1VVbDd0MjBuRVR3b2ZJc0g4CldNUWlMSjlSRGU2WVlXdkhuYnlTRDV2TjdTaHMveERrYzdVNnd1Smhhbyt6ZnpIWHhpaU45WVlTd3JKek5mTWMKVmd1eGRxb0xaeDV4bXBCK0JHek02WVVHTzFKeXVRak41UUhOSkJiWXVJL25ya1BMNDBlS0l0R056YlcyNVl5cAp6TDRYS3FldVRSUlpkWG5Wb0Y4Q0F3RUFBYU1qTUNFd0RnWURWUjBQQVFIL0JBUURBZ0trTUE4R0ExVWRFd0VCCi93UUZNQU1CQWY4d0RRWUpLb1pJaHZjTkFRRUxCUUFEZ2dFQkFBQnJsTDZhWDV0ZlhyaVc3YXJESmZsaXd6Y2UKTVd6VmRqQ21GWUNmOXcxQTA5Z3RWQTNHZ1ZVQmVzeUxMYm9DNGhrSjJtcmtHdVJYN1d4dnZjdk1VSDZnTlY3dApQYjV1UnptclhPR01wZUdIcEJYb1JMSzd0ajkzRit2cWMvaFYxMVE3ODFGZmczNVI3YkNEL0xSS0ovUFN6RmJjCnZVdWZNN0pUU2hlS2drZjVoaXZNRkhva0ZjWm5TZXkzdUlqWnYwVEZmUDQ1REt4bUdFWHBDajZOa0VIb3NianAKSnJsK0tjZlJISFlEWEVQTDA0d3luVFROdTYvMGw1YzI5VFNLb0FGcWdyM2dLT0hTUjJiYzF0MFdIRnpVNThHawpTV0Riekt3ODIvNmdNRlRJcGF5TU1ZY1pVNnRqdUsveU9WenJQQ0F5MXU5TngrWGJ4QVJ3T1M5UmVDcz0KLS0tLS1FTkQgQ0VSVElGSUNBVEUtLS0tLQo=\n  name: eg-testing-cluster-cluster\n\ncontexts:\n- context:\n    cluster: eg-testing-cluster-cluster\n    user: eg-testing-cluster-cluster\n  name: eg-testing-cluster-cluster\n\ncurrent-context: eg-testing-cluster-cluster\n\nusers:\n- name: eg-testing-cluster-cluster\n  user:\n    exec:\n      apiVersion: client.authentication.k8s.io/v1alpha1\n      command: aws-iam-authenticator\n      args:\n        - \"token\"\n        - \"-i\"\n        - \"eg-testing-cluster-cluster\"\n",
                            "template": "apiVersion: v1\nkind: Config\npreferences: {}\n\nclusters:\n- cluster:\n    server: ${server}\n    certificate-authority-data: ${certificate_authority_data}\n  name: ${cluster_name}\n\ncontexts:\n- context:\n    cluster: ${cluster_name}\n    user: ${cluster_name}\n  name: ${cluster_name}\n\ncurrent-context: ${cluster_name}\n\nusers:\n- name: ${cluster_name}\n  user:\n    exec:\n      apiVersion: client.authentication.k8s.io/v1alpha1\n      command: aws-iam-authenticator\n      args:\n        - \"token\"\n        - \"-i\"\n        - \"${cluster_name}\"\n",
                            "vars.%": "3",
                            "vars.certificate_authority_data": "LS0tLS1CRUdJTiBDRVJUSUZJQ0FURS0tLS0tCk1JSUN5RENDQWJDZ0F3SUJBZ0lCQURBTkJna3Foa2lHOXcwQkFRc0ZBREFWTVJNd0VRWURWUVFERXdwcmRXSmwKY201bGRHVnpNQjRYRFRFNU1EWXhOekUwTXpZeU0xb1hEVEk1TURZeE5ERTBNell5TTFvd0ZURVRNQkVHQTFVRQpBeE1LYTNWaVpYSnVaWFJsY3pDQ0FTSXdEUVlKS29aSWh2Y05BUUVCQlFBRGdnRVBBRENDQVFvQ2dnRUJBTXhUCmxOSnR5V1RkaGRqWXlBd3pvU0Nyckk0Y1F1VlpIYUMxR2cyYmhNZ2dSWktQSGpqOWphSFplalN1SkRYOXQySkoKQ2RTZ015eXRabFpEN21lRCttWHFIMDZFYXFtS3djMlZNTWw3MVo3blZZNmdZcVJiU1BINnNYZ1UvOVc5emhlWQpPKzdocm80b01iOFYrQTloYzRUcUpDL2NFZ05rS1NPWjlkK01WVDU5V05mTXBLR1VVbDd0MjBuRVR3b2ZJc0g4CldNUWlMSjlSRGU2WVlXdkhuYnlTRDV2TjdTaHMveERrYzdVNnd1Smhhbyt6ZnpIWHhpaU45WVlTd3JKek5mTWMKVmd1eGRxb0xaeDV4bXBCK0JHek02WVVHTzFKeXVRak41UUhOSkJiWXVJL25ya1BMNDBlS0l0R056YlcyNVl5cAp6TDRYS3FldVRSUlpkWG5Wb0Y4Q0F3RUFBYU1qTUNFd0RnWURWUjBQQVFIL0JBUURBZ0trTUE4R0ExVWRFd0VCCi93UUZNQU1CQWY4d0RRWUpLb1pJaHZjTkFRRUxCUUFEZ2dFQkFBQnJsTDZhWDV0ZlhyaVc3YXJESmZsaXd6Y2UKTVd6VmRqQ21GWUNmOXcxQTA5Z3RWQTNHZ1ZVQmVzeUxMYm9DNGhrSjJtcmtHdVJYN1d4dnZjdk1VSDZnTlY3dApQYjV1UnptclhPR01wZUdIcEJYb1JMSzd0ajkzRit2cWMvaFYxMVE3ODFGZmczNVI3YkNEL0xSS0ovUFN6RmJjCnZVdWZNN0pUU2hlS2drZjVoaXZNRkhva0ZjWm5TZXkzdUlqWnYwVEZmUDQ1REt4bUdFWHBDajZOa0VIb3NianAKSnJsK0tjZlJISFlEWEVQTDA0d3luVFROdTYvMGw1YzI5VFNLb0FGcWdyM2dLT0hTUjJiYzF0MFdIRnpVNThHawpTV0Riekt3ODIvNmdNRlRJcGF5TU1ZY1pVNnRqdUsveU9WenJQQ0F5MXU5TngrWGJ4QVJ3T1M5UmVDcz0KLS0tLS1FTkQgQ0VSVElGSUNBVEUtLS0tLQo=",
                            "vars.cluster_name": "eg-testing-cluster-cluster",
                            "vars.server": "https://076CC7DF2E7349EB3395E4D95C75881C.yl4.eu-west-1.eks.amazonaws.com"
                        },
                        "meta": {},
                        "tainted": false
                    },
                    "deposed": [],
                    "provider": "provider.template"
                }
            },
            "depends_on": []
        },
        {
            "path": [
                "root",
                "eks_workers"
            ],
            "outputs": {
                "autoscaling_group_arn": {
                    "sensitive": false,
                    "type": "string",
                    "value": "arn:aws:autoscaling:eu-west-1:866067750630:autoScalingGroup:799806d4-e80f-4b16-b057-7374cffe9a2e:autoScalingGroupName/eg-testing-cluster-20190617144007889600000008"
                },
                "autoscaling_group_default_cooldown": {
                    "sensitive": false,
                    "type": "string",
                    "value": "300"
                },
                "autoscaling_group_desired_capacity": {
                    "sensitive": false,
                    "type": "string",
                    "value": "1"
                },
                "autoscaling_group_health_check_grace_period": {
                    "sensitive": false,
                    "type": "string",
                    "value": "300"
                },
                "autoscaling_group_health_check_type": {
                    "sensitive": false,
                    "type": "string",
                    "value": "EC2"
                },
                "autoscaling_group_id": {
                    "sensitive": false,
                    "type": "string",
                    "value": "eg-testing-cluster-20190617144007889600000008"
                },
                "autoscaling_group_max_size": {
                    "sensitive": false,
                    "type": "string",
                    "value": "3"
                },
                "autoscaling_group_min_size": {
                    "sensitive": false,
                    "type": "string",
                    "value": "1"
                },
                "autoscaling_group_name": {
                    "sensitive": false,
                    "type": "string",
                    "value": "eg-testing-cluster-20190617144007889600000008"
                },
                "config_map_aws_auth": {
                    "sensitive": false,
                    "type": "string",
                    "value": "# The EKS service does not provide a cluster-level API parameter or resource to automatically configure the underlying Kubernetes cluster to allow worker nodes to join the cluster via AWS IAM role authentication.\n# This is a Kubernetes ConfigMap configuration for worker nodes to join the cluster\n# https://www.terraform.io/docs/providers/aws/guides/eks-getting-started.html#required-kubernetes-configuration-to-join-worker-nodes\n\napiVersion: v1\nkind: ConfigMap\nmetadata:\n  name: aws-auth\n  namespace: kube-system\ndata:\n  mapRoles: |\n    - rolearn: arn:aws:iam::866067750630:role/eg-testing-cluster-workers\n      username: system:node:{{EC2PrivateDNSName}}\n      groups:\n        - system:bootstrappers\n        - system:nodes\n"
                },
                "launch_template_arn": {
                    "sensitive": false,
                    "type": "string",
                    "value": "arn:aws:ec2:eu-west-1:866067750630:launch-template/lt-0717dcbb056810799"
                },
                "launch_template_id": {
                    "sensitive": false,
                    "type": "string",
                    "value": "lt-0717dcbb056810799"
                },
                "security_group_arn": {
                    "sensitive": false,
                    "type": "string",
                    "value": "arn:aws:ec2:eu-west-1:866067750630:security-group/sg-0f7fde48bd3f28706"
                },
                "security_group_id": {
                    "sensitive": false,
                    "type": "string",
                    "value": "sg-0f7fde48bd3f28706"
                },
                "security_group_name": {
                    "sensitive": false,
                    "type": "string",
                    "value": "eg-testing-cluster-workers"
                },
                "worker_role_arn": {
                    "sensitive": false,
                    "type": "string",
                    "value": "arn:aws:iam::866067750630:role/eg-testing-cluster-workers"
                },
                "worker_role_name": {
                    "sensitive": false,
                    "type": "string",
                    "value": "eg-testing-cluster-workers"
                }
            },
            "resources": {
                "aws_iam_instance_profile.default": {
                    "type": "aws_iam_instance_profile",
                    "depends_on": [
                        "aws_iam_role.default.*",
                        "local.use_existing_instance_profile",
                        "module.label"
                    ],
                    "primary": {
                        "id": "eg-testing-cluster-workers",
                        "attributes": {
                            "arn": "arn:aws:iam::866067750630:instance-profile/eg-testing-cluster-workers",
                            "create_date": "2019-06-17T14:28:01Z",
                            "id": "eg-testing-cluster-workers",
                            "name": "eg-testing-cluster-workers",
                            "path": "/",
                            "role": "eg-testing-cluster-workers",
                            "roles.#": "0",
                            "unique_id": "AIPA4TJNJD3TOS7MV3Q3V"
                        },
                        "meta": {},
                        "tainted": false
                    },
                    "deposed": [],
                    "provider": "provider.aws"
                },
                "aws_iam_role.default": {
                    "type": "aws_iam_role",
                    "depends_on": [
                        "data.aws_iam_policy_document.assume_role.*",
                        "local.use_existing_instance_profile",
                        "module.label"
                    ],
                    "primary": {
                        "id": "eg-testing-cluster-workers",
                        "attributes": {
                            "arn": "arn:aws:iam::866067750630:role/eg-testing-cluster-workers",
                            "assume_role_policy": "{\"Version\":\"2012-10-17\",\"Statement\":[{\"Sid\":\"\",\"Effect\":\"Allow\",\"Principal\":{\"Service\":\"ec2.amazonaws.com\"},\"Action\":\"sts:AssumeRole\"}]}",
                            "create_date": "2019-06-17T14:27:59Z",
                            "description": "",
                            "force_detach_policies": "false",
                            "id": "eg-testing-cluster-workers",
                            "max_session_duration": "3600",
                            "name": "eg-testing-cluster-workers",
                            "path": "/",
                            "tags.%": "0",
                            "unique_id": "AROA4TJNJD3TGZMUU73U3"
                        },
                        "meta": {},
                        "tainted": false
                    },
                    "deposed": [],
                    "provider": "provider.aws"
                },
                "aws_iam_role_policy_attachment.amazon_ec2_container_registry_read_only": {
                    "type": "aws_iam_role_policy_attachment",
                    "depends_on": [
                        "aws_iam_role.default.*",
                        "local.use_existing_instance_profile"
                    ],
                    "primary": {
                        "id": "eg-testing-cluster-workers-20190617142801485900000005",
                        "attributes": {
                            "id": "eg-testing-cluster-workers-20190617142801485900000005",
                            "policy_arn": "arn:aws:iam::aws:policy/AmazonEC2ContainerRegistryReadOnly",
                            "role": "eg-testing-cluster-workers"
                        },
                        "meta": {},
                        "tainted": false
                    },
                    "deposed": [],
                    "provider": "provider.aws"
                },
                "aws_iam_role_policy_attachment.amazon_eks_cni_policy": {
                    "type": "aws_iam_role_policy_attachment",
                    "depends_on": [
                        "aws_iam_role.default.*",
                        "local.use_existing_instance_profile"
                    ],
                    "primary": {
                        "id": "eg-testing-cluster-workers-20190617142801485800000004",
                        "attributes": {
                            "id": "eg-testing-cluster-workers-20190617142801485800000004",
                            "policy_arn": "arn:aws:iam::aws:policy/AmazonEKS_CNI_Policy",
                            "role": "eg-testing-cluster-workers"
                        },
                        "meta": {},
                        "tainted": false
                    },
                    "deposed": [],
                    "provider": "provider.aws"
                },
                "aws_iam_role_policy_attachment.amazon_eks_worker_node_policy": {
                    "type": "aws_iam_role_policy_attachment",
                    "depends_on": [
                        "aws_iam_role.default.*",
                        "local.use_existing_instance_profile"
                    ],
                    "primary": {
                        "id": "eg-testing-cluster-workers-20190617142801485800000003",
                        "attributes": {
                            "id": "eg-testing-cluster-workers-20190617142801485800000003",
                            "policy_arn": "arn:aws:iam::aws:policy/AmazonEKSWorkerNodePolicy",
                            "role": "eg-testing-cluster-workers"
                        },
                        "meta": {},
                        "tainted": false
                    },
                    "deposed": [],
                    "provider": "provider.aws"
                },
                "aws_security_group.default": {
                    "type": "aws_security_group",
                    "depends_on": [
                        "module.label"
                    ],
                    "primary": {
                        "id": "sg-0f7fde48bd3f28706",
                        "attributes": {
                            "arn": "arn:aws:ec2:eu-west-1:866067750630:security-group/sg-0f7fde48bd3f28706",
                            "description": "Security Group for EKS worker nodes",
                            "egress.#": "0",
                            "id": "sg-0f7fde48bd3f28706",
                            "ingress.#": "0",
                            "name": "eg-testing-cluster-workers",
                            "owner_id": "866067750630",
                            "revoke_rules_on_delete": "false",
                            "tags.%": "4",
                            "tags.Name": "eg-testing-cluster-workers",
                            "tags.Namespace": "eg",
                            "tags.Stage": "testing",
                            "tags.kubernetes.io/cluster/eg-testing-cluster": "owned",
                            "vpc_id": "vpc-0b86803bc4740928a"
                        },
                        "meta": {
                            "e2bfb730-ecaa-11e6-8f88-34363bc7c4c0": {
                                "create": 600000000000,
                                "delete": 600000000000
                            },
                            "schema_version": "1"
                        },
                        "tainted": false
                    },
                    "deposed": [],
                    "provider": "provider.aws"
                },
                "aws_security_group_rule.egress": {
                    "type": "aws_security_group_rule",
                    "depends_on": [
                        "aws_security_group.default.*"
                    ],
                    "primary": {
                        "id": "sgrule-2669694903",
                        "attributes": {
                            "cidr_blocks.#": "1",
                            "cidr_blocks.0": "0.0.0.0/0",
                            "description": "Allow all egress traffic",
                            "from_port": "0",
                            "id": "sgrule-2669694903",
                            "protocol": "-1",
                            "security_group_id": "sg-0f7fde48bd3f28706",
                            "self": "false",
                            "to_port": "0",
                            "type": "egress"
                        },
                        "meta": {
                            "schema_version": "2"
                        },
                        "tainted": false
                    },
                    "deposed": [],
                    "provider": "provider.aws"
                },
                "aws_security_group_rule.ingress_cluster": {
                    "type": "aws_security_group_rule",
                    "depends_on": [
                        "aws_security_group.default.*"
                    ],
                    "primary": {
                        "id": "sgrule-2848036388",
                        "attributes": {
                            "description": "Allow worker kubelets and pods to receive communication from the cluster control plane",
                            "from_port": "0",
                            "id": "sgrule-2848036388",
                            "protocol": "-1",
                            "security_group_id": "sg-0f7fde48bd3f28706",
                            "self": "false",
                            "source_security_group_id": "sg-037f2210aec57d67e",
                            "to_port": "65535",
                            "type": "ingress"
                        },
                        "meta": {
                            "schema_version": "2"
                        },
                        "tainted": false
                    },
                    "deposed": [],
                    "provider": "provider.aws"
                },
                "aws_security_group_rule.ingress_self": {
                    "type": "aws_security_group_rule",
                    "depends_on": [
                        "aws_security_group.default.*"
                    ],
                    "primary": {
                        "id": "sgrule-342987116",
                        "attributes": {
                            "description": "Allow nodes to communicate with each other",
                            "from_port": "0",
                            "id": "sgrule-342987116",
                            "protocol": "-1",
                            "security_group_id": "sg-0f7fde48bd3f28706",
                            "self": "false",
                            "source_security_group_id": "sg-0f7fde48bd3f28706",
                            "to_port": "65535",
                            "type": "ingress"
                        },
                        "meta": {
                            "schema_version": "2"
                        },
                        "tainted": false
                    },
                    "deposed": [],
                    "provider": "provider.aws"
                },
                "data.aws_ami.eks_worker": {
                    "type": "aws_ami",
                    "depends_on": [],
                    "primary": {
                        "id": "ami-08716b70cac884aaa",
                        "attributes": {
                            "architecture": "x86_64",
                            "block_device_mappings.#": "1",
                            "block_device_mappings.3798922657.device_name": "/dev/xvda",
                            "block_device_mappings.3798922657.ebs.%": "6",
                            "block_device_mappings.3798922657.ebs.delete_on_termination": "true",
                            "block_device_mappings.3798922657.ebs.encrypted": "false",
                            "block_device_mappings.3798922657.ebs.iops": "0",
                            "block_device_mappings.3798922657.ebs.snapshot_id": "snap-0b4f17b7eab3d380c",
                            "block_device_mappings.3798922657.ebs.volume_size": "20",
                            "block_device_mappings.3798922657.ebs.volume_type": "gp2",
                            "block_device_mappings.3798922657.no_device": "",
                            "block_device_mappings.3798922657.virtual_name": "",
                            "creation_date": "2019-03-30T00:33:02.000Z",
                            "description": "EKS Kubernetes Worker AMI with AmazonLinux2 image (k8s: 1.12.7/2019-03-27/bin/linux/amd64, docker:18.06)",
                            "filter.#": "1",
                            "filter.655774675.name": "name",
                            "filter.655774675.values.#": "1",
                            "filter.655774675.values.0": "amazon-eks-node-*",
                            "hypervisor": "xen",
                            "id": "ami-08716b70cac884aaa",
                            "image_id": "ami-08716b70cac884aaa",
                            "image_location": "amazon/amazon-eks-node-1.12-v20190329",
                            "image_owner_alias": "amazon",
                            "image_type": "machine",
                            "most_recent": "true",
                            "name": "amazon-eks-node-1.12-v20190329",
                            "name_regex": "^amazon-eks-node-[1-9,\\.]+-v\\d{8}$",
                            "owner_id": "602401143452",
                            "owners.#": "1",
                            "owners.0": "602401143452",
                            "product_codes.#": "0",
                            "public": "true",
                            "root_device_name": "/dev/xvda",
                            "root_device_type": "ebs",
                            "root_snapshot_id": "snap-0b4f17b7eab3d380c",
                            "sriov_net_support": "simple",
                            "state": "available",
                            "state_reason.%": "2",
                            "state_reason.code": "UNSET",
                            "state_reason.message": "UNSET",
                            "tags.%": "0",
                            "virtualization_type": "hvm"
                        },
                        "meta": {},
                        "tainted": false
                    },
                    "deposed": [],
                    "provider": "provider.aws"
                },
                "data.aws_iam_policy_document.assume_role": {
                    "type": "aws_iam_policy_document",
                    "depends_on": [
                        "local.use_existing_instance_profile"
                    ],
                    "primary": {
                        "id": "1903849331",
                        "attributes": {
                            "id": "1903849331",
                            "json": "{\n  \"Version\": \"2012-10-17\",\n  \"Statement\": [\n    {\n      \"Sid\": \"\",\n      \"Effect\": \"Allow\",\n      \"Action\": \"sts:AssumeRole\",\n      \"Principal\": {\n        \"Service\": \"ec2.amazonaws.com\"\n      }\n    }\n  ]\n}",
                            "statement.#": "1",
                            "statement.0.actions.#": "1",
                            "statement.0.actions.2528466339": "sts:AssumeRole",
                            "statement.0.condition.#": "0",
                            "statement.0.effect": "Allow",
                            "statement.0.not_actions.#": "0",
                            "statement.0.not_principals.#": "0",
                            "statement.0.not_resources.#": "0",
                            "statement.0.principals.#": "1",
                            "statement.0.principals.1134724139.identifiers.#": "1",
                            "statement.0.principals.1134724139.identifiers.3655884555": "ec2.amazonaws.com",
                            "statement.0.principals.1134724139.type": "Service",
                            "statement.0.resources.#": "0",
                            "statement.0.sid": "",
                            "version": "2012-10-17"
                        },
                        "meta": {},
                        "tainted": false
                    },
                    "deposed": [],
                    "provider": "provider.aws"
                },
                "data.template_file.config_map_aws_auth": {
                    "type": "template_file",
                    "depends_on": [
                        "aws_iam_role.default.*",
                        "data.aws_iam_instance_profile.default.*",
                        "local.use_existing_instance_profile"
                    ],
                    "primary": {
                        "id": "93ec41ca3098d8cb16f5c7eac28e47e78b56fc92f5c606ff67554fe46f39e0a1",
                        "attributes": {
                            "id": "93ec41ca3098d8cb16f5c7eac28e47e78b56fc92f5c606ff67554fe46f39e0a1",
                            "rendered": "# The EKS service does not provide a cluster-level API parameter or resource to automatically configure the underlying Kubernetes cluster to allow worker nodes to join the cluster via AWS IAM role authentication.\n# This is a Kubernetes ConfigMap configuration for worker nodes to join the cluster\n# https://www.terraform.io/docs/providers/aws/guides/eks-getting-started.html#required-kubernetes-configuration-to-join-worker-nodes\n\napiVersion: v1\nkind: ConfigMap\nmetadata:\n  name: aws-auth\n  namespace: kube-system\ndata:\n  mapRoles: |\n    - rolearn: arn:aws:iam::866067750630:role/eg-testing-cluster-workers\n      username: system:node:{{EC2PrivateDNSName}}\n      groups:\n        - system:bootstrappers\n        - system:nodes\n",
                            "template": "# The EKS service does not provide a cluster-level API parameter or resource to automatically configure the underlying Kubernetes cluster to allow worker nodes to join the cluster via AWS IAM role authentication.\n# This is a Kubernetes ConfigMap configuration for worker nodes to join the cluster\n# https://www.terraform.io/docs/providers/aws/guides/eks-getting-started.html#required-kubernetes-configuration-to-join-worker-nodes\n\napiVersion: v1\nkind: ConfigMap\nmetadata:\n  name: aws-auth\n  namespace: kube-system\ndata:\n  mapRoles: |\n    - rolearn: ${aws_iam_role_arn}\n      username: system:node:{{EC2PrivateDNSName}}\n      groups:\n        - system:bootstrappers\n        - system:nodes\n",
                            "vars.%": "1",
                            "vars.aws_iam_role_arn": "arn:aws:iam::866067750630:role/eg-testing-cluster-workers"
                        },
                        "meta": {},
                        "tainted": false
                    },
                    "deposed": [],
                    "provider": "provider.template"
                },
                "data.template_file.userdata": {
                    "type": "template_file",
                    "depends_on": [],
                    "primary": {
                        "id": "7216a129b778185fa7b5e0cb2c76eea6328dec1b8d5231327cbeeb0b473fb86a",
                        "attributes": {
                            "id": "7216a129b778185fa7b5e0cb2c76eea6328dec1b8d5231327cbeeb0b473fb86a",
                            "rendered": "#!/bin/bash\n\n# userdata for EKS worker nodes to properly configure Kubernetes applications on EC2 instances\n# https://docs.aws.amazon.com/eks/latest/userguide/launch-workers.html\n\n/etc/eks/bootstrap.sh --apiserver-endpoint 'https://076CC7DF2E7349EB3395E4D95C75881C.yl4.eu-west-1.eks.amazonaws.com' --b64-cluster-ca 'LS0tLS1CRUdJTiBDRVJUSUZJQ0FURS0tLS0tCk1JSUN5RENDQWJDZ0F3SUJBZ0lCQURBTkJna3Foa2lHOXcwQkFRc0ZBREFWTVJNd0VRWURWUVFERXdwcmRXSmwKY201bGRHVnpNQjRYRFRFNU1EWXhOekUwTXpZeU0xb1hEVEk1TURZeE5ERTBNell5TTFvd0ZURVRNQkVHQTFVRQpBeE1LYTNWaVpYSnVaWFJsY3pDQ0FTSXdEUVlKS29aSWh2Y05BUUVCQlFBRGdnRVBBRENDQVFvQ2dnRUJBTXhUCmxOSnR5V1RkaGRqWXlBd3pvU0Nyckk0Y1F1VlpIYUMxR2cyYmhNZ2dSWktQSGpqOWphSFplalN1SkRYOXQySkoKQ2RTZ015eXRabFpEN21lRCttWHFIMDZFYXFtS3djMlZNTWw3MVo3blZZNmdZcVJiU1BINnNYZ1UvOVc5emhlWQpPKzdocm80b01iOFYrQTloYzRUcUpDL2NFZ05rS1NPWjlkK01WVDU5V05mTXBLR1VVbDd0MjBuRVR3b2ZJc0g4CldNUWlMSjlSRGU2WVlXdkhuYnlTRDV2TjdTaHMveERrYzdVNnd1Smhhbyt6ZnpIWHhpaU45WVlTd3JKek5mTWMKVmd1eGRxb0xaeDV4bXBCK0JHek02WVVHTzFKeXVRak41UUhOSkJiWXVJL25ya1BMNDBlS0l0R056YlcyNVl5cAp6TDRYS3FldVRSUlpkWG5Wb0Y4Q0F3RUFBYU1qTUNFd0RnWURWUjBQQVFIL0JBUURBZ0trTUE4R0ExVWRFd0VCCi93UUZNQU1CQWY4d0RRWUpLb1pJaHZjTkFRRUxCUUFEZ2dFQkFBQnJsTDZhWDV0ZlhyaVc3YXJESmZsaXd6Y2UKTVd6VmRqQ21GWUNmOXcxQTA5Z3RWQTNHZ1ZVQmVzeUxMYm9DNGhrSjJtcmtHdVJYN1d4dnZjdk1VSDZnTlY3dApQYjV1UnptclhPR01wZUdIcEJYb1JMSzd0ajkzRit2cWMvaFYxMVE3ODFGZmczNVI3YkNEL0xSS0ovUFN6RmJjCnZVdWZNN0pUU2hlS2drZjVoaXZNRkhva0ZjWm5TZXkzdUlqWnYwVEZmUDQ1REt4bUdFWHBDajZOa0VIb3NianAKSnJsK0tjZlJISFlEWEVQTDA0d3luVFROdTYvMGw1YzI5VFNLb0FGcWdyM2dLT0hTUjJiYzF0MFdIRnpVNThHawpTV0Riekt3ODIvNmdNRlRJcGF5TU1ZY1pVNnRqdUsveU9WenJQQ0F5MXU5TngrWGJ4QVJ3T1M5UmVDcz0KLS0tLS1FTkQgQ0VSVElGSUNBVEUtLS0tLQo='  'eg-testing-cluster'\n",
                            "template": "#!/bin/bash\n\n# userdata for EKS worker nodes to properly configure Kubernetes applications on EC2 instances\n# https://docs.aws.amazon.com/eks/latest/userguide/launch-workers.html\n\n/etc/eks/bootstrap.sh --apiserver-endpoint '${cluster_endpoint}' --b64-cluster-ca '${certificate_authority_data}' ${bootstrap_extra_args} '${cluster_name}'\n",
                            "vars.%": "4",
                            "vars.bootstrap_extra_args": "",
                            "vars.certificate_authority_data": "LS0tLS1CRUdJTiBDRVJUSUZJQ0FURS0tLS0tCk1JSUN5RENDQWJDZ0F3SUJBZ0lCQURBTkJna3Foa2lHOXcwQkFRc0ZBREFWTVJNd0VRWURWUVFERXdwcmRXSmwKY201bGRHVnpNQjRYRFRFNU1EWXhOekUwTXpZeU0xb1hEVEk1TURZeE5ERTBNell5TTFvd0ZURVRNQkVHQTFVRQpBeE1LYTNWaVpYSnVaWFJsY3pDQ0FTSXdEUVlKS29aSWh2Y05BUUVCQlFBRGdnRVBBRENDQVFvQ2dnRUJBTXhUCmxOSnR5V1RkaGRqWXlBd3pvU0Nyckk0Y1F1VlpIYUMxR2cyYmhNZ2dSWktQSGpqOWphSFplalN1SkRYOXQySkoKQ2RTZ015eXRabFpEN21lRCttWHFIMDZFYXFtS3djMlZNTWw3MVo3blZZNmdZcVJiU1BINnNYZ1UvOVc5emhlWQpPKzdocm80b01iOFYrQTloYzRUcUpDL2NFZ05rS1NPWjlkK01WVDU5V05mTXBLR1VVbDd0MjBuRVR3b2ZJc0g4CldNUWlMSjlSRGU2WVlXdkhuYnlTRDV2TjdTaHMveERrYzdVNnd1Smhhbyt6ZnpIWHhpaU45WVlTd3JKek5mTWMKVmd1eGRxb0xaeDV4bXBCK0JHek02WVVHTzFKeXVRak41UUhOSkJiWXVJL25ya1BMNDBlS0l0R056YlcyNVl5cAp6TDRYS3FldVRSUlpkWG5Wb0Y4Q0F3RUFBYU1qTUNFd0RnWURWUjBQQVFIL0JBUURBZ0trTUE4R0ExVWRFd0VCCi93UUZNQU1CQWY4d0RRWUpLb1pJaHZjTkFRRUxCUUFEZ2dFQkFBQnJsTDZhWDV0ZlhyaVc3YXJESmZsaXd6Y2UKTVd6VmRqQ21GWUNmOXcxQTA5Z3RWQTNHZ1ZVQmVzeUxMYm9DNGhrSjJtcmtHdVJYN1d4dnZjdk1VSDZnTlY3dApQYjV1UnptclhPR01wZUdIcEJYb1JMSzd0ajkzRit2cWMvaFYxMVE3ODFGZmczNVI3YkNEL0xSS0ovUFN6RmJjCnZVdWZNN0pUU2hlS2drZjVoaXZNRkhva0ZjWm5TZXkzdUlqWnYwVEZmUDQ1REt4bUdFWHBDajZOa0VIb3NianAKSnJsK0tjZlJISFlEWEVQTDA0d3luVFROdTYvMGw1YzI5VFNLb0FGcWdyM2dLT0hTUjJiYzF0MFdIRnpVNThHawpTV0Riekt3ODIvNmdNRlRJcGF5TU1ZY1pVNnRqdUsveU9WenJQQ0F5MXU5TngrWGJ4QVJ3T1M5UmVDcz0KLS0tLS1FTkQgQ0VSVElGSUNBVEUtLS0tLQo=",
                            "vars.cluster_endpoint": "https://076CC7DF2E7349EB3395E4D95C75881C.yl4.eu-west-1.eks.amazonaws.com",
                            "vars.cluster_name": "eg-testing-cluster"
                        },
                        "meta": {},
                        "tainted": false
                    },
                    "deposed": [],
                    "provider": "provider.template"
                }
            },
            "depends_on": []
        },
        {
            "path": [
                "root",
                "subnets"
            ],
            "outputs": {
                "availability_zones": {
                    "sensitive": false,
                    "type": "list",
                    "value": [
                        "eu-west-1a",
                        "eu-west-1b"
                    ]
                },
                "nat_gateway_ids": {
                    "sensitive": false,
                    "type": "list",
                    "value": [
                        "nat-0cc241979c3d1a0dc",
                        "nat-0a8774076fc63dcb1"
                    ]
                },
                "nat_instance_ids": {
                    "sensitive": false,
                    "type": "list",
                    "value": []
                },
                "private_route_table_ids": {
                    "sensitive": false,
                    "type": "list",
                    "value": [
                        "rtb-059b0fbc589c14b1b",
                        "rtb-042011c205bc494d1"
                    ]
                },
                "private_subnet_cidrs": {
                    "sensitive": false,
                    "type": "list",
                    "value": [
                        "10.0.0.0/19",
                        "10.0.32.0/19"
                    ]
                },
                "private_subnet_ids": {
                    "sensitive": false,
                    "type": "list",
                    "value": [
                        "subnet-0e1c8dd0057b8453e",
                        "subnet-018e209ece02dd43b"
                    ]
                },
                "public_route_table_ids": {
                    "sensitive": false,
                    "type": "list",
                    "value": [
                        "rtb-017c3732c73326b65"
                    ]
                },
                "public_subnet_cidrs": {
                    "sensitive": false,
                    "type": "list",
                    "value": [
                        "10.0.96.0/19",
                        "10.0.128.0/19"
                    ]
                },
                "public_subnet_ids": {
                    "sensitive": false,
                    "type": "list",
                    "value": [
                        "subnet-097cad3448d059c09",
                        "subnet-0ed22560767568530"
                    ]
                }
            },
            "resources": {
                "aws_eip.default.0": {
                    "type": "aws_eip",
                    "depends_on": [
                        "local.nat_gateways_count",
                        "module.private_label"
                    ],
                    "primary": {
                        "id": "eipalloc-035f9b50c9c66efa7",
                        "attributes": {
                            "association_id": "",
                            "domain": "vpc",
                            "id": "eipalloc-035f9b50c9c66efa7",
                            "instance": "",
                            "network_interface": "",
                            "private_ip": "",
                            "public_dns": "ec2-54-229-203-75.eu-west-1.compute.amazonaws.com",
                            "public_ip": "54.229.203.75",
                            "public_ipv4_pool": "amazon",
                            "tags.%": "5",
                            "tags.Name": "eg-testing-cluster-private-eu-west-1a",
                            "tags.Namespace": "eg",
                            "tags.Stage": "testing",
                            "tags.cpco.io/subnet/type": "private",
                            "tags.kubernetes.io/cluster/eg-testing-cluster": "shared",
                            "vpc": "true"
                        },
                        "meta": {
                            "e2bfb730-ecaa-11e6-8f88-34363bc7c4c0": {
                                "delete": 180000000000,
                                "read": 900000000000,
                                "update": 300000000000
                            }
                        },
                        "tainted": false
                    },
                    "deposed": [],
                    "provider": "module.subnets.provider.aws"
                },
                "aws_eip.default.1": {
                    "type": "aws_eip",
                    "depends_on": [
                        "local.nat_gateways_count",
                        "module.private_label"
                    ],
                    "primary": {
                        "id": "eipalloc-0acf83ff6c673fdf9",
                        "attributes": {
                            "association_id": "",
                            "domain": "vpc",
                            "id": "eipalloc-0acf83ff6c673fdf9",
                            "instance": "",
                            "network_interface": "",
                            "private_ip": "",
                            "public_dns": "ec2-63-34-239-252.eu-west-1.compute.amazonaws.com",
                            "public_ip": "63.34.239.252",
                            "public_ipv4_pool": "amazon",
                            "tags.%": "5",
                            "tags.Name": "eg-testing-cluster-private-eu-west-1b",
                            "tags.Namespace": "eg",
                            "tags.Stage": "testing",
                            "tags.cpco.io/subnet/type": "private",
                            "tags.kubernetes.io/cluster/eg-testing-cluster": "shared",
                            "vpc": "true"
                        },
                        "meta": {
                            "e2bfb730-ecaa-11e6-8f88-34363bc7c4c0": {
                                "delete": 180000000000,
                                "read": 900000000000,
                                "update": 300000000000
                            }
                        },
                        "tainted": false
                    },
                    "deposed": [],
                    "provider": "module.subnets.provider.aws"
                },
                "aws_nat_gateway.default.0": {
                    "type": "aws_nat_gateway",
                    "depends_on": [
                        "aws_eip.default.*",
                        "aws_subnet.public.*",
                        "local.nat_gateways_count",
                        "module.nat_label"
                    ],
                    "primary": {
                        "id": "nat-0cc241979c3d1a0dc",
                        "attributes": {
                            "allocation_id": "eipalloc-035f9b50c9c66efa7",
                            "id": "nat-0cc241979c3d1a0dc",
                            "network_interface_id": "eni-0d8b95d609918c1c2",
                            "private_ip": "10.0.120.99",
                            "public_ip": "54.229.203.75",
                            "subnet_id": "subnet-097cad3448d059c09",
                            "tags.%": "4",
                            "tags.Name": "eg-testing-cluster-nat-eu-west-1a",
                            "tags.Namespace": "eg",
                            "tags.Stage": "testing",
                            "tags.kubernetes.io/cluster/eg-testing-cluster": "shared"
                        },
                        "meta": {},
                        "tainted": false
                    },
                    "deposed": [],
                    "provider": "module.subnets.provider.aws"
                },
                "aws_nat_gateway.default.1": {
                    "type": "aws_nat_gateway",
                    "depends_on": [
                        "aws_eip.default.*",
                        "aws_subnet.public.*",
                        "local.nat_gateways_count",
                        "module.nat_label"
                    ],
                    "primary": {
                        "id": "nat-0a8774076fc63dcb1",
                        "attributes": {
                            "allocation_id": "eipalloc-0acf83ff6c673fdf9",
                            "id": "nat-0a8774076fc63dcb1",
                            "network_interface_id": "eni-01f8b2cb026fb93bd",
                            "private_ip": "10.0.141.135",
                            "public_ip": "63.34.239.252",
                            "subnet_id": "subnet-0ed22560767568530",
                            "tags.%": "4",
                            "tags.Name": "eg-testing-cluster-nat-eu-west-1b",
                            "tags.Namespace": "eg",
                            "tags.Stage": "testing",
                            "tags.kubernetes.io/cluster/eg-testing-cluster": "shared"
                        },
                        "meta": {},
                        "tainted": false
                    },
                    "deposed": [],
                    "provider": "module.subnets.provider.aws"
                },
                "aws_network_acl.private": {
                    "type": "aws_network_acl",
                    "depends_on": [
                        "aws_subnet.private.*",
                        "module.private_label"
                    ],
                    "primary": {
                        "id": "acl-0838ead5bc6f3df0b",
                        "attributes": {
                            "egress.#": "1",
                            "egress.1401401844.action": "allow",
                            "egress.1401401844.cidr_block": "0.0.0.0/0",
                            "egress.1401401844.from_port": "0",
                            "egress.1401401844.icmp_code": "0",
                            "egress.1401401844.icmp_type": "0",
                            "egress.1401401844.ipv6_cidr_block": "",
                            "egress.1401401844.protocol": "-1",
                            "egress.1401401844.rule_no": "100",
                            "egress.1401401844.to_port": "0",
                            "id": "acl-0838ead5bc6f3df0b",
                            "ingress.#": "1",
                            "ingress.1401401844.action": "allow",
                            "ingress.1401401844.cidr_block": "0.0.0.0/0",
                            "ingress.1401401844.from_port": "0",
                            "ingress.1401401844.icmp_code": "0",
                            "ingress.1401401844.icmp_type": "0",
                            "ingress.1401401844.ipv6_cidr_block": "",
                            "ingress.1401401844.protocol": "-1",
                            "ingress.1401401844.rule_no": "100",
                            "ingress.1401401844.to_port": "0",
                            "owner_id": "866067750630",
                            "subnet_ids.#": "2",
                            "subnet_ids.3915112776": "subnet-0e1c8dd0057b8453e",
                            "subnet_ids.3962472952": "subnet-018e209ece02dd43b",
                            "tags.%": "5",
                            "tags.Name": "eg-testing-cluster",
                            "tags.Namespace": "eg",
                            "tags.Stage": "testing",
                            "tags.cpco.io/subnet/type": "private",
                            "tags.kubernetes.io/cluster/eg-testing-cluster": "shared",
                            "vpc_id": "vpc-0b86803bc4740928a"
                        },
                        "meta": {},
                        "tainted": false
                    },
                    "deposed": [],
                    "provider": "module.subnets.provider.aws"
                },
                "aws_network_acl.public": {
                    "type": "aws_network_acl",
                    "depends_on": [
                        "aws_subnet.public.*",
                        "module.public_label"
                    ],
                    "primary": {
                        "id": "acl-0233e2fc36027298a",
                        "attributes": {
                            "egress.#": "1",
                            "egress.1401401844.action": "allow",
                            "egress.1401401844.cidr_block": "0.0.0.0/0",
                            "egress.1401401844.from_port": "0",
                            "egress.1401401844.icmp_code": "0",
                            "egress.1401401844.icmp_type": "0",
                            "egress.1401401844.ipv6_cidr_block": "",
                            "egress.1401401844.protocol": "-1",
                            "egress.1401401844.rule_no": "100",
                            "egress.1401401844.to_port": "0",
                            "id": "acl-0233e2fc36027298a",
                            "ingress.#": "1",
                            "ingress.1401401844.action": "allow",
                            "ingress.1401401844.cidr_block": "0.0.0.0/0",
                            "ingress.1401401844.from_port": "0",
                            "ingress.1401401844.icmp_code": "0",
                            "ingress.1401401844.icmp_type": "0",
                            "ingress.1401401844.ipv6_cidr_block": "",
                            "ingress.1401401844.protocol": "-1",
                            "ingress.1401401844.rule_no": "100",
                            "ingress.1401401844.to_port": "0",
                            "owner_id": "866067750630",
                            "subnet_ids.#": "2",
                            "subnet_ids.1183871869": "subnet-0ed22560767568530",
                            "subnet_ids.3422709035": "subnet-097cad3448d059c09",
                            "tags.%": "5",
                            "tags.Name": "eg-testing-cluster",
                            "tags.Namespace": "eg",
                            "tags.Stage": "testing",
                            "tags.cpco.io/subnet/type": "public",
                            "tags.kubernetes.io/cluster/eg-testing-cluster": "shared",
                            "vpc_id": "vpc-0b86803bc4740928a"
                        },
                        "meta": {},
                        "tainted": false
                    },
                    "deposed": [],
                    "provider": "module.subnets.provider.aws"
                },
                "aws_route.default.0": {
                    "type": "aws_route",
                    "depends_on": [
                        "aws_nat_gateway.default.*",
                        "aws_route_table.private",
                        "aws_route_table.private.*",
                        "local.nat_gateways_count"
                    ],
                    "primary": {
                        "id": "r-rtb-059b0fbc589c14b1b1080289494",
                        "attributes": {
                            "destination_cidr_block": "0.0.0.0/0",
                            "destination_prefix_list_id": "",
                            "egress_only_gateway_id": "",
                            "gateway_id": "",
                            "id": "r-rtb-059b0fbc589c14b1b1080289494",
                            "instance_id": "",
                            "instance_owner_id": "",
                            "nat_gateway_id": "nat-0cc241979c3d1a0dc",
                            "network_interface_id": "",
                            "origin": "CreateRoute",
                            "route_table_id": "rtb-059b0fbc589c14b1b",
                            "state": "active",
                            "transit_gateway_id": "",
                            "vpc_peering_connection_id": ""
                        },
                        "meta": {
                            "e2bfb730-ecaa-11e6-8f88-34363bc7c4c0": {
                                "create": 120000000000,
                                "delete": 300000000000
                            }
                        },
                        "tainted": false
                    },
                    "deposed": [],
                    "provider": "module.subnets.provider.aws"
                },
                "aws_route.default.1": {
                    "type": "aws_route",
                    "depends_on": [
                        "aws_nat_gateway.default.*",
                        "aws_route_table.private",
                        "aws_route_table.private.*",
                        "local.nat_gateways_count"
                    ],
                    "primary": {
                        "id": "r-rtb-042011c205bc494d11080289494",
                        "attributes": {
                            "destination_cidr_block": "0.0.0.0/0",
                            "destination_prefix_list_id": "",
                            "egress_only_gateway_id": "",
                            "gateway_id": "",
                            "id": "r-rtb-042011c205bc494d11080289494",
                            "instance_id": "",
                            "instance_owner_id": "",
                            "nat_gateway_id": "nat-0a8774076fc63dcb1",
                            "network_interface_id": "",
                            "origin": "CreateRoute",
                            "route_table_id": "rtb-042011c205bc494d1",
                            "state": "active",
                            "transit_gateway_id": "",
                            "vpc_peering_connection_id": ""
                        },
                        "meta": {
                            "e2bfb730-ecaa-11e6-8f88-34363bc7c4c0": {
                                "create": 120000000000,
                                "delete": 300000000000
                            }
                        },
                        "tainted": false
                    },
                    "deposed": [],
                    "provider": "module.subnets.provider.aws"
                },
                "aws_route.public": {
                    "type": "aws_route",
                    "depends_on": [
                        "aws_route_table.public.*"
                    ],
                    "primary": {
                        "id": "r-rtb-017c3732c73326b651080289494",
                        "attributes": {
                            "destination_cidr_block": "0.0.0.0/0",
                            "destination_prefix_list_id": "",
                            "egress_only_gateway_id": "",
                            "gateway_id": "igw-00e54006daec8002b",
                            "id": "r-rtb-017c3732c73326b651080289494",
                            "instance_id": "",
                            "instance_owner_id": "",
                            "nat_gateway_id": "",
                            "network_interface_id": "",
                            "origin": "CreateRoute",
                            "route_table_id": "rtb-017c3732c73326b65",
                            "state": "active",
                            "transit_gateway_id": "",
                            "vpc_peering_connection_id": ""
                        },
                        "meta": {
                            "e2bfb730-ecaa-11e6-8f88-34363bc7c4c0": {
                                "create": 120000000000,
                                "delete": 300000000000
                            }
                        },
                        "tainted": false
                    },
                    "deposed": [],
                    "provider": "module.subnets.provider.aws"
                },
                "aws_route_table.private.0": {
                    "type": "aws_route_table",
                    "depends_on": [
                        "data.aws_vpc.default",
                        "module.private_label"
                    ],
                    "primary": {
                        "id": "rtb-059b0fbc589c14b1b",
                        "attributes": {
                            "id": "rtb-059b0fbc589c14b1b",
                            "owner_id": "866067750630",
                            "propagating_vgws.#": "0",
                            "route.#": "0",
                            "tags.%": "5",
                            "tags.Name": "eg-testing-cluster-private-eu-west-1a",
                            "tags.Namespace": "eg",
                            "tags.Stage": "testing",
                            "tags.cpco.io/subnet/type": "private",
                            "tags.kubernetes.io/cluster/eg-testing-cluster": "shared",
                            "vpc_id": "vpc-0b86803bc4740928a"
                        },
                        "meta": {},
                        "tainted": false
                    },
                    "deposed": [],
                    "provider": "module.subnets.provider.aws"
                },
                "aws_route_table.private.1": {
                    "type": "aws_route_table",
                    "depends_on": [
                        "data.aws_vpc.default",
                        "module.private_label"
                    ],
                    "primary": {
                        "id": "rtb-042011c205bc494d1",
                        "attributes": {
                            "id": "rtb-042011c205bc494d1",
                            "owner_id": "866067750630",
                            "propagating_vgws.#": "0",
                            "route.#": "0",
                            "tags.%": "5",
                            "tags.Name": "eg-testing-cluster-private-eu-west-1b",
                            "tags.Namespace": "eg",
                            "tags.Stage": "testing",
                            "tags.cpco.io/subnet/type": "private",
                            "tags.kubernetes.io/cluster/eg-testing-cluster": "shared",
                            "vpc_id": "vpc-0b86803bc4740928a"
                        },
                        "meta": {},
                        "tainted": false
                    },
                    "deposed": [],
                    "provider": "module.subnets.provider.aws"
                },
                "aws_route_table.public": {
                    "type": "aws_route_table",
                    "depends_on": [
                        "data.aws_vpc.default",
                        "module.public_label"
                    ],
                    "primary": {
                        "id": "rtb-017c3732c73326b65",
                        "attributes": {
                            "id": "rtb-017c3732c73326b65",
                            "owner_id": "866067750630",
                            "propagating_vgws.#": "0",
                            "route.#": "0",
                            "tags.%": "5",
                            "tags.Name": "eg-testing-cluster",
                            "tags.Namespace": "eg",
                            "tags.Stage": "testing",
                            "tags.cpco.io/subnet/type": "public",
                            "tags.kubernetes.io/cluster/eg-testing-cluster": "shared",
                            "vpc_id": "vpc-0b86803bc4740928a"
                        },
                        "meta": {},
                        "tainted": false
                    },
                    "deposed": [],
                    "provider": "module.subnets.provider.aws"
                },
                "aws_route_table_association.private.0": {
                    "type": "aws_route_table_association",
                    "depends_on": [
                        "aws_route_table.private.*",
                        "aws_subnet.private.*"
                    ],
                    "primary": {
                        "id": "rtbassoc-0936eaff68850b048",
                        "attributes": {
                            "id": "rtbassoc-0936eaff68850b048",
                            "route_table_id": "rtb-059b0fbc589c14b1b",
                            "subnet_id": "subnet-0e1c8dd0057b8453e"
                        },
                        "meta": {},
                        "tainted": false
                    },
                    "deposed": [],
                    "provider": "module.subnets.provider.aws"
                },
                "aws_route_table_association.private.1": {
                    "type": "aws_route_table_association",
                    "depends_on": [
                        "aws_route_table.private.*",
                        "aws_subnet.private.*"
                    ],
                    "primary": {
                        "id": "rtbassoc-096c333ec32577d57",
                        "attributes": {
                            "id": "rtbassoc-096c333ec32577d57",
                            "route_table_id": "rtb-042011c205bc494d1",
                            "subnet_id": "subnet-018e209ece02dd43b"
                        },
                        "meta": {},
                        "tainted": false
                    },
                    "deposed": [],
                    "provider": "module.subnets.provider.aws"
                },
                "aws_route_table_association.public.0": {
                    "type": "aws_route_table_association",
                    "depends_on": [
                        "aws_route_table.public",
                        "aws_subnet.public.*"
                    ],
                    "primary": {
                        "id": "rtbassoc-0b94f68f53546b4cf",
                        "attributes": {
                            "id": "rtbassoc-0b94f68f53546b4cf",
                            "route_table_id": "rtb-017c3732c73326b65",
                            "subnet_id": "subnet-097cad3448d059c09"
                        },
                        "meta": {},
                        "tainted": false
                    },
                    "deposed": [],
                    "provider": "module.subnets.provider.aws"
                },
                "aws_route_table_association.public.1": {
                    "type": "aws_route_table_association",
                    "depends_on": [
                        "aws_route_table.public",
                        "aws_subnet.public.*"
                    ],
                    "primary": {
                        "id": "rtbassoc-0a07acb4d4d16d3be",
                        "attributes": {
                            "id": "rtbassoc-0a07acb4d4d16d3be",
                            "route_table_id": "rtb-017c3732c73326b65",
                            "subnet_id": "subnet-0ed22560767568530"
                        },
                        "meta": {},
                        "tainted": false
                    },
                    "deposed": [],
                    "provider": "module.subnets.provider.aws"
                },
                "aws_subnet.private.0": {
                    "type": "aws_subnet",
                    "depends_on": [
                        "data.aws_vpc.default",
                        "local.private_subnet_count",
                        "module.private_label"
                    ],
                    "primary": {
                        "id": "subnet-0e1c8dd0057b8453e",
                        "attributes": {
                            "arn": "arn:aws:ec2:eu-west-1:866067750630:subnet/subnet-0e1c8dd0057b8453e",
                            "assign_ipv6_address_on_creation": "false",
                            "availability_zone": "eu-west-1a",
                            "availability_zone_id": "euw1-az3",
                            "cidr_block": "10.0.0.0/19",
                            "id": "subnet-0e1c8dd0057b8453e",
                            "ipv6_cidr_block": "",
                            "ipv6_cidr_block_association_id": "",
                            "map_public_ip_on_launch": "false",
                            "owner_id": "866067750630",
                            "tags.%": "5",
                            "tags.Name": "eg-testing-cluster-private-eu-west-1a",
                            "tags.Namespace": "eg",
                            "tags.Stage": "testing",
                            "tags.cpco.io/subnet/type": "private",
                            "tags.kubernetes.io/cluster/eg-testing-cluster": "shared",
                            "vpc_id": "vpc-0b86803bc4740928a"
                        },
                        "meta": {
                            "e2bfb730-ecaa-11e6-8f88-34363bc7c4c0": {
                                "create": 600000000000,
                                "delete": 600000000000
                            },
                            "schema_version": "1"
                        },
                        "tainted": false
                    },
                    "deposed": [],
                    "provider": "module.subnets.provider.aws"
                },
                "aws_subnet.private.1": {
                    "type": "aws_subnet",
                    "depends_on": [
                        "data.aws_vpc.default",
                        "local.private_subnet_count",
                        "module.private_label"
                    ],
                    "primary": {
                        "id": "subnet-018e209ece02dd43b",
                        "attributes": {
                            "arn": "arn:aws:ec2:eu-west-1:866067750630:subnet/subnet-018e209ece02dd43b",
                            "assign_ipv6_address_on_creation": "false",
                            "availability_zone": "eu-west-1b",
                            "availability_zone_id": "euw1-az1",
                            "cidr_block": "10.0.32.0/19",
                            "id": "subnet-018e209ece02dd43b",
                            "ipv6_cidr_block": "",
                            "ipv6_cidr_block_association_id": "",
                            "map_public_ip_on_launch": "false",
                            "owner_id": "866067750630",
                            "tags.%": "5",
                            "tags.Name": "eg-testing-cluster-private-eu-west-1b",
                            "tags.Namespace": "eg",
                            "tags.Stage": "testing",
                            "tags.cpco.io/subnet/type": "private",
                            "tags.kubernetes.io/cluster/eg-testing-cluster": "shared",
                            "vpc_id": "vpc-0b86803bc4740928a"
                        },
                        "meta": {
                            "e2bfb730-ecaa-11e6-8f88-34363bc7c4c0": {
                                "create": 600000000000,
                                "delete": 600000000000
                            },
                            "schema_version": "1"
                        },
                        "tainted": false
                    },
                    "deposed": [],
                    "provider": "module.subnets.provider.aws"
                },
                "aws_subnet.public.0": {
                    "type": "aws_subnet",
                    "depends_on": [
                        "data.aws_vpc.default",
                        "local.map_public_ip_on_launch",
                        "local.public_subnet_count",
                        "module.public_label"
                    ],
                    "primary": {
                        "id": "subnet-097cad3448d059c09",
                        "attributes": {
                            "arn": "arn:aws:ec2:eu-west-1:866067750630:subnet/subnet-097cad3448d059c09",
                            "assign_ipv6_address_on_creation": "false",
                            "availability_zone": "eu-west-1a",
                            "availability_zone_id": "euw1-az3",
                            "cidr_block": "10.0.96.0/19",
                            "id": "subnet-097cad3448d059c09",
                            "ipv6_cidr_block": "",
                            "ipv6_cidr_block_association_id": "",
                            "map_public_ip_on_launch": "true",
                            "owner_id": "866067750630",
                            "tags.%": "5",
                            "tags.Name": "eg-testing-cluster-public-eu-west-1a",
                            "tags.Namespace": "eg",
                            "tags.Stage": "testing",
                            "tags.cpco.io/subnet/type": "public",
                            "tags.kubernetes.io/cluster/eg-testing-cluster": "shared",
                            "vpc_id": "vpc-0b86803bc4740928a"
                        },
                        "meta": {
                            "e2bfb730-ecaa-11e6-8f88-34363bc7c4c0": {
                                "create": 600000000000,
                                "delete": 600000000000
                            },
                            "schema_version": "1"
                        },
                        "tainted": false
                    },
                    "deposed": [],
                    "provider": "module.subnets.provider.aws"
                },
                "aws_subnet.public.1": {
                    "type": "aws_subnet",
                    "depends_on": [
                        "data.aws_vpc.default",
                        "local.map_public_ip_on_launch",
                        "local.public_subnet_count",
                        "module.public_label"
                    ],
                    "primary": {
                        "id": "subnet-0ed22560767568530",
                        "attributes": {
                            "arn": "arn:aws:ec2:eu-west-1:866067750630:subnet/subnet-0ed22560767568530",
                            "assign_ipv6_address_on_creation": "false",
                            "availability_zone": "eu-west-1b",
                            "availability_zone_id": "euw1-az1",
                            "cidr_block": "10.0.128.0/19",
                            "id": "subnet-0ed22560767568530",
                            "ipv6_cidr_block": "",
                            "ipv6_cidr_block_association_id": "",
                            "map_public_ip_on_launch": "true",
                            "owner_id": "866067750630",
                            "tags.%": "5",
                            "tags.Name": "eg-testing-cluster-public-eu-west-1b",
                            "tags.Namespace": "eg",
                            "tags.Stage": "testing",
                            "tags.cpco.io/subnet/type": "public",
                            "tags.kubernetes.io/cluster/eg-testing-cluster": "shared",
                            "vpc_id": "vpc-0b86803bc4740928a"
                        },
                        "meta": {
                            "e2bfb730-ecaa-11e6-8f88-34363bc7c4c0": {
                                "create": 600000000000,
                                "delete": 600000000000
                            },
                            "schema_version": "1"
                        },
                        "tainted": false
                    },
                    "deposed": [],
                    "provider": "module.subnets.provider.aws"
                },
                "data.aws_availability_zones.available": {
                    "type": "aws_availability_zones",
                    "depends_on": [],
                    "primary": {
                        "id": "2019-06-17 14:27:39.116668763 +0000 UTC",
                        "attributes": {
                            "id": "2019-06-17 14:27:39.116668763 +0000 UTC",
                            "names.#": "3",
                            "names.0": "eu-west-1a",
                            "names.1": "eu-west-1b",
                            "names.2": "eu-west-1c",
                            "zone_ids.#": "3",
                            "zone_ids.0": "euw1-az3",
                            "zone_ids.1": "euw1-az1",
                            "zone_ids.2": "euw1-az2"
                        },
                        "meta": {},
                        "tainted": false
                    },
                    "deposed": [],
                    "provider": "module.subnets.provider.aws"
                },
                "data.aws_vpc.default": {
                    "type": "aws_vpc",
                    "depends_on": [],
                    "primary": {
                        "id": "vpc-0b86803bc4740928a",
                        "attributes": {
                            "arn": "arn:aws:ec2:eu-west-1:866067750630:vpc/vpc-0b86803bc4740928a",
                            "cidr_block": "10.0.0.0/16",
                            "cidr_block_associations.#": "1",
                            "cidr_block_associations.0.association_id": "vpc-cidr-assoc-052d9618a000266d2",
                            "cidr_block_associations.0.cidr_block": "10.0.0.0/16",
                            "cidr_block_associations.0.state": "associated",
                            "default": "false",
                            "dhcp_options_id": "dopt-069079916819bba09",
                            "enable_dns_hostnames": "true",
                            "enable_dns_support": "true",
                            "id": "vpc-0b86803bc4740928a",
                            "instance_tenancy": "default",
                            "ipv6_association_id": "vpc-cidr-assoc-0eb5337b7ee7217f9",
                            "ipv6_cidr_block": "2a05:d018:c4d:5a00::/56",
                            "main_route_table_id": "rtb-0e8d347f63e0d07ea",
                            "owner_id": "866067750630",
                            "state": "available",
                            "tags.%": "4",
                            "tags.Name": "eg-testing-cluster",
                            "tags.Namespace": "eg",
                            "tags.Stage": "testing",
                            "tags.kubernetes.io/cluster/eg-testing-cluster": "shared"
                        },
                        "meta": {},
                        "tainted": false
                    },
                    "deposed": [],
                    "provider": "module.subnets.provider.aws"
                }
            },
            "depends_on": []
        },
        {
            "path": [
                "root",
                "vpc"
            ],
            "outputs": {
                "igw_id": {
                    "sensitive": false,
                    "type": "string",
                    "value": "igw-00e54006daec8002b"
                },
                "ipv6_cidr_block": {
                    "sensitive": false,
                    "type": "string",
                    "value": "2a05:d018:c4d:5a00::/56"
                },
                "vpc_cidr_block": {
                    "sensitive": false,
                    "type": "string",
                    "value": "10.0.0.0/16"
                },
                "vpc_default_network_acl_id": {
                    "sensitive": false,
                    "type": "string",
                    "value": "acl-0f6176898a5930861"
                },
                "vpc_default_route_table_id": {
                    "sensitive": false,
                    "type": "string",
                    "value": "rtb-0e8d347f63e0d07ea"
                },
                "vpc_default_security_group_id": {
                    "sensitive": false,
                    "type": "string",
                    "value": "sg-09274a1b56380c3a3"
                },
                "vpc_id": {
                    "sensitive": false,
                    "type": "string",
                    "value": "vpc-0b86803bc4740928a"
                },
                "vpc_ipv6_association_id": {
                    "sensitive": false,
                    "type": "string",
                    "value": "vpc-cidr-assoc-0eb5337b7ee7217f9"
                },
                "vpc_main_route_table_id": {
                    "sensitive": false,
                    "type": "string",
                    "value": "rtb-0e8d347f63e0d07ea"
                }
            },
            "resources": {
                "aws_internet_gateway.default": {
                    "type": "aws_internet_gateway",
                    "depends_on": [
                        "aws_vpc.default",
                        "module.label"
                    ],
                    "primary": {
                        "id": "igw-00e54006daec8002b",
                        "attributes": {
                            "id": "igw-00e54006daec8002b",
                            "owner_id": "866067750630",
                            "tags.%": "4",
                            "tags.Name": "eg-testing-cluster",
                            "tags.Namespace": "eg",
                            "tags.Stage": "testing",
                            "tags.kubernetes.io/cluster/eg-testing-cluster": "shared",
                            "vpc_id": "vpc-0b86803bc4740928a"
                        },
                        "meta": {},
                        "tainted": false
                    },
                    "deposed": [],
                    "provider": "provider.aws"
                },
                "aws_vpc.default": {
                    "type": "aws_vpc",
                    "depends_on": [
                        "module.label"
                    ],
                    "primary": {
                        "id": "vpc-0b86803bc4740928a",
                        "attributes": {
                            "arn": "arn:aws:ec2:eu-west-1:866067750630:vpc/vpc-0b86803bc4740928a",
                            "assign_generated_ipv6_cidr_block": "true",
                            "cidr_block": "10.0.0.0/16",
                            "default_network_acl_id": "acl-0f6176898a5930861",
                            "default_route_table_id": "rtb-0e8d347f63e0d07ea",
                            "default_security_group_id": "sg-09274a1b56380c3a3",
                            "dhcp_options_id": "dopt-069079916819bba09",
                            "enable_classiclink": "false",
                            "enable_classiclink_dns_support": "false",
                            "enable_dns_hostnames": "true",
                            "enable_dns_support": "true",
                            "id": "vpc-0b86803bc4740928a",
                            "instance_tenancy": "default",
                            "ipv6_association_id": "vpc-cidr-assoc-0eb5337b7ee7217f9",
                            "ipv6_cidr_block": "2a05:d018:c4d:5a00::/56",
                            "main_route_table_id": "rtb-0e8d347f63e0d07ea",
                            "owner_id": "866067750630",
                            "tags.%": "4",
                            "tags.Name": "eg-testing-cluster",
                            "tags.Namespace": "eg",
                            "tags.Stage": "testing",
                            "tags.kubernetes.io/cluster/eg-testing-cluster": "shared"
                        },
                        "meta": {
                            "schema_version": "1"
                        },
                        "tainted": false
                    },
                    "deposed": [],
                    "provider": "provider.aws"
                }
            },
            "depends_on": []
        },
        {
            "path": [
                "root",
                "eks_cluster",
                "label"
            ],
            "outputs": {
                "attributes": {
                    "sensitive": false,
                    "type": "string",
                    "value": "cluster"
                },
                "id": {
                    "sensitive": false,
                    "type": "string",
                    "value": "eg-testing-cluster-cluster"
                },
                "name": {
                    "sensitive": false,
                    "type": "string",
                    "value": "cluster"
                },
                "namespace": {
                    "sensitive": false,
                    "type": "string",
                    "value": "eg"
                },
                "stage": {
                    "sensitive": false,
                    "type": "string",
                    "value": "testing"
                },
                "tags": {
                    "sensitive": false,
                    "type": "map",
                    "value": {
                        "Name": "eg-testing-cluster-cluster",
                        "Namespace": "eg",
                        "Stage": "testing"
                    }
                }
            },
            "resources": {},
            "depends_on": []
        },
        {
            "path": [
                "root",
                "eks_workers",
                "autoscale_group"
            ],
            "outputs": {
                "autoscaling_group_arn": {
                    "sensitive": false,
                    "type": "string",
                    "value": "arn:aws:autoscaling:eu-west-1:866067750630:autoScalingGroup:799806d4-e80f-4b16-b057-7374cffe9a2e:autoScalingGroupName/eg-testing-cluster-20190617144007889600000008"
                },
                "autoscaling_group_default_cooldown": {
                    "sensitive": false,
                    "type": "string",
                    "value": "300"
                },
                "autoscaling_group_desired_capacity": {
                    "sensitive": false,
                    "type": "string",
                    "value": "1"
                },
                "autoscaling_group_health_check_grace_period": {
                    "sensitive": false,
                    "type": "string",
                    "value": "300"
                },
                "autoscaling_group_health_check_type": {
                    "sensitive": false,
                    "type": "string",
                    "value": "EC2"
                },
                "autoscaling_group_id": {
                    "sensitive": false,
                    "type": "string",
                    "value": "eg-testing-cluster-20190617144007889600000008"
                },
                "autoscaling_group_max_size": {
                    "sensitive": false,
                    "type": "string",
                    "value": "3"
                },
                "autoscaling_group_min_size": {
                    "sensitive": false,
                    "type": "string",
                    "value": "1"
                },
                "autoscaling_group_name": {
                    "sensitive": false,
                    "type": "string",
                    "value": "eg-testing-cluster-20190617144007889600000008"
                },
                "launch_template_arn": {
                    "sensitive": false,
                    "type": "string",
                    "value": "arn:aws:ec2:eu-west-1:866067750630:launch-template/lt-0717dcbb056810799"
                },
                "launch_template_id": {
                    "sensitive": false,
                    "type": "string",
                    "value": "lt-0717dcbb056810799"
                }
            },
            "resources": {
                "aws_autoscaling_group.default": {
                    "type": "aws_autoscaling_group",
                    "depends_on": [
                        "aws_launch_template.default",
                        "aws_launch_template.default.*",
                        "data.null_data_source.tags_as_list_of_maps.*",
                        "module.label"
                    ],
                    "primary": {
                        "id": "eg-testing-cluster-20190617144007889600000008",
                        "attributes": {
                            "arn": "arn:aws:autoscaling:eu-west-1:866067750630:autoScalingGroup:799806d4-e80f-4b16-b057-7374cffe9a2e:autoScalingGroupName/eg-testing-cluster-20190617144007889600000008",
                            "availability_zones.#": "2",
                            "availability_zones.1924028850": "eu-west-1b",
                            "availability_zones.3953592328": "eu-west-1a",
                            "default_cooldown": "300",
                            "desired_capacity": "1",
                            "enabled_metrics.#": "8",
                            "enabled_metrics.119681000": "GroupStandbyInstances",
                            "enabled_metrics.1940933563": "GroupTotalInstances",
                            "enabled_metrics.308948767": "GroupPendingInstances",
                            "enabled_metrics.3267518000": "GroupTerminatingInstances",
                            "enabled_metrics.3394537085": "GroupDesiredCapacity",
                            "enabled_metrics.3551801763": "GroupInServiceInstances",
                            "enabled_metrics.4118539418": "GroupMinSize",
                            "enabled_metrics.4136111317": "GroupMaxSize",
                            "force_delete": "false",
                            "health_check_grace_period": "300",
                            "health_check_type": "EC2",
                            "id": "eg-testing-cluster-20190617144007889600000008",
                            "launch_configuration": "",
                            "launch_template.#": "1",
                            "launch_template.0.id": "lt-0717dcbb056810799",
                            "launch_template.0.name": "eg-testing-cluster-20190617144003983300000006",
                            "launch_template.0.version": "1",
                            "load_balancers.#": "0",
                            "max_size": "3",
                            "metrics_granularity": "1Minute",
                            "min_elb_capacity": "0",
                            "min_size": "1",
                            "mixed_instances_policy.#": "0",
                            "name": "eg-testing-cluster-20190617144007889600000008",
                            "name_prefix": "eg-testing-cluster-",
                            "placement_group": "",
                            "protect_from_scale_in": "false",
                            "service_linked_role_arn": "arn:aws:iam::866067750630:role/aws-service-role/autoscaling.amazonaws.com/AWSServiceRoleForAutoScaling",
                            "suspended_processes.#": "0",
                            "tags.#": "4",
                            "tags.0.%": "3",
                            "tags.0.key": "Name",
                            "tags.0.propagate_at_launch": "1",
                            "tags.0.value": "eg-testing-cluster-workers",
                            "tags.1.%": "3",
                            "tags.1.key": "Namespace",
                            "tags.1.propagate_at_launch": "1",
                            "tags.1.value": "eg",
                            "tags.2.%": "3",
                            "tags.2.key": "Stage",
                            "tags.2.propagate_at_launch": "1",
                            "tags.2.value": "testing",
                            "tags.3.%": "3",
                            "tags.3.key": "kubernetes.io/cluster/eg-testing-cluster",
                            "tags.3.propagate_at_launch": "1",
                            "tags.3.value": "owned",
                            "target_group_arns.#": "0",
                            "termination_policies.#": "1",
                            "termination_policies.0": "Default",
                            "vpc_zone_identifier.#": "2",
                            "vpc_zone_identifier.1183871869": "subnet-0ed22560767568530",
                            "vpc_zone_identifier.3422709035": "subnet-097cad3448d059c09",
                            "wait_for_capacity_timeout": "10m",
                            "wait_for_elb_capacity": "0"
                        },
                        "meta": {
                            "e2bfb730-ecaa-11e6-8f88-34363bc7c4c0": {
                                "delete": 600000000000
                            }
                        },
                        "tainted": false
                    },
                    "deposed": [],
                    "provider": "provider.aws"
                },
                "aws_autoscaling_policy.scale_down": {
                    "type": "aws_autoscaling_policy",
                    "depends_on": [
                        "aws_autoscaling_group.default.*",
                        "local.autoscaling_enabled",
                        "module.label"
                    ],
                    "primary": {
                        "id": "eg-testing-cluster-scale-down",
                        "attributes": {
                            "adjustment_type": "ChangeInCapacity",
                            "arn": "arn:aws:autoscaling:eu-west-1:866067750630:scalingPolicy:d03f38ce-b7ca-44e7-ac8f-20736fbb55f5:autoScalingGroupName/eg-testing-cluster-20190617144007889600000008:policyName/eg-testing-cluster-scale-down",
                            "autoscaling_group_name": "eg-testing-cluster-20190617144007889600000008",
                            "cooldown": "300",
                            "estimated_instance_warmup": "0",
                            "id": "eg-testing-cluster-scale-down",
                            "metric_aggregation_type": "",
                            "name": "eg-testing-cluster-scale-down",
                            "policy_type": "SimpleScaling",
                            "scaling_adjustment": "-1",
                            "step_adjustment.#": "0",
                            "target_tracking_configuration.#": "0"
                        },
                        "meta": {},
                        "tainted": false
                    },
                    "deposed": [],
                    "provider": "provider.aws"
                },
                "aws_autoscaling_policy.scale_up": {
                    "type": "aws_autoscaling_policy",
                    "depends_on": [
                        "aws_autoscaling_group.default.*",
                        "local.autoscaling_enabled",
                        "module.label"
                    ],
                    "primary": {
                        "id": "eg-testing-cluster-scale-up",
                        "attributes": {
                            "adjustment_type": "ChangeInCapacity",
                            "arn": "arn:aws:autoscaling:eu-west-1:866067750630:scalingPolicy:a3141ebc-1f42-4adf-9735-e8738e8c3eb0:autoScalingGroupName/eg-testing-cluster-20190617144007889600000008:policyName/eg-testing-cluster-scale-up",
                            "autoscaling_group_name": "eg-testing-cluster-20190617144007889600000008",
                            "cooldown": "300",
                            "estimated_instance_warmup": "0",
                            "id": "eg-testing-cluster-scale-up",
                            "metric_aggregation_type": "",
                            "name": "eg-testing-cluster-scale-up",
                            "policy_type": "SimpleScaling",
                            "scaling_adjustment": "1",
                            "step_adjustment.#": "0",
                            "target_tracking_configuration.#": "0"
                        },
                        "meta": {},
                        "tainted": false
                    },
                    "deposed": [],
                    "provider": "provider.aws"
                },
                "aws_cloudwatch_metric_alarm.cpu_high": {
                    "type": "aws_cloudwatch_metric_alarm",
                    "depends_on": [
                        "aws_autoscaling_group.default.*",
                        "aws_autoscaling_policy.scale_up.*",
                        "local.autoscaling_enabled",
                        "module.label"
                    ],
                    "primary": {
                        "id": "eg-testing-cluster-cpu-utilization-high",
                        "attributes": {
                            "actions_enabled": "true",
                            "alarm_actions.#": "1",
                            "alarm_actions.1300239244": "arn:aws:autoscaling:eu-west-1:866067750630:scalingPolicy:a3141ebc-1f42-4adf-9735-e8738e8c3eb0:autoScalingGroupName/eg-testing-cluster-20190617144007889600000008:policyName/eg-testing-cluster-scale-up",
                            "alarm_description": "Scale up if CPU utilization is above 80 for 300 seconds",
                            "alarm_name": "eg-testing-cluster-cpu-utilization-high",
                            "arn": "arn:aws:cloudwatch:eu-west-1:866067750630:alarm:eg-testing-cluster-cpu-utilization-high",
                            "comparison_operator": "GreaterThanOrEqualToThreshold",
                            "datapoints_to_alarm": "0",
                            "dimensions.%": "1",
                            "dimensions.AutoScalingGroupName": "eg-testing-cluster-20190617144007889600000008",
                            "evaluate_low_sample_count_percentiles": "",
                            "evaluation_periods": "2",
                            "extended_statistic": "",
                            "id": "eg-testing-cluster-cpu-utilization-high",
                            "insufficient_data_actions.#": "0",
                            "metric_name": "CPUUtilization",
                            "namespace": "AWS/EC2",
                            "ok_actions.#": "0",
                            "period": "300",
                            "statistic": "Average",
                            "tags.%": "0",
                            "threshold": "80",
                            "treat_missing_data": "missing",
                            "unit": ""
                        },
                        "meta": {
                            "schema_version": "1"
                        },
                        "tainted": false
                    },
                    "deposed": [],
                    "provider": "provider.aws"
                },
                "aws_cloudwatch_metric_alarm.cpu_low": {
                    "type": "aws_cloudwatch_metric_alarm",
                    "depends_on": [
                        "aws_autoscaling_group.default.*",
                        "aws_autoscaling_policy.scale_down.*",
                        "local.autoscaling_enabled",
                        "module.label"
                    ],
                    "primary": {
                        "id": "eg-testing-cluster-cpu-utilization-low",
                        "attributes": {
                            "actions_enabled": "true",
                            "alarm_actions.#": "1",
                            "alarm_actions.1475255349": "arn:aws:autoscaling:eu-west-1:866067750630:scalingPolicy:d03f38ce-b7ca-44e7-ac8f-20736fbb55f5:autoScalingGroupName/eg-testing-cluster-20190617144007889600000008:policyName/eg-testing-cluster-scale-down",
                            "alarm_description": "Scale down if the CPU utilization is below 20 for 300 seconds",
                            "alarm_name": "eg-testing-cluster-cpu-utilization-low",
                            "arn": "arn:aws:cloudwatch:eu-west-1:866067750630:alarm:eg-testing-cluster-cpu-utilization-low",
                            "comparison_operator": "LessThanOrEqualToThreshold",
                            "datapoints_to_alarm": "0",
                            "dimensions.%": "1",
                            "dimensions.AutoScalingGroupName": "eg-testing-cluster-20190617144007889600000008",
                            "evaluate_low_sample_count_percentiles": "",
                            "evaluation_periods": "2",
                            "extended_statistic": "",
                            "id": "eg-testing-cluster-cpu-utilization-low",
                            "insufficient_data_actions.#": "0",
                            "metric_name": "CPUUtilization",
                            "namespace": "AWS/EC2",
                            "ok_actions.#": "0",
                            "period": "300",
                            "statistic": "Average",
                            "tags.%": "0",
                            "threshold": "20",
                            "treat_missing_data": "missing",
                            "unit": ""
                        },
                        "meta": {
                            "schema_version": "1"
                        },
                        "tainted": false
                    },
                    "deposed": [],
                    "provider": "provider.aws"
                },
                "aws_launch_template.default": {
                    "type": "aws_launch_template",
                    "depends_on": [
                        "module.label"
                    ],
                    "primary": {
                        "id": "lt-0717dcbb056810799",
                        "attributes": {
                            "arn": "arn:aws:ec2:eu-west-1:866067750630:launch-template/lt-0717dcbb056810799",
                            "block_device_mappings.#": "0",
                            "capacity_reservation_specification.#": "0",
                            "credit_specification.#": "0",
                            "default_version": "1",
                            "description": "",
                            "disable_api_termination": "false",
                            "ebs_optimized": "false",
                            "elastic_gpu_specifications.#": "0",
                            "elastic_inference_accelerator.#": "0",
                            "iam_instance_profile.#": "1",
                            "iam_instance_profile.0.arn": "",
                            "iam_instance_profile.0.name": "eg-testing-cluster-workers",
                            "id": "lt-0717dcbb056810799",
                            "image_id": "ami-08716b70cac884aaa",
                            "instance_initiated_shutdown_behavior": "terminate",
                            "instance_market_options.#": "0",
                            "instance_type": "t2.nano",
                            "kernel_id": "",
                            "key_name": "",
                            "latest_version": "1",
                            "license_specification.#": "0",
                            "monitoring.#": "1",
                            "monitoring.0.enabled": "true",
                            "name": "eg-testing-cluster-20190617144003983300000006",
                            "name_prefix": "eg-testing-cluster-",
                            "network_interfaces.#": "1",
                            "network_interfaces.0.associate_public_ip_address": "true",
                            "network_interfaces.0.delete_on_termination": "true",
                            "network_interfaces.0.description": "eg-testing-cluster",
                            "network_interfaces.0.device_index": "0",
                            "network_interfaces.0.ipv4_address_count": "0",
                            "network_interfaces.0.ipv4_addresses.#": "0",
                            "network_interfaces.0.ipv6_address_count": "0",
                            "network_interfaces.0.ipv6_addresses.#": "0",
                            "network_interfaces.0.network_interface_id": "",
                            "network_interfaces.0.private_ip_address": "",
                            "network_interfaces.0.security_groups.#": "1",
                            "network_interfaces.0.security_groups.2614643296": "sg-0f7fde48bd3f28706",
                            "network_interfaces.0.subnet_id": "",
                            "placement.#": "0",
                            "ram_disk_id": "",
                            "security_group_names.#": "0",
                            "tag_specifications.#": "2",
                            "tag_specifications.0.resource_type": "volume",
                            "tag_specifications.0.tags.%": "4",
                            "tag_specifications.0.tags.Name": "eg-testing-cluster-workers",
                            "tag_specifications.0.tags.Namespace": "eg",
                            "tag_specifications.0.tags.Stage": "testing",
                            "tag_specifications.0.tags.kubernetes.io/cluster/eg-testing-cluster": "owned",
                            "tag_specifications.1.resource_type": "instance",
                            "tag_specifications.1.tags.%": "4",
                            "tag_specifications.1.tags.Name": "eg-testing-cluster-workers",
                            "tag_specifications.1.tags.Namespace": "eg",
                            "tag_specifications.1.tags.Stage": "testing",
                            "tag_specifications.1.tags.kubernetes.io/cluster/eg-testing-cluster": "owned",
                            "tags.%": "4",
                            "tags.Name": "eg-testing-cluster-workers",
                            "tags.Namespace": "eg",
                            "tags.Stage": "testing",
                            "tags.kubernetes.io/cluster/eg-testing-cluster": "owned",
                            "user_data": "IyEvYmluL2Jhc2gKCiMgdXNlcmRhdGEgZm9yIEVLUyB3b3JrZXIgbm9kZXMgdG8gcHJvcGVybHkgY29uZmlndXJlIEt1YmVybmV0ZXMgYXBwbGljYXRpb25zIG9uIEVDMiBpbnN0YW5jZXMKIyBodHRwczovL2RvY3MuYXdzLmFtYXpvbi5jb20vZWtzL2xhdGVzdC91c2VyZ3VpZGUvbGF1bmNoLXdvcmtlcnMuaHRtbAoKL2V0Yy9la3MvYm9vdHN0cmFwLnNoIC0tYXBpc2VydmVyLWVuZHBvaW50ICdodHRwczovLzA3NkNDN0RGMkU3MzQ5RUIzMzk1RTREOTVDNzU4ODFDLnlsNC5ldS13ZXN0LTEuZWtzLmFtYXpvbmF3cy5jb20nIC0tYjY0LWNsdXN0ZXItY2EgJ0xTMHRMUzFDUlVkSlRpQkRSVkpVU1VaSlEwRlVSUzB0TFMwdENrMUpTVU41UkVORFFXSkRaMEYzU1VKQlowbENRVVJCVGtKbmEzRm9hMmxIT1hjd1FrRlJjMFpCUkVGV1RWSk5kMFZSV1VSV1VWRkVSWGR3Y21SWFNtd0tZMjAxYkdSSFZucE5RalJZUkZSRk5VMUVXWGhPZWtVd1RYcFplVTB4YjFoRVZFazFUVVJaZUU1RVJUQk5lbGw1VFRGdmQwWlVSVlJOUWtWSFFURlZSUXBCZUUxTFlUTldhVnBZU25WYVdGSnNZM3BEUTBGVFNYZEVVVmxLUzI5YVNXaDJZMDVCVVVWQ1FsRkJSR2RuUlZCQlJFTkRRVkZ2UTJkblJVSkJUWGhVQ214T1NuUjVWMVJrYUdScVdYbEJkM3B2VTBOeWNrazBZMUYxVmxwSVlVTXhSMmN5WW1oTloyZFNXa3RRU0dwcU9XcGhTRnBsYWxOMVNrUllPWFF5U2tvS1EyUlRaMDE1ZVhSYWJGcEVOMjFsUkN0dFdIRklNRFpGWVhGdFMzZGpNbFpOVFd3M01WbzNibFpaTm1kWmNWSmlVMUJJTm5OWVoxVXZPVmM1ZW1obFdRcFBLemRvY204MGIwMWlPRllyUVRsb1l6UlVjVXBETDJORlowNXJTMU5QV2psa0swMVdWRFU1VjA1bVRYQkxSMVZWYkRkME1qQnVSVlIzYjJaSmMwZzRDbGROVVdsTVNqbFNSR1UyV1ZsWGRraHVZbmxUUkRWMlRqZFRhSE12ZUVScll6ZFZObmQxU21oaGJ5dDZabnBJV0hocGFVNDVXVmxUZDNKS2VrNW1UV01LVm1kMWVHUnhiMHhhZURWNGJYQkNLMEpIZWswMldWVkhUekZLZVhWUmFrNDFVVWhPU2tKaVdYVkpMMjV5YTFCTU5EQmxTMGwwUjA1NllsY3lOVmw1Y0FwNlREUllTM0ZsZFZSU1VscGtXRzVXYjBZNFEwRjNSVUZCWVUxcVRVTkZkMFJuV1VSV1VqQlFRVkZJTDBKQlVVUkJaMHRyVFVFNFIwRXhWV1JGZDBWQ0NpOTNVVVpOUVUxQ1FXWTRkMFJSV1VwTGIxcEphSFpqVGtGUlJVeENVVUZFWjJkRlFrRkJRbkpzVERaaFdEVjBabGh5YVZjM1lYSkVTbVpzYVhkNlkyVUtUVmQ2Vm1ScVEyMUdXVU5tT1hjeFFUQTVaM1JXUVROSFoxWlZRbVZ6ZVV4TVltOUROR2hyU2pKdGNtdEhkVkpZTjFkNGRuWmpkazFWU0RablRsWTNkQXBRWWpWMVVucHRjbGhQUjAxd1pVZEljRUpZYjFKTVN6ZDBhamt6Uml0MmNXTXZhRll4TVZFM09ERkdabWN6TlZJM1lrTkVMMHhTUzBvdlVGTjZSbUpqQ25aVmRXWk5OMHBVVTJobFMyZHJaalZvYVhaTlJraHZhMFpqV201VFpYa3pkVWxxV25Zd1ZFWm1VRFExUkV0NGJVZEZXSEJEYWpaT2EwVkliM05pYW5BS1NuSnNLMHRqWmxKSVNGbEVXRVZRVERBMGQzbHVWRlJPZFRZdk1HdzFZekk1VkZOTGIwRkdjV2R5TTJkTFQwaFRVakppWXpGME1GZElSbnBWTlRoSGF3cFRWMFJpZWt0M09ESXZObWROUmxSSmNHRjVUVTFaWTFwVk5uUnFkVXN2ZVU5V2VuSlFRMEY1TVhVNVRuZ3JXR0o0UVZKM1QxTTVVbVZEY3owS0xTMHRMUzFGVGtRZ1EwVlNWRWxHU1VOQlZFVXRMUzB0TFFvPScgICdlZy10ZXN0aW5nLWNsdXN0ZXInCg==",
                            "vpc_security_group_ids.#": "0"
                        },
                        "meta": {},
                        "tainted": false
                    },
                    "deposed": [],
                    "provider": "provider.aws"
                },
                "data.null_data_source.tags_as_list_of_maps.0": {
                    "type": "null_data_source",
                    "depends_on": [],
                    "primary": {
                        "id": "static",
                        "attributes": {
                            "has_computed_default": "default",
                            "id": "static",
                            "inputs.%": "3",
                            "inputs.key": "Name",
                            "inputs.propagate_at_launch": "1",
                            "inputs.value": "eg-testing-cluster-workers",
                            "outputs.%": "3",
                            "outputs.key": "Name",
                            "outputs.propagate_at_launch": "1",
                            "outputs.value": "eg-testing-cluster-workers",
                            "random": "5390058043984245285"
                        },
                        "meta": {},
                        "tainted": false
                    },
                    "deposed": [],
                    "provider": "provider.null"
                },
                "data.null_data_source.tags_as_list_of_maps.1": {
                    "type": "null_data_source",
                    "depends_on": [],
                    "primary": {
                        "id": "static",
                        "attributes": {
                            "has_computed_default": "default",
                            "id": "static",
                            "inputs.%": "3",
                            "inputs.key": "Namespace",
                            "inputs.propagate_at_launch": "1",
                            "inputs.value": "eg",
                            "outputs.%": "3",
                            "outputs.key": "Namespace",
                            "outputs.propagate_at_launch": "1",
                            "outputs.value": "eg",
                            "random": "2312331748864131408"
                        },
                        "meta": {},
                        "tainted": false
                    },
                    "deposed": [],
                    "provider": "provider.null"
                },
                "data.null_data_source.tags_as_list_of_maps.2": {
                    "type": "null_data_source",
                    "depends_on": [],
                    "primary": {
                        "id": "static",
                        "attributes": {
                            "has_computed_default": "default",
                            "id": "static",
                            "inputs.%": "3",
                            "inputs.key": "Stage",
                            "inputs.propagate_at_launch": "1",
                            "inputs.value": "testing",
                            "outputs.%": "3",
                            "outputs.key": "Stage",
                            "outputs.propagate_at_launch": "1",
                            "outputs.value": "testing",
                            "random": "6660285189694013631"
                        },
                        "meta": {},
                        "tainted": false
                    },
                    "deposed": [],
                    "provider": "provider.null"
                },
                "data.null_data_source.tags_as_list_of_maps.3": {
                    "type": "null_data_source",
                    "depends_on": [],
                    "primary": {
                        "id": "static",
                        "attributes": {
                            "has_computed_default": "default",
                            "id": "static",
                            "inputs.%": "3",
                            "inputs.key": "kubernetes.io/cluster/eg-testing-cluster",
                            "inputs.propagate_at_launch": "1",
                            "inputs.value": "owned",
                            "outputs.%": "3",
                            "outputs.key": "kubernetes.io/cluster/eg-testing-cluster",
                            "outputs.propagate_at_launch": "1",
                            "outputs.value": "owned",
                            "random": "7388421139678953006"
                        },
                        "meta": {},
                        "tainted": false
                    },
                    "deposed": [],
                    "provider": "provider.null"
                }
            },
            "depends_on": []
        },
        {
            "path": [
                "root",
                "eks_workers",
                "label"
            ],
            "outputs": {
                "attributes": {
                    "sensitive": false,
                    "type": "string",
                    "value": "workers"
                },
                "id": {
                    "sensitive": false,
                    "type": "string",
                    "value": "eg-testing-cluster-workers"
                },
                "name": {
                    "sensitive": false,
                    "type": "string",
                    "value": "cluster"
                },
                "namespace": {
                    "sensitive": false,
                    "type": "string",
                    "value": "eg"
                },
                "stage": {
                    "sensitive": false,
                    "type": "string",
                    "value": "testing"
                },
                "tags": {
                    "sensitive": false,
                    "type": "map",
                    "value": {
                        "Name": "eg-testing-cluster-workers",
                        "Namespace": "eg",
                        "Stage": "testing",
                        "kubernetes.io/cluster/eg-testing-cluster": "owned"
                    }
                }
            },
            "resources": {},
            "depends_on": []
        },
        {
            "path": [
                "root",
                "subnets",
                "label"
            ],
            "outputs": {
                "attributes": {
                    "sensitive": false,
                    "type": "list",
                    "value": []
                },
                "context": {
                    "sensitive": false,
                    "type": "map",
                    "value": {
                        "attributes": [],
                        "delimiter": [
                            "-"
                        ],
                        "environment": [
                            ""
                        ],
                        "label_order": [
                            "namespace",
                            "environment",
                            "stage",
                            "name",
                            "attributes"
                        ],
                        "name": [
                            "cluster"
                        ],
                        "namespace": [
                            "eg"
                        ],
                        "regex_replace_chars": [
                            "/[^a-zA-Z0-9-]/"
                        ],
                        "stage": [
                            "testing"
                        ],
                        "tags_keys": [
                            "Name",
                            "Namespace",
                            "Stage",
                            "kubernetes.io/cluster/eg-testing-cluster"
                        ],
                        "tags_values": [
                            "eg-testing-cluster",
                            "eg",
                            "testing",
                            "shared"
                        ]
                    }
                },
                "delimiter": {
                    "sensitive": false,
                    "type": "string",
                    "value": "-"
                },
                "environment": {
                    "sensitive": false,
                    "type": "string",
                    "value": ""
                },
                "id": {
                    "sensitive": false,
                    "type": "string",
                    "value": "eg-testing-cluster"
                },
                "label_order": {
                    "sensitive": false,
                    "type": "list",
                    "value": [
                        "namespace",
                        "environment",
                        "stage",
                        "name",
                        "attributes"
                    ]
                },
                "name": {
                    "sensitive": false,
                    "type": "string",
                    "value": "cluster"
                },
                "namespace": {
                    "sensitive": false,
                    "type": "string",
                    "value": "eg"
                },
                "stage": {
                    "sensitive": false,
                    "type": "string",
                    "value": "testing"
                },
                "tags": {
                    "sensitive": false,
                    "type": "map",
                    "value": {
                        "Name": "eg-testing-cluster",
                        "Namespace": "eg",
                        "Stage": "testing",
                        "kubernetes.io/cluster/eg-testing-cluster": "shared"
                    }
                },
                "tags_as_list_of_maps": {
                    "sensitive": false,
                    "type": "list",
                    "value": [
                        {
                            "key": "Name",
                            "value": "eg-testing-cluster"
                        },
                        {
                            "key": "Namespace",
                            "value": "eg"
                        },
                        {
                            "key": "Stage",
                            "value": "testing"
                        },
                        {
                            "key": "kubernetes.io/cluster/eg-testing-cluster",
                            "value": "shared"
                        }
                    ]
                }
            },
            "resources": {
                "data.null_data_source.tags_as_list_of_maps.0": {
                    "type": "null_data_source",
                    "depends_on": [
                        "local.enabled",
                        "local.tags"
                    ],
                    "primary": {
                        "id": "static",
                        "attributes": {
                            "has_computed_default": "default",
                            "id": "static",
                            "inputs.%": "2",
                            "inputs.key": "Name",
                            "inputs.value": "eg-testing-cluster",
                            "outputs.%": "2",
                            "outputs.key": "Name",
                            "outputs.value": "eg-testing-cluster",
                            "random": "1745377511797868857"
                        },
                        "meta": {},
                        "tainted": false
                    },
                    "deposed": [],
                    "provider": "module.subnets.module.label.provider.null"
                },
                "data.null_data_source.tags_as_list_of_maps.1": {
                    "type": "null_data_source",
                    "depends_on": [
                        "local.enabled",
                        "local.tags"
                    ],
                    "primary": {
                        "id": "static",
                        "attributes": {
                            "has_computed_default": "default",
                            "id": "static",
                            "inputs.%": "2",
                            "inputs.key": "Namespace",
                            "inputs.value": "eg",
                            "outputs.%": "2",
                            "outputs.key": "Namespace",
                            "outputs.value": "eg",
                            "random": "8700066631192708785"
                        },
                        "meta": {},
                        "tainted": false
                    },
                    "deposed": [],
                    "provider": "module.subnets.module.label.provider.null"
                },
                "data.null_data_source.tags_as_list_of_maps.2": {
                    "type": "null_data_source",
                    "depends_on": [
                        "local.enabled",
                        "local.tags"
                    ],
                    "primary": {
                        "id": "static",
                        "attributes": {
                            "has_computed_default": "default",
                            "id": "static",
                            "inputs.%": "2",
                            "inputs.key": "Stage",
                            "inputs.value": "testing",
                            "outputs.%": "2",
                            "outputs.key": "Stage",
                            "outputs.value": "testing",
                            "random": "8620940508993637992"
                        },
                        "meta": {},
                        "tainted": false
                    },
                    "deposed": [],
                    "provider": "module.subnets.module.label.provider.null"
                },
                "data.null_data_source.tags_as_list_of_maps.3": {
                    "type": "null_data_source",
                    "depends_on": [
                        "local.enabled",
                        "local.tags"
                    ],
                    "primary": {
                        "id": "static",
                        "attributes": {
                            "has_computed_default": "default",
                            "id": "static",
                            "inputs.%": "2",
                            "inputs.key": "kubernetes.io/cluster/eg-testing-cluster",
                            "inputs.value": "shared",
                            "outputs.%": "2",
                            "outputs.key": "kubernetes.io/cluster/eg-testing-cluster",
                            "outputs.value": "shared",
                            "random": "8187226009401157954"
                        },
                        "meta": {},
                        "tainted": false
                    },
                    "deposed": [],
                    "provider": "module.subnets.module.label.provider.null"
                }
            },
            "depends_on": []
        },
        {
            "path": [
                "root",
                "subnets",
                "nat_instance_label"
            ],
            "outputs": {
                "attributes": {
                    "sensitive": false,
                    "type": "list",
                    "value": [
                        "nat",
                        "instance"
                    ]
                },
                "context": {
                    "sensitive": false,
                    "type": "map",
                    "value": {
                        "attributes": [
                            "nat",
                            "instance"
                        ],
                        "delimiter": [
                            "-"
                        ],
                        "environment": [
                            ""
                        ],
                        "label_order": [
                            "namespace",
                            "environment",
                            "stage",
                            "name",
                            "attributes"
                        ],
                        "name": [
                            "cluster"
                        ],
                        "namespace": [
                            "eg"
                        ],
                        "regex_replace_chars": [
                            "/[^a-zA-Z0-9-]/"
                        ],
                        "stage": [
                            "testing"
                        ],
                        "tags_keys": [
                            "Name",
                            "Namespace",
                            "Stage",
                            "kubernetes.io/cluster/eg-testing-cluster"
                        ],
                        "tags_values": [
                            "eg-testing-cluster-nat-instance",
                            "eg",
                            "testing",
                            "shared"
                        ]
                    }
                },
                "delimiter": {
                    "sensitive": false,
                    "type": "string",
                    "value": "-"
                },
                "environment": {
                    "sensitive": false,
                    "type": "string",
                    "value": ""
                },
                "id": {
                    "sensitive": false,
                    "type": "string",
                    "value": "eg-testing-cluster-nat-instance"
                },
                "label_order": {
                    "sensitive": false,
                    "type": "list",
                    "value": [
                        "namespace",
                        "environment",
                        "stage",
                        "name",
                        "attributes"
                    ]
                },
                "name": {
                    "sensitive": false,
                    "type": "string",
                    "value": "cluster"
                },
                "namespace": {
                    "sensitive": false,
                    "type": "string",
                    "value": "eg"
                },
                "stage": {
                    "sensitive": false,
                    "type": "string",
                    "value": "testing"
                },
                "tags": {
                    "sensitive": false,
                    "type": "map",
                    "value": {
                        "Name": "eg-testing-cluster-nat-instance",
                        "Namespace": "eg",
                        "Stage": "testing",
                        "kubernetes.io/cluster/eg-testing-cluster": "shared"
                    }
                },
                "tags_as_list_of_maps": {
                    "sensitive": false,
                    "type": "list",
                    "value": [
                        {
                            "key": "Name",
                            "value": "eg-testing-cluster-nat-instance"
                        },
                        {
                            "key": "Namespace",
                            "value": "eg"
                        },
                        {
                            "key": "Stage",
                            "value": "testing"
                        },
                        {
                            "key": "kubernetes.io/cluster/eg-testing-cluster",
                            "value": "shared"
                        }
                    ]
                }
            },
            "resources": {
                "data.null_data_source.tags_as_list_of_maps.0": {
                    "type": "null_data_source",
                    "depends_on": [
                        "local.enabled",
                        "local.tags"
                    ],
                    "primary": {
                        "id": "static",
                        "attributes": {
                            "has_computed_default": "default",
                            "id": "static",
                            "inputs.%": "2",
                            "inputs.key": "Name",
                            "inputs.value": "eg-testing-cluster-nat-instance",
                            "outputs.%": "2",
                            "outputs.key": "Name",
                            "outputs.value": "eg-testing-cluster-nat-instance",
                            "random": "8822804214021719"
                        },
                        "meta": {},
                        "tainted": false
                    },
                    "deposed": [],
                    "provider": "module.subnets.module.nat_instance_label.provider.null"
                },
                "data.null_data_source.tags_as_list_of_maps.1": {
                    "type": "null_data_source",
                    "depends_on": [
                        "local.enabled",
                        "local.tags"
                    ],
                    "primary": {
                        "id": "static",
                        "attributes": {
                            "has_computed_default": "default",
                            "id": "static",
                            "inputs.%": "2",
                            "inputs.key": "Namespace",
                            "inputs.value": "eg",
                            "outputs.%": "2",
                            "outputs.key": "Namespace",
                            "outputs.value": "eg",
                            "random": "4805459710360913842"
                        },
                        "meta": {},
                        "tainted": false
                    },
                    "deposed": [],
                    "provider": "module.subnets.module.nat_instance_label.provider.null"
                },
                "data.null_data_source.tags_as_list_of_maps.2": {
                    "type": "null_data_source",
                    "depends_on": [
                        "local.enabled",
                        "local.tags"
                    ],
                    "primary": {
                        "id": "static",
                        "attributes": {
                            "has_computed_default": "default",
                            "id": "static",
                            "inputs.%": "2",
                            "inputs.key": "Stage",
                            "inputs.value": "testing",
                            "outputs.%": "2",
                            "outputs.key": "Stage",
                            "outputs.value": "testing",
                            "random": "3358954909180405826"
                        },
                        "meta": {},
                        "tainted": false
                    },
                    "deposed": [],
                    "provider": "module.subnets.module.nat_instance_label.provider.null"
                },
                "data.null_data_source.tags_as_list_of_maps.3": {
                    "type": "null_data_source",
                    "depends_on": [
                        "local.enabled",
                        "local.tags"
                    ],
                    "primary": {
                        "id": "static",
                        "attributes": {
                            "has_computed_default": "default",
                            "id": "static",
                            "inputs.%": "2",
                            "inputs.key": "kubernetes.io/cluster/eg-testing-cluster",
                            "inputs.value": "shared",
                            "outputs.%": "2",
                            "outputs.key": "kubernetes.io/cluster/eg-testing-cluster",
                            "outputs.value": "shared",
                            "random": "2796878953529503095"
                        },
                        "meta": {},
                        "tainted": false
                    },
                    "deposed": [],
                    "provider": "module.subnets.module.nat_instance_label.provider.null"
                }
            },
            "depends_on": []
        },
        {
            "path": [
                "root",
                "subnets",
                "nat_label"
            ],
            "outputs": {
                "attributes": {
                    "sensitive": false,
                    "type": "list",
                    "value": [
                        "nat"
                    ]
                },
                "context": {
                    "sensitive": false,
                    "type": "map",
                    "value": {
                        "attributes": [
                            "nat"
                        ],
                        "delimiter": [
                            "-"
                        ],
                        "environment": [
                            ""
                        ],
                        "label_order": [
                            "namespace",
                            "environment",
                            "stage",
                            "name",
                            "attributes"
                        ],
                        "name": [
                            "cluster"
                        ],
                        "namespace": [
                            "eg"
                        ],
                        "regex_replace_chars": [
                            "/[^a-zA-Z0-9-]/"
                        ],
                        "stage": [
                            "testing"
                        ],
                        "tags_keys": [
                            "Name",
                            "Namespace",
                            "Stage",
                            "kubernetes.io/cluster/eg-testing-cluster"
                        ],
                        "tags_values": [
                            "eg-testing-cluster-nat",
                            "eg",
                            "testing",
                            "shared"
                        ]
                    }
                },
                "delimiter": {
                    "sensitive": false,
                    "type": "string",
                    "value": "-"
                },
                "environment": {
                    "sensitive": false,
                    "type": "string",
                    "value": ""
                },
                "id": {
                    "sensitive": false,
                    "type": "string",
                    "value": "eg-testing-cluster-nat"
                },
                "label_order": {
                    "sensitive": false,
                    "type": "list",
                    "value": [
                        "namespace",
                        "environment",
                        "stage",
                        "name",
                        "attributes"
                    ]
                },
                "name": {
                    "sensitive": false,
                    "type": "string",
                    "value": "cluster"
                },
                "namespace": {
                    "sensitive": false,
                    "type": "string",
                    "value": "eg"
                },
                "stage": {
                    "sensitive": false,
                    "type": "string",
                    "value": "testing"
                },
                "tags": {
                    "sensitive": false,
                    "type": "map",
                    "value": {
                        "Name": "eg-testing-cluster-nat",
                        "Namespace": "eg",
                        "Stage": "testing",
                        "kubernetes.io/cluster/eg-testing-cluster": "shared"
                    }
                },
                "tags_as_list_of_maps": {
                    "sensitive": false,
                    "type": "list",
                    "value": [
                        {
                            "key": "Name",
                            "value": "eg-testing-cluster-nat"
                        },
                        {
                            "key": "Namespace",
                            "value": "eg"
                        },
                        {
                            "key": "Stage",
                            "value": "testing"
                        },
                        {
                            "key": "kubernetes.io/cluster/eg-testing-cluster",
                            "value": "shared"
                        }
                    ]
                }
            },
            "resources": {
                "data.null_data_source.tags_as_list_of_maps.0": {
                    "type": "null_data_source",
                    "depends_on": [
                        "local.enabled",
                        "local.tags"
                    ],
                    "primary": {
                        "id": "static",
                        "attributes": {
                            "has_computed_default": "default",
                            "id": "static",
                            "inputs.%": "2",
                            "inputs.key": "Name",
                            "inputs.value": "eg-testing-cluster-nat",
                            "outputs.%": "2",
                            "outputs.key": "Name",
                            "outputs.value": "eg-testing-cluster-nat",
                            "random": "7357129339636432092"
                        },
                        "meta": {},
                        "tainted": false
                    },
                    "deposed": [],
                    "provider": "module.subnets.module.nat_label.provider.null"
                },
                "data.null_data_source.tags_as_list_of_maps.1": {
                    "type": "null_data_source",
                    "depends_on": [
                        "local.enabled",
                        "local.tags"
                    ],
                    "primary": {
                        "id": "static",
                        "attributes": {
                            "has_computed_default": "default",
                            "id": "static",
                            "inputs.%": "2",
                            "inputs.key": "Namespace",
                            "inputs.value": "eg",
                            "outputs.%": "2",
                            "outputs.key": "Namespace",
                            "outputs.value": "eg",
                            "random": "6255026474551173489"
                        },
                        "meta": {},
                        "tainted": false
                    },
                    "deposed": [],
                    "provider": "module.subnets.module.nat_label.provider.null"
                },
                "data.null_data_source.tags_as_list_of_maps.2": {
                    "type": "null_data_source",
                    "depends_on": [
                        "local.enabled",
                        "local.tags"
                    ],
                    "primary": {
                        "id": "static",
                        "attributes": {
                            "has_computed_default": "default",
                            "id": "static",
                            "inputs.%": "2",
                            "inputs.key": "Stage",
                            "inputs.value": "testing",
                            "outputs.%": "2",
                            "outputs.key": "Stage",
                            "outputs.value": "testing",
                            "random": "2065972021543332430"
                        },
                        "meta": {},
                        "tainted": false
                    },
                    "deposed": [],
                    "provider": "module.subnets.module.nat_label.provider.null"
                },
                "data.null_data_source.tags_as_list_of_maps.3": {
                    "type": "null_data_source",
                    "depends_on": [
                        "local.enabled",
                        "local.tags"
                    ],
                    "primary": {
                        "id": "static",
                        "attributes": {
                            "has_computed_default": "default",
                            "id": "static",
                            "inputs.%": "2",
                            "inputs.key": "kubernetes.io/cluster/eg-testing-cluster",
                            "inputs.value": "shared",
                            "outputs.%": "2",
                            "outputs.key": "kubernetes.io/cluster/eg-testing-cluster",
                            "outputs.value": "shared",
                            "random": "2009511321566334530"
                        },
                        "meta": {},
                        "tainted": false
                    },
                    "deposed": [],
                    "provider": "module.subnets.module.nat_label.provider.null"
                }
            },
            "depends_on": []
        },
        {
            "path": [
                "root",
                "subnets",
                "private_label"
            ],
            "outputs": {
                "attributes": {
                    "sensitive": false,
                    "type": "list",
                    "value": [
                        "private"
                    ]
                },
                "context": {
                    "sensitive": false,
                    "type": "map",
                    "value": {
                        "attributes": [
                            "private"
                        ],
                        "delimiter": [
                            "-"
                        ],
                        "environment": [
                            ""
                        ],
                        "label_order": [
                            "namespace",
                            "environment",
                            "stage",
                            "name",
                            "attributes"
                        ],
                        "name": [
                            "cluster"
                        ],
                        "namespace": [
                            "eg"
                        ],
                        "regex_replace_chars": [
                            "/[^a-zA-Z0-9-]/"
                        ],
                        "stage": [
                            "testing"
                        ],
                        "tags_keys": [
                            "Name",
                            "Namespace",
                            "Stage",
                            "cpco.io/subnet/type",
                            "kubernetes.io/cluster/eg-testing-cluster"
                        ],
                        "tags_values": [
                            "eg-testing-cluster",
                            "eg",
                            "testing",
                            "private",
                            "shared"
                        ]
                    }
                },
                "delimiter": {
                    "sensitive": false,
                    "type": "string",
                    "value": "-"
                },
                "environment": {
                    "sensitive": false,
                    "type": "string",
                    "value": ""
                },
                "id": {
                    "sensitive": false,
                    "type": "string",
                    "value": "eg-testing-cluster-private"
                },
                "label_order": {
                    "sensitive": false,
                    "type": "list",
                    "value": [
                        "namespace",
                        "environment",
                        "stage",
                        "name",
                        "attributes"
                    ]
                },
                "name": {
                    "sensitive": false,
                    "type": "string",
                    "value": "cluster"
                },
                "namespace": {
                    "sensitive": false,
                    "type": "string",
                    "value": "eg"
                },
                "stage": {
                    "sensitive": false,
                    "type": "string",
                    "value": "testing"
                },
                "tags": {
                    "sensitive": false,
                    "type": "map",
                    "value": {
                        "Name": "eg-testing-cluster",
                        "Namespace": "eg",
                        "Stage": "testing",
                        "cpco.io/subnet/type": "private",
                        "kubernetes.io/cluster/eg-testing-cluster": "shared"
                    }
                },
                "tags_as_list_of_maps": {
                    "sensitive": false,
                    "type": "list",
                    "value": [
                        {
                            "key": "Name",
                            "value": "eg-testing-cluster"
                        },
                        {
                            "key": "Namespace",
                            "value": "eg"
                        },
                        {
                            "key": "Stage",
                            "value": "testing"
                        },
                        {
                            "key": "cpco.io/subnet/type",
                            "value": "private"
                        },
                        {
                            "key": "kubernetes.io/cluster/eg-testing-cluster",
                            "value": "shared"
                        }
                    ]
                }
            },
            "resources": {
                "data.null_data_source.tags_as_list_of_maps.0": {
                    "type": "null_data_source",
                    "depends_on": [
                        "local.enabled",
                        "local.tags"
                    ],
                    "primary": {
                        "id": "static",
                        "attributes": {
                            "has_computed_default": "default",
                            "id": "static",
                            "inputs.%": "2",
                            "inputs.key": "Name",
                            "inputs.value": "eg-testing-cluster",
                            "outputs.%": "2",
                            "outputs.key": "Name",
                            "outputs.value": "eg-testing-cluster",
                            "random": "6614058371759769526"
                        },
                        "meta": {},
                        "tainted": false
                    },
                    "deposed": [],
                    "provider": "module.subnets.module.private_label.provider.null"
                },
                "data.null_data_source.tags_as_list_of_maps.1": {
                    "type": "null_data_source",
                    "depends_on": [
                        "local.enabled",
                        "local.tags"
                    ],
                    "primary": {
                        "id": "static",
                        "attributes": {
                            "has_computed_default": "default",
                            "id": "static",
                            "inputs.%": "2",
                            "inputs.key": "Namespace",
                            "inputs.value": "eg",
                            "outputs.%": "2",
                            "outputs.key": "Namespace",
                            "outputs.value": "eg",
                            "random": "2554176758711261246"
                        },
                        "meta": {},
                        "tainted": false
                    },
                    "deposed": [],
                    "provider": "module.subnets.module.private_label.provider.null"
                },
                "data.null_data_source.tags_as_list_of_maps.2": {
                    "type": "null_data_source",
                    "depends_on": [
                        "local.enabled",
                        "local.tags"
                    ],
                    "primary": {
                        "id": "static",
                        "attributes": {
                            "has_computed_default": "default",
                            "id": "static",
                            "inputs.%": "2",
                            "inputs.key": "Stage",
                            "inputs.value": "testing",
                            "outputs.%": "2",
                            "outputs.key": "Stage",
                            "outputs.value": "testing",
                            "random": "1982110107809128348"
                        },
                        "meta": {},
                        "tainted": false
                    },
                    "deposed": [],
                    "provider": "module.subnets.module.private_label.provider.null"
                },
                "data.null_data_source.tags_as_list_of_maps.3": {
                    "type": "null_data_source",
                    "depends_on": [
                        "local.enabled",
                        "local.tags"
                    ],
                    "primary": {
                        "id": "static",
                        "attributes": {
                            "has_computed_default": "default",
                            "id": "static",
                            "inputs.%": "2",
                            "inputs.key": "cpco.io/subnet/type",
                            "inputs.value": "private",
                            "outputs.%": "2",
                            "outputs.key": "cpco.io/subnet/type",
                            "outputs.value": "private",
                            "random": "2455418339034628968"
                        },
                        "meta": {},
                        "tainted": false
                    },
                    "deposed": [],
                    "provider": "module.subnets.module.private_label.provider.null"
                },
                "data.null_data_source.tags_as_list_of_maps.4": {
                    "type": "null_data_source",
                    "depends_on": [
                        "local.enabled",
                        "local.tags"
                    ],
                    "primary": {
                        "id": "static",
                        "attributes": {
                            "has_computed_default": "default",
                            "id": "static",
                            "inputs.%": "2",
                            "inputs.key": "kubernetes.io/cluster/eg-testing-cluster",
                            "inputs.value": "shared",
                            "outputs.%": "2",
                            "outputs.key": "kubernetes.io/cluster/eg-testing-cluster",
                            "outputs.value": "shared",
                            "random": "3397580325986608709"
                        },
                        "meta": {},
                        "tainted": false
                    },
                    "deposed": [],
                    "provider": "module.subnets.module.private_label.provider.null"
                }
            },
            "depends_on": []
        },
        {
            "path": [
                "root",
                "subnets",
                "public_label"
            ],
            "outputs": {
                "attributes": {
                    "sensitive": false,
                    "type": "list",
                    "value": [
                        "public"
                    ]
                },
                "context": {
                    "sensitive": false,
                    "type": "map",
                    "value": {
                        "attributes": [
                            "public"
                        ],
                        "delimiter": [
                            "-"
                        ],
                        "environment": [
                            ""
                        ],
                        "label_order": [
                            "namespace",
                            "environment",
                            "stage",
                            "name",
                            "attributes"
                        ],
                        "name": [
                            "cluster"
                        ],
                        "namespace": [
                            "eg"
                        ],
                        "regex_replace_chars": [
                            "/[^a-zA-Z0-9-]/"
                        ],
                        "stage": [
                            "testing"
                        ],
                        "tags_keys": [
                            "Name",
                            "Namespace",
                            "Stage",
                            "cpco.io/subnet/type",
                            "kubernetes.io/cluster/eg-testing-cluster"
                        ],
                        "tags_values": [
                            "eg-testing-cluster",
                            "eg",
                            "testing",
                            "public",
                            "shared"
                        ]
                    }
                },
                "delimiter": {
                    "sensitive": false,
                    "type": "string",
                    "value": "-"
                },
                "environment": {
                    "sensitive": false,
                    "type": "string",
                    "value": ""
                },
                "id": {
                    "sensitive": false,
                    "type": "string",
                    "value": "eg-testing-cluster-public"
                },
                "label_order": {
                    "sensitive": false,
                    "type": "list",
                    "value": [
                        "namespace",
                        "environment",
                        "stage",
                        "name",
                        "attributes"
                    ]
                },
                "name": {
                    "sensitive": false,
                    "type": "string",
                    "value": "cluster"
                },
                "namespace": {
                    "sensitive": false,
                    "type": "string",
                    "value": "eg"
                },
                "stage": {
                    "sensitive": false,
                    "type": "string",
                    "value": "testing"
                },
                "tags": {
                    "sensitive": false,
                    "type": "map",
                    "value": {
                        "Name": "eg-testing-cluster",
                        "Namespace": "eg",
                        "Stage": "testing",
                        "cpco.io/subnet/type": "public",
                        "kubernetes.io/cluster/eg-testing-cluster": "shared"
                    }
                },
                "tags_as_list_of_maps": {
                    "sensitive": false,
                    "type": "list",
                    "value": [
                        {
                            "key": "Name",
                            "value": "eg-testing-cluster"
                        },
                        {
                            "key": "Namespace",
                            "value": "eg"
                        },
                        {
                            "key": "Stage",
                            "value": "testing"
                        },
                        {
                            "key": "cpco.io/subnet/type",
                            "value": "public"
                        },
                        {
                            "key": "kubernetes.io/cluster/eg-testing-cluster",
                            "value": "shared"
                        }
                    ]
                }
            },
            "resources": {
                "data.null_data_source.tags_as_list_of_maps.0": {
                    "type": "null_data_source",
                    "depends_on": [
                        "local.enabled",
                        "local.tags"
                    ],
                    "primary": {
                        "id": "static",
                        "attributes": {
                            "has_computed_default": "default",
                            "id": "static",
                            "inputs.%": "2",
                            "inputs.key": "Name",
                            "inputs.value": "eg-testing-cluster",
                            "outputs.%": "2",
                            "outputs.key": "Name",
                            "outputs.value": "eg-testing-cluster",
                            "random": "3570157041863981389"
                        },
                        "meta": {},
                        "tainted": false
                    },
                    "deposed": [],
                    "provider": "module.subnets.module.public_label.provider.null"
                },
                "data.null_data_source.tags_as_list_of_maps.1": {
                    "type": "null_data_source",
                    "depends_on": [
                        "local.enabled",
                        "local.tags"
                    ],
                    "primary": {
                        "id": "static",
                        "attributes": {
                            "has_computed_default": "default",
                            "id": "static",
                            "inputs.%": "2",
                            "inputs.key": "Namespace",
                            "inputs.value": "eg",
                            "outputs.%": "2",
                            "outputs.key": "Namespace",
                            "outputs.value": "eg",
                            "random": "2659516907731474793"
                        },
                        "meta": {},
                        "tainted": false
                    },
                    "deposed": [],
                    "provider": "module.subnets.module.public_label.provider.null"
                },
                "data.null_data_source.tags_as_list_of_maps.2": {
                    "type": "null_data_source",
                    "depends_on": [
                        "local.enabled",
                        "local.tags"
                    ],
                    "primary": {
                        "id": "static",
                        "attributes": {
                            "has_computed_default": "default",
                            "id": "static",
                            "inputs.%": "2",
                            "inputs.key": "Stage",
                            "inputs.value": "testing",
                            "outputs.%": "2",
                            "outputs.key": "Stage",
                            "outputs.value": "testing",
                            "random": "6559527555543337345"
                        },
                        "meta": {},
                        "tainted": false
                    },
                    "deposed": [],
                    "provider": "module.subnets.module.public_label.provider.null"
                },
                "data.null_data_source.tags_as_list_of_maps.3": {
                    "type": "null_data_source",
                    "depends_on": [
                        "local.enabled",
                        "local.tags"
                    ],
                    "primary": {
                        "id": "static",
                        "attributes": {
                            "has_computed_default": "default",
                            "id": "static",
                            "inputs.%": "2",
                            "inputs.key": "cpco.io/subnet/type",
                            "inputs.value": "public",
                            "outputs.%": "2",
                            "outputs.key": "cpco.io/subnet/type",
                            "outputs.value": "public",
                            "random": "8100066511844942912"
                        },
                        "meta": {},
                        "tainted": false
                    },
                    "deposed": [],
                    "provider": "module.subnets.module.public_label.provider.null"
                },
                "data.null_data_source.tags_as_list_of_maps.4": {
                    "type": "null_data_source",
                    "depends_on": [
                        "local.enabled",
                        "local.tags"
                    ],
                    "primary": {
                        "id": "static",
                        "attributes": {
                            "has_computed_default": "default",
                            "id": "static",
                            "inputs.%": "2",
                            "inputs.key": "kubernetes.io/cluster/eg-testing-cluster",
                            "inputs.value": "shared",
                            "outputs.%": "2",
                            "outputs.key": "kubernetes.io/cluster/eg-testing-cluster",
                            "outputs.value": "shared",
                            "random": "550773995980291786"
                        },
                        "meta": {},
                        "tainted": false
                    },
                    "deposed": [],
                    "provider": "module.subnets.module.public_label.provider.null"
                }
            },
            "depends_on": []
        },
        {
            "path": [
                "root",
                "vpc",
                "label"
            ],
            "outputs": {
                "attributes": {
                    "sensitive": false,
                    "type": "string",
                    "value": ""
                },
                "id": {
                    "sensitive": false,
                    "type": "string",
                    "value": "eg-testing-cluster"
                },
                "name": {
                    "sensitive": false,
                    "type": "string",
                    "value": "cluster"
                },
                "namespace": {
                    "sensitive": false,
                    "type": "string",
                    "value": "eg"
                },
                "stage": {
                    "sensitive": false,
                    "type": "string",
                    "value": "testing"
                },
                "tags": {
                    "sensitive": false,
                    "type": "map",
                    "value": {
                        "Name": "eg-testing-cluster",
                        "Namespace": "eg",
                        "Stage": "testing",
                        "kubernetes.io/cluster/eg-testing-cluster": "shared"
                    }
                }
            },
            "resources": {
                "null_resource.default": {
                    "type": "null_resource",
                    "depends_on": [],
                    "primary": {
                        "id": "8470648073867696908",
                        "attributes": {
                            "id": "8470648073867696908",
                            "triggers.%": "5",
                            "triggers.attributes": "",
                            "triggers.id": "eg-testing-cluster",
                            "triggers.name": "cluster",
                            "triggers.namespace": "eg",
                            "triggers.stage": "testing"
                        },
                        "meta": {},
                        "tainted": false
                    },
                    "deposed": [],
                    "provider": "provider.null"
                }
            },
            "depends_on": []
        },
        {
            "path": [
                "root",
                "eks_workers",
                "autoscale_group",
                "label"
            ],
            "outputs": {
                "attributes": {
                    "sensitive": false,
                    "type": "string",
                    "value": ""
                },
                "id": {
                    "sensitive": false,
                    "type": "string",
                    "value": "eg-testing-cluster"
                },
                "name": {
                    "sensitive": false,
                    "type": "string",
                    "value": "cluster"
                },
                "namespace": {
                    "sensitive": false,
                    "type": "string",
                    "value": "eg"
                },
                "stage": {
                    "sensitive": false,
                    "type": "string",
                    "value": "testing"
                },
                "tags": {
                    "sensitive": false,
                    "type": "map",
                    "value": {
                        "Name": "eg-testing-cluster-workers",
                        "Namespace": "eg",
                        "Stage": "testing",
                        "kubernetes.io/cluster/eg-testing-cluster": "owned"
                    }
                }
            },
            "resources": {},
            "depends_on": []
        }
    ]
}
