{
    "version": 3,
    "terraform_version": "0.11.14",
    "serial": 3,
    "lineage": "78b9a347-0c25-ac2e-715d-b508cb769fca",
    "modules": [
        {
            "path": [
                "root"
            ],
            "outputs": {},
            "resources": {},
            "depends_on": []
        },
        {
            "path": [
                "root",
                "subnet"
            ],
            "outputs": {
                "private_subnet_id": {
                    "sensitive": false,
                    "type": "list",
                    "value": [
                        "subnet-0baa5686f25a406d5",
                        "subnet-047b4733b731c14d4",
                        "subnet-0f38cf27db3382394",
                        "subnet-00d0a7fcd137dd658"
                    ]
                },
                "public_subnet_id": {
                    "sensitive": false,
                    "type": "list",
                    "value": [
                        "subnet-0471c241007856723",
                        "subnet-02f374a3480f16012",
                        "subnet-0e818280ae9a9f40a",
                        "subnet-08624e4a3940f19da"
                    ]
                }
            },
            "resources": {
                "aws_eip.private.0": {
                    "type": "aws_eip",
                    "depends_on": [
                        "local.private_nat_gateways_count",
                        "module.lables"
                    ],
                    "primary": {
                        "id": "eipalloc-04956318a292ae673",
                        "attributes": {
                            "association_id": "eipassoc-0d60c6ea13bac60ed",
                            "domain": "vpc",
                            "id": "eipalloc-04956318a292ae673",
                            "instance": "",
                            "network_interface": "eni-056e578e0c906b7c6",
                            "private_dns": "ip-172-30-152-61.ec2.internal",
                            "private_ip": "172.30.152.61",
                            "public_dns": "ec2-34-194-180-35.compute-1.amazonaws.com",
                            "public_ip": "34.194.180.35",
                            "public_ipv4_pool": "amazon",
                            "tags.%": "5",
                            "tags.Applicatoin": "clouddrove",
                            "tags.CreatedBy": "terraform",
                            "tags.Environment": "test",
                            "tags.ManagedBy": "anmol@clouddrove.com",
                            "tags.Name": "test-uplift",
                            "vpc": "true"
                        },
                        "meta": {
                            "e2bfb730-ecaa-11e6-8f88-34363bc7c4c0": {
                                "delete": 180000000000,
                                "read": 900000000000,
                                "update": 300000000000
                            }
                        },
                        "tainted": false
                    },
                    "deposed": [],
                    "provider": "provider.aws"
                },
                "aws_eip.private.1": {
                    "type": "aws_eip",
                    "depends_on": [
                        "local.private_nat_gateways_count",
                        "module.lables"
                    ],
                    "primary": {
                        "id": "eipalloc-0a87b4648778539fa",
                        "attributes": {
                            "association_id": "eipassoc-0044e49a204024ef1",
                            "domain": "vpc",
                            "id": "eipalloc-0a87b4648778539fa",
                            "instance": "",
                            "network_interface": "eni-01ac25979ca5b1d26",
                            "private_dns": "ip-172-30-178-40.ec2.internal",
                            "private_ip": "172.30.178.40",
                            "public_dns": "ec2-54-82-240-180.compute-1.amazonaws.com",
                            "public_ip": "54.82.240.180",
                            "public_ipv4_pool": "amazon",
                            "tags.%": "5",
                            "tags.Applicatoin": "clouddrove",
                            "tags.CreatedBy": "terraform",
                            "tags.Environment": "test",
                            "tags.ManagedBy": "anmol@clouddrove.com",
                            "tags.Name": "test-uplift",
                            "vpc": "true"
                        },
                        "meta": {
                            "e2bfb730-ecaa-11e6-8f88-34363bc7c4c0": {
                                "delete": 180000000000,
                                "read": 900000000000,
                                "update": 300000000000
                            }
                        },
                        "tainted": false
                    },
                    "deposed": [],
                    "provider": "provider.aws"
                },
                "aws_eip.private.2": {
                    "type": "aws_eip",
                    "depends_on": [
                        "local.private_nat_gateways_count",
                        "module.lables"
                    ],
                    "primary": {
                        "id": "eipalloc-0998d493dfebf3ab9",
                        "attributes": {
                            "association_id": "eipassoc-0ab7e3d9c1a17c9ca",
                            "domain": "vpc",
                            "id": "eipalloc-0998d493dfebf3ab9",
                            "instance": "",
                            "network_interface": "eni-0901d16502bd1e506",
                            "private_dns": "ip-172-30-198-39.ec2.internal",
                            "private_ip": "172.30.198.39",
                            "public_dns": "ec2-52-45-197-245.compute-1.amazonaws.com",
                            "public_ip": "52.45.197.245",
                            "public_ipv4_pool": "amazon",
                            "tags.%": "5",
                            "tags.Applicatoin": "clouddrove",
                            "tags.CreatedBy": "terraform",
                            "tags.Environment": "test",
                            "tags.ManagedBy": "anmol@clouddrove.com",
                            "tags.Name": "test-uplift",
                            "vpc": "true"
                        },
                        "meta": {
                            "e2bfb730-ecaa-11e6-8f88-34363bc7c4c0": {
                                "delete": 180000000000,
                                "read": 900000000000,
                                "update": 300000000000
                            }
                        },
                        "tainted": false
                    },
                    "deposed": [],
                    "provider": "provider.aws"
                },
                "aws_eip.private.3": {
                    "type": "aws_eip",
                    "depends_on": [
                        "local.private_nat_gateways_count",
                        "module.lables"
                    ],
                    "primary": {
                        "id": "eipalloc-0d8695726d88972d8",
                        "attributes": {
                            "association_id": "eipassoc-09daea6d0d5b68aaf",
                            "domain": "vpc",
                            "id": "eipalloc-0d8695726d88972d8",
                            "instance": "",
                            "network_interface": "eni-0f1432da2879ed237",
                            "private_dns": "ip-172-30-236-18.ec2.internal",
                            "private_ip": "172.30.236.18",
                            "public_dns": "ec2-34-197-130-253.compute-1.amazonaws.com",
                            "public_ip": "34.197.130.253",
                            "public_ipv4_pool": "amazon",
                            "tags.%": "5",
                            "tags.Applicatoin": "clouddrove",
                            "tags.CreatedBy": "terraform",
                            "tags.Environment": "test",
                            "tags.ManagedBy": "anmol@clouddrove.com",
                            "tags.Name": "test-uplift",
                            "vpc": "true"
                        },
                        "meta": {
                            "e2bfb730-ecaa-11e6-8f88-34363bc7c4c0": {
                                "delete": 180000000000,
                                "read": 900000000000,
                                "update": 300000000000
                            }
                        },
                        "tainted": false
                    },
                    "deposed": [],
                    "provider": "provider.aws"
                },
                "aws_nat_gateway.private.0": {
                    "type": "aws_nat_gateway",
                    "depends_on": [
                        "aws_eip.private.*",
                        "aws_subnet.public.*",
                        "local.private_nat_gateways_count",
                        "module.lables"
                    ],
                    "primary": {
                        "id": "nat-06ed1531520a46b23",
                        "attributes": {
                            "allocation_id": "eipalloc-04956318a292ae673",
                            "id": "nat-06ed1531520a46b23",
                            "network_interface_id": "eni-056e578e0c906b7c6",
                            "private_ip": "172.30.152.61",
                            "public_ip": "34.194.180.35",
                            "subnet_id": "subnet-0471c241007856723",
                            "tags.%": "5",
                            "tags.Applicatoin": "clouddrove",
                            "tags.CreatedBy": "terraform",
                            "tags.Environment": "test",
                            "tags.ManagedBy": "anmol@clouddrove.com",
                            "tags.Name": "test-uplift"
                        },
                        "meta": {},
                        "tainted": false
                    },
                    "deposed": [],
                    "provider": "provider.aws"
                },
                "aws_nat_gateway.private.1": {
                    "type": "aws_nat_gateway",
                    "depends_on": [
                        "aws_eip.private.*",
                        "aws_subnet.public.*",
                        "local.private_nat_gateways_count",
                        "module.lables"
                    ],
                    "primary": {
                        "id": "nat-0b680689a6671a087",
                        "attributes": {
                            "allocation_id": "eipalloc-0a87b4648778539fa",
                            "id": "nat-0b680689a6671a087",
                            "network_interface_id": "eni-01ac25979ca5b1d26",
                            "private_ip": "172.30.178.40",
                            "public_ip": "54.82.240.180",
                            "subnet_id": "subnet-02f374a3480f16012",
                            "tags.%": "5",
                            "tags.Applicatoin": "clouddrove",
                            "tags.CreatedBy": "terraform",
                            "tags.Environment": "test",
                            "tags.ManagedBy": "anmol@clouddrove.com",
                            "tags.Name": "test-uplift"
                        },
                        "meta": {},
                        "tainted": false
                    },
                    "deposed": [],
                    "provider": "provider.aws"
                },
                "aws_nat_gateway.private.2": {
                    "type": "aws_nat_gateway",
                    "depends_on": [
                        "aws_eip.private.*",
                        "aws_subnet.public.*",
                        "local.private_nat_gateways_count",
                        "module.lables"
                    ],
                    "primary": {
                        "id": "nat-0b8feed86f44152f0",
                        "attributes": {
                            "allocation_id": "eipalloc-0998d493dfebf3ab9",
                            "id": "nat-0b8feed86f44152f0",
                            "network_interface_id": "eni-0901d16502bd1e506",
                            "private_ip": "172.30.198.39",
                            "public_ip": "52.45.197.245",
                            "subnet_id": "subnet-0e818280ae9a9f40a",
                            "tags.%": "5",
                            "tags.Applicatoin": "clouddrove",
                            "tags.CreatedBy": "terraform",
                            "tags.Environment": "test",
                            "tags.ManagedBy": "anmol@clouddrove.com",
                            "tags.Name": "test-uplift"
                        },
                        "meta": {},
                        "tainted": false
                    },
                    "deposed": [],
                    "provider": "provider.aws"
                },
                "aws_nat_gateway.private.3": {
                    "type": "aws_nat_gateway",
                    "depends_on": [
                        "aws_eip.private.*",
                        "aws_subnet.public.*",
                        "local.private_nat_gateways_count",
                        "module.lables"
                    ],
                    "primary": {
                        "id": "nat-00e22bb3d2f75e2d3",
                        "attributes": {
                            "allocation_id": "eipalloc-0d8695726d88972d8",
                            "id": "nat-00e22bb3d2f75e2d3",
                            "network_interface_id": "eni-0f1432da2879ed237",
                            "private_ip": "172.30.236.18",
                            "public_ip": "34.197.130.253",
                            "subnet_id": "subnet-08624e4a3940f19da",
                            "tags.%": "5",
                            "tags.Applicatoin": "clouddrove",
                            "tags.CreatedBy": "terraform",
                            "tags.Environment": "test",
                            "tags.ManagedBy": "anmol@clouddrove.com",
                            "tags.Name": "test-uplift"
                        },
                        "meta": {},
                        "tainted": false
                    },
                    "deposed": [],
                    "provider": "provider.aws"
                },
                "aws_route.nat_gateway.0": {
                    "type": "aws_route",
                    "depends_on": [
                        "aws_nat_gateway.private.*",
                        "aws_route_table.private",
                        "aws_route_table.private.*",
                        "local.private_nat_gateways_count"
                    ],
                    "primary": {
                        "id": "r-rtb-08064db5e2b9be8a01080289494",
                        "attributes": {
                            "destination_cidr_block": "0.0.0.0/0",
                            "destination_prefix_list_id": "",
                            "egress_only_gateway_id": "",
                            "gateway_id": "",
                            "id": "r-rtb-08064db5e2b9be8a01080289494",
                            "instance_id": "",
                            "instance_owner_id": "",
                            "nat_gateway_id": "nat-06ed1531520a46b23",
                            "network_interface_id": "",
                            "origin": "CreateRoute",
                            "route_table_id": "rtb-08064db5e2b9be8a0",
                            "state": "active",
                            "transit_gateway_id": "",
                            "vpc_peering_connection_id": ""
                        },
                        "meta": {
                            "e2bfb730-ecaa-11e6-8f88-34363bc7c4c0": {
                                "create": 120000000000,
                                "delete": 300000000000
                            }
                        },
                        "tainted": false
                    },
                    "deposed": [],
                    "provider": "provider.aws"
                },
                "aws_route.nat_gateway.1": {
                    "type": "aws_route",
                    "depends_on": [
                        "aws_nat_gateway.private.*",
                        "aws_route_table.private",
                        "aws_route_table.private.*",
                        "local.private_nat_gateways_count"
                    ],
                    "primary": {
                        "id": "r-rtb-013f769706cca63ca1080289494",
                        "attributes": {
                            "destination_cidr_block": "0.0.0.0/0",
                            "destination_prefix_list_id": "",
                            "egress_only_gateway_id": "",
                            "gateway_id": "",
                            "id": "r-rtb-013f769706cca63ca1080289494",
                            "instance_id": "",
                            "instance_owner_id": "",
                            "nat_gateway_id": "nat-0b680689a6671a087",
                            "network_interface_id": "",
                            "origin": "CreateRoute",
                            "route_table_id": "rtb-013f769706cca63ca",
                            "state": "active",
                            "transit_gateway_id": "",
                            "vpc_peering_connection_id": ""
                        },
                        "meta": {
                            "e2bfb730-ecaa-11e6-8f88-34363bc7c4c0": {
                                "create": 120000000000,
                                "delete": 300000000000
                            }
                        },
                        "tainted": false
                    },
                    "deposed": [],
                    "provider": "provider.aws"
                },
                "aws_route.nat_gateway.2": {
                    "type": "aws_route",
                    "depends_on": [
                        "aws_nat_gateway.private.*",
                        "aws_route_table.private",
                        "aws_route_table.private.*",
                        "local.private_nat_gateways_count"
                    ],
                    "primary": {
                        "id": "r-rtb-03888d98f91bb63041080289494",
                        "attributes": {
                            "destination_cidr_block": "0.0.0.0/0",
                            "destination_prefix_list_id": "",
                            "egress_only_gateway_id": "",
                            "gateway_id": "",
                            "id": "r-rtb-03888d98f91bb63041080289494",
                            "instance_id": "",
                            "instance_owner_id": "",
                            "nat_gateway_id": "nat-0b8feed86f44152f0",
                            "network_interface_id": "",
                            "origin": "CreateRoute",
                            "route_table_id": "rtb-03888d98f91bb6304",
                            "state": "active",
                            "transit_gateway_id": "",
                            "vpc_peering_connection_id": ""
                        },
                        "meta": {
                            "e2bfb730-ecaa-11e6-8f88-34363bc7c4c0": {
                                "create": 120000000000,
                                "delete": 300000000000
                            }
                        },
                        "tainted": false
                    },
                    "deposed": [],
                    "provider": "provider.aws"
                },
                "aws_route.nat_gateway.3": {
                    "type": "aws_route",
                    "depends_on": [
                        "aws_nat_gateway.private.*",
                        "aws_route_table.private",
                        "aws_route_table.private.*",
                        "local.private_nat_gateways_count"
                    ],
                    "primary": {
                        "id": "r-rtb-0689aa966b723e8cc1080289494",
                        "attributes": {
                            "destination_cidr_block": "0.0.0.0/0",
                            "destination_prefix_list_id": "",
                            "egress_only_gateway_id": "",
                            "gateway_id": "",
                            "id": "r-rtb-0689aa966b723e8cc1080289494",
                            "instance_id": "",
                            "instance_owner_id": "",
                            "nat_gateway_id": "nat-00e22bb3d2f75e2d3",
                            "network_interface_id": "",
                            "origin": "CreateRoute",
                            "route_table_id": "rtb-0689aa966b723e8cc",
                            "state": "active",
                            "transit_gateway_id": "",
                            "vpc_peering_connection_id": ""
                        },
                        "meta": {
                            "e2bfb730-ecaa-11e6-8f88-34363bc7c4c0": {
                                "create": 120000000000,
                                "delete": 300000000000
                            }
                        },
                        "tainted": false
                    },
                    "deposed": [],
                    "provider": "provider.aws"
                },
                "aws_route.public.0": {
                    "type": "aws_route",
                    "depends_on": [
                        "aws_route_table.public",
                        "aws_route_table.public.*",
                        "local.public_count"
                    ],
                    "primary": {
                        "id": "r-rtb-009ff8fb1b90f6a7a1080289494",
                        "attributes": {
                            "destination_cidr_block": "0.0.0.0/0",
                            "destination_prefix_list_id": "",
                            "egress_only_gateway_id": "",
                            "gateway_id": "igw-04ae543142f8a4407",
                            "id": "r-rtb-009ff8fb1b90f6a7a1080289494",
                            "instance_id": "",
                            "instance_owner_id": "",
                            "nat_gateway_id": "",
                            "network_interface_id": "",
                            "origin": "CreateRoute",
                            "route_table_id": "rtb-009ff8fb1b90f6a7a",
                            "state": "active",
                            "transit_gateway_id": "",
                            "vpc_peering_connection_id": ""
                        },
                        "meta": {
                            "e2bfb730-ecaa-11e6-8f88-34363bc7c4c0": {
                                "create": 120000000000,
                                "delete": 300000000000
                            }
                        },
                        "tainted": false
                    },
                    "deposed": [],
                    "provider": "provider.aws"
                },
                "aws_route.public.1": {
                    "type": "aws_route",
                    "depends_on": [
                        "aws_route_table.public",
                        "aws_route_table.public.*",
                        "local.public_count"
                    ],
                    "primary": {
                        "id": "r-rtb-0e5981596d2399c4c1080289494",
                        "attributes": {
                            "destination_cidr_block": "0.0.0.0/0",
                            "destination_prefix_list_id": "",
                            "egress_only_gateway_id": "",
                            "gateway_id": "igw-04ae543142f8a4407",
                            "id": "r-rtb-0e5981596d2399c4c1080289494",
                            "instance_id": "",
                            "instance_owner_id": "",
                            "nat_gateway_id": "",
                            "network_interface_id": "",
                            "origin": "CreateRoute",
                            "route_table_id": "rtb-0e5981596d2399c4c",
                            "state": "active",
                            "transit_gateway_id": "",
                            "vpc_peering_connection_id": ""
                        },
                        "meta": {
                            "e2bfb730-ecaa-11e6-8f88-34363bc7c4c0": {
                                "create": 120000000000,
                                "delete": 300000000000
                            }
                        },
                        "tainted": false
                    },
                    "deposed": [],
                    "provider": "provider.aws"
                },
                "aws_route.public.2": {
                    "type": "aws_route",
                    "depends_on": [
                        "aws_route_table.public",
                        "aws_route_table.public.*",
                        "local.public_count"
                    ],
                    "primary": {
                        "id": "r-rtb-0a3471bc919bb64cb1080289494",
                        "attributes": {
                            "destination_cidr_block": "0.0.0.0/0",
                            "destination_prefix_list_id": "",
                            "egress_only_gateway_id": "",
                            "gateway_id": "igw-04ae543142f8a4407",
                            "id": "r-rtb-0a3471bc919bb64cb1080289494",
                            "instance_id": "",
                            "instance_owner_id": "",
                            "nat_gateway_id": "",
                            "network_interface_id": "",
                            "origin": "CreateRoute",
                            "route_table_id": "rtb-0a3471bc919bb64cb",
                            "state": "active",
                            "transit_gateway_id": "",
                            "vpc_peering_connection_id": ""
                        },
                        "meta": {
                            "e2bfb730-ecaa-11e6-8f88-34363bc7c4c0": {
                                "create": 120000000000,
                                "delete": 300000000000
                            }
                        },
                        "tainted": false
                    },
                    "deposed": [],
                    "provider": "provider.aws"
                },
                "aws_route.public.3": {
                    "type": "aws_route",
                    "depends_on": [
                        "aws_route_table.public",
                        "aws_route_table.public.*",
                        "local.public_count"
                    ],
                    "primary": {
                        "id": "r-rtb-0df8137c98ae770c51080289494",
                        "attributes": {
                            "destination_cidr_block": "0.0.0.0/0",
                            "destination_prefix_list_id": "",
                            "egress_only_gateway_id": "",
                            "gateway_id": "igw-04ae543142f8a4407",
                            "id": "r-rtb-0df8137c98ae770c51080289494",
                            "instance_id": "",
                            "instance_owner_id": "",
                            "nat_gateway_id": "",
                            "network_interface_id": "",
                            "origin": "CreateRoute",
                            "route_table_id": "rtb-0df8137c98ae770c5",
                            "state": "active",
                            "transit_gateway_id": "",
                            "vpc_peering_connection_id": ""
                        },
                        "meta": {
                            "e2bfb730-ecaa-11e6-8f88-34363bc7c4c0": {
                                "create": 120000000000,
                                "delete": 300000000000
                            }
                        },
                        "tainted": false
                    },
                    "deposed": [],
                    "provider": "provider.aws"
                },
                "aws_route_table.private.0": {
                    "type": "aws_route_table",
                    "depends_on": [
                        "local.private_count",
                        "module.lables"
                    ],
                    "primary": {
                        "id": "rtb-08064db5e2b9be8a0",
                        "attributes": {
                            "id": "rtb-08064db5e2b9be8a0",
                            "owner_id": "866067750630",
                            "propagating_vgws.#": "0",
                            "route.#": "1",
                            "route.2196056963.cidr_block": "0.0.0.0/0",
                            "route.2196056963.egress_only_gateway_id": "",
                            "route.2196056963.gateway_id": "",
                            "route.2196056963.instance_id": "",
                            "route.2196056963.ipv6_cidr_block": "",
                            "route.2196056963.nat_gateway_id": "nat-06ed1531520a46b23",
                            "route.2196056963.network_interface_id": "",
                            "route.2196056963.transit_gateway_id": "",
                            "route.2196056963.vpc_peering_connection_id": "",
                            "tags.%": "6",
                            "tags.AZ": "us-east-1a",
                            "tags.Applicatoin": "clouddrove",
                            "tags.CreatedBy": "terraform",
                            "tags.Environment": "test",
                            "tags.ManagedBy": "anmol@clouddrove.com",
                            "tags.Name": "test-uplift-us-east-1a",
                            "vpc_id": "vpc-01fd8be9d4df945d4"
                        },
                        "meta": {},
                        "tainted": false
                    },
                    "deposed": [],
                    "provider": "provider.aws"
                },
                "aws_route_table.private.1": {
                    "type": "aws_route_table",
                    "depends_on": [
                        "local.private_count",
                        "module.lables"
                    ],
                    "primary": {
                        "id": "rtb-013f769706cca63ca",
                        "attributes": {
                            "id": "rtb-013f769706cca63ca",
                            "owner_id": "866067750630",
                            "propagating_vgws.#": "0",
                            "route.#": "1",
                            "route.1284608021.cidr_block": "0.0.0.0/0",
                            "route.1284608021.egress_only_gateway_id": "",
                            "route.1284608021.gateway_id": "",
                            "route.1284608021.instance_id": "",
                            "route.1284608021.ipv6_cidr_block": "",
                            "route.1284608021.nat_gateway_id": "nat-0b680689a6671a087",
                            "route.1284608021.network_interface_id": "",
                            "route.1284608021.transit_gateway_id": "",
                            "route.1284608021.vpc_peering_connection_id": "",
                            "tags.%": "6",
                            "tags.AZ": "us-east-1b",
                            "tags.Applicatoin": "clouddrove",
                            "tags.CreatedBy": "terraform",
                            "tags.Environment": "test",
                            "tags.ManagedBy": "anmol@clouddrove.com",
                            "tags.Name": "test-uplift-us-east-1b",
                            "vpc_id": "vpc-01fd8be9d4df945d4"
                        },
                        "meta": {},
                        "tainted": false
                    },
                    "deposed": [],
                    "provider": "provider.aws"
                },
                "aws_route_table.private.2": {
                    "type": "aws_route_table",
                    "depends_on": [
                        "local.private_count",
                        "module.lables"
                    ],
                    "primary": {
                        "id": "rtb-03888d98f91bb6304",
                        "attributes": {
                            "id": "rtb-03888d98f91bb6304",
                            "owner_id": "866067750630",
                            "propagating_vgws.#": "0",
                            "route.#": "1",
                            "route.1697269796.cidr_block": "0.0.0.0/0",
                            "route.1697269796.egress_only_gateway_id": "",
                            "route.1697269796.gateway_id": "",
                            "route.1697269796.instance_id": "",
                            "route.1697269796.ipv6_cidr_block": "",
                            "route.1697269796.nat_gateway_id": "nat-0b8feed86f44152f0",
                            "route.1697269796.network_interface_id": "",
                            "route.1697269796.transit_gateway_id": "",
                            "route.1697269796.vpc_peering_connection_id": "",
                            "tags.%": "6",
                            "tags.AZ": "us-east-1c",
                            "tags.Applicatoin": "clouddrove",
                            "tags.CreatedBy": "terraform",
                            "tags.Environment": "test",
                            "tags.ManagedBy": "anmol@clouddrove.com",
                            "tags.Name": "test-uplift-us-east-1c",
                            "vpc_id": "vpc-01fd8be9d4df945d4"
                        },
                        "meta": {},
                        "tainted": false
                    },
                    "deposed": [],
                    "provider": "provider.aws"
                },
                "aws_route_table.private.3": {
                    "type": "aws_route_table",
                    "depends_on": [
                        "local.private_count",
                        "module.lables"
                    ],
                    "primary": {
                        "id": "rtb-0689aa966b723e8cc",
                        "attributes": {
                            "id": "rtb-0689aa966b723e8cc",
                            "owner_id": "866067750630",
                            "propagating_vgws.#": "0",
                            "route.#": "1",
                            "route.3916389358.cidr_block": "0.0.0.0/0",
                            "route.3916389358.egress_only_gateway_id": "",
                            "route.3916389358.gateway_id": "",
                            "route.3916389358.instance_id": "",
                            "route.3916389358.ipv6_cidr_block": "",
                            "route.3916389358.nat_gateway_id": "nat-00e22bb3d2f75e2d3",
                            "route.3916389358.network_interface_id": "",
                            "route.3916389358.transit_gateway_id": "",
                            "route.3916389358.vpc_peering_connection_id": "",
                            "tags.%": "6",
                            "tags.AZ": "us-east-1d",
                            "tags.Applicatoin": "clouddrove",
                            "tags.CreatedBy": "terraform",
                            "tags.Environment": "test",
                            "tags.ManagedBy": "anmol@clouddrove.com",
                            "tags.Name": "test-uplift-us-east-1d",
                            "vpc_id": "vpc-01fd8be9d4df945d4"
                        },
                        "meta": {},
                        "tainted": false
                    },
                    "deposed": [],
                    "provider": "provider.aws"
                },
                "aws_route_table.public.0": {
                    "type": "aws_route_table",
                    "depends_on": [
                        "local.public_count",
                        "module.lables"
                    ],
                    "primary": {
                        "id": "rtb-009ff8fb1b90f6a7a",
                        "attributes": {
                            "id": "rtb-009ff8fb1b90f6a7a",
                            "owner_id": "866067750630",
                            "propagating_vgws.#": "0",
                            "route.#": "1",
                            "route.1020433338.cidr_block": "0.0.0.0/0",
                            "route.1020433338.egress_only_gateway_id": "",
                            "route.1020433338.gateway_id": "igw-04ae543142f8a4407",
                            "route.1020433338.instance_id": "",
                            "route.1020433338.ipv6_cidr_block": "",
                            "route.1020433338.nat_gateway_id": "",
                            "route.1020433338.network_interface_id": "",
                            "route.1020433338.transit_gateway_id": "",
                            "route.1020433338.vpc_peering_connection_id": "",
                            "tags.%": "6",
                            "tags.AZ": "us-east-1a",
                            "tags.Applicatoin": "clouddrove",
                            "tags.CreatedBy": "terraform",
                            "tags.Environment": "test",
                            "tags.ManagedBy": "anmol@clouddrove.com",
                            "tags.Name": "test-uplift-us-east-1a",
                            "vpc_id": "vpc-01fd8be9d4df945d4"
                        },
                        "meta": {},
                        "tainted": false
                    },
                    "deposed": [],
                    "provider": "provider.aws"
                },
                "aws_route_table.public.1": {
                    "type": "aws_route_table",
                    "depends_on": [
                        "local.public_count",
                        "module.lables"
                    ],
                    "primary": {
                        "id": "rtb-0e5981596d2399c4c",
                        "attributes": {
                            "id": "rtb-0e5981596d2399c4c",
                            "owner_id": "866067750630",
                            "propagating_vgws.#": "0",
                            "route.#": "1",
                            "route.1020433338.cidr_block": "0.0.0.0/0",
                            "route.1020433338.egress_only_gateway_id": "",
                            "route.1020433338.gateway_id": "igw-04ae543142f8a4407",
                            "route.1020433338.instance_id": "",
                            "route.1020433338.ipv6_cidr_block": "",
                            "route.1020433338.nat_gateway_id": "",
                            "route.1020433338.network_interface_id": "",
                            "route.1020433338.transit_gateway_id": "",
                            "route.1020433338.vpc_peering_connection_id": "",
                            "tags.%": "6",
                            "tags.AZ": "us-east-1b",
                            "tags.Applicatoin": "clouddrove",
                            "tags.CreatedBy": "terraform",
                            "tags.Environment": "test",
                            "tags.ManagedBy": "anmol@clouddrove.com",
                            "tags.Name": "test-uplift-us-east-1b",
                            "vpc_id": "vpc-01fd8be9d4df945d4"
                        },
                        "meta": {},
                        "tainted": false
                    },
                    "deposed": [],
                    "provider": "provider.aws"
                },
                "aws_route_table.public.2": {
                    "type": "aws_route_table",
                    "depends_on": [
                        "local.public_count",
                        "module.lables"
                    ],
                    "primary": {
                        "id": "rtb-0a3471bc919bb64cb",
                        "attributes": {
                            "id": "rtb-0a3471bc919bb64cb",
                            "owner_id": "866067750630",
                            "propagating_vgws.#": "0",
                            "route.#": "1",
                            "route.1020433338.cidr_block": "0.0.0.0/0",
                            "route.1020433338.egress_only_gateway_id": "",
                            "route.1020433338.gateway_id": "igw-04ae543142f8a4407",
                            "route.1020433338.instance_id": "",
                            "route.1020433338.ipv6_cidr_block": "",
                            "route.1020433338.nat_gateway_id": "",
                            "route.1020433338.network_interface_id": "",
                            "route.1020433338.transit_gateway_id": "",
                            "route.1020433338.vpc_peering_connection_id": "",
                            "tags.%": "6",
                            "tags.AZ": "us-east-1c",
                            "tags.Applicatoin": "clouddrove",
                            "tags.CreatedBy": "terraform",
                            "tags.Environment": "test",
                            "tags.ManagedBy": "anmol@clouddrove.com",
                            "tags.Name": "test-uplift-us-east-1c",
                            "vpc_id": "vpc-01fd8be9d4df945d4"
                        },
                        "meta": {},
                        "tainted": false
                    },
                    "deposed": [],
                    "provider": "provider.aws"
                },
                "aws_route_table.public.3": {
                    "type": "aws_route_table",
                    "depends_on": [
                        "local.public_count",
                        "module.lables"
                    ],
                    "primary": {
                        "id": "rtb-0df8137c98ae770c5",
                        "attributes": {
                            "id": "rtb-0df8137c98ae770c5",
                            "owner_id": "866067750630",
                            "propagating_vgws.#": "0",
                            "route.#": "1",
                            "route.1020433338.cidr_block": "0.0.0.0/0",
                            "route.1020433338.egress_only_gateway_id": "",
                            "route.1020433338.gateway_id": "igw-04ae543142f8a4407",
                            "route.1020433338.instance_id": "",
                            "route.1020433338.ipv6_cidr_block": "",
                            "route.1020433338.nat_gateway_id": "",
                            "route.1020433338.network_interface_id": "",
                            "route.1020433338.transit_gateway_id": "",
                            "route.1020433338.vpc_peering_connection_id": "",
                            "tags.%": "6",
                            "tags.AZ": "us-east-1d",
                            "tags.Applicatoin": "clouddrove",
                            "tags.CreatedBy": "terraform",
                            "tags.Environment": "test",
                            "tags.ManagedBy": "anmol@clouddrove.com",
                            "tags.Name": "test-uplift-us-east-1d",
                            "vpc_id": "vpc-01fd8be9d4df945d4"
                        },
                        "meta": {},
                        "tainted": false
                    },
                    "deposed": [],
                    "provider": "provider.aws"
                },
                "aws_route_table_association.private.0": {
                    "type": "aws_route_table_association",
                    "depends_on": [
                        "aws_route_table.private.*",
                        "aws_subnet.private.*",
                        "local.private_count"
                    ],
                    "primary": {
                        "id": "rtbassoc-01d35c9c5db738dc7",
                        "attributes": {
                            "id": "rtbassoc-01d35c9c5db738dc7",
                            "route_table_id": "rtb-08064db5e2b9be8a0",
                            "subnet_id": "subnet-0baa5686f25a406d5"
                        },
                        "meta": {},
                        "tainted": false
                    },
                    "deposed": [],
                    "provider": "provider.aws"
                },
                "aws_route_table_association.private.1": {
                    "type": "aws_route_table_association",
                    "depends_on": [
                        "aws_route_table.private.*",
                        "aws_subnet.private.*",
                        "local.private_count"
                    ],
                    "primary": {
                        "id": "rtbassoc-0baee6f659202474c",
                        "attributes": {
                            "id": "rtbassoc-0baee6f659202474c",
                            "route_table_id": "rtb-013f769706cca63ca",
                            "subnet_id": "subnet-047b4733b731c14d4"
                        },
                        "meta": {},
                        "tainted": false
                    },
                    "deposed": [],
                    "provider": "provider.aws"
                },
                "aws_route_table_association.private.2": {
                    "type": "aws_route_table_association",
                    "depends_on": [
                        "aws_route_table.private.*",
                        "aws_subnet.private.*",
                        "local.private_count"
                    ],
                    "primary": {
                        "id": "rtbassoc-0cf3c8823edc46f59",
                        "attributes": {
                            "id": "rtbassoc-0cf3c8823edc46f59",
                            "route_table_id": "rtb-03888d98f91bb6304",
                            "subnet_id": "subnet-0f38cf27db3382394"
                        },
                        "meta": {},
                        "tainted": false
                    },
                    "deposed": [],
                    "provider": "provider.aws"
                },
                "aws_route_table_association.private.3": {
                    "type": "aws_route_table_association",
                    "depends_on": [
                        "aws_route_table.private.*",
                        "aws_subnet.private.*",
                        "local.private_count"
                    ],
                    "primary": {
                        "id": "rtbassoc-046f62472f39f84a8",
                        "attributes": {
                            "id": "rtbassoc-046f62472f39f84a8",
                            "route_table_id": "rtb-0689aa966b723e8cc",
                            "subnet_id": "subnet-00d0a7fcd137dd658"
                        },
                        "meta": {},
                        "tainted": false
                    },
                    "deposed": [],
                    "provider": "provider.aws"
                },
                "aws_route_table_association.public.0": {
                    "type": "aws_route_table_association",
                    "depends_on": [
                        "aws_route_table.public",
                        "aws_route_table.public.*",
                        "aws_subnet.public",
                        "aws_subnet.public.*",
                        "local.public_count"
                    ],
                    "primary": {
                        "id": "rtbassoc-0d5e9be35f5a5b506",
                        "attributes": {
                            "id": "rtbassoc-0d5e9be35f5a5b506",
                            "route_table_id": "rtb-009ff8fb1b90f6a7a",
                            "subnet_id": "subnet-0471c241007856723"
                        },
                        "meta": {},
                        "tainted": false
                    },
                    "deposed": [],
                    "provider": "provider.aws"
                },
                "aws_route_table_association.public.1": {
                    "type": "aws_route_table_association",
                    "depends_on": [
                        "aws_route_table.public",
                        "aws_route_table.public.*",
                        "aws_subnet.public",
                        "aws_subnet.public.*",
                        "local.public_count"
                    ],
                    "primary": {
                        "id": "rtbassoc-0d469efffa1739a26",
                        "attributes": {
                            "id": "rtbassoc-0d469efffa1739a26",
                            "route_table_id": "rtb-0e5981596d2399c4c",
                            "subnet_id": "subnet-02f374a3480f16012"
                        },
                        "meta": {},
                        "tainted": false
                    },
                    "deposed": [],
                    "provider": "provider.aws"
                },
                "aws_route_table_association.public.2": {
                    "type": "aws_route_table_association",
                    "depends_on": [
                        "aws_route_table.public",
                        "aws_route_table.public.*",
                        "aws_subnet.public",
                        "aws_subnet.public.*",
                        "local.public_count"
                    ],
                    "primary": {
                        "id": "rtbassoc-0d0dd8c5ff468b98b",
                        "attributes": {
                            "id": "rtbassoc-0d0dd8c5ff468b98b",
                            "route_table_id": "rtb-0a3471bc919bb64cb",
                            "subnet_id": "subnet-0e818280ae9a9f40a"
                        },
                        "meta": {},
                        "tainted": false
                    },
                    "deposed": [],
                    "provider": "provider.aws"
                },
                "aws_route_table_association.public.3": {
                    "type": "aws_route_table_association",
                    "depends_on": [
                        "aws_route_table.public",
                        "aws_route_table.public.*",
                        "aws_subnet.public",
                        "aws_subnet.public.*",
                        "local.public_count"
                    ],
                    "primary": {
                        "id": "rtbassoc-0888bfee294d44be7",
                        "attributes": {
                            "id": "rtbassoc-0888bfee294d44be7",
                            "route_table_id": "rtb-0df8137c98ae770c5",
                            "subnet_id": "subnet-08624e4a3940f19da"
                        },
                        "meta": {},
                        "tainted": false
                    },
                    "deposed": [],
                    "provider": "provider.aws"
                },
                "aws_subnet.private.0": {
                    "type": "aws_subnet",
                    "depends_on": [
                        "local.private_count",
                        "local.public_count",
                        "module.lables"
                    ],
                    "primary": {
                        "id": "subnet-0baa5686f25a406d5",
                        "attributes": {
                            "arn": "arn:aws:ec2:us-east-1:866067750630:subnet/subnet-0baa5686f25a406d5",
                            "assign_ipv6_address_on_creation": "false",
                            "availability_zone": "us-east-1a",
                            "availability_zone_id": "use1-az4",
                            "cidr_block": "172.30.0.0/19",
                            "id": "subnet-0baa5686f25a406d5",
                            "ipv6_cidr_block": "",
                            "ipv6_cidr_block_association_id": "",
                            "map_public_ip_on_launch": "false",
                            "owner_id": "866067750630",
                            "tags.%": "6",
                            "tags.AZ": "us-east-1a",
                            "tags.Applicatoin": "clouddrove",
                            "tags.CreatedBy": "terraform",
                            "tags.Environment": "test",
                            "tags.ManagedBy": "anmol@clouddrove.com",
                            "tags.Name": "private-test-uplift-us-east-1a",
                            "vpc_id": "vpc-01fd8be9d4df945d4"
                        },
                        "meta": {
                            "e2bfb730-ecaa-11e6-8f88-34363bc7c4c0": {
                                "create": 600000000000,
                                "delete": 1200000000000
                            },
                            "schema_version": "1"
                        },
                        "tainted": false
                    },
                    "deposed": [],
                    "provider": "provider.aws"
                },
                "aws_subnet.private.1": {
                    "type": "aws_subnet",
                    "depends_on": [
                        "local.private_count",
                        "local.public_count",
                        "module.lables"
                    ],
                    "primary": {
                        "id": "subnet-047b4733b731c14d4",
                        "attributes": {
                            "arn": "arn:aws:ec2:us-east-1:866067750630:subnet/subnet-047b4733b731c14d4",
                            "assign_ipv6_address_on_creation": "false",
                            "availability_zone": "us-east-1b",
                            "availability_zone_id": "use1-az6",
                            "cidr_block": "172.30.32.0/19",
                            "id": "subnet-047b4733b731c14d4",
                            "ipv6_cidr_block": "",
                            "ipv6_cidr_block_association_id": "",
                            "map_public_ip_on_launch": "false",
                            "owner_id": "866067750630",
                            "tags.%": "6",
                            "tags.AZ": "us-east-1b",
                            "tags.Applicatoin": "clouddrove",
                            "tags.CreatedBy": "terraform",
                            "tags.Environment": "test",
                            "tags.ManagedBy": "anmol@clouddrove.com",
                            "tags.Name": "private-test-uplift-us-east-1b",
                            "vpc_id": "vpc-01fd8be9d4df945d4"
                        },
                        "meta": {
                            "e2bfb730-ecaa-11e6-8f88-34363bc7c4c0": {
                                "create": 600000000000,
                                "delete": 1200000000000
                            },
                            "schema_version": "1"
                        },
                        "tainted": false
                    },
                    "deposed": [],
                    "provider": "provider.aws"
                },
                "aws_subnet.private.2": {
                    "type": "aws_subnet",
                    "depends_on": [
                        "local.private_count",
                        "local.public_count",
                        "module.lables"
                    ],
                    "primary": {
                        "id": "subnet-0f38cf27db3382394",
                        "attributes": {
                            "arn": "arn:aws:ec2:us-east-1:866067750630:subnet/subnet-0f38cf27db3382394",
                            "assign_ipv6_address_on_creation": "false",
                            "availability_zone": "us-east-1c",
                            "availability_zone_id": "use1-az1",
                            "cidr_block": "172.30.64.0/19",
                            "id": "subnet-0f38cf27db3382394",
                            "ipv6_cidr_block": "",
                            "ipv6_cidr_block_association_id": "",
                            "map_public_ip_on_launch": "false",
                            "owner_id": "866067750630",
                            "tags.%": "6",
                            "tags.AZ": "us-east-1c",
                            "tags.Applicatoin": "clouddrove",
                            "tags.CreatedBy": "terraform",
                            "tags.Environment": "test",
                            "tags.ManagedBy": "anmol@clouddrove.com",
                            "tags.Name": "private-test-uplift-us-east-1c",
                            "vpc_id": "vpc-01fd8be9d4df945d4"
                        },
                        "meta": {
                            "e2bfb730-ecaa-11e6-8f88-34363bc7c4c0": {
                                "create": 600000000000,
                                "delete": 1200000000000
                            },
                            "schema_version": "1"
                        },
                        "tainted": false
                    },
                    "deposed": [],
                    "provider": "provider.aws"
                },
                "aws_subnet.private.3": {
                    "type": "aws_subnet",
                    "depends_on": [
                        "local.private_count",
                        "local.public_count",
                        "module.lables"
                    ],
                    "primary": {
                        "id": "subnet-00d0a7fcd137dd658",
                        "attributes": {
                            "arn": "arn:aws:ec2:us-east-1:866067750630:subnet/subnet-00d0a7fcd137dd658",
                            "assign_ipv6_address_on_creation": "false",
                            "availability_zone": "us-east-1d",
                            "availability_zone_id": "use1-az2",
                            "cidr_block": "172.30.96.0/19",
                            "id": "subnet-00d0a7fcd137dd658",
                            "ipv6_cidr_block": "",
                            "ipv6_cidr_block_association_id": "",
                            "map_public_ip_on_launch": "false",
                            "owner_id": "866067750630",
                            "tags.%": "6",
                            "tags.AZ": "us-east-1d",
                            "tags.Applicatoin": "clouddrove",
                            "tags.CreatedBy": "terraform",
                            "tags.Environment": "test",
                            "tags.ManagedBy": "anmol@clouddrove.com",
                            "tags.Name": "private-test-uplift-us-east-1d",
                            "vpc_id": "vpc-01fd8be9d4df945d4"
                        },
                        "meta": {
                            "e2bfb730-ecaa-11e6-8f88-34363bc7c4c0": {
                                "create": 600000000000,
                                "delete": 1200000000000
                            },
                            "schema_version": "1"
                        },
                        "tainted": false
                    },
                    "deposed": [],
                    "provider": "provider.aws"
                },
                "aws_subnet.public.0": {
                    "type": "aws_subnet",
                    "depends_on": [
                        "local.public_count",
                        "module.lables"
                    ],
                    "primary": {
                        "id": "subnet-0471c241007856723",
                        "attributes": {
                            "arn": "arn:aws:ec2:us-east-1:866067750630:subnet/subnet-0471c241007856723",
                            "assign_ipv6_address_on_creation": "false",
                            "availability_zone": "us-east-1a",
                            "availability_zone_id": "use1-az4",
                            "cidr_block": "172.30.128.0/19",
                            "id": "subnet-0471c241007856723",
                            "ipv6_cidr_block": "",
                            "ipv6_cidr_block_association_id": "",
                            "map_public_ip_on_launch": "false",
                            "owner_id": "866067750630",
                            "tags.%": "7",
                            "tags.AZ": "us-east-1a",
                            "tags.Applicatoin": "clouddrove",
                            "tags.CreatedBy": "terraform",
                            "tags.Environment": "test",
                            "tags.ManagedBy": "anmol@clouddrove.com",
                            "tags.Name": "public-test-uplift-us-east-1a",
                            "tags.kubernetes.io/cluster/test-eks-cluster": "shared",
                            "vpc_id": "vpc-01fd8be9d4df945d4"
                        },
                        "meta": {
                            "e2bfb730-ecaa-11e6-8f88-34363bc7c4c0": {
                                "create": 600000000000,
                                "delete": 1200000000000
                            },
                            "schema_version": "1"
                        },
                        "tainted": false
                    },
                    "deposed": [],
                    "provider": "provider.aws"
                },
                "aws_subnet.public.1": {
                    "type": "aws_subnet",
                    "depends_on": [
                        "local.public_count",
                        "module.lables"
                    ],
                    "primary": {
                        "id": "subnet-02f374a3480f16012",
                        "attributes": {
                            "arn": "arn:aws:ec2:us-east-1:866067750630:subnet/subnet-02f374a3480f16012",
                            "assign_ipv6_address_on_creation": "false",
                            "availability_zone": "us-east-1b",
                            "availability_zone_id": "use1-az6",
                            "cidr_block": "172.30.160.0/19",
                            "id": "subnet-02f374a3480f16012",
                            "ipv6_cidr_block": "",
                            "ipv6_cidr_block_association_id": "",
                            "map_public_ip_on_launch": "false",
                            "owner_id": "866067750630",
                            "tags.%": "7",
                            "tags.AZ": "us-east-1b",
                            "tags.Applicatoin": "clouddrove",
                            "tags.CreatedBy": "terraform",
                            "tags.Environment": "test",
                            "tags.ManagedBy": "anmol@clouddrove.com",
                            "tags.Name": "public-test-uplift-us-east-1b",
                            "tags.kubernetes.io/cluster/test-eks-cluster": "shared",
                            "vpc_id": "vpc-01fd8be9d4df945d4"
                        },
                        "meta": {
                            "e2bfb730-ecaa-11e6-8f88-34363bc7c4c0": {
                                "create": 600000000000,
                                "delete": 1200000000000
                            },
                            "schema_version": "1"
                        },
                        "tainted": false
                    },
                    "deposed": [],
                    "provider": "provider.aws"
                },
                "aws_subnet.public.2": {
                    "type": "aws_subnet",
                    "depends_on": [
                        "local.public_count",
                        "module.lables"
                    ],
                    "primary": {
                        "id": "subnet-0e818280ae9a9f40a",
                        "attributes": {
                            "arn": "arn:aws:ec2:us-east-1:866067750630:subnet/subnet-0e818280ae9a9f40a",
                            "assign_ipv6_address_on_creation": "false",
                            "availability_zone": "us-east-1c",
                            "availability_zone_id": "use1-az1",
                            "cidr_block": "172.30.192.0/19",
                            "id": "subnet-0e818280ae9a9f40a",
                            "ipv6_cidr_block": "",
                            "ipv6_cidr_block_association_id": "",
                            "map_public_ip_on_launch": "false",
                            "owner_id": "866067750630",
                            "tags.%": "7",
                            "tags.AZ": "us-east-1c",
                            "tags.Applicatoin": "clouddrove",
                            "tags.CreatedBy": "terraform",
                            "tags.Environment": "test",
                            "tags.ManagedBy": "anmol@clouddrove.com",
                            "tags.Name": "public-test-uplift-us-east-1c",
                            "tags.kubernetes.io/cluster/test-eks-cluster": "shared",
                            "vpc_id": "vpc-01fd8be9d4df945d4"
                        },
                        "meta": {
                            "e2bfb730-ecaa-11e6-8f88-34363bc7c4c0": {
                                "create": 600000000000,
                                "delete": 1200000000000
                            },
                            "schema_version": "1"
                        },
                        "tainted": false
                    },
                    "deposed": [],
                    "provider": "provider.aws"
                },
                "aws_subnet.public.3": {
                    "type": "aws_subnet",
                    "depends_on": [
                        "local.public_count",
                        "module.lables"
                    ],
                    "primary": {
                        "id": "subnet-08624e4a3940f19da",
                        "attributes": {
                            "arn": "arn:aws:ec2:us-east-1:866067750630:subnet/subnet-08624e4a3940f19da",
                            "assign_ipv6_address_on_creation": "false",
                            "availability_zone": "us-east-1d",
                            "availability_zone_id": "use1-az2",
                            "cidr_block": "172.30.224.0/19",
                            "id": "subnet-08624e4a3940f19da",
                            "ipv6_cidr_block": "",
                            "ipv6_cidr_block_association_id": "",
                            "map_public_ip_on_launch": "false",
                            "owner_id": "866067750630",
                            "tags.%": "7",
                            "tags.AZ": "us-east-1d",
                            "tags.Applicatoin": "clouddrove",
                            "tags.CreatedBy": "terraform",
                            "tags.Environment": "test",
                            "tags.ManagedBy": "anmol@clouddrove.com",
                            "tags.Name": "public-test-uplift-us-east-1d",
                            "tags.kubernetes.io/cluster/test-eks-cluster": "shared",
                            "vpc_id": "vpc-01fd8be9d4df945d4"
                        },
                        "meta": {
                            "e2bfb730-ecaa-11e6-8f88-34363bc7c4c0": {
                                "create": 600000000000,
                                "delete": 1200000000000
                            },
                            "schema_version": "1"
                        },
                        "tainted": false
                    },
                    "deposed": [],
                    "provider": "provider.aws"
                }
            },
            "depends_on": []
        },
        {
            "path": [
                "root",
                "subnets"
            ],
            "outputs": {
                "config_map_aws_auth": {
                    "sensitive": false,
                    "type": "string",
                    "value": "# The EKS service does not provide a cluster-level API parameter or resource to automatically configure the underlying Kubernetes cluster to allow worker nodes to join the cluster via AWS IAM role authentication.\n# This is a Kubernetes ConfigMap configuration for worker nodes to join the cluster\n# https://www.terraform.io/docs/providers/aws/guides/eks-getting-started.html#required-kubernetes-configuration-to-join-worker-nodes\n\napiVersion: v1\nkind: ConfigMap\nmetadata:\n  name: aws-auth\n  namespace: kube-system\ndata:\n  mapRoles: |\n    - rolearn: arn:aws:iam::866067750630:role/test-eks-workers\n      username: system:node:{{EC2PrivateDNSName}}\n      groups:\n        - system:bootstrappers\n        - system:nodes\n"
                },
                "eks_cluster_arn": {
                    "sensitive": false,
                    "type": "string",
                    "value": "arn:aws:eks:us-east-1:866067750630:cluster/test-eks-cluster"
                },
                "eks_cluster_certificate_authority_data": {
                    "sensitive": false,
                    "type": "string",
                    "value": "LS0tLS1CRUdJTiBDRVJUSUZJQ0FURS0tLS0tCk1JSUN5RENDQWJDZ0F3SUJBZ0lCQURBTkJna3Foa2lHOXcwQkFRc0ZBREFWTVJNd0VRWURWUVFERXdwcmRXSmwKY201bGRHVnpNQjRYRFRFNU1EWXlNREV6TkRBd05Wb1hEVEk1TURZeE56RXpOREF3TlZvd0ZURVRNQkVHQTFVRQpBeE1LYTNWaVpYSnVaWFJsY3pDQ0FTSXdEUVlKS29aSWh2Y05BUUVCQlFBRGdnRVBBRENDQVFvQ2dnRUJBTWdLCmZNVFJINGpGQ1NBK2pGVXpKWXM1QkVHZDNsS2hKeUc2elJGUWFCZUlSdnhzeEVXaTBKMlBHc3ZybDc5WnllYTIKcXJCckFteWdzQ0tJOFI2R2hwU0RLQjREMmlSQnZyaUdNQzNxOEJiMC8yQ2Y4WEhhajllL2ViZTNJNFgwVWVHTwpIWFpIMnIvUHNHdlM3QzZ5NHZnOWxXeVJwdU5UR1NHdkhZblFIdnIyd3djQ2oxb2cxNnpYQVF4aVhTVXJ2eVhGClQyVTdSRm1KQlJjNWJBb3UrbC9hWmhsZGNVaml4R2EvYm5kMHBRS3hFMmlZZ0pIWFp2MkFDR1NmNThMTGNTdVcKUXVONjdsR0R4d1ZNMU5DRDN2dDlvaXNUMThSMmIrL3l1ZkV1dkFnYjBSdVR1SUpNVU5yUzVIS1ZmMXo1MU15TgpPWnM0SmtSSnNRbjNwK3pkTkNNQ0F3RUFBYU1qTUNFd0RnWURWUjBQQVFIL0JBUURBZ0trTUE4R0ExVWRFd0VCCi93UUZNQU1CQWY4d0RRWUpLb1pJaHZjTkFRRUxCUUFEZ2dFQkFNSGlvemdILys4a2JlMW0rRDFSVGtLbmNFck4KaDBHbmJwSEZRRVVhOGRQeThsSFZ1U2w4ZG56SXc1NDBVeThoa1JnNWcwbFB5K0E4NW1zQS96WUVnMmlTcVZEOApMdHhBdnN6bHlkTGNsdERmREdONnJwcjQ5c3NkNitsaGlna3BTV3dPWUtVMmltSjFsbGJyOTkvTlJKT0lNV0NMCkh1VlpmTDNGK0NjUlJNaUdqbW52RXBJK3hRVXR5RGVjSS96OGZCQXdYQXhMenFSOFJrQVJtcUdFRENjb1E5NnMKK1pyNmJWUGs0ZlZCVWtoNFZNZHJqdEoxZ2MxUkduWEhkUEVtQ3U3aXJpQ2Fwdjl1aTFsRm9jY29vc1FBS3ZwYwowQS9vaTVuQ2hXTTRaWUw5bm5wTXE5QU5YdTRiRkQ1RHUvSkd6WlU2OU1YQjhZaTdBd202Uk00VVh6bz0KLS0tLS1FTkQgQ0VSVElGSUNBVEUtLS0tLQo="
                },
                "eks_cluster_endpoint": {
                    "sensitive": false,
                    "type": "string",
                    "value": "https://973FA06525B0EA81738007FBD6F5E41B.sk1.us-east-1.eks.amazonaws.com"
                },
                "eks_cluster_id": {
                    "sensitive": false,
                    "type": "string",
                    "value": "test-eks-cluster"
                },
                "eks_cluster_security_group_arn": {
                    "sensitive": false,
                    "type": "string",
                    "value": "arn:aws:ec2:us-east-1:866067750630:security-group/sg-0139bb0b30093a385"
                },
                "eks_cluster_security_group_id": {
                    "sensitive": false,
                    "type": "string",
                    "value": "sg-0139bb0b30093a385"
                },
                "eks_cluster_security_group_name": {
                    "sensitive": false,
                    "type": "string",
                    "value": "test-eks-cluster"
                },
                "eks_cluster_version": {
                    "sensitive": false,
                    "type": "string",
                    "value": "1.12"
                },
                "kubeconfig": {
                    "sensitive": false,
                    "type": "string",
                    "value": "apiVersion: v1\nkind: Config\npreferences: {}\n\nclusters:\n- cluster:\n    server: https://973FA06525B0EA81738007FBD6F5E41B.sk1.us-east-1.eks.amazonaws.com\n    certificate-authority-data: LS0tLS1CRUdJTiBDRVJUSUZJQ0FURS0tLS0tCk1JSUN5RENDQWJDZ0F3SUJBZ0lCQURBTkJna3Foa2lHOXcwQkFRc0ZBREFWTVJNd0VRWURWUVFERXdwcmRXSmwKY201bGRHVnpNQjRYRFRFNU1EWXlNREV6TkRBd05Wb1hEVEk1TURZeE56RXpOREF3TlZvd0ZURVRNQkVHQTFVRQpBeE1LYTNWaVpYSnVaWFJsY3pDQ0FTSXdEUVlKS29aSWh2Y05BUUVCQlFBRGdnRVBBRENDQVFvQ2dnRUJBTWdLCmZNVFJINGpGQ1NBK2pGVXpKWXM1QkVHZDNsS2hKeUc2elJGUWFCZUlSdnhzeEVXaTBKMlBHc3ZybDc5WnllYTIKcXJCckFteWdzQ0tJOFI2R2hwU0RLQjREMmlSQnZyaUdNQzNxOEJiMC8yQ2Y4WEhhajllL2ViZTNJNFgwVWVHTwpIWFpIMnIvUHNHdlM3QzZ5NHZnOWxXeVJwdU5UR1NHdkhZblFIdnIyd3djQ2oxb2cxNnpYQVF4aVhTVXJ2eVhGClQyVTdSRm1KQlJjNWJBb3UrbC9hWmhsZGNVaml4R2EvYm5kMHBRS3hFMmlZZ0pIWFp2MkFDR1NmNThMTGNTdVcKUXVONjdsR0R4d1ZNMU5DRDN2dDlvaXNUMThSMmIrL3l1ZkV1dkFnYjBSdVR1SUpNVU5yUzVIS1ZmMXo1MU15TgpPWnM0SmtSSnNRbjNwK3pkTkNNQ0F3RUFBYU1qTUNFd0RnWURWUjBQQVFIL0JBUURBZ0trTUE4R0ExVWRFd0VCCi93UUZNQU1CQWY4d0RRWUpLb1pJaHZjTkFRRUxCUUFEZ2dFQkFNSGlvemdILys4a2JlMW0rRDFSVGtLbmNFck4KaDBHbmJwSEZRRVVhOGRQeThsSFZ1U2w4ZG56SXc1NDBVeThoa1JnNWcwbFB5K0E4NW1zQS96WUVnMmlTcVZEOApMdHhBdnN6bHlkTGNsdERmREdONnJwcjQ5c3NkNitsaGlna3BTV3dPWUtVMmltSjFsbGJyOTkvTlJKT0lNV0NMCkh1VlpmTDNGK0NjUlJNaUdqbW52RXBJK3hRVXR5RGVjSS96OGZCQXdYQXhMenFSOFJrQVJtcUdFRENjb1E5NnMKK1pyNmJWUGs0ZlZCVWtoNFZNZHJqdEoxZ2MxUkduWEhkUEVtQ3U3aXJpQ2Fwdjl1aTFsRm9jY29vc1FBS3ZwYwowQS9vaTVuQ2hXTTRaWUw5bm5wTXE5QU5YdTRiRkQ1RHUvSkd6WlU2OU1YQjhZaTdBd202Uk00VVh6bz0KLS0tLS1FTkQgQ0VSVElGSUNBVEUtLS0tLQo=\n  name: test-eks-cluster\n\ncontexts:\n- context:\n    cluster: test-eks-cluster\n    user: test-eks-cluster\n  name: test-eks-cluster\n\ncurrent-context: test-eks-cluster\n\nusers:\n- name: test-eks-cluster\n  user:\n    exec:\n      apiVersion: client.authentication.k8s.io/v1alpha1\n      command: aws-iam-authenticator\n      args:\n        - \"token\"\n        - \"-i\"\n        - \"test-eks-cluster\"\n"
                },
                "workers_autoscaling_group_arn": {
                    "sensitive": false,
                    "type": "string",
                    "value": "arn:aws:autoscaling:us-east-1:866067750630:autoScalingGroup:bcc0cca6-264e-4c2f-a6e9-26c38b750e57:autoScalingGroupName/test-eks-20190620134240274300000008"
                },
                "workers_autoscaling_group_default_cooldown": {
                    "sensitive": false,
                    "type": "string",
                    "value": "300"
                },
                "workers_autoscaling_group_desired_capacity": {
                    "sensitive": false,
                    "type": "string",
                    "value": "1"
                },
                "workers_autoscaling_group_health_check_grace_period": {
                    "sensitive": false,
                    "type": "string",
                    "value": "300"
                },
                "workers_autoscaling_group_health_check_type": {
                    "sensitive": false,
                    "type": "string",
                    "value": "EC2"
                },
                "workers_autoscaling_group_id": {
                    "sensitive": false,
                    "type": "string",
                    "value": "test-eks-20190620134240274300000008"
                },
                "workers_autoscaling_group_max_size": {
                    "sensitive": false,
                    "type": "string",
                    "value": "1"
                },
                "workers_autoscaling_group_min_size": {
                    "sensitive": false,
                    "type": "string",
                    "value": "1"
                },
                "workers_autoscaling_group_name": {
                    "sensitive": false,
                    "type": "string",
                    "value": "test-eks-20190620134240274300000008"
                },
                "workers_launch_template_arn": {
                    "sensitive": false,
                    "type": "string",
                    "value": "arn:aws:ec2:us-east-1:866067750630:launch-template/lt-0e72c5cafcefdbb1b"
                },
                "workers_launch_template_id": {
                    "sensitive": false,
                    "type": "string",
                    "value": "lt-0e72c5cafcefdbb1b"
                },
                "workers_security_group_arn": {
                    "sensitive": false,
                    "type": "string",
                    "value": "arn:aws:ec2:us-east-1:866067750630:security-group/sg-0408b05234b28908f"
                },
                "workers_security_group_id": {
                    "sensitive": false,
                    "type": "string",
                    "value": "sg-0408b05234b28908f"
                },
                "workers_security_group_name": {
                    "sensitive": false,
                    "type": "string",
                    "value": "test-eks-workers"
                }
            },
            "resources": {
                "local_file.config_map_aws_auth": {
                    "type": "local_file",
                    "depends_on": [
                        "local.config_map_aws_auth_filename",
                        "module.eks_workers"
                    ],
                    "primary": {
                        "id": "f55f943ea2544ad0f3d2aeaf6f42e3a55c4b3d18",
                        "attributes": {
                            "content": "# The EKS service does not provide a cluster-level API parameter or resource to automatically configure the underlying Kubernetes cluster to allow worker nodes to join the cluster via AWS IAM role authentication.\n# This is a Kubernetes ConfigMap configuration for worker nodes to join the cluster\n# https://www.terraform.io/docs/providers/aws/guides/eks-getting-started.html#required-kubernetes-configuration-to-join-worker-nodes\n\napiVersion: v1\nkind: ConfigMap\nmetadata:\n  name: aws-auth\n  namespace: kube-system\ndata:\n  mapRoles: |\n    - rolearn: arn:aws:iam::866067750630:role/test-eks-workers\n      username: system:node:{{EC2PrivateDNSName}}\n      groups:\n        - system:bootstrappers\n        - system:nodes\n",
                            "filename": "/home/sohan/workspeace/terraform/terraform-aws-eks-cluster/examples/.terraform/modules/0b2d496771a0720f93c7fb88bbf010fa/config-map-aws-auth-test-eks-cluster.yaml",
                            "id": "f55f943ea2544ad0f3d2aeaf6f42e3a55c4b3d18"
                        },
                        "meta": {},
                        "tainted": false
                    },
                    "deposed": [],
                    "provider": "provider.local"
                },
                "local_file.kubeconfig": {
                    "type": "local_file",
                    "depends_on": [
                        "local.kubeconfig_filename",
                        "module.eks_cluster"
                    ],
                    "primary": {
                        "id": "b7f1028d1030fbf9ee4346158f573792c422ef32",
                        "attributes": {
                            "content": "apiVersion: v1\nkind: Config\npreferences: {}\n\nclusters:\n- cluster:\n    server: https://973FA06525B0EA81738007FBD6F5E41B.sk1.us-east-1.eks.amazonaws.com\n    certificate-authority-data: LS0tLS1CRUdJTiBDRVJUSUZJQ0FURS0tLS0tCk1JSUN5RENDQWJDZ0F3SUJBZ0lCQURBTkJna3Foa2lHOXcwQkFRc0ZBREFWTVJNd0VRWURWUVFERXdwcmRXSmwKY201bGRHVnpNQjRYRFRFNU1EWXlNREV6TkRBd05Wb1hEVEk1TURZeE56RXpOREF3TlZvd0ZURVRNQkVHQTFVRQpBeE1LYTNWaVpYSnVaWFJsY3pDQ0FTSXdEUVlKS29aSWh2Y05BUUVCQlFBRGdnRVBBRENDQVFvQ2dnRUJBTWdLCmZNVFJINGpGQ1NBK2pGVXpKWXM1QkVHZDNsS2hKeUc2elJGUWFCZUlSdnhzeEVXaTBKMlBHc3ZybDc5WnllYTIKcXJCckFteWdzQ0tJOFI2R2hwU0RLQjREMmlSQnZyaUdNQzNxOEJiMC8yQ2Y4WEhhajllL2ViZTNJNFgwVWVHTwpIWFpIMnIvUHNHdlM3QzZ5NHZnOWxXeVJwdU5UR1NHdkhZblFIdnIyd3djQ2oxb2cxNnpYQVF4aVhTVXJ2eVhGClQyVTdSRm1KQlJjNWJBb3UrbC9hWmhsZGNVaml4R2EvYm5kMHBRS3hFMmlZZ0pIWFp2MkFDR1NmNThMTGNTdVcKUXVONjdsR0R4d1ZNMU5DRDN2dDlvaXNUMThSMmIrL3l1ZkV1dkFnYjBSdVR1SUpNVU5yUzVIS1ZmMXo1MU15TgpPWnM0SmtSSnNRbjNwK3pkTkNNQ0F3RUFBYU1qTUNFd0RnWURWUjBQQVFIL0JBUURBZ0trTUE4R0ExVWRFd0VCCi93UUZNQU1CQWY4d0RRWUpLb1pJaHZjTkFRRUxCUUFEZ2dFQkFNSGlvemdILys4a2JlMW0rRDFSVGtLbmNFck4KaDBHbmJwSEZRRVVhOGRQeThsSFZ1U2w4ZG56SXc1NDBVeThoa1JnNWcwbFB5K0E4NW1zQS96WUVnMmlTcVZEOApMdHhBdnN6bHlkTGNsdERmREdONnJwcjQ5c3NkNitsaGlna3BTV3dPWUtVMmltSjFsbGJyOTkvTlJKT0lNV0NMCkh1VlpmTDNGK0NjUlJNaUdqbW52RXBJK3hRVXR5RGVjSS96OGZCQXdYQXhMenFSOFJrQVJtcUdFRENjb1E5NnMKK1pyNmJWUGs0ZlZCVWtoNFZNZHJqdEoxZ2MxUkduWEhkUEVtQ3U3aXJpQ2Fwdjl1aTFsRm9jY29vc1FBS3ZwYwowQS9vaTVuQ2hXTTRaWUw5bm5wTXE5QU5YdTRiRkQ1RHUvSkd6WlU2OU1YQjhZaTdBd202Uk00VVh6bz0KLS0tLS1FTkQgQ0VSVElGSUNBVEUtLS0tLQo=\n  name: test-eks-cluster\n\ncontexts:\n- context:\n    cluster: test-eks-cluster\n    user: test-eks-cluster\n  name: test-eks-cluster\n\ncurrent-context: test-eks-cluster\n\nusers:\n- name: test-eks-cluster\n  user:\n    exec:\n      apiVersion: client.authentication.k8s.io/v1alpha1\n      command: aws-iam-authenticator\n      args:\n        - \"token\"\n        - \"-i\"\n        - \"test-eks-cluster\"\n",
                            "filename": "/home/sohan/workspeace/terraform/terraform-aws-eks-cluster/examples/.terraform/modules/0b2d496771a0720f93c7fb88bbf010fa/kubeconfig-test-eks-cluster.yaml",
                            "id": "b7f1028d1030fbf9ee4346158f573792c422ef32"
                        },
                        "meta": {},
                        "tainted": false
                    },
                    "deposed": [],
                    "provider": "provider.local"
                },
                "null_resource.apply_config_map_aws_auth": {
                    "type": "null_resource",
                    "depends_on": [
                        "local.config_map_aws_auth_filename",
                        "local.kubeconfig_filename",
                        "module.eks_cluster",
                        "module.eks_workers"
                    ],
                    "primary": {
                        "id": "1094443215931965262",
                        "attributes": {
                            "id": "1094443215931965262",
                            "triggers.%": "2",
                            "triggers.config_map_aws_auth_rendered": "# The EKS service does not provide a cluster-level API parameter or resource to automatically configure the underlying Kubernetes cluster to allow worker nodes to join the cluster via AWS IAM role authentication.\n# This is a Kubernetes ConfigMap configuration for worker nodes to join the cluster\n# https://www.terraform.io/docs/providers/aws/guides/eks-getting-started.html#required-kubernetes-configuration-to-join-worker-nodes\n\napiVersion: v1\nkind: ConfigMap\nmetadata:\n  name: aws-auth\n  namespace: kube-system\ndata:\n  mapRoles: |\n    - rolearn: arn:aws:iam::866067750630:role/test-eks-workers\n      username: system:node:{{EC2PrivateDNSName}}\n      groups:\n        - system:bootstrappers\n        - system:nodes\n",
                            "triggers.kubeconfig_rendered": "apiVersion: v1\nkind: Config\npreferences: {}\n\nclusters:\n- cluster:\n    server: https://973FA06525B0EA81738007FBD6F5E41B.sk1.us-east-1.eks.amazonaws.com\n    certificate-authority-data: LS0tLS1CRUdJTiBDRVJUSUZJQ0FURS0tLS0tCk1JSUN5RENDQWJDZ0F3SUJBZ0lCQURBTkJna3Foa2lHOXcwQkFRc0ZBREFWTVJNd0VRWURWUVFERXdwcmRXSmwKY201bGRHVnpNQjRYRFRFNU1EWXlNREV6TkRBd05Wb1hEVEk1TURZeE56RXpOREF3TlZvd0ZURVRNQkVHQTFVRQpBeE1LYTNWaVpYSnVaWFJsY3pDQ0FTSXdEUVlKS29aSWh2Y05BUUVCQlFBRGdnRVBBRENDQVFvQ2dnRUJBTWdLCmZNVFJINGpGQ1NBK2pGVXpKWXM1QkVHZDNsS2hKeUc2elJGUWFCZUlSdnhzeEVXaTBKMlBHc3ZybDc5WnllYTIKcXJCckFteWdzQ0tJOFI2R2hwU0RLQjREMmlSQnZyaUdNQzNxOEJiMC8yQ2Y4WEhhajllL2ViZTNJNFgwVWVHTwpIWFpIMnIvUHNHdlM3QzZ5NHZnOWxXeVJwdU5UR1NHdkhZblFIdnIyd3djQ2oxb2cxNnpYQVF4aVhTVXJ2eVhGClQyVTdSRm1KQlJjNWJBb3UrbC9hWmhsZGNVaml4R2EvYm5kMHBRS3hFMmlZZ0pIWFp2MkFDR1NmNThMTGNTdVcKUXVONjdsR0R4d1ZNMU5DRDN2dDlvaXNUMThSMmIrL3l1ZkV1dkFnYjBSdVR1SUpNVU5yUzVIS1ZmMXo1MU15TgpPWnM0SmtSSnNRbjNwK3pkTkNNQ0F3RUFBYU1qTUNFd0RnWURWUjBQQVFIL0JBUURBZ0trTUE4R0ExVWRFd0VCCi93UUZNQU1CQWY4d0RRWUpLb1pJaHZjTkFRRUxCUUFEZ2dFQkFNSGlvemdILys4a2JlMW0rRDFSVGtLbmNFck4KaDBHbmJwSEZRRVVhOGRQeThsSFZ1U2w4ZG56SXc1NDBVeThoa1JnNWcwbFB5K0E4NW1zQS96WUVnMmlTcVZEOApMdHhBdnN6bHlkTGNsdERmREdONnJwcjQ5c3NkNitsaGlna3BTV3dPWUtVMmltSjFsbGJyOTkvTlJKT0lNV0NMCkh1VlpmTDNGK0NjUlJNaUdqbW52RXBJK3hRVXR5RGVjSS96OGZCQXdYQXhMenFSOFJrQVJtcUdFRENjb1E5NnMKK1pyNmJWUGs0ZlZCVWtoNFZNZHJqdEoxZ2MxUkduWEhkUEVtQ3U3aXJpQ2Fwdjl1aTFsRm9jY29vc1FBS3ZwYwowQS9vaTVuQ2hXTTRaWUw5bm5wTXE5QU5YdTRiRkQ1RHUvSkd6WlU2OU1YQjhZaTdBd202Uk00VVh6bz0KLS0tLS1FTkQgQ0VSVElGSUNBVEUtLS0tLQo=\n  name: test-eks-cluster\n\ncontexts:\n- context:\n    cluster: test-eks-cluster\n    user: test-eks-cluster\n  name: test-eks-cluster\n\ncurrent-context: test-eks-cluster\n\nusers:\n- name: test-eks-cluster\n  user:\n    exec:\n      apiVersion: client.authentication.k8s.io/v1alpha1\n      command: aws-iam-authenticator\n      args:\n        - \"token\"\n        - \"-i\"\n        - \"test-eks-cluster\"\n"
                        },
                        "meta": {},
                        "tainted": false
                    },
                    "deposed": [],
                    "provider": "provider.null"
                }
            },
            "depends_on": []
        },
        {
            "path": [
                "root",
                "vpc"
            ],
            "outputs": {
                "igw_id": {
                    "sensitive": false,
                    "type": "string",
                    "value": "igw-04ae543142f8a4407"
                },
                "ipv6_cidr_block": {
                    "sensitive": false,
                    "type": "list",
                    "value": [
                        "2600:1f18:271:2b00::/56"
                    ]
                },
                "vpc_cidr_block": {
                    "sensitive": false,
                    "type": "string",
                    "value": "172.30.0.0/16"
                },
                "vpc_default_network_acl_id": {
                    "sensitive": false,
                    "type": "list",
                    "value": [
                        "acl-0edbb831d5a12872f"
                    ]
                },
                "vpc_default_route_table_id": {
                    "sensitive": false,
                    "type": "list",
                    "value": [
                        "rtb-03a2d3e818d5ce20d"
                    ]
                },
                "vpc_default_security_group_id": {
                    "sensitive": false,
                    "type": "list",
                    "value": [
                        "sg-01f3bb67aeba37213"
                    ]
                },
                "vpc_id": {
                    "sensitive": false,
                    "type": "string",
                    "value": "vpc-01fd8be9d4df945d4"
                },
                "vpc_ipv6_association_id": {
                    "sensitive": false,
                    "type": "list",
                    "value": [
                        "vpc-cidr-assoc-0463230ee36798a94"
                    ]
                },
                "vpc_main_route_table_id": {
                    "sensitive": false,
                    "type": "list",
                    "value": [
                        "rtb-03a2d3e818d5ce20d"
                    ]
                }
            },
            "resources": {
                "aws_internet_gateway.default": {
                    "type": "aws_internet_gateway",
                    "depends_on": [
                        "aws_vpc.default",
                        "module.lables"
                    ],
                    "primary": {
                        "id": "igw-04ae543142f8a4407",
                        "attributes": {
                            "id": "igw-04ae543142f8a4407",
                            "owner_id": "866067750630",
                            "tags.%": "5",
                            "tags.Applicatoin": "uplift",
                            "tags.CreatedBy": "terraform",
                            "tags.Environment": "qa",
                            "tags.ManagedBy": "anmol@clouddrove.com",
                            "tags.Name": "qa-uplift",
                            "vpc_id": "vpc-01fd8be9d4df945d4"
                        },
                        "meta": {},
                        "tainted": false
                    },
                    "deposed": [],
                    "provider": "provider.aws"
                },
                "aws_vpc.default": {
                    "type": "aws_vpc",
                    "depends_on": [
                        "module.lables"
                    ],
                    "primary": {
                        "id": "vpc-01fd8be9d4df945d4",
                        "attributes": {
                            "arn": "arn:aws:ec2:us-east-1:866067750630:vpc/vpc-01fd8be9d4df945d4",
                            "assign_generated_ipv6_cidr_block": "true",
                            "cidr_block": "172.30.0.0/16",
                            "default_network_acl_id": "acl-0edbb831d5a12872f",
                            "default_route_table_id": "rtb-03a2d3e818d5ce20d",
                            "default_security_group_id": "sg-01f3bb67aeba37213",
                            "dhcp_options_id": "dopt-0f31b98d7cced07f2",
                            "enable_classiclink": "false",
                            "enable_classiclink_dns_support": "false",
                            "enable_dns_hostnames": "true",
                            "enable_dns_support": "true",
                            "id": "vpc-01fd8be9d4df945d4",
                            "instance_tenancy": "default",
                            "ipv6_association_id": "vpc-cidr-assoc-0463230ee36798a94",
                            "ipv6_cidr_block": "2600:1f18:271:2b00::/56",
                            "main_route_table_id": "rtb-03a2d3e818d5ce20d",
                            "owner_id": "866067750630",
                            "tags.%": "5",
                            "tags.Applicatoin": "uplift",
                            "tags.CreatedBy": "terraform",
                            "tags.Environment": "qa",
                            "tags.ManagedBy": "anmol@clouddrove.com",
                            "tags.Name": "qa-uplift"
                        },
                        "meta": {
                            "schema_version": "1"
                        },
                        "tainted": false
                    },
                    "deposed": [],
                    "provider": "provider.aws"
                }
            },
            "depends_on": []
        },
        {
            "path": [
                "root",
                "subnet",
                "lables"
            ],
            "outputs": {
                "application": {
                    "sensitive": false,
                    "type": "string",
                    "value": "clouddrove"
                },
                "attributes": {
                    "sensitive": false,
                    "type": "string",
                    "value": ""
                },
                "environment": {
                    "sensitive": false,
                    "type": "string",
                    "value": "test"
                },
                "id": {
                    "sensitive": false,
                    "type": "string",
                    "value": "test-uplift"
                },
                "name": {
                    "sensitive": false,
                    "type": "string",
                    "value": "uplift"
                },
                "tags": {
                    "sensitive": false,
                    "type": "map",
                    "value": {
                        "Applicatoin": "clouddrove",
                        "CreatedBy": "terraform",
                        "Environment": "test",
                        "ManagedBy": "anmol@clouddrove.com",
                        "Name": "test-uplift"
                    }
                }
            },
            "resources": {},
            "depends_on": []
        },
        {
            "path": [
                "root",
                "subnets",
                "cluster_label"
            ],
            "outputs": {
                "application": {
                    "sensitive": false,
                    "type": "string",
                    "value": "clouddrove"
                },
                "attributes": {
                    "sensitive": false,
                    "type": "string",
                    "value": "cluster"
                },
                "environment": {
                    "sensitive": false,
                    "type": "string",
                    "value": "test"
                },
                "id": {
                    "sensitive": false,
                    "type": "string",
                    "value": "test-eks-cluster"
                },
                "name": {
                    "sensitive": false,
                    "type": "string",
                    "value": "eks"
                },
                "tags": {
                    "sensitive": false,
                    "type": "map",
                    "value": {
                        "Applicatoin": "clouddrove",
                        "CreatedBy": "terraform",
                        "Environment": "test",
                        "ManagedBy": "anmol@clouddrove.com",
                        "Name": "test-eks-cluster"
                    }
                }
            },
            "resources": {},
            "depends_on": []
        },
        {
            "path": [
                "root",
                "subnets",
                "eks_cluster"
            ],
            "outputs": {
                "eks_cluster_arn": {
                    "sensitive": false,
                    "type": "string",
                    "value": "arn:aws:eks:us-east-1:866067750630:cluster/test-eks-cluster"
                },
                "eks_cluster_certificate_authority_data": {
                    "sensitive": false,
                    "type": "string",
                    "value": "LS0tLS1CRUdJTiBDRVJUSUZJQ0FURS0tLS0tCk1JSUN5RENDQWJDZ0F3SUJBZ0lCQURBTkJna3Foa2lHOXcwQkFRc0ZBREFWTVJNd0VRWURWUVFERXdwcmRXSmwKY201bGRHVnpNQjRYRFRFNU1EWXlNREV6TkRBd05Wb1hEVEk1TURZeE56RXpOREF3TlZvd0ZURVRNQkVHQTFVRQpBeE1LYTNWaVpYSnVaWFJsY3pDQ0FTSXdEUVlKS29aSWh2Y05BUUVCQlFBRGdnRVBBRENDQVFvQ2dnRUJBTWdLCmZNVFJINGpGQ1NBK2pGVXpKWXM1QkVHZDNsS2hKeUc2elJGUWFCZUlSdnhzeEVXaTBKMlBHc3ZybDc5WnllYTIKcXJCckFteWdzQ0tJOFI2R2hwU0RLQjREMmlSQnZyaUdNQzNxOEJiMC8yQ2Y4WEhhajllL2ViZTNJNFgwVWVHTwpIWFpIMnIvUHNHdlM3QzZ5NHZnOWxXeVJwdU5UR1NHdkhZblFIdnIyd3djQ2oxb2cxNnpYQVF4aVhTVXJ2eVhGClQyVTdSRm1KQlJjNWJBb3UrbC9hWmhsZGNVaml4R2EvYm5kMHBRS3hFMmlZZ0pIWFp2MkFDR1NmNThMTGNTdVcKUXVONjdsR0R4d1ZNMU5DRDN2dDlvaXNUMThSMmIrL3l1ZkV1dkFnYjBSdVR1SUpNVU5yUzVIS1ZmMXo1MU15TgpPWnM0SmtSSnNRbjNwK3pkTkNNQ0F3RUFBYU1qTUNFd0RnWURWUjBQQVFIL0JBUURBZ0trTUE4R0ExVWRFd0VCCi93UUZNQU1CQWY4d0RRWUpLb1pJaHZjTkFRRUxCUUFEZ2dFQkFNSGlvemdILys4a2JlMW0rRDFSVGtLbmNFck4KaDBHbmJwSEZRRVVhOGRQeThsSFZ1U2w4ZG56SXc1NDBVeThoa1JnNWcwbFB5K0E4NW1zQS96WUVnMmlTcVZEOApMdHhBdnN6bHlkTGNsdERmREdONnJwcjQ5c3NkNitsaGlna3BTV3dPWUtVMmltSjFsbGJyOTkvTlJKT0lNV0NMCkh1VlpmTDNGK0NjUlJNaUdqbW52RXBJK3hRVXR5RGVjSS96OGZCQXdYQXhMenFSOFJrQVJtcUdFRENjb1E5NnMKK1pyNmJWUGs0ZlZCVWtoNFZNZHJqdEoxZ2MxUkduWEhkUEVtQ3U3aXJpQ2Fwdjl1aTFsRm9jY29vc1FBS3ZwYwowQS9vaTVuQ2hXTTRaWUw5bm5wTXE5QU5YdTRiRkQ1RHUvSkd6WlU2OU1YQjhZaTdBd202Uk00VVh6bz0KLS0tLS1FTkQgQ0VSVElGSUNBVEUtLS0tLQo="
                },
                "eks_cluster_endpoint": {
                    "sensitive": false,
                    "type": "string",
                    "value": "https://973FA06525B0EA81738007FBD6F5E41B.sk1.us-east-1.eks.amazonaws.com"
                },
                "eks_cluster_id": {
                    "sensitive": false,
                    "type": "string",
                    "value": "test-eks-cluster"
                },
                "eks_cluster_version": {
                    "sensitive": false,
                    "type": "string",
                    "value": "1.12"
                },
                "kubeconfig": {
                    "sensitive": false,
                    "type": "string",
                    "value": "apiVersion: v1\nkind: Config\npreferences: {}\n\nclusters:\n- cluster:\n    server: https://973FA06525B0EA81738007FBD6F5E41B.sk1.us-east-1.eks.amazonaws.com\n    certificate-authority-data: LS0tLS1CRUdJTiBDRVJUSUZJQ0FURS0tLS0tCk1JSUN5RENDQWJDZ0F3SUJBZ0lCQURBTkJna3Foa2lHOXcwQkFRc0ZBREFWTVJNd0VRWURWUVFERXdwcmRXSmwKY201bGRHVnpNQjRYRFRFNU1EWXlNREV6TkRBd05Wb1hEVEk1TURZeE56RXpOREF3TlZvd0ZURVRNQkVHQTFVRQpBeE1LYTNWaVpYSnVaWFJsY3pDQ0FTSXdEUVlKS29aSWh2Y05BUUVCQlFBRGdnRVBBRENDQVFvQ2dnRUJBTWdLCmZNVFJINGpGQ1NBK2pGVXpKWXM1QkVHZDNsS2hKeUc2elJGUWFCZUlSdnhzeEVXaTBKMlBHc3ZybDc5WnllYTIKcXJCckFteWdzQ0tJOFI2R2hwU0RLQjREMmlSQnZyaUdNQzNxOEJiMC8yQ2Y4WEhhajllL2ViZTNJNFgwVWVHTwpIWFpIMnIvUHNHdlM3QzZ5NHZnOWxXeVJwdU5UR1NHdkhZblFIdnIyd3djQ2oxb2cxNnpYQVF4aVhTVXJ2eVhGClQyVTdSRm1KQlJjNWJBb3UrbC9hWmhsZGNVaml4R2EvYm5kMHBRS3hFMmlZZ0pIWFp2MkFDR1NmNThMTGNTdVcKUXVONjdsR0R4d1ZNMU5DRDN2dDlvaXNUMThSMmIrL3l1ZkV1dkFnYjBSdVR1SUpNVU5yUzVIS1ZmMXo1MU15TgpPWnM0SmtSSnNRbjNwK3pkTkNNQ0F3RUFBYU1qTUNFd0RnWURWUjBQQVFIL0JBUURBZ0trTUE4R0ExVWRFd0VCCi93UUZNQU1CQWY4d0RRWUpLb1pJaHZjTkFRRUxCUUFEZ2dFQkFNSGlvemdILys4a2JlMW0rRDFSVGtLbmNFck4KaDBHbmJwSEZRRVVhOGRQeThsSFZ1U2w4ZG56SXc1NDBVeThoa1JnNWcwbFB5K0E4NW1zQS96WUVnMmlTcVZEOApMdHhBdnN6bHlkTGNsdERmREdONnJwcjQ5c3NkNitsaGlna3BTV3dPWUtVMmltSjFsbGJyOTkvTlJKT0lNV0NMCkh1VlpmTDNGK0NjUlJNaUdqbW52RXBJK3hRVXR5RGVjSS96OGZCQXdYQXhMenFSOFJrQVJtcUdFRENjb1E5NnMKK1pyNmJWUGs0ZlZCVWtoNFZNZHJqdEoxZ2MxUkduWEhkUEVtQ3U3aXJpQ2Fwdjl1aTFsRm9jY29vc1FBS3ZwYwowQS9vaTVuQ2hXTTRaWUw5bm5wTXE5QU5YdTRiRkQ1RHUvSkd6WlU2OU1YQjhZaTdBd202Uk00VVh6bz0KLS0tLS1FTkQgQ0VSVElGSUNBVEUtLS0tLQo=\n  name: test-eks-cluster\n\ncontexts:\n- context:\n    cluster: test-eks-cluster\n    user: test-eks-cluster\n  name: test-eks-cluster\n\ncurrent-context: test-eks-cluster\n\nusers:\n- name: test-eks-cluster\n  user:\n    exec:\n      apiVersion: client.authentication.k8s.io/v1alpha1\n      command: aws-iam-authenticator\n      args:\n        - \"token\"\n        - \"-i\"\n        - \"test-eks-cluster\"\n"
                },
                "security_group_arn": {
                    "sensitive": false,
                    "type": "string",
                    "value": "arn:aws:ec2:us-east-1:866067750630:security-group/sg-0139bb0b30093a385"
                },
                "security_group_id": {
                    "sensitive": false,
                    "type": "string",
                    "value": "sg-0139bb0b30093a385"
                },
                "security_group_name": {
                    "sensitive": false,
                    "type": "string",
                    "value": "test-eks-cluster"
                }
            },
            "resources": {
                "aws_eks_cluster.default": {
                    "type": "aws_eks_cluster",
                    "depends_on": [
                        "aws_iam_role.default.*",
                        "aws_iam_role_policy_attachment.amazon_eks_cluster_policy",
                        "aws_iam_role_policy_attachment.amazon_eks_service_policy",
                        "aws_security_group.default.*",
                        "module.label"
                    ],
                    "primary": {
                        "id": "test-eks-cluster",
                        "attributes": {
                            "arn": "arn:aws:eks:us-east-1:866067750630:cluster/test-eks-cluster",
                            "certificate_authority.#": "1",
                            "certificate_authority.0.data": "LS0tLS1CRUdJTiBDRVJUSUZJQ0FURS0tLS0tCk1JSUN5RENDQWJDZ0F3SUJBZ0lCQURBTkJna3Foa2lHOXcwQkFRc0ZBREFWTVJNd0VRWURWUVFERXdwcmRXSmwKY201bGRHVnpNQjRYRFRFNU1EWXlNREV6TkRBd05Wb1hEVEk1TURZeE56RXpOREF3TlZvd0ZURVRNQkVHQTFVRQpBeE1LYTNWaVpYSnVaWFJsY3pDQ0FTSXdEUVlKS29aSWh2Y05BUUVCQlFBRGdnRVBBRENDQVFvQ2dnRUJBTWdLCmZNVFJINGpGQ1NBK2pGVXpKWXM1QkVHZDNsS2hKeUc2elJGUWFCZUlSdnhzeEVXaTBKMlBHc3ZybDc5WnllYTIKcXJCckFteWdzQ0tJOFI2R2hwU0RLQjREMmlSQnZyaUdNQzNxOEJiMC8yQ2Y4WEhhajllL2ViZTNJNFgwVWVHTwpIWFpIMnIvUHNHdlM3QzZ5NHZnOWxXeVJwdU5UR1NHdkhZblFIdnIyd3djQ2oxb2cxNnpYQVF4aVhTVXJ2eVhGClQyVTdSRm1KQlJjNWJBb3UrbC9hWmhsZGNVaml4R2EvYm5kMHBRS3hFMmlZZ0pIWFp2MkFDR1NmNThMTGNTdVcKUXVONjdsR0R4d1ZNMU5DRDN2dDlvaXNUMThSMmIrL3l1ZkV1dkFnYjBSdVR1SUpNVU5yUzVIS1ZmMXo1MU15TgpPWnM0SmtSSnNRbjNwK3pkTkNNQ0F3RUFBYU1qTUNFd0RnWURWUjBQQVFIL0JBUURBZ0trTUE4R0ExVWRFd0VCCi93UUZNQU1CQWY4d0RRWUpLb1pJaHZjTkFRRUxCUUFEZ2dFQkFNSGlvemdILys4a2JlMW0rRDFSVGtLbmNFck4KaDBHbmJwSEZRRVVhOGRQeThsSFZ1U2w4ZG56SXc1NDBVeThoa1JnNWcwbFB5K0E4NW1zQS96WUVnMmlTcVZEOApMdHhBdnN6bHlkTGNsdERmREdONnJwcjQ5c3NkNitsaGlna3BTV3dPWUtVMmltSjFsbGJyOTkvTlJKT0lNV0NMCkh1VlpmTDNGK0NjUlJNaUdqbW52RXBJK3hRVXR5RGVjSS96OGZCQXdYQXhMenFSOFJrQVJtcUdFRENjb1E5NnMKK1pyNmJWUGs0ZlZCVWtoNFZNZHJqdEoxZ2MxUkduWEhkUEVtQ3U3aXJpQ2Fwdjl1aTFsRm9jY29vc1FBS3ZwYwowQS9vaTVuQ2hXTTRaWUw5bm5wTXE5QU5YdTRiRkQ1RHUvSkd6WlU2OU1YQjhZaTdBd202Uk00VVh6bz0KLS0tLS1FTkQgQ0VSVElGSUNBVEUtLS0tLQo=",
                            "created_at": "2019-06-20 13:32:32 +0000 UTC",
                            "enabled_cluster_log_types.#": "0",
                            "endpoint": "https://973FA06525B0EA81738007FBD6F5E41B.sk1.us-east-1.eks.amazonaws.com",
                            "id": "test-eks-cluster",
                            "name": "test-eks-cluster",
                            "platform_version": "eks.2",
                            "role_arn": "arn:aws:iam::866067750630:role/test-eks-cluster",
                            "version": "1.12",
                            "vpc_config.#": "1",
                            "vpc_config.0.endpoint_private_access": "false",
                            "vpc_config.0.endpoint_public_access": "true",
                            "vpc_config.0.security_group_ids.#": "1",
                            "vpc_config.0.security_group_ids.2510477881": "sg-0139bb0b30093a385",
                            "vpc_config.0.subnet_ids.#": "4",
                            "vpc_config.0.subnet_ids.1964380042": "subnet-08624e4a3940f19da",
                            "vpc_config.0.subnet_ids.239457757": "subnet-02f374a3480f16012",
                            "vpc_config.0.subnet_ids.3543656721": "subnet-0471c241007856723",
                            "vpc_config.0.subnet_ids.660784943": "subnet-0e818280ae9a9f40a",
                            "vpc_config.0.vpc_id": "vpc-01fd8be9d4df945d4"
                        },
                        "meta": {
                            "e2bfb730-ecaa-11e6-8f88-34363bc7c4c0": {
                                "create": 1800000000000,
                                "delete": 900000000000,
                                "update": 3600000000000
                            }
                        },
                        "tainted": false
                    },
                    "deposed": [],
                    "provider": "module.subnets.provider.aws"
                },
                "aws_iam_role.default": {
                    "type": "aws_iam_role",
                    "depends_on": [
                        "data.aws_iam_policy_document.assume_role.*",
                        "module.label"
                    ],
                    "primary": {
                        "id": "test-eks-cluster",
                        "attributes": {
                            "arn": "arn:aws:iam::866067750630:role/test-eks-cluster",
                            "assume_role_policy": "{\"Version\":\"2012-10-17\",\"Statement\":[{\"Sid\":\"\",\"Effect\":\"Allow\",\"Principal\":{\"Service\":\"eks.amazonaws.com\"},\"Action\":\"sts:AssumeRole\"}]}",
                            "create_date": "2019-06-20T13:31:23Z",
                            "description": "",
                            "force_detach_policies": "false",
                            "id": "test-eks-cluster",
                            "max_session_duration": "3600",
                            "name": "test-eks-cluster",
                            "path": "/",
                            "tags.%": "0",
                            "unique_id": "AROA4TJNJD3TH4OYDKHVW"
                        },
                        "meta": {},
                        "tainted": false
                    },
                    "deposed": [],
                    "provider": "module.subnets.provider.aws"
                },
                "aws_iam_role_policy_attachment.amazon_eks_cluster_policy": {
                    "type": "aws_iam_role_policy_attachment",
                    "depends_on": [
                        "aws_iam_role.default"
                    ],
                    "primary": {
                        "id": "test-eks-cluster-20190620133127675200000001",
                        "attributes": {
                            "id": "test-eks-cluster-20190620133127675200000001",
                            "policy_arn": "arn:aws:iam::aws:policy/AmazonEKSClusterPolicy",
                            "role": "test-eks-cluster"
                        },
                        "meta": {},
                        "tainted": false
                    },
                    "deposed": [],
                    "provider": "module.subnets.provider.aws"
                },
                "aws_iam_role_policy_attachment.amazon_eks_service_policy": {
                    "type": "aws_iam_role_policy_attachment",
                    "depends_on": [
                        "aws_iam_role.default.*"
                    ],
                    "primary": {
                        "id": "test-eks-cluster-20190620133127703200000002",
                        "attributes": {
                            "id": "test-eks-cluster-20190620133127703200000002",
                            "policy_arn": "arn:aws:iam::aws:policy/AmazonEKSServicePolicy",
                            "role": "test-eks-cluster"
                        },
                        "meta": {},
                        "tainted": false
                    },
                    "deposed": [],
                    "provider": "module.subnets.provider.aws"
                },
                "aws_security_group.default": {
                    "type": "aws_security_group",
                    "depends_on": [
                        "module.label"
                    ],
                    "primary": {
                        "id": "sg-0139bb0b30093a385",
                        "attributes": {
                            "arn": "arn:aws:ec2:us-east-1:866067750630:security-group/sg-0139bb0b30093a385",
                            "description": "Security Group for EKS cluster",
                            "egress.#": "1",
                            "egress.1983140573.cidr_blocks.#": "1",
                            "egress.1983140573.cidr_blocks.0": "0.0.0.0/0",
                            "egress.1983140573.description": "Allow all egress traffic",
                            "egress.1983140573.from_port": "0",
                            "egress.1983140573.ipv6_cidr_blocks.#": "0",
                            "egress.1983140573.prefix_list_ids.#": "0",
                            "egress.1983140573.protocol": "-1",
                            "egress.1983140573.security_groups.#": "0",
                            "egress.1983140573.self": "false",
                            "egress.1983140573.to_port": "0",
                            "id": "sg-0139bb0b30093a385",
                            "ingress.#": "1",
                            "ingress.1253746054.cidr_blocks.#": "0",
                            "ingress.1253746054.description": "Allow the cluster to receive communication from the worker nodes",
                            "ingress.1253746054.from_port": "0",
                            "ingress.1253746054.ipv6_cidr_blocks.#": "0",
                            "ingress.1253746054.prefix_list_ids.#": "0",
                            "ingress.1253746054.protocol": "-1",
                            "ingress.1253746054.security_groups.#": "1",
                            "ingress.1253746054.security_groups.794353081": "sg-0408b05234b28908f",
                            "ingress.1253746054.self": "false",
                            "ingress.1253746054.to_port": "0",
                            "name": "test-eks-cluster",
                            "owner_id": "866067750630",
                            "revoke_rules_on_delete": "false",
                            "tags.%": "5",
                            "tags.Applicatoin": "clouddrove",
                            "tags.CreatedBy": "terraform",
                            "tags.Environment": "test",
                            "tags.ManagedBy": "anmol@clouddrove.com",
                            "tags.Name": "test-eks-cluster",
                            "vpc_id": "vpc-01fd8be9d4df945d4"
                        },
                        "meta": {
                            "e2bfb730-ecaa-11e6-8f88-34363bc7c4c0": {
                                "create": 600000000000,
                                "delete": 600000000000
                            },
                            "schema_version": "1"
                        },
                        "tainted": false
                    },
                    "deposed": [],
                    "provider": "module.subnets.provider.aws"
                },
                "aws_security_group_rule.egress": {
                    "type": "aws_security_group_rule",
                    "depends_on": [
                        "aws_security_group.default.*"
                    ],
                    "primary": {
                        "id": "sgrule-2704860027",
                        "attributes": {
                            "cidr_blocks.#": "1",
                            "cidr_blocks.0": "0.0.0.0/0",
                            "description": "Allow all egress traffic",
                            "from_port": "0",
                            "id": "sgrule-2704860027",
                            "ipv6_cidr_blocks.#": "0",
                            "prefix_list_ids.#": "0",
                            "protocol": "-1",
                            "security_group_id": "sg-0139bb0b30093a385",
                            "self": "false",
                            "to_port": "0",
                            "type": "egress"
                        },
                        "meta": {
                            "schema_version": "2"
                        },
                        "tainted": false
                    },
                    "deposed": [],
                    "provider": "module.subnets.provider.aws"
                },
                "aws_security_group_rule.ingress_workers": {
                    "type": "aws_security_group_rule",
                    "depends_on": [
                        "aws_security_group.default.*"
                    ],
                    "primary": {
                        "id": "sgrule-2751122735",
                        "attributes": {
                            "cidr_blocks.#": "0",
                            "description": "Allow the cluster to receive communication from the worker nodes",
                            "from_port": "0",
                            "id": "sgrule-2751122735",
                            "ipv6_cidr_blocks.#": "0",
                            "prefix_list_ids.#": "0",
                            "protocol": "-1",
                            "security_group_id": "sg-0139bb0b30093a385",
                            "self": "false",
                            "source_security_group_id": "sg-0408b05234b28908f",
                            "to_port": "0",
                            "type": "ingress"
                        },
                        "meta": {
                            "schema_version": "2"
                        },
                        "tainted": false
                    },
                    "deposed": [],
                    "provider": "module.subnets.provider.aws"
                },
                "data.aws_iam_policy_document.assume_role": {
                    "type": "aws_iam_policy_document",
                    "depends_on": [],
                    "primary": {
                        "id": "189502314",
                        "attributes": {
                            "id": "189502314",
                            "json": "{\n  \"Version\": \"2012-10-17\",\n  \"Statement\": [\n    {\n      \"Sid\": \"\",\n      \"Effect\": \"Allow\",\n      \"Action\": \"sts:AssumeRole\",\n      \"Principal\": {\n        \"Service\": \"eks.amazonaws.com\"\n      }\n    }\n  ]\n}",
                            "statement.#": "1",
                            "statement.0.actions.#": "1",
                            "statement.0.actions.2528466339": "sts:AssumeRole",
                            "statement.0.condition.#": "0",
                            "statement.0.effect": "Allow",
                            "statement.0.not_actions.#": "0",
                            "statement.0.not_principals.#": "0",
                            "statement.0.not_resources.#": "0",
                            "statement.0.principals.#": "1",
                            "statement.0.principals.2705940588.identifiers.#": "1",
                            "statement.0.principals.2705940588.identifiers.3220076542": "eks.amazonaws.com",
                            "statement.0.principals.2705940588.type": "Service",
                            "statement.0.resources.#": "0",
                            "statement.0.sid": "",
                            "version": "2012-10-17"
                        },
                        "meta": {},
                        "tainted": false
                    },
                    "deposed": [],
                    "provider": "module.subnets.provider.aws"
                },
                "data.template_file.kubeconfig": {
                    "type": "template_file",
                    "depends_on": [
                        "aws_eks_cluster.default.*",
                        "local.certificate_authority_data",
                        "module.label"
                    ],
                    "primary": {
                        "id": "bbe627e15b59e31cc89331c01472214b3b0126edbe6971372d32d52d02a13f04",
                        "attributes": {
                            "id": "bbe627e15b59e31cc89331c01472214b3b0126edbe6971372d32d52d02a13f04",
                            "rendered": "apiVersion: v1\nkind: Config\npreferences: {}\n\nclusters:\n- cluster:\n    server: https://973FA06525B0EA81738007FBD6F5E41B.sk1.us-east-1.eks.amazonaws.com\n    certificate-authority-data: LS0tLS1CRUdJTiBDRVJUSUZJQ0FURS0tLS0tCk1JSUN5RENDQWJDZ0F3SUJBZ0lCQURBTkJna3Foa2lHOXcwQkFRc0ZBREFWTVJNd0VRWURWUVFERXdwcmRXSmwKY201bGRHVnpNQjRYRFRFNU1EWXlNREV6TkRBd05Wb1hEVEk1TURZeE56RXpOREF3TlZvd0ZURVRNQkVHQTFVRQpBeE1LYTNWaVpYSnVaWFJsY3pDQ0FTSXdEUVlKS29aSWh2Y05BUUVCQlFBRGdnRVBBRENDQVFvQ2dnRUJBTWdLCmZNVFJINGpGQ1NBK2pGVXpKWXM1QkVHZDNsS2hKeUc2elJGUWFCZUlSdnhzeEVXaTBKMlBHc3ZybDc5WnllYTIKcXJCckFteWdzQ0tJOFI2R2hwU0RLQjREMmlSQnZyaUdNQzNxOEJiMC8yQ2Y4WEhhajllL2ViZTNJNFgwVWVHTwpIWFpIMnIvUHNHdlM3QzZ5NHZnOWxXeVJwdU5UR1NHdkhZblFIdnIyd3djQ2oxb2cxNnpYQVF4aVhTVXJ2eVhGClQyVTdSRm1KQlJjNWJBb3UrbC9hWmhsZGNVaml4R2EvYm5kMHBRS3hFMmlZZ0pIWFp2MkFDR1NmNThMTGNTdVcKUXVONjdsR0R4d1ZNMU5DRDN2dDlvaXNUMThSMmIrL3l1ZkV1dkFnYjBSdVR1SUpNVU5yUzVIS1ZmMXo1MU15TgpPWnM0SmtSSnNRbjNwK3pkTkNNQ0F3RUFBYU1qTUNFd0RnWURWUjBQQVFIL0JBUURBZ0trTUE4R0ExVWRFd0VCCi93UUZNQU1CQWY4d0RRWUpLb1pJaHZjTkFRRUxCUUFEZ2dFQkFNSGlvemdILys4a2JlMW0rRDFSVGtLbmNFck4KaDBHbmJwSEZRRVVhOGRQeThsSFZ1U2w4ZG56SXc1NDBVeThoa1JnNWcwbFB5K0E4NW1zQS96WUVnMmlTcVZEOApMdHhBdnN6bHlkTGNsdERmREdONnJwcjQ5c3NkNitsaGlna3BTV3dPWUtVMmltSjFsbGJyOTkvTlJKT0lNV0NMCkh1VlpmTDNGK0NjUlJNaUdqbW52RXBJK3hRVXR5RGVjSS96OGZCQXdYQXhMenFSOFJrQVJtcUdFRENjb1E5NnMKK1pyNmJWUGs0ZlZCVWtoNFZNZHJqdEoxZ2MxUkduWEhkUEVtQ3U3aXJpQ2Fwdjl1aTFsRm9jY29vc1FBS3ZwYwowQS9vaTVuQ2hXTTRaWUw5bm5wTXE5QU5YdTRiRkQ1RHUvSkd6WlU2OU1YQjhZaTdBd202Uk00VVh6bz0KLS0tLS1FTkQgQ0VSVElGSUNBVEUtLS0tLQo=\n  name: test-eks-cluster\n\ncontexts:\n- context:\n    cluster: test-eks-cluster\n    user: test-eks-cluster\n  name: test-eks-cluster\n\ncurrent-context: test-eks-cluster\n\nusers:\n- name: test-eks-cluster\n  user:\n    exec:\n      apiVersion: client.authentication.k8s.io/v1alpha1\n      command: aws-iam-authenticator\n      args:\n        - \"token\"\n        - \"-i\"\n        - \"test-eks-cluster\"\n",
                            "template": "apiVersion: v1\nkind: Config\npreferences: {}\n\nclusters:\n- cluster:\n    server: ${server}\n    certificate-authority-data: ${certificate_authority_data}\n  name: ${cluster_name}\n\ncontexts:\n- context:\n    cluster: ${cluster_name}\n    user: ${cluster_name}\n  name: ${cluster_name}\n\ncurrent-context: ${cluster_name}\n\nusers:\n- name: ${cluster_name}\n  user:\n    exec:\n      apiVersion: client.authentication.k8s.io/v1alpha1\n      command: aws-iam-authenticator\n      args:\n        - \"token\"\n        - \"-i\"\n        - \"${cluster_name}\"\n",
                            "vars.%": "3",
                            "vars.certificate_authority_data": "LS0tLS1CRUdJTiBDRVJUSUZJQ0FURS0tLS0tCk1JSUN5RENDQWJDZ0F3SUJBZ0lCQURBTkJna3Foa2lHOXcwQkFRc0ZBREFWTVJNd0VRWURWUVFERXdwcmRXSmwKY201bGRHVnpNQjRYRFRFNU1EWXlNREV6TkRBd05Wb1hEVEk1TURZeE56RXpOREF3TlZvd0ZURVRNQkVHQTFVRQpBeE1LYTNWaVpYSnVaWFJsY3pDQ0FTSXdEUVlKS29aSWh2Y05BUUVCQlFBRGdnRVBBRENDQVFvQ2dnRUJBTWdLCmZNVFJINGpGQ1NBK2pGVXpKWXM1QkVHZDNsS2hKeUc2elJGUWFCZUlSdnhzeEVXaTBKMlBHc3ZybDc5WnllYTIKcXJCckFteWdzQ0tJOFI2R2hwU0RLQjREMmlSQnZyaUdNQzNxOEJiMC8yQ2Y4WEhhajllL2ViZTNJNFgwVWVHTwpIWFpIMnIvUHNHdlM3QzZ5NHZnOWxXeVJwdU5UR1NHdkhZblFIdnIyd3djQ2oxb2cxNnpYQVF4aVhTVXJ2eVhGClQyVTdSRm1KQlJjNWJBb3UrbC9hWmhsZGNVaml4R2EvYm5kMHBRS3hFMmlZZ0pIWFp2MkFDR1NmNThMTGNTdVcKUXVONjdsR0R4d1ZNMU5DRDN2dDlvaXNUMThSMmIrL3l1ZkV1dkFnYjBSdVR1SUpNVU5yUzVIS1ZmMXo1MU15TgpPWnM0SmtSSnNRbjNwK3pkTkNNQ0F3RUFBYU1qTUNFd0RnWURWUjBQQVFIL0JBUURBZ0trTUE4R0ExVWRFd0VCCi93UUZNQU1CQWY4d0RRWUpLb1pJaHZjTkFRRUxCUUFEZ2dFQkFNSGlvemdILys4a2JlMW0rRDFSVGtLbmNFck4KaDBHbmJwSEZRRVVhOGRQeThsSFZ1U2w4ZG56SXc1NDBVeThoa1JnNWcwbFB5K0E4NW1zQS96WUVnMmlTcVZEOApMdHhBdnN6bHlkTGNsdERmREdONnJwcjQ5c3NkNitsaGlna3BTV3dPWUtVMmltSjFsbGJyOTkvTlJKT0lNV0NMCkh1VlpmTDNGK0NjUlJNaUdqbW52RXBJK3hRVXR5RGVjSS96OGZCQXdYQXhMenFSOFJrQVJtcUdFRENjb1E5NnMKK1pyNmJWUGs0ZlZCVWtoNFZNZHJqdEoxZ2MxUkduWEhkUEVtQ3U3aXJpQ2Fwdjl1aTFsRm9jY29vc1FBS3ZwYwowQS9vaTVuQ2hXTTRaWUw5bm5wTXE5QU5YdTRiRkQ1RHUvSkd6WlU2OU1YQjhZaTdBd202Uk00VVh6bz0KLS0tLS1FTkQgQ0VSVElGSUNBVEUtLS0tLQo=",
                            "vars.cluster_name": "test-eks-cluster",
                            "vars.server": "https://973FA06525B0EA81738007FBD6F5E41B.sk1.us-east-1.eks.amazonaws.com"
                        },
                        "meta": {},
                        "tainted": false
                    },
                    "deposed": [],
                    "provider": "provider.template"
                }
            },
            "depends_on": []
        },
        {
            "path": [
                "root",
                "subnets",
                "eks_workers"
            ],
            "outputs": {
                "autoscaling_group_arn": {
                    "sensitive": false,
                    "type": "string",
                    "value": "arn:aws:autoscaling:us-east-1:866067750630:autoScalingGroup:bcc0cca6-264e-4c2f-a6e9-26c38b750e57:autoScalingGroupName/test-eks-20190620134240274300000008"
                },
                "autoscaling_group_default_cooldown": {
                    "sensitive": false,
                    "type": "string",
                    "value": "300"
                },
                "autoscaling_group_desired_capacity": {
                    "sensitive": false,
                    "type": "string",
                    "value": "1"
                },
                "autoscaling_group_health_check_grace_period": {
                    "sensitive": false,
                    "type": "string",
                    "value": "300"
                },
                "autoscaling_group_health_check_type": {
                    "sensitive": false,
                    "type": "string",
                    "value": "EC2"
                },
                "autoscaling_group_id": {
                    "sensitive": false,
                    "type": "string",
                    "value": "test-eks-20190620134240274300000008"
                },
                "autoscaling_group_max_size": {
                    "sensitive": false,
                    "type": "string",
                    "value": "1"
                },
                "autoscaling_group_min_size": {
                    "sensitive": false,
                    "type": "string",
                    "value": "1"
                },
                "autoscaling_group_name": {
                    "sensitive": false,
                    "type": "string",
                    "value": "test-eks-20190620134240274300000008"
                },
                "config_map_aws_auth": {
                    "sensitive": false,
                    "type": "string",
                    "value": "# The EKS service does not provide a cluster-level API parameter or resource to automatically configure the underlying Kubernetes cluster to allow worker nodes to join the cluster via AWS IAM role authentication.\n# This is a Kubernetes ConfigMap configuration for worker nodes to join the cluster\n# https://www.terraform.io/docs/providers/aws/guides/eks-getting-started.html#required-kubernetes-configuration-to-join-worker-nodes\n\napiVersion: v1\nkind: ConfigMap\nmetadata:\n  name: aws-auth\n  namespace: kube-system\ndata:\n  mapRoles: |\n    - rolearn: arn:aws:iam::866067750630:role/test-eks-workers\n      username: system:node:{{EC2PrivateDNSName}}\n      groups:\n        - system:bootstrappers\n        - system:nodes\n"
                },
                "launch_template_arn": {
                    "sensitive": false,
                    "type": "string",
                    "value": "arn:aws:ec2:us-east-1:866067750630:launch-template/lt-0e72c5cafcefdbb1b"
                },
                "launch_template_id": {
                    "sensitive": false,
                    "type": "string",
                    "value": "lt-0e72c5cafcefdbb1b"
                },
                "security_group_arn": {
                    "sensitive": false,
                    "type": "string",
                    "value": "arn:aws:ec2:us-east-1:866067750630:security-group/sg-0408b05234b28908f"
                },
                "security_group_id": {
                    "sensitive": false,
                    "type": "string",
                    "value": "sg-0408b05234b28908f"
                },
                "security_group_name": {
                    "sensitive": false,
                    "type": "string",
                    "value": "test-eks-workers"
                },
                "worker_role_arn": {
                    "sensitive": false,
                    "type": "string",
                    "value": "arn:aws:iam::866067750630:role/test-eks-workers"
                },
                "worker_role_name": {
                    "sensitive": false,
                    "type": "string",
                    "value": "test-eks-workers"
                }
            },
            "resources": {
                "aws_iam_instance_profile.default": {
                    "type": "aws_iam_instance_profile",
                    "depends_on": [
                        "aws_iam_role.default.*",
                        "local.use_existing_instance_profile",
                        "module.label"
                    ],
                    "primary": {
                        "id": "test-eks-workers",
                        "attributes": {
                            "arn": "arn:aws:iam::866067750630:instance-profile/test-eks-workers",
                            "create_date": "2019-06-20T13:31:27Z",
                            "id": "test-eks-workers",
                            "name": "test-eks-workers",
                            "path": "/",
                            "role": "test-eks-workers",
                            "roles.#": "1",
                            "roles.2047933165": "test-eks-workers",
                            "unique_id": "AIPA4TJNJD3TCGZDKJRUL"
                        },
                        "meta": {},
                        "tainted": false
                    },
                    "deposed": [],
                    "provider": "module.subnets.provider.aws"
                },
                "aws_iam_role.default": {
                    "type": "aws_iam_role",
                    "depends_on": [
                        "data.aws_iam_policy_document.assume_role.*",
                        "local.use_existing_instance_profile",
                        "module.label"
                    ],
                    "primary": {
                        "id": "test-eks-workers",
                        "attributes": {
                            "arn": "arn:aws:iam::866067750630:role/test-eks-workers",
                            "assume_role_policy": "{\"Version\":\"2012-10-17\",\"Statement\":[{\"Sid\":\"\",\"Effect\":\"Allow\",\"Principal\":{\"Service\":\"ec2.amazonaws.com\"},\"Action\":\"sts:AssumeRole\"}]}",
                            "create_date": "2019-06-20T13:31:23Z",
                            "description": "",
                            "force_detach_policies": "false",
                            "id": "test-eks-workers",
                            "max_session_duration": "3600",
                            "name": "test-eks-workers",
                            "path": "/",
                            "tags.%": "0",
                            "unique_id": "AROA4TJNJD3TOGQHG4C2G"
                        },
                        "meta": {},
                        "tainted": false
                    },
                    "deposed": [],
                    "provider": "module.subnets.provider.aws"
                },
                "aws_iam_role_policy_attachment.amazon_ec2_container_registry_read_only": {
                    "type": "aws_iam_role_policy_attachment",
                    "depends_on": [
                        "aws_iam_role.default.*",
                        "local.use_existing_instance_profile"
                    ],
                    "primary": {
                        "id": "test-eks-workers-20190620133127731400000003",
                        "attributes": {
                            "id": "test-eks-workers-20190620133127731400000003",
                            "policy_arn": "arn:aws:iam::aws:policy/AmazonEC2ContainerRegistryReadOnly",
                            "role": "test-eks-workers"
                        },
                        "meta": {},
                        "tainted": false
                    },
                    "deposed": [],
                    "provider": "module.subnets.provider.aws"
                },
                "aws_iam_role_policy_attachment.amazon_eks_cni_policy": {
                    "type": "aws_iam_role_policy_attachment",
                    "depends_on": [
                        "aws_iam_role.default.*",
                        "local.use_existing_instance_profile"
                    ],
                    "primary": {
                        "id": "test-eks-workers-20190620133127755200000004",
                        "attributes": {
                            "id": "test-eks-workers-20190620133127755200000004",
                            "policy_arn": "arn:aws:iam::aws:policy/AmazonEKS_CNI_Policy",
                            "role": "test-eks-workers"
                        },
                        "meta": {},
                        "tainted": false
                    },
                    "deposed": [],
                    "provider": "module.subnets.provider.aws"
                },
                "aws_iam_role_policy_attachment.amazon_eks_worker_node_policy": {
                    "type": "aws_iam_role_policy_attachment",
                    "depends_on": [
                        "aws_iam_role.default.*",
                        "local.use_existing_instance_profile"
                    ],
                    "primary": {
                        "id": "test-eks-workers-20190620133127963400000005",
                        "attributes": {
                            "id": "test-eks-workers-20190620133127963400000005",
                            "policy_arn": "arn:aws:iam::aws:policy/AmazonEKSWorkerNodePolicy",
                            "role": "test-eks-workers"
                        },
                        "meta": {},
                        "tainted": false
                    },
                    "deposed": [],
                    "provider": "module.subnets.provider.aws"
                },
                "aws_security_group.default": {
                    "type": "aws_security_group",
                    "depends_on": [
                        "module.label"
                    ],
                    "primary": {
                        "id": "sg-0408b05234b28908f",
                        "attributes": {
                            "arn": "arn:aws:ec2:us-east-1:866067750630:security-group/sg-0408b05234b28908f",
                            "description": "Security Group for EKS worker nodes",
                            "egress.#": "1",
                            "egress.1983140573.cidr_blocks.#": "1",
                            "egress.1983140573.cidr_blocks.0": "0.0.0.0/0",
                            "egress.1983140573.description": "Allow all egress traffic",
                            "egress.1983140573.from_port": "0",
                            "egress.1983140573.ipv6_cidr_blocks.#": "0",
                            "egress.1983140573.prefix_list_ids.#": "0",
                            "egress.1983140573.protocol": "-1",
                            "egress.1983140573.security_groups.#": "0",
                            "egress.1983140573.self": "false",
                            "egress.1983140573.to_port": "0",
                            "id": "sg-0408b05234b28908f",
                            "ingress.#": "2",
                            "ingress.2006783030.cidr_blocks.#": "0",
                            "ingress.2006783030.description": "Allow worker kubelets and pods to receive communication from the cluster control plane",
                            "ingress.2006783030.from_port": "0",
                            "ingress.2006783030.ipv6_cidr_blocks.#": "0",
                            "ingress.2006783030.prefix_list_ids.#": "0",
                            "ingress.2006783030.protocol": "-1",
                            "ingress.2006783030.security_groups.#": "1",
                            "ingress.2006783030.security_groups.318426069": "sg-0139bb0b30093a385",
                            "ingress.2006783030.self": "false",
                            "ingress.2006783030.to_port": "0",
                            "ingress.3295039988.cidr_blocks.#": "0",
                            "ingress.3295039988.description": "Allow nodes to communicate with each other",
                            "ingress.3295039988.from_port": "0",
                            "ingress.3295039988.ipv6_cidr_blocks.#": "0",
                            "ingress.3295039988.prefix_list_ids.#": "0",
                            "ingress.3295039988.protocol": "-1",
                            "ingress.3295039988.security_groups.#": "0",
                            "ingress.3295039988.self": "true",
                            "ingress.3295039988.to_port": "0",
                            "name": "test-eks-workers",
                            "owner_id": "866067750630",
                            "revoke_rules_on_delete": "false",
                            "tags.%": "6",
                            "tags.Applicatoin": "clouddrove",
                            "tags.CreatedBy": "terraform",
                            "tags.Environment": "test",
                            "tags.ManagedBy": "anmol@clouddrove.com",
                            "tags.Name": "test-eks-workers",
                            "tags.kubernetes.io/cluster/test-eks-cluster": "shared",
                            "vpc_id": "vpc-01fd8be9d4df945d4"
                        },
                        "meta": {
                            "e2bfb730-ecaa-11e6-8f88-34363bc7c4c0": {
                                "create": 600000000000,
                                "delete": 600000000000
                            },
                            "schema_version": "1"
                        },
                        "tainted": false
                    },
                    "deposed": [],
                    "provider": "module.subnets.provider.aws"
                },
                "aws_security_group_rule.egress": {
                    "type": "aws_security_group_rule",
                    "depends_on": [
                        "aws_security_group.default.*"
                    ],
                    "primary": {
                        "id": "sgrule-3650106137",
                        "attributes": {
                            "cidr_blocks.#": "1",
                            "cidr_blocks.0": "0.0.0.0/0",
                            "description": "Allow all egress traffic",
                            "from_port": "0",
                            "id": "sgrule-3650106137",
                            "ipv6_cidr_blocks.#": "0",
                            "prefix_list_ids.#": "0",
                            "protocol": "-1",
                            "security_group_id": "sg-0408b05234b28908f",
                            "self": "false",
                            "to_port": "0",
                            "type": "egress"
                        },
                        "meta": {
                            "schema_version": "2"
                        },
                        "tainted": false
                    },
                    "deposed": [],
                    "provider": "module.subnets.provider.aws"
                },
                "aws_security_group_rule.ingress_cluster": {
                    "type": "aws_security_group_rule",
                    "depends_on": [
                        "aws_security_group.default.*"
                    ],
                    "primary": {
                        "id": "sgrule-39167471",
                        "attributes": {
                            "cidr_blocks.#": "0",
                            "description": "Allow worker kubelets and pods to receive communication from the cluster control plane",
                            "from_port": "0",
                            "id": "sgrule-39167471",
                            "ipv6_cidr_blocks.#": "0",
                            "prefix_list_ids.#": "0",
                            "protocol": "-1",
                            "security_group_id": "sg-0408b05234b28908f",
                            "self": "false",
                            "source_security_group_id": "sg-0139bb0b30093a385",
                            "to_port": "0",
                            "type": "ingress"
                        },
                        "meta": {
                            "schema_version": "2"
                        },
                        "tainted": false
                    },
                    "deposed": [],
                    "provider": "module.subnets.provider.aws"
                },
                "aws_security_group_rule.ingress_self": {
                    "type": "aws_security_group_rule",
                    "depends_on": [
                        "aws_security_group.default.*"
                    ],
                    "primary": {
                        "id": "sgrule-1070139831",
                        "attributes": {
                            "cidr_blocks.#": "0",
                            "description": "Allow nodes to communicate with each other",
                            "from_port": "0",
                            "id": "sgrule-1070139831",
                            "ipv6_cidr_blocks.#": "0",
                            "prefix_list_ids.#": "0",
                            "protocol": "-1",
                            "security_group_id": "sg-0408b05234b28908f",
                            "self": "false",
                            "source_security_group_id": "sg-0408b05234b28908f",
                            "to_port": "0",
                            "type": "ingress"
                        },
                        "meta": {
                            "schema_version": "2"
                        },
                        "tainted": false
                    },
                    "deposed": [],
                    "provider": "module.subnets.provider.aws"
                },
                "data.aws_iam_policy_document.assume_role": {
                    "type": "aws_iam_policy_document",
                    "depends_on": [
                        "local.use_existing_instance_profile"
                    ],
                    "primary": {
                        "id": "1903849331",
                        "attributes": {
                            "id": "1903849331",
                            "json": "{\n  \"Version\": \"2012-10-17\",\n  \"Statement\": [\n    {\n      \"Sid\": \"\",\n      \"Effect\": \"Allow\",\n      \"Action\": \"sts:AssumeRole\",\n      \"Principal\": {\n        \"Service\": \"ec2.amazonaws.com\"\n      }\n    }\n  ]\n}",
                            "statement.#": "1",
                            "statement.0.actions.#": "1",
                            "statement.0.actions.2528466339": "sts:AssumeRole",
                            "statement.0.condition.#": "0",
                            "statement.0.effect": "Allow",
                            "statement.0.not_actions.#": "0",
                            "statement.0.not_principals.#": "0",
                            "statement.0.not_resources.#": "0",
                            "statement.0.principals.#": "1",
                            "statement.0.principals.1134724139.identifiers.#": "1",
                            "statement.0.principals.1134724139.identifiers.3655884555": "ec2.amazonaws.com",
                            "statement.0.principals.1134724139.type": "Service",
                            "statement.0.resources.#": "0",
                            "statement.0.sid": "",
                            "version": "2012-10-17"
                        },
                        "meta": {},
                        "tainted": false
                    },
                    "deposed": [],
                    "provider": "module.subnets.provider.aws"
                },
                "data.template_file.config_map_aws_auth": {
                    "type": "template_file",
                    "depends_on": [
                        "aws_iam_role.default.*",
                        "data.aws_iam_instance_profile.default.*",
                        "local.use_existing_instance_profile"
                    ],
                    "primary": {
                        "id": "fb7c8d38c8d26397fc31135ca3e8084038f13f10ef141e57ddcea86af17ea832",
                        "attributes": {
                            "id": "fb7c8d38c8d26397fc31135ca3e8084038f13f10ef141e57ddcea86af17ea832",
                            "rendered": "# The EKS service does not provide a cluster-level API parameter or resource to automatically configure the underlying Kubernetes cluster to allow worker nodes to join the cluster via AWS IAM role authentication.\n# This is a Kubernetes ConfigMap configuration for worker nodes to join the cluster\n# https://www.terraform.io/docs/providers/aws/guides/eks-getting-started.html#required-kubernetes-configuration-to-join-worker-nodes\n\napiVersion: v1\nkind: ConfigMap\nmetadata:\n  name: aws-auth\n  namespace: kube-system\ndata:\n  mapRoles: |\n    - rolearn: arn:aws:iam::866067750630:role/test-eks-workers\n      username: system:node:{{EC2PrivateDNSName}}\n      groups:\n        - system:bootstrappers\n        - system:nodes\n",
                            "template": "# The EKS service does not provide a cluster-level API parameter or resource to automatically configure the underlying Kubernetes cluster to allow worker nodes to join the cluster via AWS IAM role authentication.\n# This is a Kubernetes ConfigMap configuration for worker nodes to join the cluster\n# https://www.terraform.io/docs/providers/aws/guides/eks-getting-started.html#required-kubernetes-configuration-to-join-worker-nodes\n\napiVersion: v1\nkind: ConfigMap\nmetadata:\n  name: aws-auth\n  namespace: kube-system\ndata:\n  mapRoles: |\n    - rolearn: ${aws_iam_role_arn}\n      username: system:node:{{EC2PrivateDNSName}}\n      groups:\n        - system:bootstrappers\n        - system:nodes\n",
                            "vars.%": "1",
                            "vars.aws_iam_role_arn": "arn:aws:iam::866067750630:role/test-eks-workers"
                        },
                        "meta": {},
                        "tainted": false
                    },
                    "deposed": [],
                    "provider": "provider.template"
                },
                "data.template_file.userdata": {
                    "type": "template_file",
                    "depends_on": [],
                    "primary": {
                        "id": "bbcbe949a95bd91d543dd8a78afcfa3e3a969d44fcdf7a3bf1d61906d3523037",
                        "attributes": {
                            "id": "bbcbe949a95bd91d543dd8a78afcfa3e3a969d44fcdf7a3bf1d61906d3523037",
                            "rendered": "#!/bin/bash\n\n# userdata for EKS worker nodes to properly configure Kubernetes applications on EC2 instances\n# https://docs.aws.amazon.com/eks/latest/userguide/launch-workers.html\n\n/etc/eks/bootstrap.sh --apiserver-endpoint 'https://973FA06525B0EA81738007FBD6F5E41B.sk1.us-east-1.eks.amazonaws.com' --b64-cluster-ca 'LS0tLS1CRUdJTiBDRVJUSUZJQ0FURS0tLS0tCk1JSUN5RENDQWJDZ0F3SUJBZ0lCQURBTkJna3Foa2lHOXcwQkFRc0ZBREFWTVJNd0VRWURWUVFERXdwcmRXSmwKY201bGRHVnpNQjRYRFRFNU1EWXlNREV6TkRBd05Wb1hEVEk1TURZeE56RXpOREF3TlZvd0ZURVRNQkVHQTFVRQpBeE1LYTNWaVpYSnVaWFJsY3pDQ0FTSXdEUVlKS29aSWh2Y05BUUVCQlFBRGdnRVBBRENDQVFvQ2dnRUJBTWdLCmZNVFJINGpGQ1NBK2pGVXpKWXM1QkVHZDNsS2hKeUc2elJGUWFCZUlSdnhzeEVXaTBKMlBHc3ZybDc5WnllYTIKcXJCckFteWdzQ0tJOFI2R2hwU0RLQjREMmlSQnZyaUdNQzNxOEJiMC8yQ2Y4WEhhajllL2ViZTNJNFgwVWVHTwpIWFpIMnIvUHNHdlM3QzZ5NHZnOWxXeVJwdU5UR1NHdkhZblFIdnIyd3djQ2oxb2cxNnpYQVF4aVhTVXJ2eVhGClQyVTdSRm1KQlJjNWJBb3UrbC9hWmhsZGNVaml4R2EvYm5kMHBRS3hFMmlZZ0pIWFp2MkFDR1NmNThMTGNTdVcKUXVONjdsR0R4d1ZNMU5DRDN2dDlvaXNUMThSMmIrL3l1ZkV1dkFnYjBSdVR1SUpNVU5yUzVIS1ZmMXo1MU15TgpPWnM0SmtSSnNRbjNwK3pkTkNNQ0F3RUFBYU1qTUNFd0RnWURWUjBQQVFIL0JBUURBZ0trTUE4R0ExVWRFd0VCCi93UUZNQU1CQWY4d0RRWUpLb1pJaHZjTkFRRUxCUUFEZ2dFQkFNSGlvemdILys4a2JlMW0rRDFSVGtLbmNFck4KaDBHbmJwSEZRRVVhOGRQeThsSFZ1U2w4ZG56SXc1NDBVeThoa1JnNWcwbFB5K0E4NW1zQS96WUVnMmlTcVZEOApMdHhBdnN6bHlkTGNsdERmREdONnJwcjQ5c3NkNitsaGlna3BTV3dPWUtVMmltSjFsbGJyOTkvTlJKT0lNV0NMCkh1VlpmTDNGK0NjUlJNaUdqbW52RXBJK3hRVXR5RGVjSS96OGZCQXdYQXhMenFSOFJrQVJtcUdFRENjb1E5NnMKK1pyNmJWUGs0ZlZCVWtoNFZNZHJqdEoxZ2MxUkduWEhkUEVtQ3U3aXJpQ2Fwdjl1aTFsRm9jY29vc1FBS3ZwYwowQS9vaTVuQ2hXTTRaWUw5bm5wTXE5QU5YdTRiRkQ1RHUvSkd6WlU2OU1YQjhZaTdBd202Uk00VVh6bz0KLS0tLS1FTkQgQ0VSVElGSUNBVEUtLS0tLQo='  'test-eks-cluster'\n",
                            "template": "#!/bin/bash\n\n# userdata for EKS worker nodes to properly configure Kubernetes applications on EC2 instances\n# https://docs.aws.amazon.com/eks/latest/userguide/launch-workers.html\n\n/etc/eks/bootstrap.sh --apiserver-endpoint '${cluster_endpoint}' --b64-cluster-ca '${certificate_authority_data}' ${bootstrap_extra_args} '${cluster_name}'\n",
                            "vars.%": "4",
                            "vars.bootstrap_extra_args": "",
                            "vars.certificate_authority_data": "LS0tLS1CRUdJTiBDRVJUSUZJQ0FURS0tLS0tCk1JSUN5RENDQWJDZ0F3SUJBZ0lCQURBTkJna3Foa2lHOXcwQkFRc0ZBREFWTVJNd0VRWURWUVFERXdwcmRXSmwKY201bGRHVnpNQjRYRFRFNU1EWXlNREV6TkRBd05Wb1hEVEk1TURZeE56RXpOREF3TlZvd0ZURVRNQkVHQTFVRQpBeE1LYTNWaVpYSnVaWFJsY3pDQ0FTSXdEUVlKS29aSWh2Y05BUUVCQlFBRGdnRVBBRENDQVFvQ2dnRUJBTWdLCmZNVFJINGpGQ1NBK2pGVXpKWXM1QkVHZDNsS2hKeUc2elJGUWFCZUlSdnhzeEVXaTBKMlBHc3ZybDc5WnllYTIKcXJCckFteWdzQ0tJOFI2R2hwU0RLQjREMmlSQnZyaUdNQzNxOEJiMC8yQ2Y4WEhhajllL2ViZTNJNFgwVWVHTwpIWFpIMnIvUHNHdlM3QzZ5NHZnOWxXeVJwdU5UR1NHdkhZblFIdnIyd3djQ2oxb2cxNnpYQVF4aVhTVXJ2eVhGClQyVTdSRm1KQlJjNWJBb3UrbC9hWmhsZGNVaml4R2EvYm5kMHBRS3hFMmlZZ0pIWFp2MkFDR1NmNThMTGNTdVcKUXVONjdsR0R4d1ZNMU5DRDN2dDlvaXNUMThSMmIrL3l1ZkV1dkFnYjBSdVR1SUpNVU5yUzVIS1ZmMXo1MU15TgpPWnM0SmtSSnNRbjNwK3pkTkNNQ0F3RUFBYU1qTUNFd0RnWURWUjBQQVFIL0JBUURBZ0trTUE4R0ExVWRFd0VCCi93UUZNQU1CQWY4d0RRWUpLb1pJaHZjTkFRRUxCUUFEZ2dFQkFNSGlvemdILys4a2JlMW0rRDFSVGtLbmNFck4KaDBHbmJwSEZRRVVhOGRQeThsSFZ1U2w4ZG56SXc1NDBVeThoa1JnNWcwbFB5K0E4NW1zQS96WUVnMmlTcVZEOApMdHhBdnN6bHlkTGNsdERmREdONnJwcjQ5c3NkNitsaGlna3BTV3dPWUtVMmltSjFsbGJyOTkvTlJKT0lNV0NMCkh1VlpmTDNGK0NjUlJNaUdqbW52RXBJK3hRVXR5RGVjSS96OGZCQXdYQXhMenFSOFJrQVJtcUdFRENjb1E5NnMKK1pyNmJWUGs0ZlZCVWtoNFZNZHJqdEoxZ2MxUkduWEhkUEVtQ3U3aXJpQ2Fwdjl1aTFsRm9jY29vc1FBS3ZwYwowQS9vaTVuQ2hXTTRaWUw5bm5wTXE5QU5YdTRiRkQ1RHUvSkd6WlU2OU1YQjhZaTdBd202Uk00VVh6bz0KLS0tLS1FTkQgQ0VSVElGSUNBVEUtLS0tLQo=",
                            "vars.cluster_endpoint": "https://973FA06525B0EA81738007FBD6F5E41B.sk1.us-east-1.eks.amazonaws.com",
                            "vars.cluster_name": "test-eks-cluster"
                        },
                        "meta": {},
                        "tainted": false
                    },
                    "deposed": [],
                    "provider": "provider.template"
                }
            },
            "depends_on": []
        },
        {
            "path": [
                "root",
                "subnets",
                "label"
            ],
            "outputs": {
                "application": {
                    "sensitive": false,
                    "type": "string",
                    "value": "clouddrove"
                },
                "attributes": {
                    "sensitive": false,
                    "type": "string",
                    "value": ""
                },
                "environment": {
                    "sensitive": false,
                    "type": "string",
                    "value": "test"
                },
                "id": {
                    "sensitive": false,
                    "type": "string",
                    "value": "test-eks"
                },
                "name": {
                    "sensitive": false,
                    "type": "string",
                    "value": "eks"
                },
                "tags": {
                    "sensitive": false,
                    "type": "map",
                    "value": {
                        "Applicatoin": "clouddrove",
                        "CreatedBy": "terraform",
                        "Environment": "test",
                        "ManagedBy": "anmol@clouddrove.com",
                        "Name": "test-eks"
                    }
                }
            },
            "resources": {},
            "depends_on": []
        },
        {
            "path": [
                "root",
                "vpc",
                "lables"
            ],
            "outputs": {
                "application": {
                    "sensitive": false,
                    "type": "string",
                    "value": "uplift"
                },
                "attributes": {
                    "sensitive": false,
                    "type": "string",
                    "value": ""
                },
                "environment": {
                    "sensitive": false,
                    "type": "string",
                    "value": "qa"
                },
                "id": {
                    "sensitive": false,
                    "type": "string",
                    "value": "qa-uplift"
                },
                "name": {
                    "sensitive": false,
                    "type": "string",
                    "value": "uplift"
                },
                "tags": {
                    "sensitive": false,
                    "type": "map",
                    "value": {
                        "Applicatoin": "uplift",
                        "CreatedBy": "terraform",
                        "Environment": "qa",
                        "ManagedBy": "anmol@clouddrove.com",
                        "Name": "qa-uplift"
                    }
                }
            },
            "resources": {},
            "depends_on": []
        },
        {
            "path": [
                "root",
                "subnets",
                "eks_cluster",
                "label"
            ],
            "outputs": {
                "application": {
                    "sensitive": false,
                    "type": "string",
                    "value": "clouddrove"
                },
                "attributes": {
                    "sensitive": false,
                    "type": "string",
                    "value": "cluster"
                },
                "environment": {
                    "sensitive": false,
                    "type": "string",
                    "value": "test"
                },
                "id": {
                    "sensitive": false,
                    "type": "string",
                    "value": "test-eks-cluster"
                },
                "name": {
                    "sensitive": false,
                    "type": "string",
                    "value": "eks"
                },
                "tags": {
                    "sensitive": false,
                    "type": "map",
                    "value": {
                        "Applicatoin": "clouddrove",
                        "CreatedBy": "terraform",
                        "Environment": "test",
                        "ManagedBy": "anmol@clouddrove.com",
                        "Name": "test-eks-cluster"
                    }
                }
            },
            "resources": {},
            "depends_on": []
        },
        {
            "path": [
                "root",
                "subnets",
                "eks_workers",
                "autoscale_group"
            ],
            "outputs": {
                "autoscaling_group_arn": {
                    "sensitive": false,
                    "type": "string",
                    "value": "arn:aws:autoscaling:us-east-1:866067750630:autoScalingGroup:bcc0cca6-264e-4c2f-a6e9-26c38b750e57:autoScalingGroupName/test-eks-20190620134240274300000008"
                },
                "autoscaling_group_default_cooldown": {
                    "sensitive": false,
                    "type": "string",
                    "value": "300"
                },
                "autoscaling_group_desired_capacity": {
                    "sensitive": false,
                    "type": "string",
                    "value": "1"
                },
                "autoscaling_group_health_check_grace_period": {
                    "sensitive": false,
                    "type": "string",
                    "value": "300"
                },
                "autoscaling_group_health_check_type": {
                    "sensitive": false,
                    "type": "string",
                    "value": "EC2"
                },
                "autoscaling_group_id": {
                    "sensitive": false,
                    "type": "string",
                    "value": "test-eks-20190620134240274300000008"
                },
                "autoscaling_group_max_size": {
                    "sensitive": false,
                    "type": "string",
                    "value": "1"
                },
                "autoscaling_group_min_size": {
                    "sensitive": false,
                    "type": "string",
                    "value": "1"
                },
                "autoscaling_group_name": {
                    "sensitive": false,
                    "type": "string",
                    "value": "test-eks-20190620134240274300000008"
                },
                "launch_template_arn": {
                    "sensitive": false,
                    "type": "string",
                    "value": "arn:aws:ec2:us-east-1:866067750630:launch-template/lt-0e72c5cafcefdbb1b"
                },
                "launch_template_id": {
                    "sensitive": false,
                    "type": "string",
                    "value": "lt-0e72c5cafcefdbb1b"
                }
            },
            "resources": {
                "aws_autoscaling_group.default": {
                    "type": "aws_autoscaling_group",
                    "depends_on": [
                        "aws_launch_template.default",
                        "aws_launch_template.default.*",
                        "data.null_data_source.tags_as_list_of_maps.*",
                        "module.label"
                    ],
                    "primary": {
                        "id": "test-eks-20190620134240274300000008",
                        "attributes": {
                            "arn": "arn:aws:autoscaling:us-east-1:866067750630:autoScalingGroup:bcc0cca6-264e-4c2f-a6e9-26c38b750e57:autoScalingGroupName/test-eks-20190620134240274300000008",
                            "availability_zones.#": "4",
                            "availability_zones.1305112097": "us-east-1b",
                            "availability_zones.2762590996": "us-east-1d",
                            "availability_zones.3569565595": "us-east-1a",
                            "availability_zones.986537655": "us-east-1c",
                            "default_cooldown": "300",
                            "desired_capacity": "1",
                            "enabled_metrics.#": "8",
                            "enabled_metrics.119681000": "GroupStandbyInstances",
                            "enabled_metrics.1940933563": "GroupTotalInstances",
                            "enabled_metrics.308948767": "GroupPendingInstances",
                            "enabled_metrics.3267518000": "GroupTerminatingInstances",
                            "enabled_metrics.3394537085": "GroupDesiredCapacity",
                            "enabled_metrics.3551801763": "GroupInServiceInstances",
                            "enabled_metrics.4118539418": "GroupMinSize",
                            "enabled_metrics.4136111317": "GroupMaxSize",
                            "force_delete": "false",
                            "health_check_grace_period": "300",
                            "health_check_type": "EC2",
                            "id": "test-eks-20190620134240274300000008",
                            "launch_configuration": "",
                            "launch_template.#": "1",
                            "launch_template.0.id": "lt-0e72c5cafcefdbb1b",
                            "launch_template.0.name": "test-eks-20190620134230725000000006",
                            "launch_template.0.version": "1",
                            "load_balancers.#": "0",
                            "max_size": "1",
                            "metrics_granularity": "1Minute",
                            "min_elb_capacity": "0",
                            "min_size": "1",
                            "mixed_instances_policy.#": "0",
                            "name": "test-eks-20190620134240274300000008",
                            "name_prefix": "test-eks-",
                            "placement_group": "",
                            "protect_from_scale_in": "false",
                            "service_linked_role_arn": "arn:aws:iam::866067750630:role/aws-service-role/autoscaling.amazonaws.com/AWSServiceRoleForAutoScaling",
                            "suspended_processes.#": "0",
                            "tags.#": "6",
                            "tags.0.%": "3",
                            "tags.0.key": "Applicatoin",
                            "tags.0.propagate_at_launch": "1",
                            "tags.0.value": "clouddrove",
                            "tags.1.%": "3",
                            "tags.1.key": "CreatedBy",
                            "tags.1.propagate_at_launch": "1",
                            "tags.1.value": "terraform",
                            "tags.2.%": "3",
                            "tags.2.key": "Environment",
                            "tags.2.propagate_at_launch": "1",
                            "tags.2.value": "test",
                            "tags.3.%": "3",
                            "tags.3.key": "ManagedBy",
                            "tags.3.propagate_at_launch": "1",
                            "tags.3.value": "anmol@clouddrove.com",
                            "tags.4.%": "3",
                            "tags.4.key": "Name",
                            "tags.4.propagate_at_launch": "1",
                            "tags.4.value": "test-eks-workers",
                            "tags.5.%": "3",
                            "tags.5.key": "kubernetes.io/cluster/test-eks-cluster",
                            "tags.5.propagate_at_launch": "1",
                            "tags.5.value": "shared",
                            "target_group_arns.#": "0",
                            "termination_policies.#": "1",
                            "termination_policies.0": "Default",
                            "vpc_zone_identifier.#": "4",
                            "vpc_zone_identifier.1877800300": "subnet-0e818280ae9a9f40a",
                            "vpc_zone_identifier.1942382303": "subnet-08624e4a3940f19da",
                            "vpc_zone_identifier.2436341525": "subnet-02f374a3480f16012",
                            "vpc_zone_identifier.4000815738": "subnet-0471c241007856723",
                            "wait_for_capacity_timeout": "15m",
                            "wait_for_elb_capacity": "0"
                        },
                        "meta": {
                            "e2bfb730-ecaa-11e6-8f88-34363bc7c4c0": {
                                "delete": 600000000000
                            }
                        },
                        "tainted": false
                    },
                    "deposed": [],
                    "provider": "module.subnets.provider.aws"
                },
                "aws_autoscaling_policy.scale_down": {
                    "type": "aws_autoscaling_policy",
                    "depends_on": [
                        "aws_autoscaling_group.default.*",
                        "local.autoscaling_enabled",
                        "module.label"
                    ],
                    "primary": {
                        "id": "test-eks-scale-down",
                        "attributes": {
                            "adjustment_type": "ChangeInCapacity",
                            "arn": "arn:aws:autoscaling:us-east-1:866067750630:scalingPolicy:9ba251a8-3ff5-4505-9785-2fbddf24d87c:autoScalingGroupName/test-eks-20190620134240274300000008:policyName/test-eks-scale-down",
                            "autoscaling_group_name": "test-eks-20190620134240274300000008",
                            "cooldown": "300",
                            "estimated_instance_warmup": "0",
                            "id": "test-eks-scale-down",
                            "metric_aggregation_type": "",
                            "name": "test-eks-scale-down",
                            "policy_type": "SimpleScaling",
                            "scaling_adjustment": "-1",
                            "step_adjustment.#": "0",
                            "target_tracking_configuration.#": "0"
                        },
                        "meta": {},
                        "tainted": false
                    },
                    "deposed": [],
                    "provider": "module.subnets.provider.aws"
                },
                "aws_autoscaling_policy.scale_up": {
                    "type": "aws_autoscaling_policy",
                    "depends_on": [
                        "aws_autoscaling_group.default.*",
                        "local.autoscaling_enabled",
                        "module.label"
                    ],
                    "primary": {
                        "id": "test-eks-scale-up",
                        "attributes": {
                            "adjustment_type": "ChangeInCapacity",
                            "arn": "arn:aws:autoscaling:us-east-1:866067750630:scalingPolicy:d4b9e2ed-1bf5-4061-af85-3530b72fd817:autoScalingGroupName/test-eks-20190620134240274300000008:policyName/test-eks-scale-up",
                            "autoscaling_group_name": "test-eks-20190620134240274300000008",
                            "cooldown": "300",
                            "estimated_instance_warmup": "0",
                            "id": "test-eks-scale-up",
                            "metric_aggregation_type": "",
                            "name": "test-eks-scale-up",
                            "policy_type": "SimpleScaling",
                            "scaling_adjustment": "1",
                            "step_adjustment.#": "0",
                            "target_tracking_configuration.#": "0"
                        },
                        "meta": {},
                        "tainted": false
                    },
                    "deposed": [],
                    "provider": "module.subnets.provider.aws"
                },
                "aws_cloudwatch_metric_alarm.cpu_high": {
                    "type": "aws_cloudwatch_metric_alarm",
                    "depends_on": [
                        "aws_autoscaling_group.default.*",
                        "aws_autoscaling_policy.scale_up.*",
                        "local.autoscaling_enabled",
                        "module.label"
                    ],
                    "primary": {
                        "id": "test-eks-cpu-utilization-high",
                        "attributes": {
                            "actions_enabled": "true",
                            "alarm_actions.#": "1",
                            "alarm_actions.3936769529": "arn:aws:autoscaling:us-east-1:866067750630:scalingPolicy:d4b9e2ed-1bf5-4061-af85-3530b72fd817:autoScalingGroupName/test-eks-20190620134240274300000008:policyName/test-eks-scale-up",
                            "alarm_description": "Scale up if CPU utilization is above 80 for 300 seconds",
                            "alarm_name": "test-eks-cpu-utilization-high",
                            "arn": "arn:aws:cloudwatch:us-east-1:866067750630:alarm:test-eks-cpu-utilization-high",
                            "comparison_operator": "GreaterThanOrEqualToThreshold",
                            "datapoints_to_alarm": "0",
                            "dimensions.%": "1",
                            "dimensions.AutoScalingGroupName": "test-eks-20190620134240274300000008",
                            "evaluate_low_sample_count_percentiles": "",
                            "evaluation_periods": "2",
                            "extended_statistic": "",
                            "id": "test-eks-cpu-utilization-high",
                            "insufficient_data_actions.#": "0",
                            "metric_name": "CPUUtilization",
                            "namespace": "AWS/EC2",
                            "ok_actions.#": "0",
                            "period": "300",
                            "statistic": "Average",
                            "tags.%": "0",
                            "threshold": "80",
                            "treat_missing_data": "missing",
                            "unit": ""
                        },
                        "meta": {
                            "schema_version": "1"
                        },
                        "tainted": false
                    },
                    "deposed": [],
                    "provider": "module.subnets.provider.aws"
                },
                "aws_cloudwatch_metric_alarm.cpu_low": {
                    "type": "aws_cloudwatch_metric_alarm",
                    "depends_on": [
                        "aws_autoscaling_group.default.*",
                        "aws_autoscaling_policy.scale_down.*",
                        "local.autoscaling_enabled",
                        "module.label"
                    ],
                    "primary": {
                        "id": "test-eks-cpu-utilization-low",
                        "attributes": {
                            "actions_enabled": "true",
                            "alarm_actions.#": "1",
                            "alarm_actions.2281457867": "arn:aws:autoscaling:us-east-1:866067750630:scalingPolicy:9ba251a8-3ff5-4505-9785-2fbddf24d87c:autoScalingGroupName/test-eks-20190620134240274300000008:policyName/test-eks-scale-down",
                            "alarm_description": "Scale down if the CPU utilization is below 20 for 300 seconds",
                            "alarm_name": "test-eks-cpu-utilization-low",
                            "arn": "arn:aws:cloudwatch:us-east-1:866067750630:alarm:test-eks-cpu-utilization-low",
                            "comparison_operator": "LessThanOrEqualToThreshold",
                            "datapoints_to_alarm": "0",
                            "dimensions.%": "1",
                            "dimensions.AutoScalingGroupName": "test-eks-20190620134240274300000008",
                            "evaluate_low_sample_count_percentiles": "",
                            "evaluation_periods": "2",
                            "extended_statistic": "",
                            "id": "test-eks-cpu-utilization-low",
                            "insufficient_data_actions.#": "0",
                            "metric_name": "CPUUtilization",
                            "namespace": "AWS/EC2",
                            "ok_actions.#": "0",
                            "period": "300",
                            "statistic": "Average",
                            "tags.%": "0",
                            "threshold": "20",
                            "treat_missing_data": "missing",
                            "unit": ""
                        },
                        "meta": {
                            "schema_version": "1"
                        },
                        "tainted": false
                    },
                    "deposed": [],
                    "provider": "module.subnets.provider.aws"
                },
                "aws_launch_template.default": {
                    "type": "aws_launch_template",
                    "depends_on": [
                        "module.label"
                    ],
                    "primary": {
                        "id": "lt-0e72c5cafcefdbb1b",
                        "attributes": {
                            "arn": "arn:aws:ec2:us-east-1:866067750630:launch-template/lt-0e72c5cafcefdbb1b",
                            "block_device_mappings.#": "0",
                            "capacity_reservation_specification.#": "0",
                            "credit_specification.#": "0",
                            "default_version": "1",
                            "description": "",
                            "disable_api_termination": "false",
                            "ebs_optimized": "false",
                            "elastic_gpu_specifications.#": "0",
                            "elastic_inference_accelerator.#": "0",
                            "iam_instance_profile.#": "1",
                            "iam_instance_profile.0.arn": "",
                            "iam_instance_profile.0.name": "test-eks-workers",
                            "id": "lt-0e72c5cafcefdbb1b",
                            "image_id": "ami-0abcb9f9190e867ab",
                            "instance_initiated_shutdown_behavior": "terminate",
                            "instance_market_options.#": "0",
                            "instance_type": "t2.nano",
                            "kernel_id": "",
                            "key_name": "",
                            "latest_version": "1",
                            "license_specification.#": "0",
                            "monitoring.#": "1",
                            "monitoring.0.enabled": "true",
                            "name": "test-eks-20190620134230725000000006",
                            "name_prefix": "test-eks-",
                            "network_interfaces.#": "1",
                            "network_interfaces.0.associate_public_ip_address": "true",
                            "network_interfaces.0.delete_on_termination": "true",
                            "network_interfaces.0.description": "test-eks",
                            "network_interfaces.0.device_index": "0",
                            "network_interfaces.0.ipv4_address_count": "0",
                            "network_interfaces.0.ipv4_addresses.#": "0",
                            "network_interfaces.0.ipv6_address_count": "0",
                            "network_interfaces.0.ipv6_addresses.#": "0",
                            "network_interfaces.0.network_interface_id": "",
                            "network_interfaces.0.private_ip_address": "",
                            "network_interfaces.0.security_groups.#": "1",
                            "network_interfaces.0.security_groups.3516618076": "sg-0408b05234b28908f",
                            "network_interfaces.0.subnet_id": "",
                            "placement.#": "0",
                            "ram_disk_id": "",
                            "security_group_names.#": "0",
                            "tag_specifications.#": "2",
                            "tag_specifications.0.resource_type": "volume",
                            "tag_specifications.0.tags.%": "6",
                            "tag_specifications.0.tags.Applicatoin": "clouddrove",
                            "tag_specifications.0.tags.CreatedBy": "terraform",
                            "tag_specifications.0.tags.Environment": "test",
                            "tag_specifications.0.tags.ManagedBy": "anmol@clouddrove.com",
                            "tag_specifications.0.tags.Name": "test-eks-workers",
                            "tag_specifications.0.tags.kubernetes.io/cluster/test-eks-cluster": "shared",
                            "tag_specifications.1.resource_type": "instance",
                            "tag_specifications.1.tags.%": "6",
                            "tag_specifications.1.tags.Applicatoin": "clouddrove",
                            "tag_specifications.1.tags.CreatedBy": "terraform",
                            "tag_specifications.1.tags.Environment": "test",
                            "tag_specifications.1.tags.ManagedBy": "anmol@clouddrove.com",
                            "tag_specifications.1.tags.Name": "test-eks-workers",
                            "tag_specifications.1.tags.kubernetes.io/cluster/test-eks-cluster": "shared",
                            "tags.%": "6",
                            "tags.Applicatoin": "clouddrove",
                            "tags.CreatedBy": "terraform",
                            "tags.Environment": "test",
                            "tags.ManagedBy": "anmol@clouddrove.com",
                            "tags.Name": "test-eks-workers",
                            "tags.kubernetes.io/cluster/test-eks-cluster": "shared",
                            "user_data": "IyEvYmluL2Jhc2gKCiMgdXNlcmRhdGEgZm9yIEVLUyB3b3JrZXIgbm9kZXMgdG8gcHJvcGVybHkgY29uZmlndXJlIEt1YmVybmV0ZXMgYXBwbGljYXRpb25zIG9uIEVDMiBpbnN0YW5jZXMKIyBodHRwczovL2RvY3MuYXdzLmFtYXpvbi5jb20vZWtzL2xhdGVzdC91c2VyZ3VpZGUvbGF1bmNoLXdvcmtlcnMuaHRtbAoKL2V0Yy9la3MvYm9vdHN0cmFwLnNoIC0tYXBpc2VydmVyLWVuZHBvaW50ICdodHRwczovLzk3M0ZBMDY1MjVCMEVBODE3MzgwMDdGQkQ2RjVFNDFCLnNrMS51cy1lYXN0LTEuZWtzLmFtYXpvbmF3cy5jb20nIC0tYjY0LWNsdXN0ZXItY2EgJ0xTMHRMUzFDUlVkSlRpQkRSVkpVU1VaSlEwRlVSUzB0TFMwdENrMUpTVU41UkVORFFXSkRaMEYzU1VKQlowbENRVVJCVGtKbmEzRm9hMmxIT1hjd1FrRlJjMFpCUkVGV1RWSk5kMFZSV1VSV1VWRkVSWGR3Y21SWFNtd0tZMjAxYkdSSFZucE5RalJZUkZSRk5VMUVXWGxOUkVWNlRrUkJkMDVXYjFoRVZFazFUVVJaZUU1NlJYcE9SRUYzVGxadmQwWlVSVlJOUWtWSFFURlZSUXBCZUUxTFlUTldhVnBZU25WYVdGSnNZM3BEUTBGVFNYZEVVVmxLUzI5YVNXaDJZMDVCVVVWQ1FsRkJSR2RuUlZCQlJFTkRRVkZ2UTJkblJVSkJUV2RMQ21aTlZGSklOR3BHUTFOQksycEdWWHBLV1hNMVFrVkhaRE5zUzJoS2VVYzJlbEpHVVdGQ1pVbFNkbmh6ZUVWWGFUQktNbEJIYzNaeWJEYzVXbmxsWVRJS2NYSkNja0Z0ZVdkelEwdEpPRkkyUjJod1UwUkxRalJFTW1sU1FuWnlhVWROUXpOeE9FSmlNQzh5UTJZNFdFaGhhamxsTDJWaVpUTkpORmd3VldWSFR3cElXRnBJTW5JdlVITkhkbE0zUXpaNU5IWm5PV3hYZVZKd2RVNVVSMU5IZGtoWmJsRklkbkl5ZDNkalEyb3hiMmN4Tm5wWVFWRjRhVmhUVlhKMmVWaEdDbFF5VlRkU1JtMUtRbEpqTldKQmIzVXJiQzloV21oc1pHTlZhbWw0UjJFdlltNWtNSEJSUzNoRk1tbFpaMHBJV0ZwMk1rRkRSMU5tTlRoTVRHTlRkVmNLVVhWT05qZHNSMFI0ZDFaTk1VNURSRE4yZERsdmFYTlVNVGhTTW1JckwzbDFaa1YxZGtGbllqQlNkVlIxU1VwTlZVNXlVelZJUzFabU1YbzFNVTE1VGdwUFduTTBTbXRTU25OUmJqTndLM3BrVGtOTlEwRjNSVUZCWVUxcVRVTkZkMFJuV1VSV1VqQlFRVkZJTDBKQlVVUkJaMHRyVFVFNFIwRXhWV1JGZDBWQ0NpOTNVVVpOUVUxQ1FXWTRkMFJSV1VwTGIxcEphSFpqVGtGUlJVeENVVUZFWjJkRlFrRk5TR2x2ZW1kSUx5czRhMkpsTVcwclJERlNWR3RMYm1ORmNrNEthREJIYm1Kd1NFWlJSVlZoT0dSUWVUaHNTRloxVTJ3NFpHNTZTWGMxTkRCVmVUaG9hMUpuTldjd2JGQjVLMEU0TlcxelFTOTZXVVZuTW1sVGNWWkVPQXBNZEhoQmRuTjZiSGxrVEdOc2RFUm1SRWRPTm5Kd2NqUTVjM05rTml0c2FHbG5hM0JUVjNkUFdVdFZNbWx0U2pGc2JHSnlPVGt2VGxKS1QwbE5WME5NQ2toMVZscG1URE5HSzBOalVsSk5hVWRxYlc1MlJYQkpLM2hSVlhSNVJHVmpTUzk2T0daQ1FYZFlRWGhNZW5GU09GSnJRVkp0Y1VkRlJFTmpiMUU1Tm5NS0sxcHlObUpXVUdzMFpsWkNWV3RvTkZaTlpISnFkRW94WjJNeFVrZHVXRWhrVUVWdFEzVTNhWEpwUTJGd2RqbDFhVEZzUm05alkyOXZjMUZCUzNad1l3b3dRUzl2YVRWdVEyaFhUVFJhV1V3NWJtNXdUWEU1UVU1WWRUUmlSa1ExUkhVdlNrZDZXbFUyT1UxWVFqaFphVGRCZDIwMlVrMDBWVmg2YnowS0xTMHRMUzFGVGtRZ1EwVlNWRWxHU1VOQlZFVXRMUzB0TFFvPScgICd0ZXN0LWVrcy1jbHVzdGVyJwo=",
                            "vpc_security_group_ids.#": "0"
                        },
                        "meta": {},
                        "tainted": false
                    },
                    "deposed": [],
                    "provider": "module.subnets.provider.aws"
                },
                "data.null_data_source.tags_as_list_of_maps.0": {
                    "type": "null_data_source",
                    "depends_on": [],
                    "primary": {
                        "id": "static",
                        "attributes": {
                            "has_computed_default": "default",
                            "id": "static",
                            "inputs.%": "3",
                            "inputs.key": "Applicatoin",
                            "inputs.propagate_at_launch": "1",
                            "inputs.value": "clouddrove",
                            "outputs.%": "3",
                            "outputs.key": "Applicatoin",
                            "outputs.propagate_at_launch": "1",
                            "outputs.value": "clouddrove",
                            "random": "8132606281141757207"
                        },
                        "meta": {},
                        "tainted": false
                    },
                    "deposed": [],
                    "provider": "provider.null"
                },
                "data.null_data_source.tags_as_list_of_maps.1": {
                    "type": "null_data_source",
                    "depends_on": [],
                    "primary": {
                        "id": "static",
                        "attributes": {
                            "has_computed_default": "default",
                            "id": "static",
                            "inputs.%": "3",
                            "inputs.key": "CreatedBy",
                            "inputs.propagate_at_launch": "1",
                            "inputs.value": "terraform",
                            "outputs.%": "3",
                            "outputs.key": "CreatedBy",
                            "outputs.propagate_at_launch": "1",
                            "outputs.value": "terraform",
                            "random": "2517463447031677323"
                        },
                        "meta": {},
                        "tainted": false
                    },
                    "deposed": [],
                    "provider": "provider.null"
                },
                "data.null_data_source.tags_as_list_of_maps.2": {
                    "type": "null_data_source",
                    "depends_on": [],
                    "primary": {
                        "id": "static",
                        "attributes": {
                            "has_computed_default": "default",
                            "id": "static",
                            "inputs.%": "3",
                            "inputs.key": "Environment",
                            "inputs.propagate_at_launch": "1",
                            "inputs.value": "test",
                            "outputs.%": "3",
                            "outputs.key": "Environment",
                            "outputs.propagate_at_launch": "1",
                            "outputs.value": "test",
                            "random": "2325145951578845697"
                        },
                        "meta": {},
                        "tainted": false
                    },
                    "deposed": [],
                    "provider": "provider.null"
                },
                "data.null_data_source.tags_as_list_of_maps.3": {
                    "type": "null_data_source",
                    "depends_on": [],
                    "primary": {
                        "id": "static",
                        "attributes": {
                            "has_computed_default": "default",
                            "id": "static",
                            "inputs.%": "3",
                            "inputs.key": "ManagedBy",
                            "inputs.propagate_at_launch": "1",
                            "inputs.value": "anmol@clouddrove.com",
                            "outputs.%": "3",
                            "outputs.key": "ManagedBy",
                            "outputs.propagate_at_launch": "1",
                            "outputs.value": "anmol@clouddrove.com",
                            "random": "3011221822121894007"
                        },
                        "meta": {},
                        "tainted": false
                    },
                    "deposed": [],
                    "provider": "provider.null"
                },
                "data.null_data_source.tags_as_list_of_maps.4": {
                    "type": "null_data_source",
                    "depends_on": [],
                    "primary": {
                        "id": "static",
                        "attributes": {
                            "has_computed_default": "default",
                            "id": "static",
                            "inputs.%": "3",
                            "inputs.key": "Name",
                            "inputs.propagate_at_launch": "1",
                            "inputs.value": "test-eks-workers",
                            "outputs.%": "3",
                            "outputs.key": "Name",
                            "outputs.propagate_at_launch": "1",
                            "outputs.value": "test-eks-workers",
                            "random": "6306205380680830893"
                        },
                        "meta": {},
                        "tainted": false
                    },
                    "deposed": [],
                    "provider": "provider.null"
                },
                "data.null_data_source.tags_as_list_of_maps.5": {
                    "type": "null_data_source",
                    "depends_on": [],
                    "primary": {
                        "id": "static",
                        "attributes": {
                            "has_computed_default": "default",
                            "id": "static",
                            "inputs.%": "3",
                            "inputs.key": "kubernetes.io/cluster/test-eks-cluster",
                            "inputs.propagate_at_launch": "1",
                            "inputs.value": "shared",
                            "outputs.%": "3",
                            "outputs.key": "kubernetes.io/cluster/test-eks-cluster",
                            "outputs.propagate_at_launch": "1",
                            "outputs.value": "shared",
                            "random": "3807385868719760902"
                        },
                        "meta": {},
                        "tainted": false
                    },
                    "deposed": [],
                    "provider": "provider.null"
                }
            },
            "depends_on": []
        },
        {
            "path": [
                "root",
                "subnets",
                "eks_workers",
                "label"
            ],
            "outputs": {
                "application": {
                    "sensitive": false,
                    "type": "string",
                    "value": "clouddrove"
                },
                "attributes": {
                    "sensitive": false,
                    "type": "string",
                    "value": "workers"
                },
                "environment": {
                    "sensitive": false,
                    "type": "string",
                    "value": "test"
                },
                "id": {
                    "sensitive": false,
                    "type": "string",
                    "value": "test-eks-workers"
                },
                "name": {
                    "sensitive": false,
                    "type": "string",
                    "value": "eks"
                },
                "tags": {
                    "sensitive": false,
                    "type": "map",
                    "value": {
                        "Applicatoin": "clouddrove",
                        "CreatedBy": "terraform",
                        "Environment": "test",
                        "ManagedBy": "anmol@clouddrove.com",
                        "Name": "test-eks-workers",
                        "kubernetes.io/cluster/test-eks-cluster": "shared"
                    }
                }
            },
            "resources": {},
            "depends_on": []
        },
        {
            "path": [
                "root",
                "subnets",
                "eks_workers",
                "autoscale_group",
                "label"
            ],
            "outputs": {
                "application": {
                    "sensitive": false,
                    "type": "string",
                    "value": "clouddrove"
                },
                "attributes": {
                    "sensitive": false,
                    "type": "string",
                    "value": ""
                },
                "environment": {
                    "sensitive": false,
                    "type": "string",
                    "value": "test"
                },
                "id": {
                    "sensitive": false,
                    "type": "string",
                    "value": "test-eks"
                },
                "name": {
                    "sensitive": false,
                    "type": "string",
                    "value": "eks"
                },
                "tags": {
                    "sensitive": false,
                    "type": "map",
                    "value": {
                        "Applicatoin": "clouddrove",
                        "CreatedBy": "terraform",
                        "Environment": "test",
                        "ManagedBy": "anmol@clouddrove.com",
                        "Name": "test-eks-workers",
                        "kubernetes.io/cluster/test-eks-cluster": "shared"
                    }
                }
            },
            "resources": {},
            "depends_on": []
        }
    ]
}
