{
    "version": 3,
    "terraform_version": "0.11.14",
    "serial": 11,
    "lineage": "5acfd245-ac50-aec8-f10d-0598aa6b301f",
    "modules": [
        {
            "path": [
                "root"
            ],
            "outputs": {},
            "resources": {},
            "depends_on": []
        },
        {
            "path": [
                "root",
                "eks_cluster"
            ],
            "outputs": {
                "config_map_aws_auth": {
                    "sensitive": false,
                    "type": "string",
                    "value": "# The EKS service does not provide a cluster-level API parameter or resource to automatically configure the underlying Kubernetes cluster to allow worker nodes to join the cluster via AWS IAM role authentication.\n# This is a Kubernetes ConfigMap configuration for worker nodes to join the cluster\n# https://www.terraform.io/docs/providers/aws/guides/eks-getting-started.html#required-kubernetes-configuration-to-join-worker-nodes\n\napiVersion: v1\nkind: ConfigMap\nmetadata:\n  name: aws-auth\n  namespace: kube-system\ndata:\n  mapRoles: |\n    - rolearn: arn:aws:iam::866067750630:role/dev-eks-cluster-workers\n      username: system:node:{{EC2PrivateDNSName}}\n      groups:\n        - system:bootstrappers\n        - system:nodes\n"
                },
                "eks_cluster_arn": {
                    "sensitive": false,
                    "type": "string",
                    "value": "arn:aws:eks:eu-west-1:866067750630:cluster/dev-eks-cluster-cluster"
                },
                "eks_cluster_certificate_authority_data": {
                    "sensitive": false,
                    "type": "string",
                    "value": "LS0tLS1CRUdJTiBDRVJUSUZJQ0FURS0tLS0tCk1JSUN5RENDQWJDZ0F3SUJBZ0lCQURBTkJna3Foa2lHOXcwQkFRc0ZBREFWTVJNd0VRWURWUVFERXdwcmRXSmwKY201bGRHVnpNQjRYRFRFNU1EWXhOekV4TXpFek1sb1hEVEk1TURZeE5ERXhNekV6TWxvd0ZURVRNQkVHQTFVRQpBeE1LYTNWaVpYSnVaWFJsY3pDQ0FTSXdEUVlKS29aSWh2Y05BUUVCQlFBRGdnRVBBRENDQVFvQ2dnRUJBTi9MCnR1VGVUUy92ZVFhYTRCYTZ2V3ZPbHRSYzI2RU44YTFnd3pFdC92ZXJ2SHdRVlhvZU1wK1ZleldWSFliTFhPRlYKQlBVM0ZsV1ZPSGt2Z1VTYXdqcmFWZ3U2QkNYaDYybnJTdUxKRWpJeEY3L1JveWwyS2JLUUlrTmtjbzNVU3dyTQpEZitza3J5ZWdNalk2WWNSWDlSblg2elhzaHI5azdzTEV5aVEvK0g2ZlF6SzBOQUN3WU5iS0xwc2lxMzY3aVYwCjhPSFd5dlBBcDcxNlBlNUFOYmRNM1NIK0hwQjBPeDNVbW4rV05DMmRpNUg4QVZBTFoxelgzZlF0ZEtTbkY0TlgKbCthWGNwa21LUHkvTzA3V0J1T1Y3SEJhZUlOOEVETXZNaVZSeXFnQzZiNTNlalk5ZHdCbDEydEJ6TVRmYjJqSAp6NVdIQzByY2lnbk54Q25DbUlzQ0F3RUFBYU1qTUNFd0RnWURWUjBQQVFIL0JBUURBZ0trTUE4R0ExVWRFd0VCCi93UUZNQU1CQWY4d0RRWUpLb1pJaHZjTkFRRUxCUUFEZ2dFQkFEVnFNSXpPak5WL2ZQR3RSMmlEbG1LbDI3WjkKQWJadnZybFJ4RWcrcDlCWTIxNlFoRW5QTStYTlAxREVJS3FMK3lST2ZudHF6elh1NFF2TE41TW1sYVZrbm9CVQpWbWp2d0w5R3Vpa1UweGN5UHZYSm9tdFdoS1JrMW4xRldSYmhHSW9UTTZjWjFzRERwTWVLNlB3V0VqWVFBanFKCmRpWCsxRUdPcGNpdTV3amtreVF1V3MrWFNFYXcvMXJzcjN0Vll5aEp1WlgyZVU1alEyWFZqNThtTkhMS1hKVmsKUkdab0F2N3Y1aStuYUdPMHNzVE1IMFlvYVp0V0NGWDhpam1Pa0lSREdUN0tNRXVhQ2I4SlVHOXdQRWtMQjRLbQpRMVdaNk51MXltc2xHV1FwZ3l6VVpoUzNTMXEyWXMzd0NPY1ZZMTRjZzdhZDd1QnhOdGcvanNWa0ZSRT0KLS0tLS1FTkQgQ0VSVElGSUNBVEUtLS0tLQo="
                },
                "eks_cluster_endpoint": {
                    "sensitive": false,
                    "type": "string",
                    "value": "https://3DFD4B3877175EE0086CD5C541DD2573.yl4.eu-west-1.eks.amazonaws.com"
                },
                "eks_cluster_id": {
                    "sensitive": false,
                    "type": "string",
                    "value": "dev-eks-cluster-cluster"
                },
                "eks_cluster_security_group_arn": {
                    "sensitive": false,
                    "type": "string",
                    "value": "arn:aws:ec2:eu-west-1:866067750630:security-group/sg-04e68af91ed5b8861"
                },
                "eks_cluster_security_group_id": {
                    "sensitive": false,
                    "type": "string",
                    "value": "sg-04e68af91ed5b8861"
                },
                "eks_cluster_security_group_name": {
                    "sensitive": false,
                    "type": "string",
                    "value": "dev-eks-cluster-cluster"
                },
                "eks_cluster_version": {
                    "sensitive": false,
                    "type": "string",
                    "value": "1.12"
                },
                "kubeconfig": {
                    "sensitive": false,
                    "type": "string",
                    "value": "apiVersion: v1\nkind: Config\npreferences: {}\n\nclusters:\n- cluster:\n    server: https://3DFD4B3877175EE0086CD5C541DD2573.yl4.eu-west-1.eks.amazonaws.com\n    certificate-authority-data: LS0tLS1CRUdJTiBDRVJUSUZJQ0FURS0tLS0tCk1JSUN5RENDQWJDZ0F3SUJBZ0lCQURBTkJna3Foa2lHOXcwQkFRc0ZBREFWTVJNd0VRWURWUVFERXdwcmRXSmwKY201bGRHVnpNQjRYRFRFNU1EWXhOekV4TXpFek1sb1hEVEk1TURZeE5ERXhNekV6TWxvd0ZURVRNQkVHQTFVRQpBeE1LYTNWaVpYSnVaWFJsY3pDQ0FTSXdEUVlKS29aSWh2Y05BUUVCQlFBRGdnRVBBRENDQVFvQ2dnRUJBTi9MCnR1VGVUUy92ZVFhYTRCYTZ2V3ZPbHRSYzI2RU44YTFnd3pFdC92ZXJ2SHdRVlhvZU1wK1ZleldWSFliTFhPRlYKQlBVM0ZsV1ZPSGt2Z1VTYXdqcmFWZ3U2QkNYaDYybnJTdUxKRWpJeEY3L1JveWwyS2JLUUlrTmtjbzNVU3dyTQpEZitza3J5ZWdNalk2WWNSWDlSblg2elhzaHI5azdzTEV5aVEvK0g2ZlF6SzBOQUN3WU5iS0xwc2lxMzY3aVYwCjhPSFd5dlBBcDcxNlBlNUFOYmRNM1NIK0hwQjBPeDNVbW4rV05DMmRpNUg4QVZBTFoxelgzZlF0ZEtTbkY0TlgKbCthWGNwa21LUHkvTzA3V0J1T1Y3SEJhZUlOOEVETXZNaVZSeXFnQzZiNTNlalk5ZHdCbDEydEJ6TVRmYjJqSAp6NVdIQzByY2lnbk54Q25DbUlzQ0F3RUFBYU1qTUNFd0RnWURWUjBQQVFIL0JBUURBZ0trTUE4R0ExVWRFd0VCCi93UUZNQU1CQWY4d0RRWUpLb1pJaHZjTkFRRUxCUUFEZ2dFQkFEVnFNSXpPak5WL2ZQR3RSMmlEbG1LbDI3WjkKQWJadnZybFJ4RWcrcDlCWTIxNlFoRW5QTStYTlAxREVJS3FMK3lST2ZudHF6elh1NFF2TE41TW1sYVZrbm9CVQpWbWp2d0w5R3Vpa1UweGN5UHZYSm9tdFdoS1JrMW4xRldSYmhHSW9UTTZjWjFzRERwTWVLNlB3V0VqWVFBanFKCmRpWCsxRUdPcGNpdTV3amtreVF1V3MrWFNFYXcvMXJzcjN0Vll5aEp1WlgyZVU1alEyWFZqNThtTkhMS1hKVmsKUkdab0F2N3Y1aStuYUdPMHNzVE1IMFlvYVp0V0NGWDhpam1Pa0lSREdUN0tNRXVhQ2I4SlVHOXdQRWtMQjRLbQpRMVdaNk51MXltc2xHV1FwZ3l6VVpoUzNTMXEyWXMzd0NPY1ZZMTRjZzdhZDd1QnhOdGcvanNWa0ZSRT0KLS0tLS1FTkQgQ0VSVElGSUNBVEUtLS0tLQo=\n  name: dev-eks-cluster-cluster\n\ncontexts:\n- context:\n    cluster: dev-eks-cluster-cluster\n    user: dev-eks-cluster-cluster\n  name: dev-eks-cluster-cluster\n\ncurrent-context: dev-eks-cluster-cluster\n\nusers:\n- name: dev-eks-cluster-cluster\n  user:\n    exec:\n      apiVersion: client.authentication.k8s.io/v1alpha1\n      command: aws-iam-authenticator\n      args:\n        - \"token\"\n        - \"-i\"\n        - \"dev-eks-cluster-cluster\"\n"
                },
                "workers_autoscaling_group_arn": {
                    "sensitive": false,
                    "type": "string",
                    "value": "arn:aws:autoscaling:eu-west-1:866067750630:autoScalingGroup:02f994ae-eea2-41c2-9eec-984223023819:autoScalingGroupName/dev-eks-cluster-20190617113440874400000008"
                },
                "workers_autoscaling_group_default_cooldown": {
                    "sensitive": false,
                    "type": "string",
                    "value": "300"
                },
                "workers_autoscaling_group_desired_capacity": {
                    "sensitive": false,
                    "type": "string",
                    "value": "1"
                },
                "workers_autoscaling_group_health_check_grace_period": {
                    "sensitive": false,
                    "type": "string",
                    "value": "300"
                },
                "workers_autoscaling_group_health_check_type": {
                    "sensitive": false,
                    "type": "string",
                    "value": "EC2"
                },
                "workers_autoscaling_group_id": {
                    "sensitive": false,
                    "type": "string",
                    "value": "dev-eks-cluster-20190617113440874400000008"
                },
                "workers_autoscaling_group_max_size": {
                    "sensitive": false,
                    "type": "string",
                    "value": "1"
                },
                "workers_autoscaling_group_min_size": {
                    "sensitive": false,
                    "type": "string",
                    "value": "1"
                },
                "workers_autoscaling_group_name": {
                    "sensitive": false,
                    "type": "string",
                    "value": "dev-eks-cluster-20190617113440874400000008"
                },
                "workers_launch_template_arn": {
                    "sensitive": false,
                    "type": "string",
                    "value": "arn:aws:ec2:eu-west-1:866067750630:launch-template/lt-0970ddf6e5d0dc10f"
                },
                "workers_launch_template_id": {
                    "sensitive": false,
                    "type": "string",
                    "value": "lt-0970ddf6e5d0dc10f"
                },
                "workers_security_group_arn": {
                    "sensitive": false,
                    "type": "string",
                    "value": "arn:aws:ec2:eu-west-1:866067750630:security-group/sg-08c2fad86fe2e7189"
                },
                "workers_security_group_id": {
                    "sensitive": false,
                    "type": "string",
                    "value": "sg-08c2fad86fe2e7189"
                },
                "workers_security_group_name": {
                    "sensitive": false,
                    "type": "string",
                    "value": "dev-eks-cluster-workers"
                }
            },
            "resources": {
                "local_file.config_map_aws_auth": {
                    "type": "local_file",
                    "depends_on": [
                        "local.config_map_aws_auth_filename",
                        "module.eks_workers"
                    ],
                    "primary": {
                        "id": "f6628d658a1f3ded1d419a2e162abc08539ceae9",
                        "attributes": {
                            "content": "# The EKS service does not provide a cluster-level API parameter or resource to automatically configure the underlying Kubernetes cluster to allow worker nodes to join the cluster via AWS IAM role authentication.\n# This is a Kubernetes ConfigMap configuration for worker nodes to join the cluster\n# https://www.terraform.io/docs/providers/aws/guides/eks-getting-started.html#required-kubernetes-configuration-to-join-worker-nodes\n\napiVersion: v1\nkind: ConfigMap\nmetadata:\n  name: aws-auth\n  namespace: kube-system\ndata:\n  mapRoles: |\n    - rolearn: arn:aws:iam::866067750630:role/dev-eks-cluster-workers\n      username: system:node:{{EC2PrivateDNSName}}\n      groups:\n        - system:bootstrappers\n        - system:nodes\n",
                            "filename": "/home/sohan/workspeace/terraform/terraform-aws-eks-cluster/examples/.terraform/modules/0f076bd42e0783723e62bc6b4e3b04cb/config-map-aws-auth-dev-eks-cluster-cluster.yaml",
                            "id": "f6628d658a1f3ded1d419a2e162abc08539ceae9"
                        },
                        "meta": {},
                        "tainted": false
                    },
                    "deposed": [],
                    "provider": "provider.local"
                },
                "local_file.kubeconfig": {
                    "type": "local_file",
                    "depends_on": [
                        "local.kubeconfig_filename",
                        "module.eks_cluster"
                    ],
                    "primary": {
                        "id": "742ca9e811c29f41b0803d1948304c62a27acac4",
                        "attributes": {
                            "content": "apiVersion: v1\nkind: Config\npreferences: {}\n\nclusters:\n- cluster:\n    server: https://3DFD4B3877175EE0086CD5C541DD2573.yl4.eu-west-1.eks.amazonaws.com\n    certificate-authority-data: LS0tLS1CRUdJTiBDRVJUSUZJQ0FURS0tLS0tCk1JSUN5RENDQWJDZ0F3SUJBZ0lCQURBTkJna3Foa2lHOXcwQkFRc0ZBREFWTVJNd0VRWURWUVFERXdwcmRXSmwKY201bGRHVnpNQjRYRFRFNU1EWXhOekV4TXpFek1sb1hEVEk1TURZeE5ERXhNekV6TWxvd0ZURVRNQkVHQTFVRQpBeE1LYTNWaVpYSnVaWFJsY3pDQ0FTSXdEUVlKS29aSWh2Y05BUUVCQlFBRGdnRVBBRENDQVFvQ2dnRUJBTi9MCnR1VGVUUy92ZVFhYTRCYTZ2V3ZPbHRSYzI2RU44YTFnd3pFdC92ZXJ2SHdRVlhvZU1wK1ZleldWSFliTFhPRlYKQlBVM0ZsV1ZPSGt2Z1VTYXdqcmFWZ3U2QkNYaDYybnJTdUxKRWpJeEY3L1JveWwyS2JLUUlrTmtjbzNVU3dyTQpEZitza3J5ZWdNalk2WWNSWDlSblg2elhzaHI5azdzTEV5aVEvK0g2ZlF6SzBOQUN3WU5iS0xwc2lxMzY3aVYwCjhPSFd5dlBBcDcxNlBlNUFOYmRNM1NIK0hwQjBPeDNVbW4rV05DMmRpNUg4QVZBTFoxelgzZlF0ZEtTbkY0TlgKbCthWGNwa21LUHkvTzA3V0J1T1Y3SEJhZUlOOEVETXZNaVZSeXFnQzZiNTNlalk5ZHdCbDEydEJ6TVRmYjJqSAp6NVdIQzByY2lnbk54Q25DbUlzQ0F3RUFBYU1qTUNFd0RnWURWUjBQQVFIL0JBUURBZ0trTUE4R0ExVWRFd0VCCi93UUZNQU1CQWY4d0RRWUpLb1pJaHZjTkFRRUxCUUFEZ2dFQkFEVnFNSXpPak5WL2ZQR3RSMmlEbG1LbDI3WjkKQWJadnZybFJ4RWcrcDlCWTIxNlFoRW5QTStYTlAxREVJS3FMK3lST2ZudHF6elh1NFF2TE41TW1sYVZrbm9CVQpWbWp2d0w5R3Vpa1UweGN5UHZYSm9tdFdoS1JrMW4xRldSYmhHSW9UTTZjWjFzRERwTWVLNlB3V0VqWVFBanFKCmRpWCsxRUdPcGNpdTV3amtreVF1V3MrWFNFYXcvMXJzcjN0Vll5aEp1WlgyZVU1alEyWFZqNThtTkhMS1hKVmsKUkdab0F2N3Y1aStuYUdPMHNzVE1IMFlvYVp0V0NGWDhpam1Pa0lSREdUN0tNRXVhQ2I4SlVHOXdQRWtMQjRLbQpRMVdaNk51MXltc2xHV1FwZ3l6VVpoUzNTMXEyWXMzd0NPY1ZZMTRjZzdhZDd1QnhOdGcvanNWa0ZSRT0KLS0tLS1FTkQgQ0VSVElGSUNBVEUtLS0tLQo=\n  name: dev-eks-cluster-cluster\n\ncontexts:\n- context:\n    cluster: dev-eks-cluster-cluster\n    user: dev-eks-cluster-cluster\n  name: dev-eks-cluster-cluster\n\ncurrent-context: dev-eks-cluster-cluster\n\nusers:\n- name: dev-eks-cluster-cluster\n  user:\n    exec:\n      apiVersion: client.authentication.k8s.io/v1alpha1\n      command: aws-iam-authenticator\n      args:\n        - \"token\"\n        - \"-i\"\n        - \"dev-eks-cluster-cluster\"\n",
                            "filename": "/home/sohan/workspeace/terraform/terraform-aws-eks-cluster/examples/.terraform/modules/0f076bd42e0783723e62bc6b4e3b04cb/kubeconfig-dev-eks-cluster-cluster.yaml",
                            "id": "742ca9e811c29f41b0803d1948304c62a27acac4"
                        },
                        "meta": {},
                        "tainted": false
                    },
                    "deposed": [],
                    "provider": "provider.local"
                },
                "null_resource.apply_config_map_aws_auth": {
                    "type": "null_resource",
                    "depends_on": [
                        "local.config_map_aws_auth_filename",
                        "local.kubeconfig_filename",
                        "module.eks_cluster",
                        "module.eks_workers"
                    ],
                    "primary": {
                        "id": "1997701124554205295",
                        "attributes": {
                            "id": "1997701124554205295",
                            "triggers.%": "2",
                            "triggers.config_map_aws_auth_rendered": "# The EKS service does not provide a cluster-level API parameter or resource to automatically configure the underlying Kubernetes cluster to allow worker nodes to join the cluster via AWS IAM role authentication.\n# This is a Kubernetes ConfigMap configuration for worker nodes to join the cluster\n# https://www.terraform.io/docs/providers/aws/guides/eks-getting-started.html#required-kubernetes-configuration-to-join-worker-nodes\n\napiVersion: v1\nkind: ConfigMap\nmetadata:\n  name: aws-auth\n  namespace: kube-system\ndata:\n  mapRoles: |\n    - rolearn: arn:aws:iam::866067750630:role/dev-eks-cluster-workers\n      username: system:node:{{EC2PrivateDNSName}}\n      groups:\n        - system:bootstrappers\n        - system:nodes\n",
                            "triggers.kubeconfig_rendered": "apiVersion: v1\nkind: Config\npreferences: {}\n\nclusters:\n- cluster:\n    server: https://3DFD4B3877175EE0086CD5C541DD2573.yl4.eu-west-1.eks.amazonaws.com\n    certificate-authority-data: LS0tLS1CRUdJTiBDRVJUSUZJQ0FURS0tLS0tCk1JSUN5RENDQWJDZ0F3SUJBZ0lCQURBTkJna3Foa2lHOXcwQkFRc0ZBREFWTVJNd0VRWURWUVFERXdwcmRXSmwKY201bGRHVnpNQjRYRFRFNU1EWXhOekV4TXpFek1sb1hEVEk1TURZeE5ERXhNekV6TWxvd0ZURVRNQkVHQTFVRQpBeE1LYTNWaVpYSnVaWFJsY3pDQ0FTSXdEUVlKS29aSWh2Y05BUUVCQlFBRGdnRVBBRENDQVFvQ2dnRUJBTi9MCnR1VGVUUy92ZVFhYTRCYTZ2V3ZPbHRSYzI2RU44YTFnd3pFdC92ZXJ2SHdRVlhvZU1wK1ZleldWSFliTFhPRlYKQlBVM0ZsV1ZPSGt2Z1VTYXdqcmFWZ3U2QkNYaDYybnJTdUxKRWpJeEY3L1JveWwyS2JLUUlrTmtjbzNVU3dyTQpEZitza3J5ZWdNalk2WWNSWDlSblg2elhzaHI5azdzTEV5aVEvK0g2ZlF6SzBOQUN3WU5iS0xwc2lxMzY3aVYwCjhPSFd5dlBBcDcxNlBlNUFOYmRNM1NIK0hwQjBPeDNVbW4rV05DMmRpNUg4QVZBTFoxelgzZlF0ZEtTbkY0TlgKbCthWGNwa21LUHkvTzA3V0J1T1Y3SEJhZUlOOEVETXZNaVZSeXFnQzZiNTNlalk5ZHdCbDEydEJ6TVRmYjJqSAp6NVdIQzByY2lnbk54Q25DbUlzQ0F3RUFBYU1qTUNFd0RnWURWUjBQQVFIL0JBUURBZ0trTUE4R0ExVWRFd0VCCi93UUZNQU1CQWY4d0RRWUpLb1pJaHZjTkFRRUxCUUFEZ2dFQkFEVnFNSXpPak5WL2ZQR3RSMmlEbG1LbDI3WjkKQWJadnZybFJ4RWcrcDlCWTIxNlFoRW5QTStYTlAxREVJS3FMK3lST2ZudHF6elh1NFF2TE41TW1sYVZrbm9CVQpWbWp2d0w5R3Vpa1UweGN5UHZYSm9tdFdoS1JrMW4xRldSYmhHSW9UTTZjWjFzRERwTWVLNlB3V0VqWVFBanFKCmRpWCsxRUdPcGNpdTV3amtreVF1V3MrWFNFYXcvMXJzcjN0Vll5aEp1WlgyZVU1alEyWFZqNThtTkhMS1hKVmsKUkdab0F2N3Y1aStuYUdPMHNzVE1IMFlvYVp0V0NGWDhpam1Pa0lSREdUN0tNRXVhQ2I4SlVHOXdQRWtMQjRLbQpRMVdaNk51MXltc2xHV1FwZ3l6VVpoUzNTMXEyWXMzd0NPY1ZZMTRjZzdhZDd1QnhOdGcvanNWa0ZSRT0KLS0tLS1FTkQgQ0VSVElGSUNBVEUtLS0tLQo=\n  name: dev-eks-cluster-cluster\n\ncontexts:\n- context:\n    cluster: dev-eks-cluster-cluster\n    user: dev-eks-cluster-cluster\n  name: dev-eks-cluster-cluster\n\ncurrent-context: dev-eks-cluster-cluster\n\nusers:\n- name: dev-eks-cluster-cluster\n  user:\n    exec:\n      apiVersion: client.authentication.k8s.io/v1alpha1\n      command: aws-iam-authenticator\n      args:\n        - \"token\"\n        - \"-i\"\n        - \"dev-eks-cluster-cluster\"\n"
                        },
                        "meta": {},
                        "tainted": true
                    },
                    "deposed": [],
                    "provider": "provider.null"
                }
            },
            "depends_on": []
        },
        {
            "path": [
                "root",
                "subnets"
            ],
            "outputs": {
                "private_subnet_id": {
                    "sensitive": false,
                    "type": "list",
                    "value": [
                        "subnet-0803eb694c0838d2d",
                        "subnet-00f8c9823aff26383",
                        "subnet-084b0dad31cfcab39"
                    ]
                },
                "public_subnet_id": {
                    "sensitive": false,
                    "type": "list",
                    "value": [
                        "subnet-075b65bb1f4733622",
                        "subnet-04007af51c811004c",
                        "subnet-02d048d53199747c5"
                    ]
                }
            },
            "resources": {
                "aws_eip.private.0": {
                    "type": "aws_eip",
                    "depends_on": [
                        "local.private_nat_gateways_count",
                        "module.lables"
                    ],
                    "primary": {
                        "id": "eipalloc-0fe5b935b9dbc4f67",
                        "attributes": {
                            "association_id": "eipassoc-0e640ca1fdf4da053",
                            "domain": "vpc",
                            "id": "eipalloc-0fe5b935b9dbc4f67",
                            "instance": "",
                            "network_interface": "eni-0684fb6cf93e77829",
                            "private_dns": "ip-172-30-117-126.eu-west-1.compute.internal",
                            "private_ip": "172.30.117.126",
                            "public_dns": "ec2-34-253-160-244.eu-west-1.compute.amazonaws.com",
                            "public_ip": "34.253.160.244",
                            "public_ipv4_pool": "amazon",
                            "tags.%": "5",
                            "tags.Applicatoin": "clouddrove",
                            "tags.CreatedBy": "terraform",
                            "tags.Environment": "dev",
                            "tags.ManagedBy": "anmol@clouddrove.com",
                            "tags.Name": "dev-subnet",
                            "vpc": "true"
                        },
                        "meta": {
                            "e2bfb730-ecaa-11e6-8f88-34363bc7c4c0": {
                                "delete": 180000000000,
                                "read": 900000000000,
                                "update": 300000000000
                            }
                        },
                        "tainted": false
                    },
                    "deposed": [],
                    "provider": "provider.aws"
                },
                "aws_eip.private.1": {
                    "type": "aws_eip",
                    "depends_on": [
                        "local.private_nat_gateways_count",
                        "module.lables"
                    ],
                    "primary": {
                        "id": "eipalloc-0da3b9b0c697e0bc6",
                        "attributes": {
                            "association_id": "eipassoc-0f6d8d458a0441eb9",
                            "domain": "vpc",
                            "id": "eipalloc-0da3b9b0c697e0bc6",
                            "instance": "",
                            "network_interface": "eni-0d1b674b642ea2d7b",
                            "private_dns": "ip-172-30-157-178.eu-west-1.compute.internal",
                            "private_ip": "172.30.157.178",
                            "public_dns": "ec2-108-129-48-140.eu-west-1.compute.amazonaws.com",
                            "public_ip": "108.129.48.140",
                            "public_ipv4_pool": "amazon",
                            "tags.%": "5",
                            "tags.Applicatoin": "clouddrove",
                            "tags.CreatedBy": "terraform",
                            "tags.Environment": "dev",
                            "tags.ManagedBy": "anmol@clouddrove.com",
                            "tags.Name": "dev-subnet",
                            "vpc": "true"
                        },
                        "meta": {
                            "e2bfb730-ecaa-11e6-8f88-34363bc7c4c0": {
                                "delete": 180000000000,
                                "read": 900000000000,
                                "update": 300000000000
                            }
                        },
                        "tainted": false
                    },
                    "deposed": [],
                    "provider": "provider.aws"
                },
                "aws_eip.private.2": {
                    "type": "aws_eip",
                    "depends_on": [
                        "local.private_nat_gateways_count",
                        "module.lables"
                    ],
                    "primary": {
                        "id": "eipalloc-04e0b8e7dc0b74871",
                        "attributes": {
                            "association_id": "eipassoc-057c74ddf94f319b2",
                            "domain": "vpc",
                            "id": "eipalloc-04e0b8e7dc0b74871",
                            "instance": "",
                            "network_interface": "eni-0c5fc5ffcde7a246d",
                            "private_dns": "ip-172-30-184-223.eu-west-1.compute.internal",
                            "private_ip": "172.30.184.223",
                            "public_dns": "ec2-108-128-206-2.eu-west-1.compute.amazonaws.com",
                            "public_ip": "108.128.206.2",
                            "public_ipv4_pool": "amazon",
                            "tags.%": "5",
                            "tags.Applicatoin": "clouddrove",
                            "tags.CreatedBy": "terraform",
                            "tags.Environment": "dev",
                            "tags.ManagedBy": "anmol@clouddrove.com",
                            "tags.Name": "dev-subnet",
                            "vpc": "true"
                        },
                        "meta": {
                            "e2bfb730-ecaa-11e6-8f88-34363bc7c4c0": {
                                "delete": 180000000000,
                                "read": 900000000000,
                                "update": 300000000000
                            }
                        },
                        "tainted": false
                    },
                    "deposed": [],
                    "provider": "provider.aws"
                },
                "aws_nat_gateway.private.0": {
                    "type": "aws_nat_gateway",
                    "depends_on": [
                        "aws_eip.private.*",
                        "aws_subnet.public.*",
                        "local.private_nat_gateways_count",
                        "module.lables"
                    ],
                    "primary": {
                        "id": "nat-0c009d895a62d9087",
                        "attributes": {
                            "allocation_id": "eipalloc-0fe5b935b9dbc4f67",
                            "id": "nat-0c009d895a62d9087",
                            "network_interface_id": "eni-0684fb6cf93e77829",
                            "private_ip": "172.30.117.126",
                            "public_ip": "34.253.160.244",
                            "subnet_id": "subnet-075b65bb1f4733622",
                            "tags.%": "5",
                            "tags.Applicatoin": "clouddrove",
                            "tags.CreatedBy": "terraform",
                            "tags.Environment": "dev",
                            "tags.ManagedBy": "anmol@clouddrove.com",
                            "tags.Name": "dev-subnet"
                        },
                        "meta": {},
                        "tainted": false
                    },
                    "deposed": [],
                    "provider": "provider.aws"
                },
                "aws_nat_gateway.private.1": {
                    "type": "aws_nat_gateway",
                    "depends_on": [
                        "aws_eip.private.*",
                        "aws_subnet.public.*",
                        "local.private_nat_gateways_count",
                        "module.lables"
                    ],
                    "primary": {
                        "id": "nat-0c02fc68235c345c7",
                        "attributes": {
                            "allocation_id": "eipalloc-0da3b9b0c697e0bc6",
                            "id": "nat-0c02fc68235c345c7",
                            "network_interface_id": "eni-0d1b674b642ea2d7b",
                            "private_ip": "172.30.157.178",
                            "public_ip": "108.129.48.140",
                            "subnet_id": "subnet-04007af51c811004c",
                            "tags.%": "5",
                            "tags.Applicatoin": "clouddrove",
                            "tags.CreatedBy": "terraform",
                            "tags.Environment": "dev",
                            "tags.ManagedBy": "anmol@clouddrove.com",
                            "tags.Name": "dev-subnet"
                        },
                        "meta": {},
                        "tainted": false
                    },
                    "deposed": [],
                    "provider": "provider.aws"
                },
                "aws_nat_gateway.private.2": {
                    "type": "aws_nat_gateway",
                    "depends_on": [
                        "aws_eip.private.*",
                        "aws_subnet.public.*",
                        "local.private_nat_gateways_count",
                        "module.lables"
                    ],
                    "primary": {
                        "id": "nat-047a5f66385cae7f4",
                        "attributes": {
                            "allocation_id": "eipalloc-04e0b8e7dc0b74871",
                            "id": "nat-047a5f66385cae7f4",
                            "network_interface_id": "eni-0c5fc5ffcde7a246d",
                            "private_ip": "172.30.184.223",
                            "public_ip": "108.128.206.2",
                            "subnet_id": "subnet-02d048d53199747c5",
                            "tags.%": "5",
                            "tags.Applicatoin": "clouddrove",
                            "tags.CreatedBy": "terraform",
                            "tags.Environment": "dev",
                            "tags.ManagedBy": "anmol@clouddrove.com",
                            "tags.Name": "dev-subnet"
                        },
                        "meta": {},
                        "tainted": false
                    },
                    "deposed": [],
                    "provider": "provider.aws"
                },
                "aws_route.nat_gateway.0": {
                    "type": "aws_route",
                    "depends_on": [
                        "aws_nat_gateway.private.*",
                        "aws_route_table.private",
                        "aws_route_table.private.*",
                        "local.private_nat_gateways_count"
                    ],
                    "primary": {
                        "id": "r-rtb-0b902d0b791d4432c1080289494",
                        "attributes": {
                            "destination_cidr_block": "0.0.0.0/0",
                            "destination_prefix_list_id": "",
                            "egress_only_gateway_id": "",
                            "gateway_id": "",
                            "id": "r-rtb-0b902d0b791d4432c1080289494",
                            "instance_id": "",
                            "instance_owner_id": "",
                            "nat_gateway_id": "nat-0c009d895a62d9087",
                            "network_interface_id": "",
                            "origin": "CreateRoute",
                            "route_table_id": "rtb-0b902d0b791d4432c",
                            "state": "active",
                            "transit_gateway_id": "",
                            "vpc_peering_connection_id": ""
                        },
                        "meta": {
                            "e2bfb730-ecaa-11e6-8f88-34363bc7c4c0": {
                                "create": 120000000000,
                                "delete": 300000000000
                            }
                        },
                        "tainted": false
                    },
                    "deposed": [],
                    "provider": "provider.aws"
                },
                "aws_route.nat_gateway.1": {
                    "type": "aws_route",
                    "depends_on": [
                        "aws_nat_gateway.private.*",
                        "aws_route_table.private",
                        "aws_route_table.private.*",
                        "local.private_nat_gateways_count"
                    ],
                    "primary": {
                        "id": "r-rtb-07deb587f9593b6761080289494",
                        "attributes": {
                            "destination_cidr_block": "0.0.0.0/0",
                            "destination_prefix_list_id": "",
                            "egress_only_gateway_id": "",
                            "gateway_id": "",
                            "id": "r-rtb-07deb587f9593b6761080289494",
                            "instance_id": "",
                            "instance_owner_id": "",
                            "nat_gateway_id": "nat-0c02fc68235c345c7",
                            "network_interface_id": "",
                            "origin": "CreateRoute",
                            "route_table_id": "rtb-07deb587f9593b676",
                            "state": "active",
                            "transit_gateway_id": "",
                            "vpc_peering_connection_id": ""
                        },
                        "meta": {
                            "e2bfb730-ecaa-11e6-8f88-34363bc7c4c0": {
                                "create": 120000000000,
                                "delete": 300000000000
                            }
                        },
                        "tainted": false
                    },
                    "deposed": [],
                    "provider": "provider.aws"
                },
                "aws_route.nat_gateway.2": {
                    "type": "aws_route",
                    "depends_on": [
                        "aws_nat_gateway.private.*",
                        "aws_route_table.private",
                        "aws_route_table.private.*",
                        "local.private_nat_gateways_count"
                    ],
                    "primary": {
                        "id": "r-rtb-04b1c88da5f1dc2b51080289494",
                        "attributes": {
                            "destination_cidr_block": "0.0.0.0/0",
                            "destination_prefix_list_id": "",
                            "egress_only_gateway_id": "",
                            "gateway_id": "",
                            "id": "r-rtb-04b1c88da5f1dc2b51080289494",
                            "instance_id": "",
                            "instance_owner_id": "",
                            "nat_gateway_id": "nat-047a5f66385cae7f4",
                            "network_interface_id": "",
                            "origin": "CreateRoute",
                            "route_table_id": "rtb-04b1c88da5f1dc2b5",
                            "state": "active",
                            "transit_gateway_id": "",
                            "vpc_peering_connection_id": ""
                        },
                        "meta": {
                            "e2bfb730-ecaa-11e6-8f88-34363bc7c4c0": {
                                "create": 120000000000,
                                "delete": 300000000000
                            }
                        },
                        "tainted": false
                    },
                    "deposed": [],
                    "provider": "provider.aws"
                },
                "aws_route.public.0": {
                    "type": "aws_route",
                    "depends_on": [
                        "aws_route_table.public",
                        "aws_route_table.public.*",
                        "local.public_count"
                    ],
                    "primary": {
                        "id": "r-rtb-08af3ae79924373de1080289494",
                        "attributes": {
                            "destination_cidr_block": "0.0.0.0/0",
                            "destination_prefix_list_id": "",
                            "egress_only_gateway_id": "",
                            "gateway_id": "igw-0063352d8127ba1c3",
                            "id": "r-rtb-08af3ae79924373de1080289494",
                            "instance_id": "",
                            "instance_owner_id": "",
                            "nat_gateway_id": "",
                            "network_interface_id": "",
                            "origin": "CreateRoute",
                            "route_table_id": "rtb-08af3ae79924373de",
                            "state": "active",
                            "transit_gateway_id": "",
                            "vpc_peering_connection_id": ""
                        },
                        "meta": {
                            "e2bfb730-ecaa-11e6-8f88-34363bc7c4c0": {
                                "create": 120000000000,
                                "delete": 300000000000
                            }
                        },
                        "tainted": false
                    },
                    "deposed": [],
                    "provider": "provider.aws"
                },
                "aws_route.public.1": {
                    "type": "aws_route",
                    "depends_on": [
                        "aws_route_table.public",
                        "aws_route_table.public.*",
                        "local.public_count"
                    ],
                    "primary": {
                        "id": "r-rtb-0ab84eee3b712a0681080289494",
                        "attributes": {
                            "destination_cidr_block": "0.0.0.0/0",
                            "destination_prefix_list_id": "",
                            "egress_only_gateway_id": "",
                            "gateway_id": "igw-0063352d8127ba1c3",
                            "id": "r-rtb-0ab84eee3b712a0681080289494",
                            "instance_id": "",
                            "instance_owner_id": "",
                            "nat_gateway_id": "",
                            "network_interface_id": "",
                            "origin": "CreateRoute",
                            "route_table_id": "rtb-0ab84eee3b712a068",
                            "state": "active",
                            "transit_gateway_id": "",
                            "vpc_peering_connection_id": ""
                        },
                        "meta": {
                            "e2bfb730-ecaa-11e6-8f88-34363bc7c4c0": {
                                "create": 120000000000,
                                "delete": 300000000000
                            }
                        },
                        "tainted": false
                    },
                    "deposed": [],
                    "provider": "provider.aws"
                },
                "aws_route.public.2": {
                    "type": "aws_route",
                    "depends_on": [
                        "aws_route_table.public",
                        "aws_route_table.public.*",
                        "local.public_count"
                    ],
                    "primary": {
                        "id": "r-rtb-064f8ba4663da0e741080289494",
                        "attributes": {
                            "destination_cidr_block": "0.0.0.0/0",
                            "destination_prefix_list_id": "",
                            "egress_only_gateway_id": "",
                            "gateway_id": "igw-0063352d8127ba1c3",
                            "id": "r-rtb-064f8ba4663da0e741080289494",
                            "instance_id": "",
                            "instance_owner_id": "",
                            "nat_gateway_id": "",
                            "network_interface_id": "",
                            "origin": "CreateRoute",
                            "route_table_id": "rtb-064f8ba4663da0e74",
                            "state": "active",
                            "transit_gateway_id": "",
                            "vpc_peering_connection_id": ""
                        },
                        "meta": {
                            "e2bfb730-ecaa-11e6-8f88-34363bc7c4c0": {
                                "create": 120000000000,
                                "delete": 300000000000
                            }
                        },
                        "tainted": false
                    },
                    "deposed": [],
                    "provider": "provider.aws"
                },
                "aws_route_table.private.0": {
                    "type": "aws_route_table",
                    "depends_on": [
                        "local.private_count",
                        "module.lables"
                    ],
                    "primary": {
                        "id": "rtb-0b902d0b791d4432c",
                        "attributes": {
                            "id": "rtb-0b902d0b791d4432c",
                            "owner_id": "866067750630",
                            "propagating_vgws.#": "0",
                            "route.#": "1",
                            "route.1422634748.cidr_block": "0.0.0.0/0",
                            "route.1422634748.egress_only_gateway_id": "",
                            "route.1422634748.gateway_id": "",
                            "route.1422634748.instance_id": "",
                            "route.1422634748.ipv6_cidr_block": "",
                            "route.1422634748.nat_gateway_id": "nat-0c009d895a62d9087",
                            "route.1422634748.network_interface_id": "",
                            "route.1422634748.transit_gateway_id": "",
                            "route.1422634748.vpc_peering_connection_id": "",
                            "tags.%": "6",
                            "tags.AZ": "eu-west-1a",
                            "tags.Applicatoin": "clouddrove",
                            "tags.CreatedBy": "terraform",
                            "tags.Environment": "dev",
                            "tags.ManagedBy": "anmol@clouddrove.com",
                            "tags.Name": "dev-subnet-eu-west-1a",
                            "vpc_id": "vpc-00b3429d6ae6c84a2"
                        },
                        "meta": {},
                        "tainted": false
                    },
                    "deposed": [],
                    "provider": "provider.aws"
                },
                "aws_route_table.private.1": {
                    "type": "aws_route_table",
                    "depends_on": [
                        "local.private_count",
                        "module.lables"
                    ],
                    "primary": {
                        "id": "rtb-07deb587f9593b676",
                        "attributes": {
                            "id": "rtb-07deb587f9593b676",
                            "owner_id": "866067750630",
                            "propagating_vgws.#": "0",
                            "route.#": "1",
                            "route.2337254420.cidr_block": "0.0.0.0/0",
                            "route.2337254420.egress_only_gateway_id": "",
                            "route.2337254420.gateway_id": "",
                            "route.2337254420.instance_id": "",
                            "route.2337254420.ipv6_cidr_block": "",
                            "route.2337254420.nat_gateway_id": "nat-0c02fc68235c345c7",
                            "route.2337254420.network_interface_id": "",
                            "route.2337254420.transit_gateway_id": "",
                            "route.2337254420.vpc_peering_connection_id": "",
                            "tags.%": "6",
                            "tags.AZ": "eu-west-1b",
                            "tags.Applicatoin": "clouddrove",
                            "tags.CreatedBy": "terraform",
                            "tags.Environment": "dev",
                            "tags.ManagedBy": "anmol@clouddrove.com",
                            "tags.Name": "dev-subnet-eu-west-1b",
                            "vpc_id": "vpc-00b3429d6ae6c84a2"
                        },
                        "meta": {},
                        "tainted": false
                    },
                    "deposed": [],
                    "provider": "provider.aws"
                },
                "aws_route_table.private.2": {
                    "type": "aws_route_table",
                    "depends_on": [
                        "local.private_count",
                        "module.lables"
                    ],
                    "primary": {
                        "id": "rtb-04b1c88da5f1dc2b5",
                        "attributes": {
                            "id": "rtb-04b1c88da5f1dc2b5",
                            "owner_id": "866067750630",
                            "propagating_vgws.#": "0",
                            "route.#": "1",
                            "route.3392293143.cidr_block": "0.0.0.0/0",
                            "route.3392293143.egress_only_gateway_id": "",
                            "route.3392293143.gateway_id": "",
                            "route.3392293143.instance_id": "",
                            "route.3392293143.ipv6_cidr_block": "",
                            "route.3392293143.nat_gateway_id": "nat-047a5f66385cae7f4",
                            "route.3392293143.network_interface_id": "",
                            "route.3392293143.transit_gateway_id": "",
                            "route.3392293143.vpc_peering_connection_id": "",
                            "tags.%": "6",
                            "tags.AZ": "eu-west-1c",
                            "tags.Applicatoin": "clouddrove",
                            "tags.CreatedBy": "terraform",
                            "tags.Environment": "dev",
                            "tags.ManagedBy": "anmol@clouddrove.com",
                            "tags.Name": "dev-subnet-eu-west-1c",
                            "vpc_id": "vpc-00b3429d6ae6c84a2"
                        },
                        "meta": {},
                        "tainted": false
                    },
                    "deposed": [],
                    "provider": "provider.aws"
                },
                "aws_route_table.public.0": {
                    "type": "aws_route_table",
                    "depends_on": [
                        "local.public_count",
                        "module.lables"
                    ],
                    "primary": {
                        "id": "rtb-08af3ae79924373de",
                        "attributes": {
                            "id": "rtb-08af3ae79924373de",
                            "owner_id": "866067750630",
                            "propagating_vgws.#": "0",
                            "route.#": "1",
                            "route.2311043012.cidr_block": "0.0.0.0/0",
                            "route.2311043012.egress_only_gateway_id": "",
                            "route.2311043012.gateway_id": "igw-0063352d8127ba1c3",
                            "route.2311043012.instance_id": "",
                            "route.2311043012.ipv6_cidr_block": "",
                            "route.2311043012.nat_gateway_id": "",
                            "route.2311043012.network_interface_id": "",
                            "route.2311043012.transit_gateway_id": "",
                            "route.2311043012.vpc_peering_connection_id": "",
                            "tags.%": "6",
                            "tags.AZ": "eu-west-1a",
                            "tags.Applicatoin": "clouddrove",
                            "tags.CreatedBy": "terraform",
                            "tags.Environment": "dev",
                            "tags.ManagedBy": "anmol@clouddrove.com",
                            "tags.Name": "dev-subnet-eu-west-1a",
                            "vpc_id": "vpc-00b3429d6ae6c84a2"
                        },
                        "meta": {},
                        "tainted": false
                    },
                    "deposed": [],
                    "provider": "provider.aws"
                },
                "aws_route_table.public.1": {
                    "type": "aws_route_table",
                    "depends_on": [
                        "local.public_count",
                        "module.lables"
                    ],
                    "primary": {
                        "id": "rtb-0ab84eee3b712a068",
                        "attributes": {
                            "id": "rtb-0ab84eee3b712a068",
                            "owner_id": "866067750630",
                            "propagating_vgws.#": "0",
                            "route.#": "1",
                            "route.2311043012.cidr_block": "0.0.0.0/0",
                            "route.2311043012.egress_only_gateway_id": "",
                            "route.2311043012.gateway_id": "igw-0063352d8127ba1c3",
                            "route.2311043012.instance_id": "",
                            "route.2311043012.ipv6_cidr_block": "",
                            "route.2311043012.nat_gateway_id": "",
                            "route.2311043012.network_interface_id": "",
                            "route.2311043012.transit_gateway_id": "",
                            "route.2311043012.vpc_peering_connection_id": "",
                            "tags.%": "6",
                            "tags.AZ": "eu-west-1b",
                            "tags.Applicatoin": "clouddrove",
                            "tags.CreatedBy": "terraform",
                            "tags.Environment": "dev",
                            "tags.ManagedBy": "anmol@clouddrove.com",
                            "tags.Name": "dev-subnet-eu-west-1b",
                            "vpc_id": "vpc-00b3429d6ae6c84a2"
                        },
                        "meta": {},
                        "tainted": false
                    },
                    "deposed": [],
                    "provider": "provider.aws"
                },
                "aws_route_table.public.2": {
                    "type": "aws_route_table",
                    "depends_on": [
                        "local.public_count",
                        "module.lables"
                    ],
                    "primary": {
                        "id": "rtb-064f8ba4663da0e74",
                        "attributes": {
                            "id": "rtb-064f8ba4663da0e74",
                            "owner_id": "866067750630",
                            "propagating_vgws.#": "0",
                            "route.#": "1",
                            "route.2311043012.cidr_block": "0.0.0.0/0",
                            "route.2311043012.egress_only_gateway_id": "",
                            "route.2311043012.gateway_id": "igw-0063352d8127ba1c3",
                            "route.2311043012.instance_id": "",
                            "route.2311043012.ipv6_cidr_block": "",
                            "route.2311043012.nat_gateway_id": "",
                            "route.2311043012.network_interface_id": "",
                            "route.2311043012.transit_gateway_id": "",
                            "route.2311043012.vpc_peering_connection_id": "",
                            "tags.%": "6",
                            "tags.AZ": "eu-west-1c",
                            "tags.Applicatoin": "clouddrove",
                            "tags.CreatedBy": "terraform",
                            "tags.Environment": "dev",
                            "tags.ManagedBy": "anmol@clouddrove.com",
                            "tags.Name": "dev-subnet-eu-west-1c",
                            "vpc_id": "vpc-00b3429d6ae6c84a2"
                        },
                        "meta": {},
                        "tainted": false
                    },
                    "deposed": [],
                    "provider": "provider.aws"
                },
                "aws_route_table_association.private.0": {
                    "type": "aws_route_table_association",
                    "depends_on": [
                        "aws_route_table.private.*",
                        "aws_subnet.private.*",
                        "local.private_count"
                    ],
                    "primary": {
                        "id": "rtbassoc-083717147ef7d5566",
                        "attributes": {
                            "id": "rtbassoc-083717147ef7d5566",
                            "route_table_id": "rtb-0b902d0b791d4432c",
                            "subnet_id": "subnet-0803eb694c0838d2d"
                        },
                        "meta": {},
                        "tainted": false
                    },
                    "deposed": [],
                    "provider": "provider.aws"
                },
                "aws_route_table_association.private.1": {
                    "type": "aws_route_table_association",
                    "depends_on": [
                        "aws_route_table.private.*",
                        "aws_subnet.private.*",
                        "local.private_count"
                    ],
                    "primary": {
                        "id": "rtbassoc-0a9c08c46eeabecc1",
                        "attributes": {
                            "id": "rtbassoc-0a9c08c46eeabecc1",
                            "route_table_id": "rtb-07deb587f9593b676",
                            "subnet_id": "subnet-00f8c9823aff26383"
                        },
                        "meta": {},
                        "tainted": false
                    },
                    "deposed": [],
                    "provider": "provider.aws"
                },
                "aws_route_table_association.private.2": {
                    "type": "aws_route_table_association",
                    "depends_on": [
                        "aws_route_table.private.*",
                        "aws_subnet.private.*",
                        "local.private_count"
                    ],
                    "primary": {
                        "id": "rtbassoc-03a50a8c84a80f8e2",
                        "attributes": {
                            "id": "rtbassoc-03a50a8c84a80f8e2",
                            "route_table_id": "rtb-04b1c88da5f1dc2b5",
                            "subnet_id": "subnet-084b0dad31cfcab39"
                        },
                        "meta": {},
                        "tainted": false
                    },
                    "deposed": [],
                    "provider": "provider.aws"
                },
                "aws_route_table_association.public.0": {
                    "type": "aws_route_table_association",
                    "depends_on": [
                        "aws_route_table.public",
                        "aws_route_table.public.*",
                        "aws_subnet.public",
                        "aws_subnet.public.*",
                        "local.public_count"
                    ],
                    "primary": {
                        "id": "rtbassoc-0839f1d26824886c0",
                        "attributes": {
                            "id": "rtbassoc-0839f1d26824886c0",
                            "route_table_id": "rtb-08af3ae79924373de",
                            "subnet_id": "subnet-075b65bb1f4733622"
                        },
                        "meta": {},
                        "tainted": false
                    },
                    "deposed": [],
                    "provider": "provider.aws"
                },
                "aws_route_table_association.public.1": {
                    "type": "aws_route_table_association",
                    "depends_on": [
                        "aws_route_table.public",
                        "aws_route_table.public.*",
                        "aws_subnet.public",
                        "aws_subnet.public.*",
                        "local.public_count"
                    ],
                    "primary": {
                        "id": "rtbassoc-0ffff8aedc5783739",
                        "attributes": {
                            "id": "rtbassoc-0ffff8aedc5783739",
                            "route_table_id": "rtb-0ab84eee3b712a068",
                            "subnet_id": "subnet-04007af51c811004c"
                        },
                        "meta": {},
                        "tainted": false
                    },
                    "deposed": [],
                    "provider": "provider.aws"
                },
                "aws_route_table_association.public.2": {
                    "type": "aws_route_table_association",
                    "depends_on": [
                        "aws_route_table.public",
                        "aws_route_table.public.*",
                        "aws_subnet.public",
                        "aws_subnet.public.*",
                        "local.public_count"
                    ],
                    "primary": {
                        "id": "rtbassoc-0c976afe6f0133434",
                        "attributes": {
                            "id": "rtbassoc-0c976afe6f0133434",
                            "route_table_id": "rtb-064f8ba4663da0e74",
                            "subnet_id": "subnet-02d048d53199747c5"
                        },
                        "meta": {},
                        "tainted": false
                    },
                    "deposed": [],
                    "provider": "provider.aws"
                },
                "aws_subnet.private.0": {
                    "type": "aws_subnet",
                    "depends_on": [
                        "data.aws_vpc.default",
                        "local.private_count",
                        "local.public_count",
                        "module.lables"
                    ],
                    "primary": {
                        "id": "subnet-0803eb694c0838d2d",
                        "attributes": {
                            "arn": "arn:aws:ec2:eu-west-1:866067750630:subnet/subnet-0803eb694c0838d2d",
                            "assign_ipv6_address_on_creation": "false",
                            "availability_zone": "eu-west-1a",
                            "availability_zone_id": "euw1-az3",
                            "cidr_block": "172.30.0.0/19",
                            "id": "subnet-0803eb694c0838d2d",
                            "ipv6_cidr_block": "",
                            "ipv6_cidr_block_association_id": "",
                            "map_public_ip_on_launch": "false",
                            "owner_id": "866067750630",
                            "tags.%": "6",
                            "tags.AZ": "eu-west-1a",
                            "tags.Applicatoin": "clouddrove",
                            "tags.CreatedBy": "terraform",
                            "tags.Environment": "dev",
                            "tags.ManagedBy": "anmol@clouddrove.com",
                            "tags.Name": "private-dev-subnet-eu-west-1a",
                            "vpc_id": "vpc-00b3429d6ae6c84a2"
                        },
                        "meta": {
                            "e2bfb730-ecaa-11e6-8f88-34363bc7c4c0": {
                                "create": 600000000000,
                                "delete": 1200000000000
                            },
                            "schema_version": "1"
                        },
                        "tainted": false
                    },
                    "deposed": [],
                    "provider": "provider.aws"
                },
                "aws_subnet.private.1": {
                    "type": "aws_subnet",
                    "depends_on": [
                        "data.aws_vpc.default",
                        "local.private_count",
                        "local.public_count",
                        "module.lables"
                    ],
                    "primary": {
                        "id": "subnet-00f8c9823aff26383",
                        "attributes": {
                            "arn": "arn:aws:ec2:eu-west-1:866067750630:subnet/subnet-00f8c9823aff26383",
                            "assign_ipv6_address_on_creation": "false",
                            "availability_zone": "eu-west-1b",
                            "availability_zone_id": "euw1-az1",
                            "cidr_block": "172.30.32.0/19",
                            "id": "subnet-00f8c9823aff26383",
                            "ipv6_cidr_block": "",
                            "ipv6_cidr_block_association_id": "",
                            "map_public_ip_on_launch": "false",
                            "owner_id": "866067750630",
                            "tags.%": "6",
                            "tags.AZ": "eu-west-1b",
                            "tags.Applicatoin": "clouddrove",
                            "tags.CreatedBy": "terraform",
                            "tags.Environment": "dev",
                            "tags.ManagedBy": "anmol@clouddrove.com",
                            "tags.Name": "private-dev-subnet-eu-west-1b",
                            "vpc_id": "vpc-00b3429d6ae6c84a2"
                        },
                        "meta": {
                            "e2bfb730-ecaa-11e6-8f88-34363bc7c4c0": {
                                "create": 600000000000,
                                "delete": 1200000000000
                            },
                            "schema_version": "1"
                        },
                        "tainted": false
                    },
                    "deposed": [],
                    "provider": "provider.aws"
                },
                "aws_subnet.private.2": {
                    "type": "aws_subnet",
                    "depends_on": [
                        "data.aws_vpc.default",
                        "local.private_count",
                        "local.public_count",
                        "module.lables"
                    ],
                    "primary": {
                        "id": "subnet-084b0dad31cfcab39",
                        "attributes": {
                            "arn": "arn:aws:ec2:eu-west-1:866067750630:subnet/subnet-084b0dad31cfcab39",
                            "assign_ipv6_address_on_creation": "false",
                            "availability_zone": "eu-west-1c",
                            "availability_zone_id": "euw1-az2",
                            "cidr_block": "172.30.64.0/19",
                            "id": "subnet-084b0dad31cfcab39",
                            "ipv6_cidr_block": "",
                            "ipv6_cidr_block_association_id": "",
                            "map_public_ip_on_launch": "false",
                            "owner_id": "866067750630",
                            "tags.%": "6",
                            "tags.AZ": "eu-west-1c",
                            "tags.Applicatoin": "clouddrove",
                            "tags.CreatedBy": "terraform",
                            "tags.Environment": "dev",
                            "tags.ManagedBy": "anmol@clouddrove.com",
                            "tags.Name": "private-dev-subnet-eu-west-1c",
                            "vpc_id": "vpc-00b3429d6ae6c84a2"
                        },
                        "meta": {
                            "e2bfb730-ecaa-11e6-8f88-34363bc7c4c0": {
                                "create": 600000000000,
                                "delete": 1200000000000
                            },
                            "schema_version": "1"
                        },
                        "tainted": false
                    },
                    "deposed": [],
                    "provider": "provider.aws"
                },
                "aws_subnet.public.0": {
                    "type": "aws_subnet",
                    "depends_on": [
                        "data.aws_vpc.default",
                        "local.public_count",
                        "module.lables"
                    ],
                    "primary": {
                        "id": "subnet-075b65bb1f4733622",
                        "attributes": {
                            "arn": "arn:aws:ec2:eu-west-1:866067750630:subnet/subnet-075b65bb1f4733622",
                            "assign_ipv6_address_on_creation": "false",
                            "availability_zone": "eu-west-1a",
                            "availability_zone_id": "euw1-az3",
                            "cidr_block": "172.30.96.0/19",
                            "id": "subnet-075b65bb1f4733622",
                            "ipv6_cidr_block": "",
                            "ipv6_cidr_block_association_id": "",
                            "map_public_ip_on_launch": "false",
                            "owner_id": "866067750630",
                            "tags.%": "6",
                            "tags.AZ": "eu-west-1a",
                            "tags.Applicatoin": "clouddrove",
                            "tags.CreatedBy": "terraform",
                            "tags.Environment": "dev",
                            "tags.ManagedBy": "anmol@clouddrove.com",
                            "tags.Name": "public-dev-subnet-eu-west-1a",
                            "vpc_id": "vpc-00b3429d6ae6c84a2"
                        },
                        "meta": {
                            "e2bfb730-ecaa-11e6-8f88-34363bc7c4c0": {
                                "create": 600000000000,
                                "delete": 1200000000000
                            },
                            "schema_version": "1"
                        },
                        "tainted": false
                    },
                    "deposed": [],
                    "provider": "provider.aws"
                },
                "aws_subnet.public.1": {
                    "type": "aws_subnet",
                    "depends_on": [
                        "data.aws_vpc.default",
                        "local.public_count",
                        "module.lables"
                    ],
                    "primary": {
                        "id": "subnet-04007af51c811004c",
                        "attributes": {
                            "arn": "arn:aws:ec2:eu-west-1:866067750630:subnet/subnet-04007af51c811004c",
                            "assign_ipv6_address_on_creation": "false",
                            "availability_zone": "eu-west-1b",
                            "availability_zone_id": "euw1-az1",
                            "cidr_block": "172.30.128.0/19",
                            "id": "subnet-04007af51c811004c",
                            "ipv6_cidr_block": "",
                            "ipv6_cidr_block_association_id": "",
                            "map_public_ip_on_launch": "false",
                            "owner_id": "866067750630",
                            "tags.%": "6",
                            "tags.AZ": "eu-west-1b",
                            "tags.Applicatoin": "clouddrove",
                            "tags.CreatedBy": "terraform",
                            "tags.Environment": "dev",
                            "tags.ManagedBy": "anmol@clouddrove.com",
                            "tags.Name": "public-dev-subnet-eu-west-1b",
                            "vpc_id": "vpc-00b3429d6ae6c84a2"
                        },
                        "meta": {
                            "e2bfb730-ecaa-11e6-8f88-34363bc7c4c0": {
                                "create": 600000000000,
                                "delete": 1200000000000
                            },
                            "schema_version": "1"
                        },
                        "tainted": false
                    },
                    "deposed": [],
                    "provider": "provider.aws"
                },
                "aws_subnet.public.2": {
                    "type": "aws_subnet",
                    "depends_on": [
                        "data.aws_vpc.default",
                        "local.public_count",
                        "module.lables"
                    ],
                    "primary": {
                        "id": "subnet-02d048d53199747c5",
                        "attributes": {
                            "arn": "arn:aws:ec2:eu-west-1:866067750630:subnet/subnet-02d048d53199747c5",
                            "assign_ipv6_address_on_creation": "false",
                            "availability_zone": "eu-west-1c",
                            "availability_zone_id": "euw1-az2",
                            "cidr_block": "172.30.160.0/19",
                            "id": "subnet-02d048d53199747c5",
                            "ipv6_cidr_block": "",
                            "ipv6_cidr_block_association_id": "",
                            "map_public_ip_on_launch": "false",
                            "owner_id": "866067750630",
                            "tags.%": "6",
                            "tags.AZ": "eu-west-1c",
                            "tags.Applicatoin": "clouddrove",
                            "tags.CreatedBy": "terraform",
                            "tags.Environment": "dev",
                            "tags.ManagedBy": "anmol@clouddrove.com",
                            "tags.Name": "public-dev-subnet-eu-west-1c",
                            "vpc_id": "vpc-00b3429d6ae6c84a2"
                        },
                        "meta": {
                            "e2bfb730-ecaa-11e6-8f88-34363bc7c4c0": {
                                "create": 600000000000,
                                "delete": 1200000000000
                            },
                            "schema_version": "1"
                        },
                        "tainted": false
                    },
                    "deposed": [],
                    "provider": "provider.aws"
                },
                "data.aws_vpc.default": {
                    "type": "aws_vpc",
                    "depends_on": [],
                    "primary": {
                        "id": "vpc-00b3429d6ae6c84a2",
                        "attributes": {
                            "arn": "arn:aws:ec2:eu-west-1:866067750630:vpc/vpc-00b3429d6ae6c84a2",
                            "cidr_block": "172.30.0.0/16",
                            "cidr_block_associations.#": "1",
                            "cidr_block_associations.0.association_id": "vpc-cidr-assoc-0bf6ff8c5982f0aa0",
                            "cidr_block_associations.0.cidr_block": "172.30.0.0/16",
                            "cidr_block_associations.0.state": "associated",
                            "default": "false",
                            "dhcp_options_id": "dopt-069079916819bba09",
                            "enable_dns_hostnames": "true",
                            "enable_dns_support": "true",
                            "id": "vpc-00b3429d6ae6c84a2",
                            "instance_tenancy": "default",
                            "ipv6_association_id": "vpc-cidr-assoc-035ad54cd947b3338",
                            "ipv6_cidr_block": "2a05:d018:fc7:3000::/56",
                            "main_route_table_id": "rtb-0d6bf0fb5aa5e54cb",
                            "owner_id": "866067750630",
                            "state": "available",
                            "tags.%": "5",
                            "tags.Applicatoin": "uplift",
                            "tags.CreatedBy": "terraform",
                            "tags.Environment": "qa",
                            "tags.ManagedBy": "anmol@clouddrove.com",
                            "tags.Name": "qa-uplift"
                        },
                        "meta": {},
                        "tainted": false
                    },
                    "deposed": [],
                    "provider": "provider.aws"
                }
            },
            "depends_on": []
        },
        {
            "path": [
                "root",
                "vpc"
            ],
            "outputs": {
                "igw_id": {
                    "sensitive": false,
                    "type": "string",
                    "value": "igw-0063352d8127ba1c3"
                },
                "ipv6_cidr_block": {
                    "sensitive": false,
                    "type": "list",
                    "value": [
                        "2a05:d018:fc7:3000::/56"
                    ]
                },
                "vpc_cidr_block": {
                    "sensitive": false,
                    "type": "string",
                    "value": "172.30.0.0/16"
                },
                "vpc_default_network_acl_id": {
                    "sensitive": false,
                    "type": "list",
                    "value": [
                        "acl-0edb51463ed136d10"
                    ]
                },
                "vpc_default_route_table_id": {
                    "sensitive": false,
                    "type": "list",
                    "value": [
                        "rtb-0d6bf0fb5aa5e54cb"
                    ]
                },
                "vpc_default_security_group_id": {
                    "sensitive": false,
                    "type": "list",
                    "value": [
                        "sg-0441d6ea5a4f35367"
                    ]
                },
                "vpc_id": {
                    "sensitive": false,
                    "type": "string",
                    "value": "vpc-00b3429d6ae6c84a2"
                },
                "vpc_ipv6_association_id": {
                    "sensitive": false,
                    "type": "list",
                    "value": [
                        "vpc-cidr-assoc-035ad54cd947b3338"
                    ]
                },
                "vpc_main_route_table_id": {
                    "sensitive": false,
                    "type": "list",
                    "value": [
                        "rtb-0d6bf0fb5aa5e54cb"
                    ]
                }
            },
            "resources": {
                "aws_internet_gateway.default": {
                    "type": "aws_internet_gateway",
                    "depends_on": [
                        "aws_vpc.default",
                        "module.lables"
                    ],
                    "primary": {
                        "id": "igw-0063352d8127ba1c3",
                        "attributes": {
                            "id": "igw-0063352d8127ba1c3",
                            "owner_id": "866067750630",
                            "tags.%": "5",
                            "tags.Applicatoin": "uplift",
                            "tags.CreatedBy": "terraform",
                            "tags.Environment": "qa",
                            "tags.ManagedBy": "anmol@clouddrove.com",
                            "tags.Name": "qa-uplift",
                            "vpc_id": "vpc-00b3429d6ae6c84a2"
                        },
                        "meta": {},
                        "tainted": false
                    },
                    "deposed": [],
                    "provider": "provider.aws"
                },
                "aws_vpc.default": {
                    "type": "aws_vpc",
                    "depends_on": [
                        "module.lables"
                    ],
                    "primary": {
                        "id": "vpc-00b3429d6ae6c84a2",
                        "attributes": {
                            "arn": "arn:aws:ec2:eu-west-1:866067750630:vpc/vpc-00b3429d6ae6c84a2",
                            "assign_generated_ipv6_cidr_block": "true",
                            "cidr_block": "172.30.0.0/16",
                            "default_network_acl_id": "acl-0edb51463ed136d10",
                            "default_route_table_id": "rtb-0d6bf0fb5aa5e54cb",
                            "default_security_group_id": "sg-0441d6ea5a4f35367",
                            "dhcp_options_id": "dopt-069079916819bba09",
                            "enable_classiclink": "false",
                            "enable_classiclink_dns_support": "false",
                            "enable_dns_hostnames": "true",
                            "enable_dns_support": "true",
                            "id": "vpc-00b3429d6ae6c84a2",
                            "instance_tenancy": "default",
                            "ipv6_association_id": "vpc-cidr-assoc-035ad54cd947b3338",
                            "ipv6_cidr_block": "2a05:d018:fc7:3000::/56",
                            "main_route_table_id": "rtb-0d6bf0fb5aa5e54cb",
                            "owner_id": "866067750630",
                            "tags.%": "5",
                            "tags.Applicatoin": "uplift",
                            "tags.CreatedBy": "terraform",
                            "tags.Environment": "qa",
                            "tags.ManagedBy": "anmol@clouddrove.com",
                            "tags.Name": "qa-uplift"
                        },
                        "meta": {
                            "schema_version": "1"
                        },
                        "tainted": false
                    },
                    "deposed": [],
                    "provider": "provider.aws"
                }
            },
            "depends_on": []
        },
        {
            "path": [
                "root",
                "eks_cluster",
                "cluster_label"
            ],
            "outputs": {
                "application": {
                    "sensitive": false,
                    "type": "string",
                    "value": "clouddrove"
                },
                "attributes": {
                    "sensitive": false,
                    "type": "string",
                    "value": "cluster"
                },
                "environment": {
                    "sensitive": false,
                    "type": "string",
                    "value": "dev"
                },
                "id": {
                    "sensitive": false,
                    "type": "string",
                    "value": "dev-eks-cluster-cluster"
                },
                "name": {
                    "sensitive": false,
                    "type": "string",
                    "value": "eks-cluster"
                },
                "tags": {
                    "sensitive": false,
                    "type": "map",
                    "value": {
                        "Applicatoin": "clouddrove",
                        "CreatedBy": "terraform",
                        "Environment": "dev",
                        "ManagedBy": "anmol@clouddrove.com",
                        "Name": "dev-eks-cluster-cluster"
                    }
                }
            },
            "resources": {},
            "depends_on": []
        },
        {
            "path": [
                "root",
                "eks_cluster",
                "eks_cluster"
            ],
            "outputs": {
                "eks_cluster_arn": {
                    "sensitive": false,
                    "type": "string",
                    "value": "arn:aws:eks:eu-west-1:866067750630:cluster/dev-eks-cluster-cluster"
                },
                "eks_cluster_certificate_authority_data": {
                    "sensitive": false,
                    "type": "string",
                    "value": "LS0tLS1CRUdJTiBDRVJUSUZJQ0FURS0tLS0tCk1JSUN5RENDQWJDZ0F3SUJBZ0lCQURBTkJna3Foa2lHOXcwQkFRc0ZBREFWTVJNd0VRWURWUVFERXdwcmRXSmwKY201bGRHVnpNQjRYRFRFNU1EWXhOekV4TXpFek1sb1hEVEk1TURZeE5ERXhNekV6TWxvd0ZURVRNQkVHQTFVRQpBeE1LYTNWaVpYSnVaWFJsY3pDQ0FTSXdEUVlKS29aSWh2Y05BUUVCQlFBRGdnRVBBRENDQVFvQ2dnRUJBTi9MCnR1VGVUUy92ZVFhYTRCYTZ2V3ZPbHRSYzI2RU44YTFnd3pFdC92ZXJ2SHdRVlhvZU1wK1ZleldWSFliTFhPRlYKQlBVM0ZsV1ZPSGt2Z1VTYXdqcmFWZ3U2QkNYaDYybnJTdUxKRWpJeEY3L1JveWwyS2JLUUlrTmtjbzNVU3dyTQpEZitza3J5ZWdNalk2WWNSWDlSblg2elhzaHI5azdzTEV5aVEvK0g2ZlF6SzBOQUN3WU5iS0xwc2lxMzY3aVYwCjhPSFd5dlBBcDcxNlBlNUFOYmRNM1NIK0hwQjBPeDNVbW4rV05DMmRpNUg4QVZBTFoxelgzZlF0ZEtTbkY0TlgKbCthWGNwa21LUHkvTzA3V0J1T1Y3SEJhZUlOOEVETXZNaVZSeXFnQzZiNTNlalk5ZHdCbDEydEJ6TVRmYjJqSAp6NVdIQzByY2lnbk54Q25DbUlzQ0F3RUFBYU1qTUNFd0RnWURWUjBQQVFIL0JBUURBZ0trTUE4R0ExVWRFd0VCCi93UUZNQU1CQWY4d0RRWUpLb1pJaHZjTkFRRUxCUUFEZ2dFQkFEVnFNSXpPak5WL2ZQR3RSMmlEbG1LbDI3WjkKQWJadnZybFJ4RWcrcDlCWTIxNlFoRW5QTStYTlAxREVJS3FMK3lST2ZudHF6elh1NFF2TE41TW1sYVZrbm9CVQpWbWp2d0w5R3Vpa1UweGN5UHZYSm9tdFdoS1JrMW4xRldSYmhHSW9UTTZjWjFzRERwTWVLNlB3V0VqWVFBanFKCmRpWCsxRUdPcGNpdTV3amtreVF1V3MrWFNFYXcvMXJzcjN0Vll5aEp1WlgyZVU1alEyWFZqNThtTkhMS1hKVmsKUkdab0F2N3Y1aStuYUdPMHNzVE1IMFlvYVp0V0NGWDhpam1Pa0lSREdUN0tNRXVhQ2I4SlVHOXdQRWtMQjRLbQpRMVdaNk51MXltc2xHV1FwZ3l6VVpoUzNTMXEyWXMzd0NPY1ZZMTRjZzdhZDd1QnhOdGcvanNWa0ZSRT0KLS0tLS1FTkQgQ0VSVElGSUNBVEUtLS0tLQo="
                },
                "eks_cluster_endpoint": {
                    "sensitive": false,
                    "type": "string",
                    "value": "https://3DFD4B3877175EE0086CD5C541DD2573.yl4.eu-west-1.eks.amazonaws.com"
                },
                "eks_cluster_id": {
                    "sensitive": false,
                    "type": "string",
                    "value": "dev-eks-cluster-cluster"
                },
                "eks_cluster_version": {
                    "sensitive": false,
                    "type": "string",
                    "value": "1.12"
                },
                "kubeconfig": {
                    "sensitive": false,
                    "type": "string",
                    "value": "apiVersion: v1\nkind: Config\npreferences: {}\n\nclusters:\n- cluster:\n    server: https://3DFD4B3877175EE0086CD5C541DD2573.yl4.eu-west-1.eks.amazonaws.com\n    certificate-authority-data: LS0tLS1CRUdJTiBDRVJUSUZJQ0FURS0tLS0tCk1JSUN5RENDQWJDZ0F3SUJBZ0lCQURBTkJna3Foa2lHOXcwQkFRc0ZBREFWTVJNd0VRWURWUVFERXdwcmRXSmwKY201bGRHVnpNQjRYRFRFNU1EWXhOekV4TXpFek1sb1hEVEk1TURZeE5ERXhNekV6TWxvd0ZURVRNQkVHQTFVRQpBeE1LYTNWaVpYSnVaWFJsY3pDQ0FTSXdEUVlKS29aSWh2Y05BUUVCQlFBRGdnRVBBRENDQVFvQ2dnRUJBTi9MCnR1VGVUUy92ZVFhYTRCYTZ2V3ZPbHRSYzI2RU44YTFnd3pFdC92ZXJ2SHdRVlhvZU1wK1ZleldWSFliTFhPRlYKQlBVM0ZsV1ZPSGt2Z1VTYXdqcmFWZ3U2QkNYaDYybnJTdUxKRWpJeEY3L1JveWwyS2JLUUlrTmtjbzNVU3dyTQpEZitza3J5ZWdNalk2WWNSWDlSblg2elhzaHI5azdzTEV5aVEvK0g2ZlF6SzBOQUN3WU5iS0xwc2lxMzY3aVYwCjhPSFd5dlBBcDcxNlBlNUFOYmRNM1NIK0hwQjBPeDNVbW4rV05DMmRpNUg4QVZBTFoxelgzZlF0ZEtTbkY0TlgKbCthWGNwa21LUHkvTzA3V0J1T1Y3SEJhZUlOOEVETXZNaVZSeXFnQzZiNTNlalk5ZHdCbDEydEJ6TVRmYjJqSAp6NVdIQzByY2lnbk54Q25DbUlzQ0F3RUFBYU1qTUNFd0RnWURWUjBQQVFIL0JBUURBZ0trTUE4R0ExVWRFd0VCCi93UUZNQU1CQWY4d0RRWUpLb1pJaHZjTkFRRUxCUUFEZ2dFQkFEVnFNSXpPak5WL2ZQR3RSMmlEbG1LbDI3WjkKQWJadnZybFJ4RWcrcDlCWTIxNlFoRW5QTStYTlAxREVJS3FMK3lST2ZudHF6elh1NFF2TE41TW1sYVZrbm9CVQpWbWp2d0w5R3Vpa1UweGN5UHZYSm9tdFdoS1JrMW4xRldSYmhHSW9UTTZjWjFzRERwTWVLNlB3V0VqWVFBanFKCmRpWCsxRUdPcGNpdTV3amtreVF1V3MrWFNFYXcvMXJzcjN0Vll5aEp1WlgyZVU1alEyWFZqNThtTkhMS1hKVmsKUkdab0F2N3Y1aStuYUdPMHNzVE1IMFlvYVp0V0NGWDhpam1Pa0lSREdUN0tNRXVhQ2I4SlVHOXdQRWtMQjRLbQpRMVdaNk51MXltc2xHV1FwZ3l6VVpoUzNTMXEyWXMzd0NPY1ZZMTRjZzdhZDd1QnhOdGcvanNWa0ZSRT0KLS0tLS1FTkQgQ0VSVElGSUNBVEUtLS0tLQo=\n  name: dev-eks-cluster-cluster\n\ncontexts:\n- context:\n    cluster: dev-eks-cluster-cluster\n    user: dev-eks-cluster-cluster\n  name: dev-eks-cluster-cluster\n\ncurrent-context: dev-eks-cluster-cluster\n\nusers:\n- name: dev-eks-cluster-cluster\n  user:\n    exec:\n      apiVersion: client.authentication.k8s.io/v1alpha1\n      command: aws-iam-authenticator\n      args:\n        - \"token\"\n        - \"-i\"\n        - \"dev-eks-cluster-cluster\"\n"
                },
                "security_group_arn": {
                    "sensitive": false,
                    "type": "string",
                    "value": "arn:aws:ec2:eu-west-1:866067750630:security-group/sg-04e68af91ed5b8861"
                },
                "security_group_id": {
                    "sensitive": false,
                    "type": "string",
                    "value": "sg-04e68af91ed5b8861"
                },
                "security_group_name": {
                    "sensitive": false,
                    "type": "string",
                    "value": "dev-eks-cluster-cluster"
                }
            },
            "resources": {
                "aws_eks_cluster.default": {
                    "type": "aws_eks_cluster",
                    "depends_on": [
                        "aws_iam_role.default.*",
                        "aws_iam_role_policy_attachment.amazon_eks_cluster_policy",
                        "aws_iam_role_policy_attachment.amazon_eks_service_policy",
                        "aws_security_group.default.*",
                        "module.label"
                    ],
                    "primary": {
                        "id": "dev-eks-cluster-cluster",
                        "attributes": {
                            "arn": "arn:aws:eks:eu-west-1:866067750630:cluster/dev-eks-cluster-cluster",
                            "certificate_authority.#": "1",
                            "certificate_authority.0.data": "LS0tLS1CRUdJTiBDRVJUSUZJQ0FURS0tLS0tCk1JSUN5RENDQWJDZ0F3SUJBZ0lCQURBTkJna3Foa2lHOXcwQkFRc0ZBREFWTVJNd0VRWURWUVFERXdwcmRXSmwKY201bGRHVnpNQjRYRFRFNU1EWXhOekV4TXpFek1sb1hEVEk1TURZeE5ERXhNekV6TWxvd0ZURVRNQkVHQTFVRQpBeE1LYTNWaVpYSnVaWFJsY3pDQ0FTSXdEUVlKS29aSWh2Y05BUUVCQlFBRGdnRVBBRENDQVFvQ2dnRUJBTi9MCnR1VGVUUy92ZVFhYTRCYTZ2V3ZPbHRSYzI2RU44YTFnd3pFdC92ZXJ2SHdRVlhvZU1wK1ZleldWSFliTFhPRlYKQlBVM0ZsV1ZPSGt2Z1VTYXdqcmFWZ3U2QkNYaDYybnJTdUxKRWpJeEY3L1JveWwyS2JLUUlrTmtjbzNVU3dyTQpEZitza3J5ZWdNalk2WWNSWDlSblg2elhzaHI5azdzTEV5aVEvK0g2ZlF6SzBOQUN3WU5iS0xwc2lxMzY3aVYwCjhPSFd5dlBBcDcxNlBlNUFOYmRNM1NIK0hwQjBPeDNVbW4rV05DMmRpNUg4QVZBTFoxelgzZlF0ZEtTbkY0TlgKbCthWGNwa21LUHkvTzA3V0J1T1Y3SEJhZUlOOEVETXZNaVZSeXFnQzZiNTNlalk5ZHdCbDEydEJ6TVRmYjJqSAp6NVdIQzByY2lnbk54Q25DbUlzQ0F3RUFBYU1qTUNFd0RnWURWUjBQQVFIL0JBUURBZ0trTUE4R0ExVWRFd0VCCi93UUZNQU1CQWY4d0RRWUpLb1pJaHZjTkFRRUxCUUFEZ2dFQkFEVnFNSXpPak5WL2ZQR3RSMmlEbG1LbDI3WjkKQWJadnZybFJ4RWcrcDlCWTIxNlFoRW5QTStYTlAxREVJS3FMK3lST2ZudHF6elh1NFF2TE41TW1sYVZrbm9CVQpWbWp2d0w5R3Vpa1UweGN5UHZYSm9tdFdoS1JrMW4xRldSYmhHSW9UTTZjWjFzRERwTWVLNlB3V0VqWVFBanFKCmRpWCsxRUdPcGNpdTV3amtreVF1V3MrWFNFYXcvMXJzcjN0Vll5aEp1WlgyZVU1alEyWFZqNThtTkhMS1hKVmsKUkdab0F2N3Y1aStuYUdPMHNzVE1IMFlvYVp0V0NGWDhpam1Pa0lSREdUN0tNRXVhQ2I4SlVHOXdQRWtMQjRLbQpRMVdaNk51MXltc2xHV1FwZ3l6VVpoUzNTMXEyWXMzd0NPY1ZZMTRjZzdhZDd1QnhOdGcvanNWa0ZSRT0KLS0tLS1FTkQgQ0VSVElGSUNBVEUtLS0tLQo=",
                            "created_at": "2019-06-17 11:24:18 +0000 UTC",
                            "enabled_cluster_log_types.#": "0",
                            "endpoint": "https://3DFD4B3877175EE0086CD5C541DD2573.yl4.eu-west-1.eks.amazonaws.com",
                            "id": "dev-eks-cluster-cluster",
                            "name": "dev-eks-cluster-cluster",
                            "platform_version": "eks.2",
                            "role_arn": "arn:aws:iam::866067750630:role/dev-eks-cluster-cluster",
                            "version": "1.12",
                            "vpc_config.#": "1",
                            "vpc_config.0.endpoint_private_access": "false",
                            "vpc_config.0.endpoint_public_access": "true",
                            "vpc_config.0.security_group_ids.#": "1",
                            "vpc_config.0.security_group_ids.264099399": "sg-04e68af91ed5b8861",
                            "vpc_config.0.subnet_ids.#": "3",
                            "vpc_config.0.subnet_ids.1568399453": "subnet-075b65bb1f4733622",
                            "vpc_config.0.subnet_ids.2614063166": "subnet-02d048d53199747c5",
                            "vpc_config.0.subnet_ids.2732494271": "subnet-04007af51c811004c",
                            "vpc_config.0.vpc_id": "vpc-00b3429d6ae6c84a2"
                        },
                        "meta": {
                            "e2bfb730-ecaa-11e6-8f88-34363bc7c4c0": {
                                "create": 1800000000000,
                                "delete": 900000000000,
                                "update": 3600000000000
                            }
                        },
                        "tainted": false
                    },
                    "deposed": [],
                    "provider": "provider.aws"
                },
                "aws_iam_role.default": {
                    "type": "aws_iam_role",
                    "depends_on": [
                        "data.aws_iam_policy_document.assume_role.*",
                        "module.label"
                    ],
                    "primary": {
                        "id": "dev-eks-cluster-cluster",
                        "attributes": {
                            "arn": "arn:aws:iam::866067750630:role/dev-eks-cluster-cluster",
                            "assume_role_policy": "{\"Version\":\"2012-10-17\",\"Statement\":[{\"Sid\":\"\",\"Effect\":\"Allow\",\"Principal\":{\"Service\":\"eks.amazonaws.com\"},\"Action\":\"sts:AssumeRole\"}]}",
                            "create_date": "2019-06-17T11:23:53Z",
                            "description": "",
                            "force_detach_policies": "false",
                            "id": "dev-eks-cluster-cluster",
                            "max_session_duration": "3600",
                            "name": "dev-eks-cluster-cluster",
                            "path": "/",
                            "tags.%": "0",
                            "unique_id": "AROA4TJNJD3TIWVTEMMBL"
                        },
                        "meta": {},
                        "tainted": false
                    },
                    "deposed": [],
                    "provider": "provider.aws"
                },
                "aws_iam_role_policy_attachment.amazon_eks_cluster_policy": {
                    "type": "aws_iam_role_policy_attachment",
                    "depends_on": [
                        "aws_iam_role.default"
                    ],
                    "primary": {
                        "id": "dev-eks-cluster-cluster-20190617112355587100000004",
                        "attributes": {
                            "id": "dev-eks-cluster-cluster-20190617112355587100000004",
                            "policy_arn": "arn:aws:iam::aws:policy/AmazonEKSClusterPolicy",
                            "role": "dev-eks-cluster-cluster"
                        },
                        "meta": {},
                        "tainted": false
                    },
                    "deposed": [],
                    "provider": "provider.aws"
                },
                "aws_iam_role_policy_attachment.amazon_eks_service_policy": {
                    "type": "aws_iam_role_policy_attachment",
                    "depends_on": [
                        "aws_iam_role.default.*"
                    ],
                    "primary": {
                        "id": "dev-eks-cluster-cluster-20190617112355582600000001",
                        "attributes": {
                            "id": "dev-eks-cluster-cluster-20190617112355582600000001",
                            "policy_arn": "arn:aws:iam::aws:policy/AmazonEKSServicePolicy",
                            "role": "dev-eks-cluster-cluster"
                        },
                        "meta": {},
                        "tainted": false
                    },
                    "deposed": [],
                    "provider": "provider.aws"
                },
                "aws_security_group.default": {
                    "type": "aws_security_group",
                    "depends_on": [
                        "module.label"
                    ],
                    "primary": {
                        "id": "sg-04e68af91ed5b8861",
                        "attributes": {
                            "arn": "arn:aws:ec2:eu-west-1:866067750630:security-group/sg-04e68af91ed5b8861",
                            "description": "Security Group for EKS cluster",
                            "egress.#": "1",
                            "egress.1983140573.cidr_blocks.#": "1",
                            "egress.1983140573.cidr_blocks.0": "0.0.0.0/0",
                            "egress.1983140573.description": "Allow all egress traffic",
                            "egress.1983140573.from_port": "0",
                            "egress.1983140573.ipv6_cidr_blocks.#": "0",
                            "egress.1983140573.prefix_list_ids.#": "0",
                            "egress.1983140573.protocol": "-1",
                            "egress.1983140573.security_groups.#": "0",
                            "egress.1983140573.self": "false",
                            "egress.1983140573.to_port": "0",
                            "id": "sg-04e68af91ed5b8861",
                            "ingress.#": "1",
                            "ingress.639895851.cidr_blocks.#": "0",
                            "ingress.639895851.description": "Allow the cluster to receive communication from the worker nodes",
                            "ingress.639895851.from_port": "0",
                            "ingress.639895851.ipv6_cidr_blocks.#": "0",
                            "ingress.639895851.prefix_list_ids.#": "0",
                            "ingress.639895851.protocol": "-1",
                            "ingress.639895851.security_groups.#": "1",
                            "ingress.639895851.security_groups.1319461144": "sg-08c2fad86fe2e7189",
                            "ingress.639895851.self": "false",
                            "ingress.639895851.to_port": "0",
                            "name": "dev-eks-cluster-cluster",
                            "owner_id": "866067750630",
                            "revoke_rules_on_delete": "false",
                            "tags.%": "5",
                            "tags.Applicatoin": "clouddrove",
                            "tags.CreatedBy": "terraform",
                            "tags.Environment": "dev",
                            "tags.ManagedBy": "anmol@clouddrove.com",
                            "tags.Name": "dev-eks-cluster-cluster",
                            "vpc_id": "vpc-00b3429d6ae6c84a2"
                        },
                        "meta": {
                            "e2bfb730-ecaa-11e6-8f88-34363bc7c4c0": {
                                "create": 600000000000,
                                "delete": 600000000000
                            },
                            "schema_version": "1"
                        },
                        "tainted": false
                    },
                    "deposed": [],
                    "provider": "provider.aws"
                },
                "aws_security_group_rule.egress": {
                    "type": "aws_security_group_rule",
                    "depends_on": [
                        "aws_security_group.default.*"
                    ],
                    "primary": {
                        "id": "sgrule-3504772863",
                        "attributes": {
                            "cidr_blocks.#": "1",
                            "cidr_blocks.0": "0.0.0.0/0",
                            "description": "Allow all egress traffic",
                            "from_port": "0",
                            "id": "sgrule-3504772863",
                            "ipv6_cidr_blocks.#": "0",
                            "prefix_list_ids.#": "0",
                            "protocol": "-1",
                            "security_group_id": "sg-04e68af91ed5b8861",
                            "self": "false",
                            "to_port": "0",
                            "type": "egress"
                        },
                        "meta": {
                            "schema_version": "2"
                        },
                        "tainted": false
                    },
                    "deposed": [],
                    "provider": "provider.aws"
                },
                "aws_security_group_rule.ingress_workers": {
                    "type": "aws_security_group_rule",
                    "depends_on": [
                        "aws_security_group.default.*"
                    ],
                    "primary": {
                        "id": "sgrule-1319717539",
                        "attributes": {
                            "cidr_blocks.#": "0",
                            "description": "Allow the cluster to receive communication from the worker nodes",
                            "from_port": "0",
                            "id": "sgrule-1319717539",
                            "ipv6_cidr_blocks.#": "0",
                            "prefix_list_ids.#": "0",
                            "protocol": "-1",
                            "security_group_id": "sg-04e68af91ed5b8861",
                            "self": "false",
                            "source_security_group_id": "sg-08c2fad86fe2e7189",
                            "to_port": "0",
                            "type": "ingress"
                        },
                        "meta": {
                            "schema_version": "2"
                        },
                        "tainted": false
                    },
                    "deposed": [],
                    "provider": "provider.aws"
                },
                "data.aws_iam_policy_document.assume_role": {
                    "type": "aws_iam_policy_document",
                    "depends_on": [],
                    "primary": {
                        "id": "189502314",
                        "attributes": {
                            "id": "189502314",
                            "json": "{\n  \"Version\": \"2012-10-17\",\n  \"Statement\": [\n    {\n      \"Sid\": \"\",\n      \"Effect\": \"Allow\",\n      \"Action\": \"sts:AssumeRole\",\n      \"Principal\": {\n        \"Service\": \"eks.amazonaws.com\"\n      }\n    }\n  ]\n}",
                            "statement.#": "1",
                            "statement.0.actions.#": "1",
                            "statement.0.actions.2528466339": "sts:AssumeRole",
                            "statement.0.condition.#": "0",
                            "statement.0.effect": "Allow",
                            "statement.0.not_actions.#": "0",
                            "statement.0.not_principals.#": "0",
                            "statement.0.not_resources.#": "0",
                            "statement.0.principals.#": "1",
                            "statement.0.principals.2705940588.identifiers.#": "1",
                            "statement.0.principals.2705940588.identifiers.3220076542": "eks.amazonaws.com",
                            "statement.0.principals.2705940588.type": "Service",
                            "statement.0.resources.#": "0",
                            "statement.0.sid": "",
                            "version": "2012-10-17"
                        },
                        "meta": {},
                        "tainted": false
                    },
                    "deposed": [],
                    "provider": "provider.aws"
                },
                "data.template_file.kubeconfig": {
                    "type": "template_file",
                    "depends_on": [
                        "aws_eks_cluster.default.*",
                        "local.certificate_authority_data",
                        "module.label"
                    ],
                    "primary": {
                        "id": "6f02cbcc76694e42566854d3c4da45bb7192da9f6a55b973eb15784166f0a616",
                        "attributes": {
                            "id": "6f02cbcc76694e42566854d3c4da45bb7192da9f6a55b973eb15784166f0a616",
                            "rendered": "apiVersion: v1\nkind: Config\npreferences: {}\n\nclusters:\n- cluster:\n    server: https://3DFD4B3877175EE0086CD5C541DD2573.yl4.eu-west-1.eks.amazonaws.com\n    certificate-authority-data: LS0tLS1CRUdJTiBDRVJUSUZJQ0FURS0tLS0tCk1JSUN5RENDQWJDZ0F3SUJBZ0lCQURBTkJna3Foa2lHOXcwQkFRc0ZBREFWTVJNd0VRWURWUVFERXdwcmRXSmwKY201bGRHVnpNQjRYRFRFNU1EWXhOekV4TXpFek1sb1hEVEk1TURZeE5ERXhNekV6TWxvd0ZURVRNQkVHQTFVRQpBeE1LYTNWaVpYSnVaWFJsY3pDQ0FTSXdEUVlKS29aSWh2Y05BUUVCQlFBRGdnRVBBRENDQVFvQ2dnRUJBTi9MCnR1VGVUUy92ZVFhYTRCYTZ2V3ZPbHRSYzI2RU44YTFnd3pFdC92ZXJ2SHdRVlhvZU1wK1ZleldWSFliTFhPRlYKQlBVM0ZsV1ZPSGt2Z1VTYXdqcmFWZ3U2QkNYaDYybnJTdUxKRWpJeEY3L1JveWwyS2JLUUlrTmtjbzNVU3dyTQpEZitza3J5ZWdNalk2WWNSWDlSblg2elhzaHI5azdzTEV5aVEvK0g2ZlF6SzBOQUN3WU5iS0xwc2lxMzY3aVYwCjhPSFd5dlBBcDcxNlBlNUFOYmRNM1NIK0hwQjBPeDNVbW4rV05DMmRpNUg4QVZBTFoxelgzZlF0ZEtTbkY0TlgKbCthWGNwa21LUHkvTzA3V0J1T1Y3SEJhZUlOOEVETXZNaVZSeXFnQzZiNTNlalk5ZHdCbDEydEJ6TVRmYjJqSAp6NVdIQzByY2lnbk54Q25DbUlzQ0F3RUFBYU1qTUNFd0RnWURWUjBQQVFIL0JBUURBZ0trTUE4R0ExVWRFd0VCCi93UUZNQU1CQWY4d0RRWUpLb1pJaHZjTkFRRUxCUUFEZ2dFQkFEVnFNSXpPak5WL2ZQR3RSMmlEbG1LbDI3WjkKQWJadnZybFJ4RWcrcDlCWTIxNlFoRW5QTStYTlAxREVJS3FMK3lST2ZudHF6elh1NFF2TE41TW1sYVZrbm9CVQpWbWp2d0w5R3Vpa1UweGN5UHZYSm9tdFdoS1JrMW4xRldSYmhHSW9UTTZjWjFzRERwTWVLNlB3V0VqWVFBanFKCmRpWCsxRUdPcGNpdTV3amtreVF1V3MrWFNFYXcvMXJzcjN0Vll5aEp1WlgyZVU1alEyWFZqNThtTkhMS1hKVmsKUkdab0F2N3Y1aStuYUdPMHNzVE1IMFlvYVp0V0NGWDhpam1Pa0lSREdUN0tNRXVhQ2I4SlVHOXdQRWtMQjRLbQpRMVdaNk51MXltc2xHV1FwZ3l6VVpoUzNTMXEyWXMzd0NPY1ZZMTRjZzdhZDd1QnhOdGcvanNWa0ZSRT0KLS0tLS1FTkQgQ0VSVElGSUNBVEUtLS0tLQo=\n  name: dev-eks-cluster-cluster\n\ncontexts:\n- context:\n    cluster: dev-eks-cluster-cluster\n    user: dev-eks-cluster-cluster\n  name: dev-eks-cluster-cluster\n\ncurrent-context: dev-eks-cluster-cluster\n\nusers:\n- name: dev-eks-cluster-cluster\n  user:\n    exec:\n      apiVersion: client.authentication.k8s.io/v1alpha1\n      command: aws-iam-authenticator\n      args:\n        - \"token\"\n        - \"-i\"\n        - \"dev-eks-cluster-cluster\"\n",
                            "template": "apiVersion: v1\nkind: Config\npreferences: {}\n\nclusters:\n- cluster:\n    server: ${server}\n    certificate-authority-data: ${certificate_authority_data}\n  name: ${cluster_name}\n\ncontexts:\n- context:\n    cluster: ${cluster_name}\n    user: ${cluster_name}\n  name: ${cluster_name}\n\ncurrent-context: ${cluster_name}\n\nusers:\n- name: ${cluster_name}\n  user:\n    exec:\n      apiVersion: client.authentication.k8s.io/v1alpha1\n      command: aws-iam-authenticator\n      args:\n        - \"token\"\n        - \"-i\"\n        - \"${cluster_name}\"\n",
                            "vars.%": "3",
                            "vars.certificate_authority_data": "LS0tLS1CRUdJTiBDRVJUSUZJQ0FURS0tLS0tCk1JSUN5RENDQWJDZ0F3SUJBZ0lCQURBTkJna3Foa2lHOXcwQkFRc0ZBREFWTVJNd0VRWURWUVFERXdwcmRXSmwKY201bGRHVnpNQjRYRFRFNU1EWXhOekV4TXpFek1sb1hEVEk1TURZeE5ERXhNekV6TWxvd0ZURVRNQkVHQTFVRQpBeE1LYTNWaVpYSnVaWFJsY3pDQ0FTSXdEUVlKS29aSWh2Y05BUUVCQlFBRGdnRVBBRENDQVFvQ2dnRUJBTi9MCnR1VGVUUy92ZVFhYTRCYTZ2V3ZPbHRSYzI2RU44YTFnd3pFdC92ZXJ2SHdRVlhvZU1wK1ZleldWSFliTFhPRlYKQlBVM0ZsV1ZPSGt2Z1VTYXdqcmFWZ3U2QkNYaDYybnJTdUxKRWpJeEY3L1JveWwyS2JLUUlrTmtjbzNVU3dyTQpEZitza3J5ZWdNalk2WWNSWDlSblg2elhzaHI5azdzTEV5aVEvK0g2ZlF6SzBOQUN3WU5iS0xwc2lxMzY3aVYwCjhPSFd5dlBBcDcxNlBlNUFOYmRNM1NIK0hwQjBPeDNVbW4rV05DMmRpNUg4QVZBTFoxelgzZlF0ZEtTbkY0TlgKbCthWGNwa21LUHkvTzA3V0J1T1Y3SEJhZUlOOEVETXZNaVZSeXFnQzZiNTNlalk5ZHdCbDEydEJ6TVRmYjJqSAp6NVdIQzByY2lnbk54Q25DbUlzQ0F3RUFBYU1qTUNFd0RnWURWUjBQQVFIL0JBUURBZ0trTUE4R0ExVWRFd0VCCi93UUZNQU1CQWY4d0RRWUpLb1pJaHZjTkFRRUxCUUFEZ2dFQkFEVnFNSXpPak5WL2ZQR3RSMmlEbG1LbDI3WjkKQWJadnZybFJ4RWcrcDlCWTIxNlFoRW5QTStYTlAxREVJS3FMK3lST2ZudHF6elh1NFF2TE41TW1sYVZrbm9CVQpWbWp2d0w5R3Vpa1UweGN5UHZYSm9tdFdoS1JrMW4xRldSYmhHSW9UTTZjWjFzRERwTWVLNlB3V0VqWVFBanFKCmRpWCsxRUdPcGNpdTV3amtreVF1V3MrWFNFYXcvMXJzcjN0Vll5aEp1WlgyZVU1alEyWFZqNThtTkhMS1hKVmsKUkdab0F2N3Y1aStuYUdPMHNzVE1IMFlvYVp0V0NGWDhpam1Pa0lSREdUN0tNRXVhQ2I4SlVHOXdQRWtMQjRLbQpRMVdaNk51MXltc2xHV1FwZ3l6VVpoUzNTMXEyWXMzd0NPY1ZZMTRjZzdhZDd1QnhOdGcvanNWa0ZSRT0KLS0tLS1FTkQgQ0VSVElGSUNBVEUtLS0tLQo=",
                            "vars.cluster_name": "dev-eks-cluster-cluster",
                            "vars.server": "https://3DFD4B3877175EE0086CD5C541DD2573.yl4.eu-west-1.eks.amazonaws.com"
                        },
                        "meta": {},
                        "tainted": false
                    },
                    "deposed": [],
                    "provider": "provider.template"
                }
            },
            "depends_on": []
        },
        {
            "path": [
                "root",
                "eks_cluster",
                "eks_workers"
            ],
            "outputs": {
                "autoscaling_group_arn": {
                    "sensitive": false,
                    "type": "string",
                    "value": "arn:aws:autoscaling:eu-west-1:866067750630:autoScalingGroup:02f994ae-eea2-41c2-9eec-984223023819:autoScalingGroupName/dev-eks-cluster-20190617113440874400000008"
                },
                "autoscaling_group_default_cooldown": {
                    "sensitive": false,
                    "type": "string",
                    "value": "300"
                },
                "autoscaling_group_desired_capacity": {
                    "sensitive": false,
                    "type": "string",
                    "value": "1"
                },
                "autoscaling_group_health_check_grace_period": {
                    "sensitive": false,
                    "type": "string",
                    "value": "300"
                },
                "autoscaling_group_health_check_type": {
                    "sensitive": false,
                    "type": "string",
                    "value": "EC2"
                },
                "autoscaling_group_id": {
                    "sensitive": false,
                    "type": "string",
                    "value": "dev-eks-cluster-20190617113440874400000008"
                },
                "autoscaling_group_max_size": {
                    "sensitive": false,
                    "type": "string",
                    "value": "1"
                },
                "autoscaling_group_min_size": {
                    "sensitive": false,
                    "type": "string",
                    "value": "1"
                },
                "autoscaling_group_name": {
                    "sensitive": false,
                    "type": "string",
                    "value": "dev-eks-cluster-20190617113440874400000008"
                },
                "config_map_aws_auth": {
                    "sensitive": false,
                    "type": "string",
                    "value": "# The EKS service does not provide a cluster-level API parameter or resource to automatically configure the underlying Kubernetes cluster to allow worker nodes to join the cluster via AWS IAM role authentication.\n# This is a Kubernetes ConfigMap configuration for worker nodes to join the cluster\n# https://www.terraform.io/docs/providers/aws/guides/eks-getting-started.html#required-kubernetes-configuration-to-join-worker-nodes\n\napiVersion: v1\nkind: ConfigMap\nmetadata:\n  name: aws-auth\n  namespace: kube-system\ndata:\n  mapRoles: |\n    - rolearn: arn:aws:iam::866067750630:role/dev-eks-cluster-workers\n      username: system:node:{{EC2PrivateDNSName}}\n      groups:\n        - system:bootstrappers\n        - system:nodes\n"
                },
                "launch_template_arn": {
                    "sensitive": false,
                    "type": "string",
                    "value": "arn:aws:ec2:eu-west-1:866067750630:launch-template/lt-0970ddf6e5d0dc10f"
                },
                "launch_template_id": {
                    "sensitive": false,
                    "type": "string",
                    "value": "lt-0970ddf6e5d0dc10f"
                },
                "security_group_arn": {
                    "sensitive": false,
                    "type": "string",
                    "value": "arn:aws:ec2:eu-west-1:866067750630:security-group/sg-08c2fad86fe2e7189"
                },
                "security_group_id": {
                    "sensitive": false,
                    "type": "string",
                    "value": "sg-08c2fad86fe2e7189"
                },
                "security_group_name": {
                    "sensitive": false,
                    "type": "string",
                    "value": "dev-eks-cluster-workers"
                },
                "worker_role_arn": {
                    "sensitive": false,
                    "type": "string",
                    "value": "arn:aws:iam::866067750630:role/dev-eks-cluster-workers"
                },
                "worker_role_name": {
                    "sensitive": false,
                    "type": "string",
                    "value": "dev-eks-cluster-workers"
                }
            },
            "resources": {
                "aws_iam_instance_profile.default": {
                    "type": "aws_iam_instance_profile",
                    "depends_on": [
                        "aws_iam_role.default.*",
                        "local.use_existing_instance_profile",
                        "module.label"
                    ],
                    "primary": {
                        "id": "dev-eks-cluster-workers",
                        "attributes": {
                            "arn": "arn:aws:iam::866067750630:instance-profile/dev-eks-cluster-workers",
                            "create_date": "2019-06-17T11:23:56Z",
                            "id": "dev-eks-cluster-workers",
                            "name": "dev-eks-cluster-workers",
                            "path": "/",
                            "role": "dev-eks-cluster-workers",
                            "roles.#": "1",
                            "roles.2309063255": "dev-eks-cluster-workers",
                            "unique_id": "AIPA4TJNJD3TJF4G367MB"
                        },
                        "meta": {},
                        "tainted": false
                    },
                    "deposed": [],
                    "provider": "provider.aws"
                },
                "aws_iam_role.default": {
                    "type": "aws_iam_role",
                    "depends_on": [
                        "data.aws_iam_policy_document.assume_role.*",
                        "local.use_existing_instance_profile",
                        "module.label"
                    ],
                    "primary": {
                        "id": "dev-eks-cluster-workers",
                        "attributes": {
                            "arn": "arn:aws:iam::866067750630:role/dev-eks-cluster-workers",
                            "assume_role_policy": "{\"Version\":\"2012-10-17\",\"Statement\":[{\"Sid\":\"\",\"Effect\":\"Allow\",\"Principal\":{\"Service\":\"ec2.amazonaws.com\"},\"Action\":\"sts:AssumeRole\"}]}",
                            "create_date": "2019-06-17T11:23:53Z",
                            "description": "",
                            "force_detach_policies": "false",
                            "id": "dev-eks-cluster-workers",
                            "max_session_duration": "3600",
                            "name": "dev-eks-cluster-workers",
                            "path": "/",
                            "tags.%": "0",
                            "unique_id": "AROA4TJNJD3TNRBRUNNTY"
                        },
                        "meta": {},
                        "tainted": false
                    },
                    "deposed": [],
                    "provider": "provider.aws"
                },
                "aws_iam_role_policy_attachment.amazon_ec2_container_registry_read_only": {
                    "type": "aws_iam_role_policy_attachment",
                    "depends_on": [
                        "aws_iam_role.default.*",
                        "local.use_existing_instance_profile"
                    ],
                    "primary": {
                        "id": "dev-eks-cluster-workers-20190617112355586300000003",
                        "attributes": {
                            "id": "dev-eks-cluster-workers-20190617112355586300000003",
                            "policy_arn": "arn:aws:iam::aws:policy/AmazonEC2ContainerRegistryReadOnly",
                            "role": "dev-eks-cluster-workers"
                        },
                        "meta": {},
                        "tainted": false
                    },
                    "deposed": [],
                    "provider": "provider.aws"
                },
                "aws_iam_role_policy_attachment.amazon_eks_cni_policy": {
                    "type": "aws_iam_role_policy_attachment",
                    "depends_on": [
                        "aws_iam_role.default.*",
                        "local.use_existing_instance_profile"
                    ],
                    "primary": {
                        "id": "dev-eks-cluster-workers-20190617112355585400000002",
                        "attributes": {
                            "id": "dev-eks-cluster-workers-20190617112355585400000002",
                            "policy_arn": "arn:aws:iam::aws:policy/AmazonEKS_CNI_Policy",
                            "role": "dev-eks-cluster-workers"
                        },
                        "meta": {},
                        "tainted": false
                    },
                    "deposed": [],
                    "provider": "provider.aws"
                },
                "aws_iam_role_policy_attachment.amazon_eks_worker_node_policy": {
                    "type": "aws_iam_role_policy_attachment",
                    "depends_on": [
                        "aws_iam_role.default.*",
                        "local.use_existing_instance_profile"
                    ],
                    "primary": {
                        "id": "dev-eks-cluster-workers-20190617112355589700000005",
                        "attributes": {
                            "id": "dev-eks-cluster-workers-20190617112355589700000005",
                            "policy_arn": "arn:aws:iam::aws:policy/AmazonEKSWorkerNodePolicy",
                            "role": "dev-eks-cluster-workers"
                        },
                        "meta": {},
                        "tainted": false
                    },
                    "deposed": [],
                    "provider": "provider.aws"
                },
                "aws_security_group.default": {
                    "type": "aws_security_group",
                    "depends_on": [
                        "module.label"
                    ],
                    "primary": {
                        "id": "sg-08c2fad86fe2e7189",
                        "attributes": {
                            "arn": "arn:aws:ec2:eu-west-1:866067750630:security-group/sg-08c2fad86fe2e7189",
                            "description": "Security Group for EKS worker nodes",
                            "egress.#": "1",
                            "egress.1983140573.cidr_blocks.#": "1",
                            "egress.1983140573.cidr_blocks.0": "0.0.0.0/0",
                            "egress.1983140573.description": "Allow all egress traffic",
                            "egress.1983140573.from_port": "0",
                            "egress.1983140573.ipv6_cidr_blocks.#": "0",
                            "egress.1983140573.prefix_list_ids.#": "0",
                            "egress.1983140573.protocol": "-1",
                            "egress.1983140573.security_groups.#": "0",
                            "egress.1983140573.self": "false",
                            "egress.1983140573.to_port": "0",
                            "id": "sg-08c2fad86fe2e7189",
                            "ingress.#": "2",
                            "ingress.1185156877.cidr_blocks.#": "0",
                            "ingress.1185156877.description": "Allow worker kubelets and pods to receive communication from the cluster control plane",
                            "ingress.1185156877.from_port": "0",
                            "ingress.1185156877.ipv6_cidr_blocks.#": "0",
                            "ingress.1185156877.prefix_list_ids.#": "0",
                            "ingress.1185156877.protocol": "-1",
                            "ingress.1185156877.security_groups.#": "1",
                            "ingress.1185156877.security_groups.2990867284": "sg-04e68af91ed5b8861",
                            "ingress.1185156877.self": "false",
                            "ingress.1185156877.to_port": "0",
                            "ingress.3295039988.cidr_blocks.#": "0",
                            "ingress.3295039988.description": "Allow nodes to communicate with each other",
                            "ingress.3295039988.from_port": "0",
                            "ingress.3295039988.ipv6_cidr_blocks.#": "0",
                            "ingress.3295039988.prefix_list_ids.#": "0",
                            "ingress.3295039988.protocol": "-1",
                            "ingress.3295039988.security_groups.#": "0",
                            "ingress.3295039988.self": "true",
                            "ingress.3295039988.to_port": "0",
                            "name": "dev-eks-cluster-workers",
                            "owner_id": "866067750630",
                            "revoke_rules_on_delete": "false",
                            "tags.%": "6",
                            "tags.Applicatoin": "clouddrove",
                            "tags.CreatedBy": "terraform",
                            "tags.Environment": "dev",
                            "tags.ManagedBy": "anmol@clouddrove.com",
                            "tags.Name": "dev-eks-cluster-workers",
                            "tags.kubernetes.io/cluster/dev-eks-cluster-cluster": "shared",
                            "vpc_id": "vpc-00b3429d6ae6c84a2"
                        },
                        "meta": {
                            "e2bfb730-ecaa-11e6-8f88-34363bc7c4c0": {
                                "create": 600000000000,
                                "delete": 600000000000
                            },
                            "schema_version": "1"
                        },
                        "tainted": false
                    },
                    "deposed": [],
                    "provider": "provider.aws"
                },
                "aws_security_group_rule.egress": {
                    "type": "aws_security_group_rule",
                    "depends_on": [
                        "aws_security_group.default.*"
                    ],
                    "primary": {
                        "id": "sgrule-2090932733",
                        "attributes": {
                            "cidr_blocks.#": "1",
                            "cidr_blocks.0": "0.0.0.0/0",
                            "description": "Allow all egress traffic",
                            "from_port": "0",
                            "id": "sgrule-2090932733",
                            "ipv6_cidr_blocks.#": "0",
                            "prefix_list_ids.#": "0",
                            "protocol": "-1",
                            "security_group_id": "sg-08c2fad86fe2e7189",
                            "self": "false",
                            "to_port": "0",
                            "type": "egress"
                        },
                        "meta": {
                            "schema_version": "2"
                        },
                        "tainted": false
                    },
                    "deposed": [],
                    "provider": "provider.aws"
                },
                "aws_security_group_rule.ingress_cluster": {
                    "type": "aws_security_group_rule",
                    "depends_on": [
                        "aws_security_group.default.*"
                    ],
                    "primary": {
                        "id": "sgrule-2411795927",
                        "attributes": {
                            "cidr_blocks.#": "0",
                            "description": "Allow worker kubelets and pods to receive communication from the cluster control plane",
                            "from_port": "0",
                            "id": "sgrule-2411795927",
                            "ipv6_cidr_blocks.#": "0",
                            "prefix_list_ids.#": "0",
                            "protocol": "-1",
                            "security_group_id": "sg-08c2fad86fe2e7189",
                            "self": "false",
                            "source_security_group_id": "sg-04e68af91ed5b8861",
                            "to_port": "0",
                            "type": "ingress"
                        },
                        "meta": {
                            "schema_version": "2"
                        },
                        "tainted": false
                    },
                    "deposed": [],
                    "provider": "provider.aws"
                },
                "aws_security_group_rule.ingress_self": {
                    "type": "aws_security_group_rule",
                    "depends_on": [
                        "aws_security_group.default.*"
                    ],
                    "primary": {
                        "id": "sgrule-1890707786",
                        "attributes": {
                            "cidr_blocks.#": "0",
                            "description": "Allow nodes to communicate with each other",
                            "from_port": "0",
                            "id": "sgrule-1890707786",
                            "ipv6_cidr_blocks.#": "0",
                            "prefix_list_ids.#": "0",
                            "protocol": "-1",
                            "security_group_id": "sg-08c2fad86fe2e7189",
                            "self": "false",
                            "source_security_group_id": "sg-08c2fad86fe2e7189",
                            "to_port": "0",
                            "type": "ingress"
                        },
                        "meta": {
                            "schema_version": "2"
                        },
                        "tainted": false
                    },
                    "deposed": [],
                    "provider": "provider.aws"
                },
                "data.aws_iam_policy_document.assume_role": {
                    "type": "aws_iam_policy_document",
                    "depends_on": [
                        "local.use_existing_instance_profile"
                    ],
                    "primary": {
                        "id": "1903849331",
                        "attributes": {
                            "id": "1903849331",
                            "json": "{\n  \"Version\": \"2012-10-17\",\n  \"Statement\": [\n    {\n      \"Sid\": \"\",\n      \"Effect\": \"Allow\",\n      \"Action\": \"sts:AssumeRole\",\n      \"Principal\": {\n        \"Service\": \"ec2.amazonaws.com\"\n      }\n    }\n  ]\n}",
                            "statement.#": "1",
                            "statement.0.actions.#": "1",
                            "statement.0.actions.2528466339": "sts:AssumeRole",
                            "statement.0.condition.#": "0",
                            "statement.0.effect": "Allow",
                            "statement.0.not_actions.#": "0",
                            "statement.0.not_principals.#": "0",
                            "statement.0.not_resources.#": "0",
                            "statement.0.principals.#": "1",
                            "statement.0.principals.1134724139.identifiers.#": "1",
                            "statement.0.principals.1134724139.identifiers.3655884555": "ec2.amazonaws.com",
                            "statement.0.principals.1134724139.type": "Service",
                            "statement.0.resources.#": "0",
                            "statement.0.sid": "",
                            "version": "2012-10-17"
                        },
                        "meta": {},
                        "tainted": false
                    },
                    "deposed": [],
                    "provider": "provider.aws"
                },
                "data.template_file.config_map_aws_auth": {
                    "type": "template_file",
                    "depends_on": [
                        "aws_iam_role.default.*",
                        "data.aws_iam_instance_profile.default.*",
                        "local.use_existing_instance_profile"
                    ],
                    "primary": {
                        "id": "00a45f7ff2bf4c411d7f543945c4d9ef3747391cf9cdb14af0f92e0aeea6522d",
                        "attributes": {
                            "id": "00a45f7ff2bf4c411d7f543945c4d9ef3747391cf9cdb14af0f92e0aeea6522d",
                            "rendered": "# The EKS service does not provide a cluster-level API parameter or resource to automatically configure the underlying Kubernetes cluster to allow worker nodes to join the cluster via AWS IAM role authentication.\n# This is a Kubernetes ConfigMap configuration for worker nodes to join the cluster\n# https://www.terraform.io/docs/providers/aws/guides/eks-getting-started.html#required-kubernetes-configuration-to-join-worker-nodes\n\napiVersion: v1\nkind: ConfigMap\nmetadata:\n  name: aws-auth\n  namespace: kube-system\ndata:\n  mapRoles: |\n    - rolearn: arn:aws:iam::866067750630:role/dev-eks-cluster-workers\n      username: system:node:{{EC2PrivateDNSName}}\n      groups:\n        - system:bootstrappers\n        - system:nodes\n",
                            "template": "# The EKS service does not provide a cluster-level API parameter or resource to automatically configure the underlying Kubernetes cluster to allow worker nodes to join the cluster via AWS IAM role authentication.\n# This is a Kubernetes ConfigMap configuration for worker nodes to join the cluster\n# https://www.terraform.io/docs/providers/aws/guides/eks-getting-started.html#required-kubernetes-configuration-to-join-worker-nodes\n\napiVersion: v1\nkind: ConfigMap\nmetadata:\n  name: aws-auth\n  namespace: kube-system\ndata:\n  mapRoles: |\n    - rolearn: ${aws_iam_role_arn}\n      username: system:node:{{EC2PrivateDNSName}}\n      groups:\n        - system:bootstrappers\n        - system:nodes\n",
                            "vars.%": "1",
                            "vars.aws_iam_role_arn": "arn:aws:iam::866067750630:role/dev-eks-cluster-workers"
                        },
                        "meta": {},
                        "tainted": false
                    },
                    "deposed": [],
                    "provider": "provider.template"
                },
                "data.template_file.userdata": {
                    "type": "template_file",
                    "depends_on": [],
                    "primary": {
                        "id": "484fcc33425c56124ca2cb79045811b6474037e7f18420b33dc648ae201a3ef7",
                        "attributes": {
                            "id": "484fcc33425c56124ca2cb79045811b6474037e7f18420b33dc648ae201a3ef7",
                            "rendered": "#!/bin/bash\n\n# userdata for EKS worker nodes to properly configure Kubernetes applications on EC2 instances\n# https://docs.aws.amazon.com/eks/latest/userguide/launch-workers.html\n\n/etc/eks/bootstrap.sh --apiserver-endpoint 'https://3DFD4B3877175EE0086CD5C541DD2573.yl4.eu-west-1.eks.amazonaws.com' --b64-cluster-ca 'LS0tLS1CRUdJTiBDRVJUSUZJQ0FURS0tLS0tCk1JSUN5RENDQWJDZ0F3SUJBZ0lCQURBTkJna3Foa2lHOXcwQkFRc0ZBREFWTVJNd0VRWURWUVFERXdwcmRXSmwKY201bGRHVnpNQjRYRFRFNU1EWXhOekV4TXpFek1sb1hEVEk1TURZeE5ERXhNekV6TWxvd0ZURVRNQkVHQTFVRQpBeE1LYTNWaVpYSnVaWFJsY3pDQ0FTSXdEUVlKS29aSWh2Y05BUUVCQlFBRGdnRVBBRENDQVFvQ2dnRUJBTi9MCnR1VGVUUy92ZVFhYTRCYTZ2V3ZPbHRSYzI2RU44YTFnd3pFdC92ZXJ2SHdRVlhvZU1wK1ZleldWSFliTFhPRlYKQlBVM0ZsV1ZPSGt2Z1VTYXdqcmFWZ3U2QkNYaDYybnJTdUxKRWpJeEY3L1JveWwyS2JLUUlrTmtjbzNVU3dyTQpEZitza3J5ZWdNalk2WWNSWDlSblg2elhzaHI5azdzTEV5aVEvK0g2ZlF6SzBOQUN3WU5iS0xwc2lxMzY3aVYwCjhPSFd5dlBBcDcxNlBlNUFOYmRNM1NIK0hwQjBPeDNVbW4rV05DMmRpNUg4QVZBTFoxelgzZlF0ZEtTbkY0TlgKbCthWGNwa21LUHkvTzA3V0J1T1Y3SEJhZUlOOEVETXZNaVZSeXFnQzZiNTNlalk5ZHdCbDEydEJ6TVRmYjJqSAp6NVdIQzByY2lnbk54Q25DbUlzQ0F3RUFBYU1qTUNFd0RnWURWUjBQQVFIL0JBUURBZ0trTUE4R0ExVWRFd0VCCi93UUZNQU1CQWY4d0RRWUpLb1pJaHZjTkFRRUxCUUFEZ2dFQkFEVnFNSXpPak5WL2ZQR3RSMmlEbG1LbDI3WjkKQWJadnZybFJ4RWcrcDlCWTIxNlFoRW5QTStYTlAxREVJS3FMK3lST2ZudHF6elh1NFF2TE41TW1sYVZrbm9CVQpWbWp2d0w5R3Vpa1UweGN5UHZYSm9tdFdoS1JrMW4xRldSYmhHSW9UTTZjWjFzRERwTWVLNlB3V0VqWVFBanFKCmRpWCsxRUdPcGNpdTV3amtreVF1V3MrWFNFYXcvMXJzcjN0Vll5aEp1WlgyZVU1alEyWFZqNThtTkhMS1hKVmsKUkdab0F2N3Y1aStuYUdPMHNzVE1IMFlvYVp0V0NGWDhpam1Pa0lSREdUN0tNRXVhQ2I4SlVHOXdQRWtMQjRLbQpRMVdaNk51MXltc2xHV1FwZ3l6VVpoUzNTMXEyWXMzd0NPY1ZZMTRjZzdhZDd1QnhOdGcvanNWa0ZSRT0KLS0tLS1FTkQgQ0VSVElGSUNBVEUtLS0tLQo='  'dev-eks-cluster-cluster'\n",
                            "template": "#!/bin/bash\n\n# userdata for EKS worker nodes to properly configure Kubernetes applications on EC2 instances\n# https://docs.aws.amazon.com/eks/latest/userguide/launch-workers.html\n\n/etc/eks/bootstrap.sh --apiserver-endpoint '${cluster_endpoint}' --b64-cluster-ca '${certificate_authority_data}' ${bootstrap_extra_args} '${cluster_name}'\n",
                            "vars.%": "4",
                            "vars.bootstrap_extra_args": "",
                            "vars.certificate_authority_data": "LS0tLS1CRUdJTiBDRVJUSUZJQ0FURS0tLS0tCk1JSUN5RENDQWJDZ0F3SUJBZ0lCQURBTkJna3Foa2lHOXcwQkFRc0ZBREFWTVJNd0VRWURWUVFERXdwcmRXSmwKY201bGRHVnpNQjRYRFRFNU1EWXhOekV4TXpFek1sb1hEVEk1TURZeE5ERXhNekV6TWxvd0ZURVRNQkVHQTFVRQpBeE1LYTNWaVpYSnVaWFJsY3pDQ0FTSXdEUVlKS29aSWh2Y05BUUVCQlFBRGdnRVBBRENDQVFvQ2dnRUJBTi9MCnR1VGVUUy92ZVFhYTRCYTZ2V3ZPbHRSYzI2RU44YTFnd3pFdC92ZXJ2SHdRVlhvZU1wK1ZleldWSFliTFhPRlYKQlBVM0ZsV1ZPSGt2Z1VTYXdqcmFWZ3U2QkNYaDYybnJTdUxKRWpJeEY3L1JveWwyS2JLUUlrTmtjbzNVU3dyTQpEZitza3J5ZWdNalk2WWNSWDlSblg2elhzaHI5azdzTEV5aVEvK0g2ZlF6SzBOQUN3WU5iS0xwc2lxMzY3aVYwCjhPSFd5dlBBcDcxNlBlNUFOYmRNM1NIK0hwQjBPeDNVbW4rV05DMmRpNUg4QVZBTFoxelgzZlF0ZEtTbkY0TlgKbCthWGNwa21LUHkvTzA3V0J1T1Y3SEJhZUlOOEVETXZNaVZSeXFnQzZiNTNlalk5ZHdCbDEydEJ6TVRmYjJqSAp6NVdIQzByY2lnbk54Q25DbUlzQ0F3RUFBYU1qTUNFd0RnWURWUjBQQVFIL0JBUURBZ0trTUE4R0ExVWRFd0VCCi93UUZNQU1CQWY4d0RRWUpLb1pJaHZjTkFRRUxCUUFEZ2dFQkFEVnFNSXpPak5WL2ZQR3RSMmlEbG1LbDI3WjkKQWJadnZybFJ4RWcrcDlCWTIxNlFoRW5QTStYTlAxREVJS3FMK3lST2ZudHF6elh1NFF2TE41TW1sYVZrbm9CVQpWbWp2d0w5R3Vpa1UweGN5UHZYSm9tdFdoS1JrMW4xRldSYmhHSW9UTTZjWjFzRERwTWVLNlB3V0VqWVFBanFKCmRpWCsxRUdPcGNpdTV3amtreVF1V3MrWFNFYXcvMXJzcjN0Vll5aEp1WlgyZVU1alEyWFZqNThtTkhMS1hKVmsKUkdab0F2N3Y1aStuYUdPMHNzVE1IMFlvYVp0V0NGWDhpam1Pa0lSREdUN0tNRXVhQ2I4SlVHOXdQRWtMQjRLbQpRMVdaNk51MXltc2xHV1FwZ3l6VVpoUzNTMXEyWXMzd0NPY1ZZMTRjZzdhZDd1QnhOdGcvanNWa0ZSRT0KLS0tLS1FTkQgQ0VSVElGSUNBVEUtLS0tLQo=",
                            "vars.cluster_endpoint": "https://3DFD4B3877175EE0086CD5C541DD2573.yl4.eu-west-1.eks.amazonaws.com",
                            "vars.cluster_name": "dev-eks-cluster-cluster"
                        },
                        "meta": {},
                        "tainted": false
                    },
                    "deposed": [],
                    "provider": "provider.template"
                }
            },
            "depends_on": []
        },
        {
            "path": [
                "root",
                "eks_cluster",
                "label"
            ],
            "outputs": {
                "application": {
                    "sensitive": false,
                    "type": "string",
                    "value": "clouddrove"
                },
                "attributes": {
                    "sensitive": false,
                    "type": "string",
                    "value": ""
                },
                "environment": {
                    "sensitive": false,
                    "type": "string",
                    "value": "dev"
                },
                "id": {
                    "sensitive": false,
                    "type": "string",
                    "value": "dev-eks-cluster"
                },
                "name": {
                    "sensitive": false,
                    "type": "string",
                    "value": "eks-cluster"
                },
                "tags": {
                    "sensitive": false,
                    "type": "map",
                    "value": {
                        "Applicatoin": "clouddrove",
                        "CreatedBy": "terraform",
                        "Environment": "dev",
                        "ManagedBy": "anmol@clouddrove.com",
                        "Name": "dev-eks-cluster"
                    }
                }
            },
            "resources": {},
            "depends_on": []
        },
        {
            "path": [
                "root",
                "subnets",
                "lables"
            ],
            "outputs": {
                "application": {
                    "sensitive": false,
                    "type": "string",
                    "value": "clouddrove"
                },
                "attributes": {
                    "sensitive": false,
                    "type": "string",
                    "value": ""
                },
                "environment": {
                    "sensitive": false,
                    "type": "string",
                    "value": "dev"
                },
                "id": {
                    "sensitive": false,
                    "type": "string",
                    "value": "dev-subnet"
                },
                "name": {
                    "sensitive": false,
                    "type": "string",
                    "value": "subnet"
                },
                "tags": {
                    "sensitive": false,
                    "type": "map",
                    "value": {
                        "Applicatoin": "clouddrove",
                        "CreatedBy": "terraform",
                        "Environment": "dev",
                        "ManagedBy": "anmol@clouddrove.com",
                        "Name": "dev-subnet"
                    }
                }
            },
            "resources": {},
            "depends_on": []
        },
        {
            "path": [
                "root",
                "vpc",
                "lables"
            ],
            "outputs": {
                "application": {
                    "sensitive": false,
                    "type": "string",
                    "value": "uplift"
                },
                "attributes": {
                    "sensitive": false,
                    "type": "string",
                    "value": ""
                },
                "environment": {
                    "sensitive": false,
                    "type": "string",
                    "value": "qa"
                },
                "id": {
                    "sensitive": false,
                    "type": "string",
                    "value": "qa-uplift"
                },
                "name": {
                    "sensitive": false,
                    "type": "string",
                    "value": "uplift"
                },
                "tags": {
                    "sensitive": false,
                    "type": "map",
                    "value": {
                        "Applicatoin": "uplift",
                        "CreatedBy": "terraform",
                        "Environment": "qa",
                        "ManagedBy": "anmol@clouddrove.com",
                        "Name": "qa-uplift"
                    }
                }
            },
            "resources": {},
            "depends_on": []
        },
        {
            "path": [
                "root",
                "eks_cluster",
                "eks_cluster",
                "label"
            ],
            "outputs": {
                "application": {
                    "sensitive": false,
                    "type": "string",
                    "value": "clouddrove"
                },
                "attributes": {
                    "sensitive": false,
                    "type": "string",
                    "value": "cluster"
                },
                "environment": {
                    "sensitive": false,
                    "type": "string",
                    "value": "dev"
                },
                "id": {
                    "sensitive": false,
                    "type": "string",
                    "value": "dev-eks-cluster-cluster"
                },
                "name": {
                    "sensitive": false,
                    "type": "string",
                    "value": "eks-cluster"
                },
                "tags": {
                    "sensitive": false,
                    "type": "map",
                    "value": {
                        "Applicatoin": "clouddrove",
                        "CreatedBy": "terraform",
                        "Environment": "dev",
                        "ManagedBy": "anmol@clouddrove.com",
                        "Name": "dev-eks-cluster-cluster"
                    }
                }
            },
            "resources": {},
            "depends_on": []
        },
        {
            "path": [
                "root",
                "eks_cluster",
                "eks_workers",
                "autoscale_group"
            ],
            "outputs": {
                "autoscaling_group_arn": {
                    "sensitive": false,
                    "type": "string",
                    "value": "arn:aws:autoscaling:eu-west-1:866067750630:autoScalingGroup:02f994ae-eea2-41c2-9eec-984223023819:autoScalingGroupName/dev-eks-cluster-20190617113440874400000008"
                },
                "autoscaling_group_default_cooldown": {
                    "sensitive": false,
                    "type": "string",
                    "value": "300"
                },
                "autoscaling_group_desired_capacity": {
                    "sensitive": false,
                    "type": "string",
                    "value": "1"
                },
                "autoscaling_group_health_check_grace_period": {
                    "sensitive": false,
                    "type": "string",
                    "value": "300"
                },
                "autoscaling_group_health_check_type": {
                    "sensitive": false,
                    "type": "string",
                    "value": "EC2"
                },
                "autoscaling_group_id": {
                    "sensitive": false,
                    "type": "string",
                    "value": "dev-eks-cluster-20190617113440874400000008"
                },
                "autoscaling_group_max_size": {
                    "sensitive": false,
                    "type": "string",
                    "value": "1"
                },
                "autoscaling_group_min_size": {
                    "sensitive": false,
                    "type": "string",
                    "value": "1"
                },
                "autoscaling_group_name": {
                    "sensitive": false,
                    "type": "string",
                    "value": "dev-eks-cluster-20190617113440874400000008"
                },
                "launch_template_arn": {
                    "sensitive": false,
                    "type": "string",
                    "value": "arn:aws:ec2:eu-west-1:866067750630:launch-template/lt-0970ddf6e5d0dc10f"
                },
                "launch_template_id": {
                    "sensitive": false,
                    "type": "string",
                    "value": "lt-0970ddf6e5d0dc10f"
                }
            },
            "resources": {
                "aws_autoscaling_group.default": {
                    "type": "aws_autoscaling_group",
                    "depends_on": [
                        "aws_launch_template.default",
                        "aws_launch_template.default.*",
                        "data.null_data_source.tags_as_list_of_maps.*",
                        "module.label"
                    ],
                    "primary": {
                        "id": "dev-eks-cluster-20190617113440874400000008",
                        "attributes": {
                            "arn": "arn:aws:autoscaling:eu-west-1:866067750630:autoScalingGroup:02f994ae-eea2-41c2-9eec-984223023819:autoScalingGroupName/dev-eks-cluster-20190617113440874400000008",
                            "availability_zones.#": "3",
                            "availability_zones.1924028850": "eu-west-1b",
                            "availability_zones.3953592328": "eu-west-1a",
                            "availability_zones.94988580": "eu-west-1c",
                            "default_cooldown": "300",
                            "desired_capacity": "1",
                            "enabled_metrics.#": "8",
                            "enabled_metrics.119681000": "GroupStandbyInstances",
                            "enabled_metrics.1940933563": "GroupTotalInstances",
                            "enabled_metrics.308948767": "GroupPendingInstances",
                            "enabled_metrics.3267518000": "GroupTerminatingInstances",
                            "enabled_metrics.3394537085": "GroupDesiredCapacity",
                            "enabled_metrics.3551801763": "GroupInServiceInstances",
                            "enabled_metrics.4118539418": "GroupMinSize",
                            "enabled_metrics.4136111317": "GroupMaxSize",
                            "force_delete": "false",
                            "health_check_grace_period": "300",
                            "health_check_type": "EC2",
                            "id": "dev-eks-cluster-20190617113440874400000008",
                            "launch_configuration": "",
                            "launch_template.#": "1",
                            "launch_template.0.id": "lt-0970ddf6e5d0dc10f",
                            "launch_template.0.name": "dev-eks-cluster-20190617113436176000000006",
                            "launch_template.0.version": "1",
                            "load_balancers.#": "0",
                            "max_size": "1",
                            "metrics_granularity": "1Minute",
                            "min_elb_capacity": "0",
                            "min_size": "1",
                            "mixed_instances_policy.#": "0",
                            "name": "dev-eks-cluster-20190617113440874400000008",
                            "name_prefix": "dev-eks-cluster-",
                            "placement_group": "",
                            "protect_from_scale_in": "false",
                            "service_linked_role_arn": "arn:aws:iam::866067750630:role/aws-service-role/autoscaling.amazonaws.com/AWSServiceRoleForAutoScaling",
                            "suspended_processes.#": "0",
                            "tags.#": "6",
                            "tags.0.%": "3",
                            "tags.0.key": "Applicatoin",
                            "tags.0.propagate_at_launch": "1",
                            "tags.0.value": "clouddrove",
                            "tags.1.%": "3",
                            "tags.1.key": "CreatedBy",
                            "tags.1.propagate_at_launch": "1",
                            "tags.1.value": "terraform",
                            "tags.2.%": "3",
                            "tags.2.key": "Environment",
                            "tags.2.propagate_at_launch": "1",
                            "tags.2.value": "dev",
                            "tags.3.%": "3",
                            "tags.3.key": "ManagedBy",
                            "tags.3.propagate_at_launch": "1",
                            "tags.3.value": "anmol@clouddrove.com",
                            "tags.4.%": "3",
                            "tags.4.key": "Name",
                            "tags.4.propagate_at_launch": "1",
                            "tags.4.value": "dev-eks-cluster-workers",
                            "tags.5.%": "3",
                            "tags.5.key": "kubernetes.io/cluster/dev-eks-cluster-cluster",
                            "tags.5.propagate_at_launch": "1",
                            "tags.5.value": "shared",
                            "target_group_arns.#": "0",
                            "termination_policies.#": "1",
                            "termination_policies.0": "Default",
                            "vpc_zone_identifier.#": "3",
                            "vpc_zone_identifier.2765684445": "subnet-02d048d53199747c5",
                            "vpc_zone_identifier.3063332158": "subnet-04007af51c811004c",
                            "vpc_zone_identifier.479277031": "subnet-075b65bb1f4733622",
                            "wait_for_capacity_timeout": "15m",
                            "wait_for_elb_capacity": "0"
                        },
                        "meta": {
                            "e2bfb730-ecaa-11e6-8f88-34363bc7c4c0": {
                                "delete": 600000000000
                            }
                        },
                        "tainted": false
                    },
                    "deposed": [],
                    "provider": "provider.aws"
                },
                "aws_autoscaling_policy.scale_down": {
                    "type": "aws_autoscaling_policy",
                    "depends_on": [
                        "aws_autoscaling_group.default.*",
                        "local.autoscaling_enabled",
                        "module.label"
                    ],
                    "primary": {
                        "id": "dev-eks-cluster-scale-down",
                        "attributes": {
                            "adjustment_type": "ChangeInCapacity",
                            "arn": "arn:aws:autoscaling:eu-west-1:866067750630:scalingPolicy:0073d175-a1bb-4354-8a5d-f533771876c7:autoScalingGroupName/dev-eks-cluster-20190617113440874400000008:policyName/dev-eks-cluster-scale-down",
                            "autoscaling_group_name": "dev-eks-cluster-20190617113440874400000008",
                            "cooldown": "300",
                            "estimated_instance_warmup": "0",
                            "id": "dev-eks-cluster-scale-down",
                            "metric_aggregation_type": "",
                            "name": "dev-eks-cluster-scale-down",
                            "policy_type": "SimpleScaling",
                            "scaling_adjustment": "-1",
                            "step_adjustment.#": "0",
                            "target_tracking_configuration.#": "0"
                        },
                        "meta": {},
                        "tainted": false
                    },
                    "deposed": [],
                    "provider": "provider.aws"
                },
                "aws_autoscaling_policy.scale_up": {
                    "type": "aws_autoscaling_policy",
                    "depends_on": [
                        "aws_autoscaling_group.default.*",
                        "local.autoscaling_enabled",
                        "module.label"
                    ],
                    "primary": {
                        "id": "dev-eks-cluster-scale-up",
                        "attributes": {
                            "adjustment_type": "ChangeInCapacity",
                            "arn": "arn:aws:autoscaling:eu-west-1:866067750630:scalingPolicy:f64c5c18-1699-4ef6-a0e0-9ed45e79096c:autoScalingGroupName/dev-eks-cluster-20190617113440874400000008:policyName/dev-eks-cluster-scale-up",
                            "autoscaling_group_name": "dev-eks-cluster-20190617113440874400000008",
                            "cooldown": "300",
                            "estimated_instance_warmup": "0",
                            "id": "dev-eks-cluster-scale-up",
                            "metric_aggregation_type": "",
                            "name": "dev-eks-cluster-scale-up",
                            "policy_type": "SimpleScaling",
                            "scaling_adjustment": "1",
                            "step_adjustment.#": "0",
                            "target_tracking_configuration.#": "0"
                        },
                        "meta": {},
                        "tainted": false
                    },
                    "deposed": [],
                    "provider": "provider.aws"
                },
                "aws_cloudwatch_metric_alarm.cpu_high": {
                    "type": "aws_cloudwatch_metric_alarm",
                    "depends_on": [
                        "aws_autoscaling_group.default.*",
                        "aws_autoscaling_policy.scale_up.*",
                        "local.autoscaling_enabled",
                        "module.label"
                    ],
                    "primary": {
                        "id": "dev-eks-cluster-cpu-utilization-high",
                        "attributes": {
                            "actions_enabled": "true",
                            "alarm_actions.#": "1",
                            "alarm_actions.3679705400": "arn:aws:autoscaling:eu-west-1:866067750630:scalingPolicy:f64c5c18-1699-4ef6-a0e0-9ed45e79096c:autoScalingGroupName/dev-eks-cluster-20190617113440874400000008:policyName/dev-eks-cluster-scale-up",
                            "alarm_description": "Scale up if CPU utilization is above 80 for 300 seconds",
                            "alarm_name": "dev-eks-cluster-cpu-utilization-high",
                            "arn": "arn:aws:cloudwatch:eu-west-1:866067750630:alarm:dev-eks-cluster-cpu-utilization-high",
                            "comparison_operator": "GreaterThanOrEqualToThreshold",
                            "datapoints_to_alarm": "0",
                            "dimensions.%": "1",
                            "dimensions.AutoScalingGroupName": "dev-eks-cluster-20190617113440874400000008",
                            "evaluate_low_sample_count_percentiles": "",
                            "evaluation_periods": "2",
                            "extended_statistic": "",
                            "id": "dev-eks-cluster-cpu-utilization-high",
                            "insufficient_data_actions.#": "0",
                            "metric_name": "CPUUtilization",
                            "namespace": "AWS/EC2",
                            "ok_actions.#": "0",
                            "period": "300",
                            "statistic": "Average",
                            "tags.%": "0",
                            "threshold": "80",
                            "treat_missing_data": "missing",
                            "unit": ""
                        },
                        "meta": {
                            "schema_version": "1"
                        },
                        "tainted": false
                    },
                    "deposed": [],
                    "provider": "provider.aws"
                },
                "aws_cloudwatch_metric_alarm.cpu_low": {
                    "type": "aws_cloudwatch_metric_alarm",
                    "depends_on": [
                        "aws_autoscaling_group.default.*",
                        "aws_autoscaling_policy.scale_down.*",
                        "local.autoscaling_enabled",
                        "module.label"
                    ],
                    "primary": {
                        "id": "dev-eks-cluster-cpu-utilization-low",
                        "attributes": {
                            "actions_enabled": "true",
                            "alarm_actions.#": "1",
                            "alarm_actions.3930900703": "arn:aws:autoscaling:eu-west-1:866067750630:scalingPolicy:0073d175-a1bb-4354-8a5d-f533771876c7:autoScalingGroupName/dev-eks-cluster-20190617113440874400000008:policyName/dev-eks-cluster-scale-down",
                            "alarm_description": "Scale down if the CPU utilization is below 20 for 300 seconds",
                            "alarm_name": "dev-eks-cluster-cpu-utilization-low",
                            "arn": "arn:aws:cloudwatch:eu-west-1:866067750630:alarm:dev-eks-cluster-cpu-utilization-low",
                            "comparison_operator": "LessThanOrEqualToThreshold",
                            "datapoints_to_alarm": "0",
                            "dimensions.%": "1",
                            "dimensions.AutoScalingGroupName": "dev-eks-cluster-20190617113440874400000008",
                            "evaluate_low_sample_count_percentiles": "",
                            "evaluation_periods": "2",
                            "extended_statistic": "",
                            "id": "dev-eks-cluster-cpu-utilization-low",
                            "insufficient_data_actions.#": "0",
                            "metric_name": "CPUUtilization",
                            "namespace": "AWS/EC2",
                            "ok_actions.#": "0",
                            "period": "300",
                            "statistic": "Average",
                            "tags.%": "0",
                            "threshold": "20",
                            "treat_missing_data": "missing",
                            "unit": ""
                        },
                        "meta": {
                            "schema_version": "1"
                        },
                        "tainted": false
                    },
                    "deposed": [],
                    "provider": "provider.aws"
                },
                "aws_launch_template.default": {
                    "type": "aws_launch_template",
                    "depends_on": [
                        "module.label"
                    ],
                    "primary": {
                        "id": "lt-0970ddf6e5d0dc10f",
                        "attributes": {
                            "arn": "arn:aws:ec2:eu-west-1:866067750630:launch-template/lt-0970ddf6e5d0dc10f",
                            "block_device_mappings.#": "0",
                            "capacity_reservation_specification.#": "0",
                            "credit_specification.#": "0",
                            "default_version": "1",
                            "description": "",
                            "disable_api_termination": "false",
                            "ebs_optimized": "false",
                            "elastic_gpu_specifications.#": "0",
                            "elastic_inference_accelerator.#": "0",
                            "iam_instance_profile.#": "1",
                            "iam_instance_profile.0.arn": "",
                            "iam_instance_profile.0.name": "dev-eks-cluster-workers",
                            "id": "lt-0970ddf6e5d0dc10f",
                            "image_id": "ami-08d658f84a6d84a80",
                            "instance_initiated_shutdown_behavior": "terminate",
                            "instance_market_options.#": "0",
                            "instance_type": "t2.nano",
                            "kernel_id": "",
                            "key_name": "test",
                            "latest_version": "1",
                            "license_specification.#": "0",
                            "monitoring.#": "1",
                            "monitoring.0.enabled": "true",
                            "name": "dev-eks-cluster-20190617113436176000000006",
                            "name_prefix": "dev-eks-cluster-",
                            "network_interfaces.#": "1",
                            "network_interfaces.0.associate_public_ip_address": "true",
                            "network_interfaces.0.delete_on_termination": "true",
                            "network_interfaces.0.description": "dev-eks-cluster",
                            "network_interfaces.0.device_index": "0",
                            "network_interfaces.0.ipv4_address_count": "0",
                            "network_interfaces.0.ipv4_addresses.#": "0",
                            "network_interfaces.0.ipv6_address_count": "0",
                            "network_interfaces.0.ipv6_addresses.#": "0",
                            "network_interfaces.0.network_interface_id": "",
                            "network_interfaces.0.private_ip_address": "",
                            "network_interfaces.0.security_groups.#": "1",
                            "network_interfaces.0.security_groups.1881881502": "sg-08c2fad86fe2e7189",
                            "network_interfaces.0.subnet_id": "",
                            "placement.#": "0",
                            "ram_disk_id": "",
                            "security_group_names.#": "0",
                            "tag_specifications.#": "2",
                            "tag_specifications.0.resource_type": "volume",
                            "tag_specifications.0.tags.%": "6",
                            "tag_specifications.0.tags.Applicatoin": "clouddrove",
                            "tag_specifications.0.tags.CreatedBy": "terraform",
                            "tag_specifications.0.tags.Environment": "dev",
                            "tag_specifications.0.tags.ManagedBy": "anmol@clouddrove.com",
                            "tag_specifications.0.tags.Name": "dev-eks-cluster-workers",
                            "tag_specifications.0.tags.kubernetes.io/cluster/dev-eks-cluster-cluster": "shared",
                            "tag_specifications.1.resource_type": "instance",
                            "tag_specifications.1.tags.%": "6",
                            "tag_specifications.1.tags.Applicatoin": "clouddrove",
                            "tag_specifications.1.tags.CreatedBy": "terraform",
                            "tag_specifications.1.tags.Environment": "dev",
                            "tag_specifications.1.tags.ManagedBy": "anmol@clouddrove.com",
                            "tag_specifications.1.tags.Name": "dev-eks-cluster-workers",
                            "tag_specifications.1.tags.kubernetes.io/cluster/dev-eks-cluster-cluster": "shared",
                            "tags.%": "6",
                            "tags.Applicatoin": "clouddrove",
                            "tags.CreatedBy": "terraform",
                            "tags.Environment": "dev",
                            "tags.ManagedBy": "anmol@clouddrove.com",
                            "tags.Name": "dev-eks-cluster-workers",
                            "tags.kubernetes.io/cluster/dev-eks-cluster-cluster": "shared",
                            "user_data": "IyEvYmluL2Jhc2gKCiMgdXNlcmRhdGEgZm9yIEVLUyB3b3JrZXIgbm9kZXMgdG8gcHJvcGVybHkgY29uZmlndXJlIEt1YmVybmV0ZXMgYXBwbGljYXRpb25zIG9uIEVDMiBpbnN0YW5jZXMKIyBodHRwczovL2RvY3MuYXdzLmFtYXpvbi5jb20vZWtzL2xhdGVzdC91c2VyZ3VpZGUvbGF1bmNoLXdvcmtlcnMuaHRtbAoKL2V0Yy9la3MvYm9vdHN0cmFwLnNoIC0tYXBpc2VydmVyLWVuZHBvaW50ICdodHRwczovLzNERkQ0QjM4NzcxNzVFRTAwODZDRDVDNTQxREQyNTczLnlsNC5ldS13ZXN0LTEuZWtzLmFtYXpvbmF3cy5jb20nIC0tYjY0LWNsdXN0ZXItY2EgJ0xTMHRMUzFDUlVkSlRpQkRSVkpVU1VaSlEwRlVSUzB0TFMwdENrMUpTVU41UkVORFFXSkRaMEYzU1VKQlowbENRVVJCVGtKbmEzRm9hMmxIT1hjd1FrRlJjMFpCUkVGV1RWSk5kMFZSV1VSV1VWRkVSWGR3Y21SWFNtd0tZMjAxYkdSSFZucE5RalJZUkZSRk5VMUVXWGhPZWtWNFRYcEZlazFzYjFoRVZFazFUVVJaZUU1RVJYaE5la1Y2VFd4dmQwWlVSVlJOUWtWSFFURlZSUXBCZUUxTFlUTldhVnBZU25WYVdGSnNZM3BEUTBGVFNYZEVVVmxLUzI5YVNXaDJZMDVCVVVWQ1FsRkJSR2RuUlZCQlJFTkRRVkZ2UTJkblJVSkJUaTlNQ25SMVZHVlVVeTkyWlZGaFlUUkNZVFoyVjNaUGJIUlNZekkyUlU0NFlURm5kM3BGZEM5MlpYSjJTSGRSVmxodlpVMXdLMVpsZWxkV1NGbGlURmhQUmxZS1FsQlZNMFpzVjFaUFNHdDJaMVZUWVhkcWNtRldaM1UyUWtOWWFEWXlibkpUZFV4S1JXcEplRVkzTDFKdmVXd3lTMkpMVVVsclRtdGpiek5WVTNkeVRRcEVaaXR6YTNKNVpXZE5hbGsyV1dOU1dEbFNibGcyZWxoemFISTVhemR6VEVWNWFWRXZLMGcyWmxGNlN6Qk9RVU4zV1U1aVMweHdjMmx4TXpZM2FWWXdDamhQU0ZkNWRsQkJjRGN4TmxCbE5VRk9ZbVJOTTFOSUswaHdRakJQZUROVmJXNHJWMDVETW1ScE5VZzRRVlpCVEZveGVsZ3pabEYwWkV0VGJrWTBUbGdLYkN0aFdHTndhMjFMVUhrdlR6QTNWMEoxVDFZM1NFSmhaVWxPT0VWRVRYWk5hVlpTZVhGblF6WmlOVE5sYWxrNVpIZENiREV5ZEVKNlRWUm1ZakpxU0FwNk5WZElRekJ5WTJsbmJrNTRRMjVEYlVselEwRjNSVUZCWVUxcVRVTkZkMFJuV1VSV1VqQlFRVkZJTDBKQlVVUkJaMHRyVFVFNFIwRXhWV1JGZDBWQ0NpOTNVVVpOUVUxQ1FXWTRkMFJSV1VwTGIxcEphSFpqVGtGUlJVeENVVUZFWjJkRlFrRkVWbkZOU1hwUGFrNVdMMlpRUjNSU01tbEViRzFMYkRJM1dqa0tRV0phZG5aeWJGSjRSV2NyY0RsQ1dUSXhObEZvUlc1UVRTdFlUbEF4UkVWSlMzRk1LM2xTVDJadWRIRjZlbGgxTkZGMlRFNDFUVzFzWVZacmJtOUNWUXBXYldwMmQwdzVSM1ZwYTFVd2VHTjVVSFpZU205dGRGZG9TMUpyTVc0eFJsZFNZbWhIU1c5VVRUWmpXakZ6UkVSd1RXVkxObEIzVjBWcVdWRkJhbkZLQ21ScFdDc3hSVWRQY0dOcGRUVjNhbXRyZVZGMVYzTXJXRk5GWVhjdk1YSnpjak4wVmxsNWFFcDFXbGd5WlZVMWFsRXlXRlpxTlRodFRraE1TMWhLVm1zS1VrZGFiMEYyTjNZMWFTdHVZVWRQTUhOelZFMUlNRmx2WVZwMFYwTkdXRGhwYW0xUGEwbFNSRWRVTjB0TlJYVmhRMkk0U2xWSE9YZFFSV3RNUWpSTGJRcFJNVmRhTms1MU1YbHRjMnhIVjFGd1ozbDZWVnBvVXpOVE1YRXlXWE16ZDBOUFkxWlpNVFJqWnpkaFpEZDFRbmhPZEdjdmFuTldhMFpTUlQwS0xTMHRMUzFGVGtRZ1EwVlNWRWxHU1VOQlZFVXRMUzB0TFFvPScgICdkZXYtZWtzLWNsdXN0ZXItY2x1c3RlcicK",
                            "vpc_security_group_ids.#": "0"
                        },
                        "meta": {},
                        "tainted": false
                    },
                    "deposed": [],
                    "provider": "provider.aws"
                },
                "data.null_data_source.tags_as_list_of_maps.0": {
                    "type": "null_data_source",
                    "depends_on": [],
                    "primary": {
                        "id": "static",
                        "attributes": {
                            "has_computed_default": "default",
                            "id": "static",
                            "inputs.%": "3",
                            "inputs.key": "Applicatoin",
                            "inputs.propagate_at_launch": "1",
                            "inputs.value": "clouddrove",
                            "outputs.%": "3",
                            "outputs.key": "Applicatoin",
                            "outputs.propagate_at_launch": "1",
                            "outputs.value": "clouddrove",
                            "random": "1895414699889924600"
                        },
                        "meta": {},
                        "tainted": false
                    },
                    "deposed": [],
                    "provider": "provider.null"
                },
                "data.null_data_source.tags_as_list_of_maps.1": {
                    "type": "null_data_source",
                    "depends_on": [],
                    "primary": {
                        "id": "static",
                        "attributes": {
                            "has_computed_default": "default",
                            "id": "static",
                            "inputs.%": "3",
                            "inputs.key": "CreatedBy",
                            "inputs.propagate_at_launch": "1",
                            "inputs.value": "terraform",
                            "outputs.%": "3",
                            "outputs.key": "CreatedBy",
                            "outputs.propagate_at_launch": "1",
                            "outputs.value": "terraform",
                            "random": "5097307485015726047"
                        },
                        "meta": {},
                        "tainted": false
                    },
                    "deposed": [],
                    "provider": "provider.null"
                },
                "data.null_data_source.tags_as_list_of_maps.2": {
                    "type": "null_data_source",
                    "depends_on": [],
                    "primary": {
                        "id": "static",
                        "attributes": {
                            "has_computed_default": "default",
                            "id": "static",
                            "inputs.%": "3",
                            "inputs.key": "Environment",
                            "inputs.propagate_at_launch": "1",
                            "inputs.value": "dev",
                            "outputs.%": "3",
                            "outputs.key": "Environment",
                            "outputs.propagate_at_launch": "1",
                            "outputs.value": "dev",
                            "random": "1086529209007369051"
                        },
                        "meta": {},
                        "tainted": false
                    },
                    "deposed": [],
                    "provider": "provider.null"
                },
                "data.null_data_source.tags_as_list_of_maps.3": {
                    "type": "null_data_source",
                    "depends_on": [],
                    "primary": {
                        "id": "static",
                        "attributes": {
                            "has_computed_default": "default",
                            "id": "static",
                            "inputs.%": "3",
                            "inputs.key": "ManagedBy",
                            "inputs.propagate_at_launch": "1",
                            "inputs.value": "anmol@clouddrove.com",
                            "outputs.%": "3",
                            "outputs.key": "ManagedBy",
                            "outputs.propagate_at_launch": "1",
                            "outputs.value": "anmol@clouddrove.com",
                            "random": "6357158174949965129"
                        },
                        "meta": {},
                        "tainted": false
                    },
                    "deposed": [],
                    "provider": "provider.null"
                },
                "data.null_data_source.tags_as_list_of_maps.4": {
                    "type": "null_data_source",
                    "depends_on": [],
                    "primary": {
                        "id": "static",
                        "attributes": {
                            "has_computed_default": "default",
                            "id": "static",
                            "inputs.%": "3",
                            "inputs.key": "Name",
                            "inputs.propagate_at_launch": "1",
                            "inputs.value": "dev-eks-cluster-workers",
                            "outputs.%": "3",
                            "outputs.key": "Name",
                            "outputs.propagate_at_launch": "1",
                            "outputs.value": "dev-eks-cluster-workers",
                            "random": "8847902148616001621"
                        },
                        "meta": {},
                        "tainted": false
                    },
                    "deposed": [],
                    "provider": "provider.null"
                },
                "data.null_data_source.tags_as_list_of_maps.5": {
                    "type": "null_data_source",
                    "depends_on": [],
                    "primary": {
                        "id": "static",
                        "attributes": {
                            "has_computed_default": "default",
                            "id": "static",
                            "inputs.%": "3",
                            "inputs.key": "kubernetes.io/cluster/dev-eks-cluster-cluster",
                            "inputs.propagate_at_launch": "1",
                            "inputs.value": "shared",
                            "outputs.%": "3",
                            "outputs.key": "kubernetes.io/cluster/dev-eks-cluster-cluster",
                            "outputs.propagate_at_launch": "1",
                            "outputs.value": "shared",
                            "random": "883094220195045506"
                        },
                        "meta": {},
                        "tainted": false
                    },
                    "deposed": [],
                    "provider": "provider.null"
                }
            },
            "depends_on": []
        },
        {
            "path": [
                "root",
                "eks_cluster",
                "eks_workers",
                "label"
            ],
            "outputs": {
                "application": {
                    "sensitive": false,
                    "type": "string",
                    "value": "clouddrove"
                },
                "attributes": {
                    "sensitive": false,
                    "type": "string",
                    "value": "workers"
                },
                "environment": {
                    "sensitive": false,
                    "type": "string",
                    "value": "dev"
                },
                "id": {
                    "sensitive": false,
                    "type": "string",
                    "value": "dev-eks-cluster-workers"
                },
                "name": {
                    "sensitive": false,
                    "type": "string",
                    "value": "eks-cluster"
                },
                "tags": {
                    "sensitive": false,
                    "type": "map",
                    "value": {
                        "Applicatoin": "clouddrove",
                        "CreatedBy": "terraform",
                        "Environment": "dev",
                        "ManagedBy": "anmol@clouddrove.com",
                        "Name": "dev-eks-cluster-workers",
                        "kubernetes.io/cluster/dev-eks-cluster-cluster": "shared"
                    }
                }
            },
            "resources": {},
            "depends_on": []
        },
        {
            "path": [
                "root",
                "eks_cluster",
                "eks_workers",
                "autoscale_group",
                "label"
            ],
            "outputs": {
                "application": {
                    "sensitive": false,
                    "type": "string",
                    "value": "clouddrove"
                },
                "attributes": {
                    "sensitive": false,
                    "type": "string",
                    "value": ""
                },
                "environment": {
                    "sensitive": false,
                    "type": "string",
                    "value": "dev"
                },
                "id": {
                    "sensitive": false,
                    "type": "string",
                    "value": "dev-eks-cluster"
                },
                "name": {
                    "sensitive": false,
                    "type": "string",
                    "value": "eks-cluster"
                },
                "tags": {
                    "sensitive": false,
                    "type": "map",
                    "value": {
                        "Applicatoin": "clouddrove",
                        "CreatedBy": "terraform",
                        "Environment": "dev",
                        "ManagedBy": "anmol@clouddrove.com",
                        "Name": "dev-eks-cluster-workers",
                        "kubernetes.io/cluster/dev-eks-cluster-cluster": "shared"
                    }
                }
            },
            "resources": {},
            "depends_on": []
        }
    ]
}
